{
  "format_version": "1.2",
  "terraform_version": "1.8.5",
  "variables": {
    "app_build_dir": {
      "value": "../../build"
    }
  },
  "planned_values": {
    "root_module": {
      "resources": [
        {
          "address": "azurerm_key_vault.geofoodtruck_az_key_vault",
          "mode": "managed",
          "type": "azurerm_key_vault",
          "name": "geofoodtruck_az_key_vault",
          "provider_name": "registry.terraform.io/hashicorp/azurerm",
          "schema_version": 2,
          "values": {
            "access_policy": [],
            "contact": [],
            "enable_rbac_authorization": false,
            "enabled_for_deployment": false,
            "enabled_for_disk_encryption": false,
            "enabled_for_template_deployment": false,
            "id": "/subscriptions/1e84fd89-4a3b-41e1-b83c-e85bfb7ea419/resourceGroups/geofoodtruck-rgp/providers/Microsoft.KeyVault/vaults/geofoodtruck-key-vault",
            "location": "eastus",
            "name": "geofoodtruck-key-vault",
            "network_acls": [
              {
                "bypass": "AzureServices",
                "default_action": "Allow",
                "ip_rules": [],
                "virtual_network_subnet_ids": []
              }
            ],
            "public_network_access_enabled": true,
            "purge_protection_enabled": true,
            "resource_group_name": "geofoodtruck-rgp",
            "sku_name": "standard",
            "soft_delete_retention_days": 90,
            "tags": {},
            "tenant_id": "ebe3b00b-03f5-4683-9385-9eae759d7ab1",
            "timeouts": null,
            "vault_uri": "https://geofoodtruck-key-vault.vault.azure.net/"
          },
          "sensitive_values": {
            "access_policy": [],
            "contact": [],
            "network_acls": [
              {
                "ip_rules": [],
                "virtual_network_subnet_ids": []
              }
            ],
            "tags": {}
          }
        },
        {
          "address": "azurerm_key_vault_access_policy.geofoodtruck_az_key_vault_access_policy_identity",
          "mode": "managed",
          "type": "azurerm_key_vault_access_policy",
          "name": "geofoodtruck_az_key_vault_access_policy_identity",
          "provider_name": "registry.terraform.io/hashicorp/azurerm",
          "schema_version": 0,
          "values": {
            "application_id": null,
            "certificate_permissions": null,
            "key_permissions": [
              "Get",
              "Create",
              "Delete",
              "List",
              "Restore",
              "Recover",
              "UnwrapKey",
              "WrapKey",
              "Purge",
              "Encrypt",
              "Decrypt",
              "Sign",
              "Verify",
              "GetRotationPolicy",
              "SetRotationPolicy",
              "Update",
              "Backup",
              "Release",
              "Rotate",
              "Import"
            ],
            "key_vault_id": "/subscriptions/1e84fd89-4a3b-41e1-b83c-e85bfb7ea419/resourceGroups/geofoodtruck-rgp/providers/Microsoft.KeyVault/vaults/geofoodtruck-key-vault",
            "object_id": "17379688-6705-41d1-a5d8-cf557358e029",
            "secret_permissions": null,
            "storage_permissions": null,
            "tenant_id": "ebe3b00b-03f5-4683-9385-9eae759d7ab1",
            "timeouts": null
          },
          "sensitive_values": {
            "key_permissions": [
              false,
              false,
              false,
              false,
              false,
              false,
              false,
              false,
              false,
              false,
              false,
              false,
              false,
              false,
              false,
              false,
              false,
              false,
              false,
              false
            ]
          }
        },
        {
          "address": "azurerm_key_vault_access_policy.geofoodtruck_az_key_vault_access_policy_storage",
          "mode": "managed",
          "type": "azurerm_key_vault_access_policy",
          "name": "geofoodtruck_az_key_vault_access_policy_storage",
          "provider_name": "registry.terraform.io/hashicorp/azurerm",
          "schema_version": 0,
          "values": {
            "application_id": null,
            "certificate_permissions": null,
            "key_permissions": [
              "Get",
              "UnwrapKey",
              "WrapKey"
            ],
            "key_vault_id": "/subscriptions/1e84fd89-4a3b-41e1-b83c-e85bfb7ea419/resourceGroups/geofoodtruck-rgp/providers/Microsoft.KeyVault/vaults/geofoodtruck-key-vault",
            "object_id": "adadff2d-df36-4aa1-bc71-a141be4af501",
            "secret_permissions": null,
            "storage_permissions": null,
            "tenant_id": "ebe3b00b-03f5-4683-9385-9eae759d7ab1",
            "timeouts": null
          },
          "sensitive_values": {
            "key_permissions": [
              false,
              false,
              false
            ]
          }
        },
        {
          "address": "azurerm_key_vault_key.geofoodtruck_az_key_vault_key",
          "mode": "managed",
          "type": "azurerm_key_vault_key",
          "name": "geofoodtruck_az_key_vault_key",
          "provider_name": "registry.terraform.io/hashicorp/azurerm",
          "schema_version": 0,
          "values": {
            "expiration_date": null,
            "key_opts": [
              "decrypt",
              "encrypt",
              "sign",
              "unwrapKey",
              "verify",
              "wrapKey"
            ],
            "key_size": 2048,
            "key_type": "RSA",
            "key_vault_id": "/subscriptions/1e84fd89-4a3b-41e1-b83c-e85bfb7ea419/resourceGroups/geofoodtruck-rgp/providers/Microsoft.KeyVault/vaults/geofoodtruck-key-vault",
            "name": "geofoodtruckkey",
            "not_before_date": null,
            "rotation_policy": [
              {
                "automatic": [
                  {
                    "time_after_creation": null,
                    "time_before_expiry": "P30D"
                  }
                ],
                "expire_after": "P90D",
                "notify_before_expiry": "P29D"
              }
            ],
            "tags": null,
            "timeouts": null
          },
          "sensitive_values": {
            "key_opts": [
              false,
              false,
              false,
              false,
              false,
              false
            ],
            "rotation_policy": [
              {
                "automatic": [
                  {}
                ]
              }
            ]
          }
        },
        {
          "address": "azurerm_role_assignment.geofoodtruck_az_role_assignment_managed_id",
          "mode": "managed",
          "type": "azurerm_role_assignment",
          "name": "geofoodtruck_az_role_assignment_managed_id",
          "provider_name": "registry.terraform.io/hashicorp/azurerm",
          "schema_version": 0,
          "values": {
            "condition": "",
            "condition_version": "",
            "delegated_managed_identity_resource_id": "",
            "description": "",
            "id": "/subscriptions/1e84fd89-4a3b-41e1-b83c-e85bfb7ea419/resourceGroups/geofoodtruck-rgp/providers/Microsoft.Storage/storageAccounts/geofoodtruck/providers/Microsoft.Authorization/roleAssignments/53c99d50-93f1-cd0a-941d-93a57dd3a9b8",
            "name": "53c99d50-93f1-cd0a-941d-93a57dd3a9b8",
            "principal_id": "17379688-6705-41d1-a5d8-cf557358e029",
            "principal_type": "ServicePrincipal",
            "role_definition_id": "/subscriptions/1e84fd89-4a3b-41e1-b83c-e85bfb7ea419/providers/Microsoft.Authorization/roleDefinitions/ba92f5b4-2d11-453d-a403-e96b0029c9fe",
            "role_definition_name": "Storage Blob Data Contributor",
            "scope": "/subscriptions/1e84fd89-4a3b-41e1-b83c-e85bfb7ea419/resourceGroups/geofoodtruck-rgp/providers/Microsoft.Storage/storageAccounts/geofoodtruck",
            "skip_service_principal_aad_check": null,
            "timeouts": null
          },
          "sensitive_values": {}
        },
        {
          "address": "azurerm_storage_account.geofoodtruck_az_storage_account",
          "mode": "managed",
          "type": "azurerm_storage_account",
          "name": "geofoodtruck_az_storage_account",
          "provider_name": "registry.terraform.io/hashicorp/azurerm",
          "schema_version": 4,
          "values": {
            "access_tier": "Hot",
            "account_kind": "StorageV2",
            "account_replication_type": "LRS",
            "account_tier": "Standard",
            "allow_nested_items_to_be_public": true,
            "allowed_copy_scope": "",
            "azure_files_authentication": [],
            "blob_properties": [
              {
                "change_feed_enabled": false,
                "change_feed_retention_in_days": 0,
                "container_delete_retention_policy": [],
                "cors_rule": [],
                "default_service_version": "",
                "delete_retention_policy": [],
                "last_access_time_enabled": false,
                "restore_policy": [],
                "versioning_enabled": false
              }
            ],
            "cross_tenant_replication_enabled": true,
            "custom_domain": [],
            "customer_managed_key": [],
            "default_to_oauth_authentication": false,
            "dns_endpoint_type": "Standard",
            "edge_zone": "",
            "enable_https_traffic_only": true,
            "id": "/subscriptions/1e84fd89-4a3b-41e1-b83c-e85bfb7ea419/resourceGroups/geofoodtruck-rgp/providers/Microsoft.Storage/storageAccounts/geofoodtruck",
            "identity": [
              {
                "identity_ids": [],
                "principal_id": "adadff2d-df36-4aa1-bc71-a141be4af501",
                "tenant_id": "ebe3b00b-03f5-4683-9385-9eae759d7ab1",
                "type": "SystemAssigned"
              }
            ],
            "immutability_policy": [],
            "infrastructure_encryption_enabled": false,
            "is_hns_enabled": false,
            "large_file_share_enabled": null,
            "local_user_enabled": true,
            "location": "eastus",
            "min_tls_version": "TLS1_2",
            "name": "geofoodtruck",
            "network_rules": [
              {
                "bypass": [
                  "AzureServices"
                ],
                "default_action": "Allow",
                "ip_rules": [],
                "private_link_access": [],
                "virtual_network_subnet_ids": []
              }
            ],
            "nfsv3_enabled": false,
            "primary_access_key": "***",
            "primary_blob_connection_string": "***",
            "primary_blob_endpoint": "https://geofoodtruck.blob.core.windows.net/",
            "primary_blob_host": "geofoodtruck.blob.core.windows.net",
            "primary_blob_internet_endpoint": "",
            "primary_blob_internet_host": "",
            "primary_blob_microsoft_endpoint": "",
            "primary_blob_microsoft_host": "",
            "primary_connection_string": "***",
            "primary_dfs_endpoint": "https://geofoodtruck.dfs.core.windows.net/",
            "primary_dfs_host": "geofoodtruck.dfs.core.windows.net",
            "primary_dfs_internet_endpoint": "",
            "primary_dfs_internet_host": "",
            "primary_dfs_microsoft_endpoint": "",
            "primary_dfs_microsoft_host": "",
            "primary_file_endpoint": "https://geofoodtruck.file.core.windows.net/",
            "primary_file_host": "geofoodtruck.file.core.windows.net",
            "primary_file_internet_endpoint": "",
            "primary_file_internet_host": "",
            "primary_file_microsoft_endpoint": "",
            "primary_file_microsoft_host": "",
            "primary_location": "eastus",
            "primary_queue_endpoint": "https://geofoodtruck.queue.core.windows.net/",
            "primary_queue_host": "geofoodtruck.queue.core.windows.net",
            "primary_queue_microsoft_endpoint": "",
            "primary_queue_microsoft_host": "",
            "primary_table_endpoint": "https://geofoodtruck.table.core.windows.net/",
            "primary_table_host": "geofoodtruck.table.core.windows.net",
            "primary_table_microsoft_endpoint": "",
            "primary_table_microsoft_host": "",
            "primary_web_endpoint": "https://geofoodtruck.z13.web.core.windows.net/",
            "primary_web_host": "geofoodtruck.z13.web.core.windows.net",
            "primary_web_internet_endpoint": "",
            "primary_web_internet_host": "",
            "primary_web_microsoft_endpoint": "",
            "primary_web_microsoft_host": "",
            "public_network_access_enabled": true,
            "queue_encryption_key_type": "Service",
            "queue_properties": [
              {
                "cors_rule": [],
                "hour_metrics": [
                  {
                    "enabled": true,
                    "include_apis": true,
                    "retention_policy_days": 7,
                    "version": "1.0"
                  }
                ],
                "logging": [
                  {
                    "delete": false,
                    "read": false,
                    "retention_policy_days": 0,
                    "version": "1.0",
                    "write": false
                  }
                ],
                "minute_metrics": [
                  {
                    "enabled": false,
                    "include_apis": false,
                    "retention_policy_days": 0,
                    "version": "1.0"
                  }
                ]
              }
            ],
            "resource_group_name": "geofoodtruck-rgp",
            "routing": [],
            "sas_policy": [],
            "secondary_access_key": "***",
            "secondary_blob_connection_string": "",
            "secondary_blob_endpoint": null,
            "secondary_blob_host": null,
            "secondary_blob_internet_endpoint": null,
            "secondary_blob_internet_host": null,
            "secondary_blob_microsoft_endpoint": null,
            "secondary_blob_microsoft_host": null,
            "secondary_connection_string": "***",
            "secondary_dfs_endpoint": null,
            "secondary_dfs_host": null,
            "secondary_dfs_internet_endpoint": null,
            "secondary_dfs_internet_host": null,
            "secondary_dfs_microsoft_endpoint": null,
            "secondary_dfs_microsoft_host": null,
            "secondary_file_endpoint": null,
            "secondary_file_host": null,
            "secondary_file_internet_endpoint": null,
            "secondary_file_internet_host": null,
            "secondary_file_microsoft_endpoint": null,
            "secondary_file_microsoft_host": null,
            "secondary_location": "",
            "secondary_queue_endpoint": null,
            "secondary_queue_host": null,
            "secondary_queue_microsoft_endpoint": null,
            "secondary_queue_microsoft_host": null,
            "secondary_table_endpoint": null,
            "secondary_table_host": null,
            "secondary_table_microsoft_endpoint": null,
            "secondary_table_microsoft_host": null,
            "secondary_web_endpoint": null,
            "secondary_web_host": null,
            "secondary_web_internet_endpoint": null,
            "secondary_web_internet_host": null,
            "secondary_web_microsoft_endpoint": null,
            "secondary_web_microsoft_host": null,
            "sftp_enabled": false,
            "share_properties": [
              {
                "cors_rule": [],
                "retention_policy": [
                  {
                    "days": 7
                  }
                ],
                "smb": []
              }
            ],
            "shared_access_key_enabled": false,
            "static_website": [],
            "table_encryption_key_type": "Service",
            "tags": {},
            "timeouts": null
          },
          "sensitive_values": {
            "azure_files_authentication": [],
            "blob_properties": [
              {
                "container_delete_retention_policy": [],
                "cors_rule": [],
                "delete_retention_policy": [],
                "restore_policy": []
              }
            ],
            "custom_domain": [],
            "customer_managed_key": [],
            "identity": [
              {
                "identity_ids": []
              }
            ],
            "immutability_policy": [],
            "network_rules": [
              {
                "bypass": [
                  false
                ],
                "ip_rules": [],
                "private_link_access": [],
                "virtual_network_subnet_ids": []
              }
            ],
            "primary_access_key": true,
            "primary_blob_connection_string": true,
            "primary_connection_string": true,
            "queue_properties": [
              {
                "cors_rule": [],
                "hour_metrics": [
                  {}
                ],
                "logging": [
                  {}
                ],
                "minute_metrics": [
                  {}
                ]
              }
            ],
            "routing": [],
            "sas_policy": [],
            "secondary_access_key": true,
            "secondary_blob_connection_string": true,
            "secondary_connection_string": true,
            "share_properties": [
              {
                "cors_rule": [],
                "retention_policy": [
                  {}
                ],
                "smb": []
              }
            ],
            "static_website": [],
            "tags": {}
          }
        },
        {
          "address": "azurerm_storage_account_customer_managed_key.geofoodtruck_az_storage_account_customer_managed_key",
          "mode": "managed",
          "type": "azurerm_storage_account_customer_managed_key",
          "name": "geofoodtruck_az_storage_account_customer_managed_key",
          "provider_name": "registry.terraform.io/hashicorp/azurerm",
          "schema_version": 0,
          "values": {
            "federated_identity_client_id": null,
            "key_name": "geofoodtruckkey",
            "key_vault_id": "/subscriptions/1e84fd89-4a3b-41e1-b83c-e85bfb7ea419/resourceGroups/geofoodtruck-rgp/providers/Microsoft.KeyVault/vaults/geofoodtruck-key-vault",
            "key_version": null,
            "managed_hsm_key_id": null,
            "storage_account_id": "/subscriptions/1e84fd89-4a3b-41e1-b83c-e85bfb7ea419/resourceGroups/geofoodtruck-rgp/providers/Microsoft.Storage/storageAccounts/geofoodtruck",
            "timeouts": null,
            "user_assigned_identity_id": null
          },
          "sensitive_values": {}
        },
        {
          "address": "azurerm_storage_blob.app_files[\"asset-manifest.json\"]",
          "mode": "managed",
          "type": "azurerm_storage_blob",
          "name": "app_files",
          "index": "asset-manifest.json",
          "provider_name": "registry.terraform.io/hashicorp/azurerm",
          "schema_version": 1,
          "values": {
            "access_tier": "Hot",
            "cache_control": "",
            "content_md5": "c84d78252f40ba88b8fdfb912c9b93bf",
            "content_type": "application/json",
            "encryption_scope": "",
            "id": "https://geofoodtruck.blob.core.windows.net/app/asset-manifest.json",
            "metadata": {},
            "name": "asset-manifest.json",
            "parallelism": 8,
            "size": 0,
            "source": "../../build/asset-manifest.json",
            "source_content": null,
            "source_uri": null,
            "storage_account_name": "geofoodtruck",
            "storage_container_name": "app",
            "timeouts": null,
            "type": "Block",
            "url": "https://geofoodtruck.blob.core.windows.net/app/asset-manifest.json"
          },
          "sensitive_values": {
            "metadata": {}
          }
        },
        {
          "address": "azurerm_storage_blob.app_files[\"favicon.ico\"]",
          "mode": "managed",
          "type": "azurerm_storage_blob",
          "name": "app_files",
          "index": "favicon.ico",
          "provider_name": "registry.terraform.io/hashicorp/azurerm",
          "schema_version": 1,
          "values": {
            "access_tier": "Hot",
            "cache_control": "",
            "content_md5": "c92b85a5b907c70211f4ec25e29a8c4a",
            "content_type": "image/x-icon",
            "encryption_scope": "",
            "id": "https://geofoodtruck.blob.core.windows.net/app/favicon.ico",
            "metadata": {},
            "name": "favicon.ico",
            "parallelism": 8,
            "size": 0,
            "source": "../../build/favicon.ico",
            "source_content": null,
            "source_uri": null,
            "storage_account_name": "geofoodtruck",
            "storage_container_name": "app",
            "timeouts": null,
            "type": "Block",
            "url": "https://geofoodtruck.blob.core.windows.net/app/favicon.ico"
          },
          "sensitive_values": {
            "metadata": {}
          }
        },
        {
          "address": "azurerm_storage_blob.app_files[\"index.html\"]",
          "mode": "managed",
          "type": "azurerm_storage_blob",
          "name": "app_files",
          "index": "index.html",
          "provider_name": "registry.terraform.io/hashicorp/azurerm",
          "schema_version": 1,
          "values": {
            "access_tier": "Hot",
            "cache_control": "",
            "content_md5": "2f14b387837e20a9df5077a35c0aecfb",
            "content_type": "text/html",
            "encryption_scope": "",
            "id": "https://geofoodtruck.blob.core.windows.net/app/index.html",
            "metadata": {},
            "name": "index.html",
            "parallelism": 8,
            "size": 0,
            "source": "../../build/index.html",
            "source_content": null,
            "source_uri": null,
            "storage_account_name": "geofoodtruck",
            "storage_container_name": "app",
            "timeouts": null,
            "type": "Block",
            "url": "https://geofoodtruck.blob.core.windows.net/app/index.html"
          },
          "sensitive_values": {
            "metadata": {}
          }
        },
        {
          "address": "azurerm_storage_blob.app_files[\"logo192.png\"]",
          "mode": "managed",
          "type": "azurerm_storage_blob",
          "name": "app_files",
          "index": "logo192.png",
          "provider_name": "registry.terraform.io/hashicorp/azurerm",
          "schema_version": 1,
          "values": {
            "access_tier": "Hot",
            "cache_control": "",
            "content_md5": "33dbdd0177549353eeeb785d02c294af",
            "content_type": "image/png",
            "encryption_scope": "",
            "id": "https://geofoodtruck.blob.core.windows.net/app/logo192.png",
            "metadata": {},
            "name": "logo192.png",
            "parallelism": 8,
            "size": 0,
            "source": "../../build/logo192.png",
            "source_content": null,
            "source_uri": null,
            "storage_account_name": "geofoodtruck",
            "storage_container_name": "app",
            "timeouts": null,
            "type": "Block",
            "url": "https://geofoodtruck.blob.core.windows.net/app/logo192.png"
          },
          "sensitive_values": {
            "metadata": {}
          }
        },
        {
          "address": "azurerm_storage_blob.app_files[\"logo512.png\"]",
          "mode": "managed",
          "type": "azurerm_storage_blob",
          "name": "app_files",
          "index": "logo512.png",
          "provider_name": "registry.terraform.io/hashicorp/azurerm",
          "schema_version": 1,
          "values": {
            "access_tier": "Hot",
            "cache_control": "",
            "content_md5": "917515db74ea8d1aee6a246cfbcc0b45",
            "content_type": "image/png",
            "encryption_scope": "",
            "id": "https://geofoodtruck.blob.core.windows.net/app/logo512.png",
            "metadata": {},
            "name": "logo512.png",
            "parallelism": 8,
            "size": 0,
            "source": "../../build/logo512.png",
            "source_content": null,
            "source_uri": null,
            "storage_account_name": "geofoodtruck",
            "storage_container_name": "app",
            "timeouts": null,
            "type": "Block",
            "url": "https://geofoodtruck.blob.core.windows.net/app/logo512.png"
          },
          "sensitive_values": {
            "metadata": {}
          }
        },
        {
          "address": "azurerm_storage_blob.app_files[\"manifest.json\"]",
          "mode": "managed",
          "type": "azurerm_storage_blob",
          "name": "app_files",
          "index": "manifest.json",
          "provider_name": "registry.terraform.io/hashicorp/azurerm",
          "schema_version": 1,
          "values": {
            "access_tier": "Hot",
            "cache_control": "",
            "content_md5": "9153e3ba94d29288a5aef74db1fb2dd1",
            "content_type": "application/json",
            "encryption_scope": "",
            "id": "https://geofoodtruck.blob.core.windows.net/app/manifest.json",
            "metadata": {},
            "name": "manifest.json",
            "parallelism": 8,
            "size": 0,
            "source": "../../build/manifest.json",
            "source_content": null,
            "source_uri": null,
            "storage_account_name": "geofoodtruck",
            "storage_container_name": "app",
            "timeouts": null,
            "type": "Block",
            "url": "https://geofoodtruck.blob.core.windows.net/app/manifest.json"
          },
          "sensitive_values": {
            "metadata": {}
          }
        },
        {
          "address": "azurerm_storage_blob.app_files[\"robots.txt\"]",
          "mode": "managed",
          "type": "azurerm_storage_blob",
          "name": "app_files",
          "index": "robots.txt",
          "provider_name": "registry.terraform.io/hashicorp/azurerm",
          "schema_version": 1,
          "values": {
            "access_tier": "Hot",
            "cache_control": "",
            "content_md5": "fa1ded1ed7c11438a9b0385b1e112850",
            "content_type": "text/plain",
            "encryption_scope": "",
            "id": "https://geofoodtruck.blob.core.windows.net/app/robots.txt",
            "metadata": {},
            "name": "robots.txt",
            "parallelism": 8,
            "size": 0,
            "source": "../../build/robots.txt",
            "source_content": null,
            "source_uri": null,
            "storage_account_name": "geofoodtruck",
            "storage_container_name": "app",
            "timeouts": null,
            "type": "Block",
            "url": "https://geofoodtruck.blob.core.windows.net/app/robots.txt"
          },
          "sensitive_values": {
            "metadata": {}
          }
        },
        {
          "address": "azurerm_storage_blob.app_files[\"static/css/main.414097bf.css\"]",
          "mode": "managed",
          "type": "azurerm_storage_blob",
          "name": "app_files",
          "index": "static/css/main.414097bf.css",
          "provider_name": "registry.terraform.io/hashicorp/azurerm",
          "schema_version": 1,
          "values": {
            "access_tier": "Hot",
            "cache_control": "",
            "content_md5": "22eaf37d16c7b6c0b38e8c88bcf4eef0",
            "content_type": "text/css",
            "encryption_scope": "",
            "id": "https://geofoodtruck.blob.core.windows.net/app/static/css/main.414097bf.css",
            "metadata": {},
            "name": "static/css/main.414097bf.css",
            "parallelism": 8,
            "size": 0,
            "source": "../../build/static/css/main.414097bf.css",
            "source_content": null,
            "source_uri": null,
            "storage_account_name": "geofoodtruck",
            "storage_container_name": "app",
            "timeouts": null,
            "type": "Block",
            "url": "https://geofoodtruck.blob.core.windows.net/app/static/css/main.414097bf.css"
          },
          "sensitive_values": {
            "metadata": {}
          }
        },
        {
          "address": "azurerm_storage_blob.app_files[\"static/js/206.85c6594b.chunk.js\"]",
          "mode": "managed",
          "type": "azurerm_storage_blob",
          "name": "app_files",
          "index": "static/js/206.85c6594b.chunk.js",
          "provider_name": "registry.terraform.io/hashicorp/azurerm",
          "schema_version": 1,
          "values": {
            "access_tier": "Hot",
            "cache_control": "",
            "content_md5": "07ae34e78f0ecc509b588cbec8cf683f",
            "content_type": "application/javascript",
            "encryption_scope": "",
            "id": "https://geofoodtruck.blob.core.windows.net/app/static/js/206.85c6594b.chunk.js",
            "metadata": {},
            "name": "static/js/206.85c6594b.chunk.js",
            "parallelism": 8,
            "size": 0,
            "source": "../../build/static/js/206.85c6594b.chunk.js",
            "source_content": null,
            "source_uri": null,
            "storage_account_name": "geofoodtruck",
            "storage_container_name": "app",
            "timeouts": null,
            "type": "Block",
            "url": "https://geofoodtruck.blob.core.windows.net/app/static/js/206.85c6594b.chunk.js"
          },
          "sensitive_values": {
            "metadata": {}
          }
        },
        {
          "address": "azurerm_storage_blob.app_files[\"static/js/main.dc021fd1.js\"]",
          "mode": "managed",
          "type": "azurerm_storage_blob",
          "name": "app_files",
          "index": "static/js/main.dc021fd1.js",
          "provider_name": "registry.terraform.io/hashicorp/azurerm",
          "schema_version": 1,
          "values": {
            "access_tier": "Hot",
            "cache_control": "",
            "content_md5": "f4f12db4cff5bbe07c83adabc9209a0d",
            "content_type": "application/javascript",
            "encryption_scope": "",
            "id": "https://geofoodtruck.blob.core.windows.net/app/static/js/main.dc021fd1.js",
            "metadata": {},
            "name": "static/js/main.dc021fd1.js",
            "parallelism": 8,
            "size": 0,
            "source": "../../build/static/js/main.dc021fd1.js",
            "source_content": null,
            "source_uri": null,
            "storage_account_name": "geofoodtruck",
            "storage_container_name": "app",
            "timeouts": null,
            "type": "Block",
            "url": "https://geofoodtruck.blob.core.windows.net/app/static/js/main.dc021fd1.js"
          },
          "sensitive_values": {
            "metadata": {}
          }
        },
        {
          "address": "azurerm_storage_blob.app_files[\"static/js/main.dc021fd1.js.LICENSE.txt\"]",
          "mode": "managed",
          "type": "azurerm_storage_blob",
          "name": "app_files",
          "index": "static/js/main.dc021fd1.js.LICENSE.txt",
          "provider_name": "registry.terraform.io/hashicorp/azurerm",
          "schema_version": 1,
          "values": {
            "access_tier": "Hot",
            "cache_control": "",
            "content_md5": "724392fbfeeb6cde62aa6bad62361a60",
            "content_type": "text/plain",
            "encryption_scope": "",
            "id": "https://geofoodtruck.blob.core.windows.net/app/static/js/main.dc021fd1.js.LICENSE.txt",
            "metadata": {},
            "name": "static/js/main.dc021fd1.js.LICENSE.txt",
            "parallelism": 8,
            "size": 0,
            "source": "../../build/static/js/main.dc021fd1.js.LICENSE.txt",
            "source_content": null,
            "source_uri": null,
            "storage_account_name": "geofoodtruck",
            "storage_container_name": "app",
            "timeouts": null,
            "type": "Block",
            "url": "https://geofoodtruck.blob.core.windows.net/app/static/js/main.dc021fd1.js.LICENSE.txt"
          },
          "sensitive_values": {
            "metadata": {}
          }
        },
        {
          "address": "azurerm_storage_blob.app_files[\"truck-solid.png\"]",
          "mode": "managed",
          "type": "azurerm_storage_blob",
          "name": "app_files",
          "index": "truck-solid.png",
          "provider_name": "registry.terraform.io/hashicorp/azurerm",
          "schema_version": 1,
          "values": {
            "access_tier": "Hot",
            "cache_control": "",
            "content_md5": "73391b6b4a8a07adff0fbb8ffdbe519c",
            "content_type": "image/png",
            "encryption_scope": "",
            "id": "https://geofoodtruck.blob.core.windows.net/app/truck-solid.png",
            "metadata": {},
            "name": "truck-solid.png",
            "parallelism": 8,
            "size": 0,
            "source": "../../build/truck-solid.png",
            "source_content": null,
            "source_uri": null,
            "storage_account_name": "geofoodtruck",
            "storage_container_name": "app",
            "timeouts": null,
            "type": "Block",
            "url": "https://geofoodtruck.blob.core.windows.net/app/truck-solid.png"
          },
          "sensitive_values": {
            "metadata": {}
          }
        },
        {
          "address": "azurerm_storage_container.geofoodtruck_az_storage_container",
          "mode": "managed",
          "type": "azurerm_storage_container",
          "name": "geofoodtruck_az_storage_container",
          "provider_name": "registry.terraform.io/hashicorp/azurerm",
          "schema_version": 1,
          "values": {
            "container_access_type": "private",
            "default_encryption_scope": "$account-encryption-key",
            "encryption_scope_override_enabled": true,
            "has_immutability_policy": false,
            "has_legal_hold": false,
            "id": "https://geofoodtruck.blob.core.windows.net/app",
            "metadata": {},
            "name": "app",
            "resource_manager_id": "/subscriptions/1e84fd89-4a3b-41e1-b83c-e85bfb7ea419/resourceGroups/geofoodtruck-rgp/providers/Microsoft.Storage/storageAccounts/geofoodtruck/blobServices/default/containers/app",
            "storage_account_name": "geofoodtruck",
            "timeouts": null
          },
          "sensitive_values": {
            "metadata": {}
          }
        },
        {
          "address": "azurerm_storage_encryption_scope.geofoodtruck_az_storage_encryption_scope",
          "mode": "managed",
          "type": "azurerm_storage_encryption_scope",
          "name": "geofoodtruck_az_storage_encryption_scope",
          "provider_name": "registry.terraform.io/hashicorp/azurerm",
          "schema_version": 0,
          "values": {
            "infrastructure_encryption_required": null,
            "name": "geofoodtruckmanagedscope",
            "source": "Microsoft.KeyVault",
            "storage_account_id": "/subscriptions/1e84fd89-4a3b-41e1-b83c-e85bfb7ea419/resourceGroups/geofoodtruck-rgp/providers/Microsoft.Storage/storageAccounts/geofoodtruck",
            "timeouts": null
          },
          "sensitive_values": {}
        }
      ]
    }
  },
  "resource_changes": [
    {
      "address": "azurerm_key_vault.geofoodtruck_az_key_vault",
      "mode": "managed",
      "type": "azurerm_key_vault",
      "name": "geofoodtruck_az_key_vault",
      "provider_name": "registry.terraform.io/hashicorp/azurerm",
      "change": {
        "actions": [
          "no-op"
        ],
        "before": {
          "access_policy": [],
          "contact": [],
          "enable_rbac_authorization": false,
          "enabled_for_deployment": false,
          "enabled_for_disk_encryption": false,
          "enabled_for_template_deployment": false,
          "id": "/subscriptions/1e84fd89-4a3b-41e1-b83c-e85bfb7ea419/resourceGroups/geofoodtruck-rgp/providers/Microsoft.KeyVault/vaults/geofoodtruck-key-vault",
          "location": "eastus",
          "name": "geofoodtruck-key-vault",
          "network_acls": [
            {
              "bypass": "AzureServices",
              "default_action": "Allow",
              "ip_rules": [],
              "virtual_network_subnet_ids": []
            }
          ],
          "public_network_access_enabled": true,
          "purge_protection_enabled": true,
          "resource_group_name": "geofoodtruck-rgp",
          "sku_name": "standard",
          "soft_delete_retention_days": 90,
          "tags": {},
          "tenant_id": "ebe3b00b-03f5-4683-9385-9eae759d7ab1",
          "timeouts": null,
          "vault_uri": "https://geofoodtruck-key-vault.vault.azure.net/"
        },
        "after": {
          "access_policy": [],
          "contact": [],
          "enable_rbac_authorization": false,
          "enabled_for_deployment": false,
          "enabled_for_disk_encryption": false,
          "enabled_for_template_deployment": false,
          "id": "/subscriptions/1e84fd89-4a3b-41e1-b83c-e85bfb7ea419/resourceGroups/geofoodtruck-rgp/providers/Microsoft.KeyVault/vaults/geofoodtruck-key-vault",
          "location": "eastus",
          "name": "geofoodtruck-key-vault",
          "network_acls": [
            {
              "bypass": "AzureServices",
              "default_action": "Allow",
              "ip_rules": [],
              "virtual_network_subnet_ids": []
            }
          ],
          "public_network_access_enabled": true,
          "purge_protection_enabled": true,
          "resource_group_name": "geofoodtruck-rgp",
          "sku_name": "standard",
          "soft_delete_retention_days": 90,
          "tags": {},
          "tenant_id": "ebe3b00b-03f5-4683-9385-9eae759d7ab1",
          "timeouts": null,
          "vault_uri": "https://geofoodtruck-key-vault.vault.azure.net/"
        },
        "after_unknown": {},
        "before_sensitive": {
          "access_policy": [],
          "contact": [],
          "network_acls": [
            {
              "ip_rules": [],
              "virtual_network_subnet_ids": []
            }
          ],
          "tags": {}
        },
        "after_sensitive": {
          "access_policy": [],
          "contact": [],
          "network_acls": [
            {
              "ip_rules": [],
              "virtual_network_subnet_ids": []
            }
          ],
          "tags": {}
        }
      }
    },
    {
      "address": "azurerm_key_vault_access_policy.geofoodtruck_az_key_vault_access_policy_identity",
      "mode": "managed",
      "type": "azurerm_key_vault_access_policy",
      "name": "geofoodtruck_az_key_vault_access_policy_identity",
      "provider_name": "registry.terraform.io/hashicorp/azurerm",
      "change": {
        "actions": [
          "create"
        ],
        "before": null,
        "after": {
          "application_id": null,
          "certificate_permissions": null,
          "key_permissions": [
            "Get",
            "Create",
            "Delete",
            "List",
            "Restore",
            "Recover",
            "UnwrapKey",
            "WrapKey",
            "Purge",
            "Encrypt",
            "Decrypt",
            "Sign",
            "Verify",
            "GetRotationPolicy",
            "SetRotationPolicy",
            "Update",
            "Backup",
            "Release",
            "Rotate",
            "Import"
          ],
          "key_vault_id": "/subscriptions/1e84fd89-4a3b-41e1-b83c-e85bfb7ea419/resourceGroups/geofoodtruck-rgp/providers/Microsoft.KeyVault/vaults/geofoodtruck-key-vault",
          "object_id": "17379688-6705-41d1-a5d8-cf557358e029",
          "secret_permissions": null,
          "storage_permissions": null,
          "tenant_id": "ebe3b00b-03f5-4683-9385-9eae759d7ab1",
          "timeouts": null
        },
        "after_unknown": {
          "id": true,
          "key_permissions": [
            false,
            false,
            false,
            false,
            false,
            false,
            false,
            false,
            false,
            false,
            false,
            false,
            false,
            false,
            false,
            false,
            false,
            false,
            false,
            false
          ]
        },
        "before_sensitive": false,
        "after_sensitive": {
          "key_permissions": [
            false,
            false,
            false,
            false,
            false,
            false,
            false,
            false,
            false,
            false,
            false,
            false,
            false,
            false,
            false,
            false,
            false,
            false,
            false,
            false
          ]
        }
      }
    },
    {
      "address": "azurerm_key_vault_access_policy.geofoodtruck_az_key_vault_access_policy_storage",
      "mode": "managed",
      "type": "azurerm_key_vault_access_policy",
      "name": "geofoodtruck_az_key_vault_access_policy_storage",
      "provider_name": "registry.terraform.io/hashicorp/azurerm",
      "change": {
        "actions": [
          "create"
        ],
        "before": null,
        "after": {
          "application_id": null,
          "certificate_permissions": null,
          "key_permissions": [
            "Get",
            "UnwrapKey",
            "WrapKey"
          ],
          "key_vault_id": "/subscriptions/1e84fd89-4a3b-41e1-b83c-e85bfb7ea419/resourceGroups/geofoodtruck-rgp/providers/Microsoft.KeyVault/vaults/geofoodtruck-key-vault",
          "object_id": "adadff2d-df36-4aa1-bc71-a141be4af501",
          "secret_permissions": null,
          "storage_permissions": null,
          "tenant_id": "ebe3b00b-03f5-4683-9385-9eae759d7ab1",
          "timeouts": null
        },
        "after_unknown": {
          "id": true,
          "key_permissions": [
            false,
            false,
            false
          ]
        },
        "before_sensitive": false,
        "after_sensitive": {
          "key_permissions": [
            false,
            false,
            false
          ]
        }
      }
    },
    {
      "address": "azurerm_key_vault_key.geofoodtruck_az_key_vault_key",
      "mode": "managed",
      "type": "azurerm_key_vault_key",
      "name": "geofoodtruck_az_key_vault_key",
      "provider_name": "registry.terraform.io/hashicorp/azurerm",
      "change": {
        "actions": [
          "create"
        ],
        "before": null,
        "after": {
          "expiration_date": null,
          "key_opts": [
            "decrypt",
            "encrypt",
            "sign",
            "unwrapKey",
            "verify",
            "wrapKey"
          ],
          "key_size": 2048,
          "key_type": "RSA",
          "key_vault_id": "/subscriptions/1e84fd89-4a3b-41e1-b83c-e85bfb7ea419/resourceGroups/geofoodtruck-rgp/providers/Microsoft.KeyVault/vaults/geofoodtruck-key-vault",
          "name": "geofoodtruckkey",
          "not_before_date": null,
          "rotation_policy": [
            {
              "automatic": [
                {
                  "time_after_creation": null,
                  "time_before_expiry": "P30D"
                }
              ],
              "expire_after": "P90D",
              "notify_before_expiry": "P29D"
            }
          ],
          "tags": null,
          "timeouts": null
        },
        "after_unknown": {
          "curve": true,
          "e": true,
          "id": true,
          "key_opts": [
            false,
            false,
            false,
            false,
            false,
            false
          ],
          "n": true,
          "public_key_openssh": true,
          "public_key_pem": true,
          "resource_id": true,
          "resource_versionless_id": true,
          "rotation_policy": [
            {
              "automatic": [
                {}
              ]
            }
          ],
          "version": true,
          "versionless_id": true,
          "x": true,
          "y": true
        },
        "before_sensitive": false,
        "after_sensitive": {
          "key_opts": [
            false,
            false,
            false,
            false,
            false,
            false
          ],
          "rotation_policy": [
            {
              "automatic": [
                {}
              ]
            }
          ]
        }
      }
    },
    {
      "address": "azurerm_role_assignment.geofoodtruck_az_role_assignment_managed_id",
      "mode": "managed",
      "type": "azurerm_role_assignment",
      "name": "geofoodtruck_az_role_assignment_managed_id",
      "provider_name": "registry.terraform.io/hashicorp/azurerm",
      "change": {
        "actions": [
          "no-op"
        ],
        "before": {
          "condition": "",
          "condition_version": "",
          "delegated_managed_identity_resource_id": "",
          "description": "",
          "id": "/subscriptions/1e84fd89-4a3b-41e1-b83c-e85bfb7ea419/resourceGroups/geofoodtruck-rgp/providers/Microsoft.Storage/storageAccounts/geofoodtruck/providers/Microsoft.Authorization/roleAssignments/53c99d50-93f1-cd0a-941d-93a57dd3a9b8",
          "name": "53c99d50-93f1-cd0a-941d-93a57dd3a9b8",
          "principal_id": "17379688-6705-41d1-a5d8-cf557358e029",
          "principal_type": "ServicePrincipal",
          "role_definition_id": "/subscriptions/1e84fd89-4a3b-41e1-b83c-e85bfb7ea419/providers/Microsoft.Authorization/roleDefinitions/ba92f5b4-2d11-453d-a403-e96b0029c9fe",
          "role_definition_name": "Storage Blob Data Contributor",
          "scope": "/subscriptions/1e84fd89-4a3b-41e1-b83c-e85bfb7ea419/resourceGroups/geofoodtruck-rgp/providers/Microsoft.Storage/storageAccounts/geofoodtruck",
          "skip_service_principal_aad_check": null,
          "timeouts": null
        },
        "after": {
          "condition": "",
          "condition_version": "",
          "delegated_managed_identity_resource_id": "",
          "description": "",
          "id": "/subscriptions/1e84fd89-4a3b-41e1-b83c-e85bfb7ea419/resourceGroups/geofoodtruck-rgp/providers/Microsoft.Storage/storageAccounts/geofoodtruck/providers/Microsoft.Authorization/roleAssignments/53c99d50-93f1-cd0a-941d-93a57dd3a9b8",
          "name": "53c99d50-93f1-cd0a-941d-93a57dd3a9b8",
          "principal_id": "17379688-6705-41d1-a5d8-cf557358e029",
          "principal_type": "ServicePrincipal",
          "role_definition_id": "/subscriptions/1e84fd89-4a3b-41e1-b83c-e85bfb7ea419/providers/Microsoft.Authorization/roleDefinitions/ba92f5b4-2d11-453d-a403-e96b0029c9fe",
          "role_definition_name": "Storage Blob Data Contributor",
          "scope": "/subscriptions/1e84fd89-4a3b-41e1-b83c-e85bfb7ea419/resourceGroups/geofoodtruck-rgp/providers/Microsoft.Storage/storageAccounts/geofoodtruck",
          "skip_service_principal_aad_check": null,
          "timeouts": null
        },
        "after_unknown": {},
        "before_sensitive": {},
        "after_sensitive": {}
      }
    },
    {
      "address": "azurerm_storage_account.geofoodtruck_az_storage_account",
      "mode": "managed",
      "type": "azurerm_storage_account",
      "name": "geofoodtruck_az_storage_account",
      "provider_name": "registry.terraform.io/hashicorp/azurerm",
      "change": {
        "actions": [
          "no-op"
        ],
        "before": {
          "access_tier": "Hot",
          "account_kind": "StorageV2",
          "account_replication_type": "LRS",
          "account_tier": "Standard",
          "allow_nested_items_to_be_public": true,
          "allowed_copy_scope": "",
          "azure_files_authentication": [],
          "blob_properties": [
            {
              "change_feed_enabled": false,
              "change_feed_retention_in_days": 0,
              "container_delete_retention_policy": [],
              "cors_rule": [],
              "default_service_version": "",
              "delete_retention_policy": [],
              "last_access_time_enabled": false,
              "restore_policy": [],
              "versioning_enabled": false
            }
          ],
          "cross_tenant_replication_enabled": true,
          "custom_domain": [],
          "customer_managed_key": [],
          "default_to_oauth_authentication": false,
          "dns_endpoint_type": "Standard",
          "edge_zone": "",
          "enable_https_traffic_only": true,
          "id": "/subscriptions/1e84fd89-4a3b-41e1-b83c-e85bfb7ea419/resourceGroups/geofoodtruck-rgp/providers/Microsoft.Storage/storageAccounts/geofoodtruck",
          "identity": [
            {
              "identity_ids": [],
              "principal_id": "adadff2d-df36-4aa1-bc71-a141be4af501",
              "tenant_id": "ebe3b00b-03f5-4683-9385-9eae759d7ab1",
              "type": "SystemAssigned"
            }
          ],
          "immutability_policy": [],
          "infrastructure_encryption_enabled": false,
          "is_hns_enabled": false,
          "large_file_share_enabled": null,
          "local_user_enabled": true,
          "location": "eastus",
          "min_tls_version": "TLS1_2",
          "name": "geofoodtruck",
          "network_rules": [
            {
              "bypass": [
                "AzureServices"
              ],
              "default_action": "Allow",
              "ip_rules": [],
              "private_link_access": [],
              "virtual_network_subnet_ids": []
            }
          ],
          "nfsv3_enabled": false,
          "primary_access_key": "***",
          "primary_blob_connection_string": "***",
          "primary_blob_endpoint": "https://geofoodtruck.blob.core.windows.net/",
          "primary_blob_host": "geofoodtruck.blob.core.windows.net",
          "primary_blob_internet_endpoint": "",
          "primary_blob_internet_host": "",
          "primary_blob_microsoft_endpoint": "",
          "primary_blob_microsoft_host": "",
          "primary_connection_string": "***",
          "primary_dfs_endpoint": "https://geofoodtruck.dfs.core.windows.net/",
          "primary_dfs_host": "geofoodtruck.dfs.core.windows.net",
          "primary_dfs_internet_endpoint": "",
          "primary_dfs_internet_host": "",
          "primary_dfs_microsoft_endpoint": "",
          "primary_dfs_microsoft_host": "",
          "primary_file_endpoint": "https://geofoodtruck.file.core.windows.net/",
          "primary_file_host": "geofoodtruck.file.core.windows.net",
          "primary_file_internet_endpoint": "",
          "primary_file_internet_host": "",
          "primary_file_microsoft_endpoint": "",
          "primary_file_microsoft_host": "",
          "primary_location": "eastus",
          "primary_queue_endpoint": "https://geofoodtruck.queue.core.windows.net/",
          "primary_queue_host": "geofoodtruck.queue.core.windows.net",
          "primary_queue_microsoft_endpoint": "",
          "primary_queue_microsoft_host": "",
          "primary_table_endpoint": "https://geofoodtruck.table.core.windows.net/",
          "primary_table_host": "geofoodtruck.table.core.windows.net",
          "primary_table_microsoft_endpoint": "",
          "primary_table_microsoft_host": "",
          "primary_web_endpoint": "https://geofoodtruck.z13.web.core.windows.net/",
          "primary_web_host": "geofoodtruck.z13.web.core.windows.net",
          "primary_web_internet_endpoint": "",
          "primary_web_internet_host": "",
          "primary_web_microsoft_endpoint": "",
          "primary_web_microsoft_host": "",
          "public_network_access_enabled": true,
          "queue_encryption_key_type": "Service",
          "queue_properties": [
            {
              "cors_rule": [],
              "hour_metrics": [
                {
                  "enabled": true,
                  "include_apis": true,
                  "retention_policy_days": 7,
                  "version": "1.0"
                }
              ],
              "logging": [
                {
                  "delete": false,
                  "read": false,
                  "retention_policy_days": 0,
                  "version": "1.0",
                  "write": false
                }
              ],
              "minute_metrics": [
                {
                  "enabled": false,
                  "include_apis": false,
                  "retention_policy_days": 0,
                  "version": "1.0"
                }
              ]
            }
          ],
          "resource_group_name": "geofoodtruck-rgp",
          "routing": [],
          "sas_policy": [],
          "secondary_access_key": "***",
          "secondary_blob_connection_string": "",
          "secondary_blob_endpoint": null,
          "secondary_blob_host": null,
          "secondary_blob_internet_endpoint": null,
          "secondary_blob_internet_host": null,
          "secondary_blob_microsoft_endpoint": null,
          "secondary_blob_microsoft_host": null,
          "secondary_connection_string": "***",
          "secondary_dfs_endpoint": null,
          "secondary_dfs_host": null,
          "secondary_dfs_internet_endpoint": null,
          "secondary_dfs_internet_host": null,
          "secondary_dfs_microsoft_endpoint": null,
          "secondary_dfs_microsoft_host": null,
          "secondary_file_endpoint": null,
          "secondary_file_host": null,
          "secondary_file_internet_endpoint": null,
          "secondary_file_internet_host": null,
          "secondary_file_microsoft_endpoint": null,
          "secondary_file_microsoft_host": null,
          "secondary_location": "",
          "secondary_queue_endpoint": null,
          "secondary_queue_host": null,
          "secondary_queue_microsoft_endpoint": null,
          "secondary_queue_microsoft_host": null,
          "secondary_table_endpoint": null,
          "secondary_table_host": null,
          "secondary_table_microsoft_endpoint": null,
          "secondary_table_microsoft_host": null,
          "secondary_web_endpoint": null,
          "secondary_web_host": null,
          "secondary_web_internet_endpoint": null,
          "secondary_web_internet_host": null,
          "secondary_web_microsoft_endpoint": null,
          "secondary_web_microsoft_host": null,
          "sftp_enabled": false,
          "share_properties": [
            {
              "cors_rule": [],
              "retention_policy": [
                {
                  "days": 7
                }
              ],
              "smb": []
            }
          ],
          "shared_access_key_enabled": false,
          "static_website": [],
          "table_encryption_key_type": "Service",
          "tags": {},
          "timeouts": null
        },
        "after": {
          "access_tier": "Hot",
          "account_kind": "StorageV2",
          "account_replication_type": "LRS",
          "account_tier": "Standard",
          "allow_nested_items_to_be_public": true,
          "allowed_copy_scope": "",
          "azure_files_authentication": [],
          "blob_properties": [
            {
              "change_feed_enabled": false,
              "change_feed_retention_in_days": 0,
              "container_delete_retention_policy": [],
              "cors_rule": [],
              "default_service_version": "",
              "delete_retention_policy": [],
              "last_access_time_enabled": false,
              "restore_policy": [],
              "versioning_enabled": false
            }
          ],
          "cross_tenant_replication_enabled": true,
          "custom_domain": [],
          "customer_managed_key": [],
          "default_to_oauth_authentication": false,
          "dns_endpoint_type": "Standard",
          "edge_zone": "",
          "enable_https_traffic_only": true,
          "id": "/subscriptions/1e84fd89-4a3b-41e1-b83c-e85bfb7ea419/resourceGroups/geofoodtruck-rgp/providers/Microsoft.Storage/storageAccounts/geofoodtruck",
          "identity": [
            {
              "identity_ids": [],
              "principal_id": "adadff2d-df36-4aa1-bc71-a141be4af501",
              "tenant_id": "ebe3b00b-03f5-4683-9385-9eae759d7ab1",
              "type": "SystemAssigned"
            }
          ],
          "immutability_policy": [],
          "infrastructure_encryption_enabled": false,
          "is_hns_enabled": false,
          "large_file_share_enabled": null,
          "local_user_enabled": true,
          "location": "eastus",
          "min_tls_version": "TLS1_2",
          "name": "geofoodtruck",
          "network_rules": [
            {
              "bypass": [
                "AzureServices"
              ],
              "default_action": "Allow",
              "ip_rules": [],
              "private_link_access": [],
              "virtual_network_subnet_ids": []
            }
          ],
          "nfsv3_enabled": false,
          "primary_access_key": "***",
          "primary_blob_connection_string": "***",
          "primary_blob_endpoint": "https://geofoodtruck.blob.core.windows.net/",
          "primary_blob_host": "geofoodtruck.blob.core.windows.net",
          "primary_blob_internet_endpoint": "",
          "primary_blob_internet_host": "",
          "primary_blob_microsoft_endpoint": "",
          "primary_blob_microsoft_host": "",
          "primary_connection_string": "***",
          "primary_dfs_endpoint": "https://geofoodtruck.dfs.core.windows.net/",
          "primary_dfs_host": "geofoodtruck.dfs.core.windows.net",
          "primary_dfs_internet_endpoint": "",
          "primary_dfs_internet_host": "",
          "primary_dfs_microsoft_endpoint": "",
          "primary_dfs_microsoft_host": "",
          "primary_file_endpoint": "https://geofoodtruck.file.core.windows.net/",
          "primary_file_host": "geofoodtruck.file.core.windows.net",
          "primary_file_internet_endpoint": "",
          "primary_file_internet_host": "",
          "primary_file_microsoft_endpoint": "",
          "primary_file_microsoft_host": "",
          "primary_location": "eastus",
          "primary_queue_endpoint": "https://geofoodtruck.queue.core.windows.net/",
          "primary_queue_host": "geofoodtruck.queue.core.windows.net",
          "primary_queue_microsoft_endpoint": "",
          "primary_queue_microsoft_host": "",
          "primary_table_endpoint": "https://geofoodtruck.table.core.windows.net/",
          "primary_table_host": "geofoodtruck.table.core.windows.net",
          "primary_table_microsoft_endpoint": "",
          "primary_table_microsoft_host": "",
          "primary_web_endpoint": "https://geofoodtruck.z13.web.core.windows.net/",
          "primary_web_host": "geofoodtruck.z13.web.core.windows.net",
          "primary_web_internet_endpoint": "",
          "primary_web_internet_host": "",
          "primary_web_microsoft_endpoint": "",
          "primary_web_microsoft_host": "",
          "public_network_access_enabled": true,
          "queue_encryption_key_type": "Service",
          "queue_properties": [
            {
              "cors_rule": [],
              "hour_metrics": [
                {
                  "enabled": true,
                  "include_apis": true,
                  "retention_policy_days": 7,
                  "version": "1.0"
                }
              ],
              "logging": [
                {
                  "delete": false,
                  "read": false,
                  "retention_policy_days": 0,
                  "version": "1.0",
                  "write": false
                }
              ],
              "minute_metrics": [
                {
                  "enabled": false,
                  "include_apis": false,
                  "retention_policy_days": 0,
                  "version": "1.0"
                }
              ]
            }
          ],
          "resource_group_name": "geofoodtruck-rgp",
          "routing": [],
          "sas_policy": [],
          "secondary_access_key": "***",
          "secondary_blob_connection_string": "",
          "secondary_blob_endpoint": null,
          "secondary_blob_host": null,
          "secondary_blob_internet_endpoint": null,
          "secondary_blob_internet_host": null,
          "secondary_blob_microsoft_endpoint": null,
          "secondary_blob_microsoft_host": null,
          "secondary_connection_string": "***",
          "secondary_dfs_endpoint": null,
          "secondary_dfs_host": null,
          "secondary_dfs_internet_endpoint": null,
          "secondary_dfs_internet_host": null,
          "secondary_dfs_microsoft_endpoint": null,
          "secondary_dfs_microsoft_host": null,
          "secondary_file_endpoint": null,
          "secondary_file_host": null,
          "secondary_file_internet_endpoint": null,
          "secondary_file_internet_host": null,
          "secondary_file_microsoft_endpoint": null,
          "secondary_file_microsoft_host": null,
          "secondary_location": "",
          "secondary_queue_endpoint": null,
          "secondary_queue_host": null,
          "secondary_queue_microsoft_endpoint": null,
          "secondary_queue_microsoft_host": null,
          "secondary_table_endpoint": null,
          "secondary_table_host": null,
          "secondary_table_microsoft_endpoint": null,
          "secondary_table_microsoft_host": null,
          "secondary_web_endpoint": null,
          "secondary_web_host": null,
          "secondary_web_internet_endpoint": null,
          "secondary_web_internet_host": null,
          "secondary_web_microsoft_endpoint": null,
          "secondary_web_microsoft_host": null,
          "sftp_enabled": false,
          "share_properties": [
            {
              "cors_rule": [],
              "retention_policy": [
                {
                  "days": 7
                }
              ],
              "smb": []
            }
          ],
          "shared_access_key_enabled": false,
          "static_website": [],
          "table_encryption_key_type": "Service",
          "tags": {},
          "timeouts": null
        },
        "after_unknown": {},
        "before_sensitive": {
          "azure_files_authentication": [],
          "blob_properties": [
            {
              "container_delete_retention_policy": [],
              "cors_rule": [],
              "delete_retention_policy": [],
              "restore_policy": []
            }
          ],
          "custom_domain": [],
          "customer_managed_key": [],
          "identity": [
            {
              "identity_ids": []
            }
          ],
          "immutability_policy": [],
          "network_rules": [
            {
              "bypass": [
                false
              ],
              "ip_rules": [],
              "private_link_access": [],
              "virtual_network_subnet_ids": []
            }
          ],
          "primary_access_key": true,
          "primary_blob_connection_string": true,
          "primary_connection_string": true,
          "queue_properties": [
            {
              "cors_rule": [],
              "hour_metrics": [
                {}
              ],
              "logging": [
                {}
              ],
              "minute_metrics": [
                {}
              ]
            }
          ],
          "routing": [],
          "sas_policy": [],
          "secondary_access_key": true,
          "secondary_blob_connection_string": true,
          "secondary_connection_string": true,
          "share_properties": [
            {
              "cors_rule": [],
              "retention_policy": [
                {}
              ],
              "smb": []
            }
          ],
          "static_website": [],
          "tags": {}
        },
        "after_sensitive": {
          "azure_files_authentication": [],
          "blob_properties": [
            {
              "container_delete_retention_policy": [],
              "cors_rule": [],
              "delete_retention_policy": [],
              "restore_policy": []
            }
          ],
          "custom_domain": [],
          "customer_managed_key": [],
          "identity": [
            {
              "identity_ids": []
            }
          ],
          "immutability_policy": [],
          "network_rules": [
            {
              "bypass": [
                false
              ],
              "ip_rules": [],
              "private_link_access": [],
              "virtual_network_subnet_ids": []
            }
          ],
          "primary_access_key": true,
          "primary_blob_connection_string": true,
          "primary_connection_string": true,
          "queue_properties": [
            {
              "cors_rule": [],
              "hour_metrics": [
                {}
              ],
              "logging": [
                {}
              ],
              "minute_metrics": [
                {}
              ]
            }
          ],
          "routing": [],
          "sas_policy": [],
          "secondary_access_key": true,
          "secondary_blob_connection_string": true,
          "secondary_connection_string": true,
          "share_properties": [
            {
              "cors_rule": [],
              "retention_policy": [
                {}
              ],
              "smb": []
            }
          ],
          "static_website": [],
          "tags": {}
        }
      }
    },
    {
      "address": "azurerm_storage_account_customer_managed_key.geofoodtruck_az_storage_account_customer_managed_key",
      "mode": "managed",
      "type": "azurerm_storage_account_customer_managed_key",
      "name": "geofoodtruck_az_storage_account_customer_managed_key",
      "provider_name": "registry.terraform.io/hashicorp/azurerm",
      "change": {
        "actions": [
          "create"
        ],
        "before": null,
        "after": {
          "federated_identity_client_id": null,
          "key_name": "geofoodtruckkey",
          "key_vault_id": "/subscriptions/1e84fd89-4a3b-41e1-b83c-e85bfb7ea419/resourceGroups/geofoodtruck-rgp/providers/Microsoft.KeyVault/vaults/geofoodtruck-key-vault",
          "key_version": null,
          "managed_hsm_key_id": null,
          "storage_account_id": "/subscriptions/1e84fd89-4a3b-41e1-b83c-e85bfb7ea419/resourceGroups/geofoodtruck-rgp/providers/Microsoft.Storage/storageAccounts/geofoodtruck",
          "timeouts": null,
          "user_assigned_identity_id": null
        },
        "after_unknown": {
          "id": true,
          "key_vault_uri": true
        },
        "before_sensitive": false,
        "after_sensitive": {}
      }
    },
    {
      "address": "azurerm_storage_blob.app_files[\"asset-manifest.json\"]",
      "mode": "managed",
      "type": "azurerm_storage_blob",
      "name": "app_files",
      "index": "asset-manifest.json",
      "provider_name": "registry.terraform.io/hashicorp/azurerm",
      "change": {
        "actions": [
          "no-op"
        ],
        "before": {
          "access_tier": "Hot",
          "cache_control": "",
          "content_md5": "c84d78252f40ba88b8fdfb912c9b93bf",
          "content_type": "application/json",
          "encryption_scope": "",
          "id": "https://geofoodtruck.blob.core.windows.net/app/asset-manifest.json",
          "metadata": {},
          "name": "asset-manifest.json",
          "parallelism": 8,
          "size": 0,
          "source": "../../build/asset-manifest.json",
          "source_content": null,
          "source_uri": null,
          "storage_account_name": "geofoodtruck",
          "storage_container_name": "app",
          "timeouts": null,
          "type": "Block",
          "url": "https://geofoodtruck.blob.core.windows.net/app/asset-manifest.json"
        },
        "after": {
          "access_tier": "Hot",
          "cache_control": "",
          "content_md5": "c84d78252f40ba88b8fdfb912c9b93bf",
          "content_type": "application/json",
          "encryption_scope": "",
          "id": "https://geofoodtruck.blob.core.windows.net/app/asset-manifest.json",
          "metadata": {},
          "name": "asset-manifest.json",
          "parallelism": 8,
          "size": 0,
          "source": "../../build/asset-manifest.json",
          "source_content": null,
          "source_uri": null,
          "storage_account_name": "geofoodtruck",
          "storage_container_name": "app",
          "timeouts": null,
          "type": "Block",
          "url": "https://geofoodtruck.blob.core.windows.net/app/asset-manifest.json"
        },
        "after_unknown": {},
        "before_sensitive": {
          "metadata": {}
        },
        "after_sensitive": {
          "metadata": {}
        }
      }
    },
    {
      "address": "azurerm_storage_blob.app_files[\"favicon.ico\"]",
      "mode": "managed",
      "type": "azurerm_storage_blob",
      "name": "app_files",
      "index": "favicon.ico",
      "provider_name": "registry.terraform.io/hashicorp/azurerm",
      "change": {
        "actions": [
          "no-op"
        ],
        "before": {
          "access_tier": "Hot",
          "cache_control": "",
          "content_md5": "c92b85a5b907c70211f4ec25e29a8c4a",
          "content_type": "image/x-icon",
          "encryption_scope": "",
          "id": "https://geofoodtruck.blob.core.windows.net/app/favicon.ico",
          "metadata": {},
          "name": "favicon.ico",
          "parallelism": 8,
          "size": 0,
          "source": "../../build/favicon.ico",
          "source_content": null,
          "source_uri": null,
          "storage_account_name": "geofoodtruck",
          "storage_container_name": "app",
          "timeouts": null,
          "type": "Block",
          "url": "https://geofoodtruck.blob.core.windows.net/app/favicon.ico"
        },
        "after": {
          "access_tier": "Hot",
          "cache_control": "",
          "content_md5": "c92b85a5b907c70211f4ec25e29a8c4a",
          "content_type": "image/x-icon",
          "encryption_scope": "",
          "id": "https://geofoodtruck.blob.core.windows.net/app/favicon.ico",
          "metadata": {},
          "name": "favicon.ico",
          "parallelism": 8,
          "size": 0,
          "source": "../../build/favicon.ico",
          "source_content": null,
          "source_uri": null,
          "storage_account_name": "geofoodtruck",
          "storage_container_name": "app",
          "timeouts": null,
          "type": "Block",
          "url": "https://geofoodtruck.blob.core.windows.net/app/favicon.ico"
        },
        "after_unknown": {},
        "before_sensitive": {
          "metadata": {}
        },
        "after_sensitive": {
          "metadata": {}
        }
      }
    },
    {
      "address": "azurerm_storage_blob.app_files[\"index.html\"]",
      "mode": "managed",
      "type": "azurerm_storage_blob",
      "name": "app_files",
      "index": "index.html",
      "provider_name": "registry.terraform.io/hashicorp/azurerm",
      "change": {
        "actions": [
          "no-op"
        ],
        "before": {
          "access_tier": "Hot",
          "cache_control": "",
          "content_md5": "2f14b387837e20a9df5077a35c0aecfb",
          "content_type": "text/html",
          "encryption_scope": "",
          "id": "https://geofoodtruck.blob.core.windows.net/app/index.html",
          "metadata": {},
          "name": "index.html",
          "parallelism": 8,
          "size": 0,
          "source": "../../build/index.html",
          "source_content": null,
          "source_uri": null,
          "storage_account_name": "geofoodtruck",
          "storage_container_name": "app",
          "timeouts": null,
          "type": "Block",
          "url": "https://geofoodtruck.blob.core.windows.net/app/index.html"
        },
        "after": {
          "access_tier": "Hot",
          "cache_control": "",
          "content_md5": "2f14b387837e20a9df5077a35c0aecfb",
          "content_type": "text/html",
          "encryption_scope": "",
          "id": "https://geofoodtruck.blob.core.windows.net/app/index.html",
          "metadata": {},
          "name": "index.html",
          "parallelism": 8,
          "size": 0,
          "source": "../../build/index.html",
          "source_content": null,
          "source_uri": null,
          "storage_account_name": "geofoodtruck",
          "storage_container_name": "app",
          "timeouts": null,
          "type": "Block",
          "url": "https://geofoodtruck.blob.core.windows.net/app/index.html"
        },
        "after_unknown": {},
        "before_sensitive": {
          "metadata": {}
        },
        "after_sensitive": {
          "metadata": {}
        }
      }
    },
    {
      "address": "azurerm_storage_blob.app_files[\"logo192.png\"]",
      "mode": "managed",
      "type": "azurerm_storage_blob",
      "name": "app_files",
      "index": "logo192.png",
      "provider_name": "registry.terraform.io/hashicorp/azurerm",
      "change": {
        "actions": [
          "no-op"
        ],
        "before": {
          "access_tier": "Hot",
          "cache_control": "",
          "content_md5": "33dbdd0177549353eeeb785d02c294af",
          "content_type": "image/png",
          "encryption_scope": "",
          "id": "https://geofoodtruck.blob.core.windows.net/app/logo192.png",
          "metadata": {},
          "name": "logo192.png",
          "parallelism": 8,
          "size": 0,
          "source": "../../build/logo192.png",
          "source_content": null,
          "source_uri": null,
          "storage_account_name": "geofoodtruck",
          "storage_container_name": "app",
          "timeouts": null,
          "type": "Block",
          "url": "https://geofoodtruck.blob.core.windows.net/app/logo192.png"
        },
        "after": {
          "access_tier": "Hot",
          "cache_control": "",
          "content_md5": "33dbdd0177549353eeeb785d02c294af",
          "content_type": "image/png",
          "encryption_scope": "",
          "id": "https://geofoodtruck.blob.core.windows.net/app/logo192.png",
          "metadata": {},
          "name": "logo192.png",
          "parallelism": 8,
          "size": 0,
          "source": "../../build/logo192.png",
          "source_content": null,
          "source_uri": null,
          "storage_account_name": "geofoodtruck",
          "storage_container_name": "app",
          "timeouts": null,
          "type": "Block",
          "url": "https://geofoodtruck.blob.core.windows.net/app/logo192.png"
        },
        "after_unknown": {},
        "before_sensitive": {
          "metadata": {}
        },
        "after_sensitive": {
          "metadata": {}
        }
      }
    },
    {
      "address": "azurerm_storage_blob.app_files[\"logo512.png\"]",
      "mode": "managed",
      "type": "azurerm_storage_blob",
      "name": "app_files",
      "index": "logo512.png",
      "provider_name": "registry.terraform.io/hashicorp/azurerm",
      "change": {
        "actions": [
          "no-op"
        ],
        "before": {
          "access_tier": "Hot",
          "cache_control": "",
          "content_md5": "917515db74ea8d1aee6a246cfbcc0b45",
          "content_type": "image/png",
          "encryption_scope": "",
          "id": "https://geofoodtruck.blob.core.windows.net/app/logo512.png",
          "metadata": {},
          "name": "logo512.png",
          "parallelism": 8,
          "size": 0,
          "source": "../../build/logo512.png",
          "source_content": null,
          "source_uri": null,
          "storage_account_name": "geofoodtruck",
          "storage_container_name": "app",
          "timeouts": null,
          "type": "Block",
          "url": "https://geofoodtruck.blob.core.windows.net/app/logo512.png"
        },
        "after": {
          "access_tier": "Hot",
          "cache_control": "",
          "content_md5": "917515db74ea8d1aee6a246cfbcc0b45",
          "content_type": "image/png",
          "encryption_scope": "",
          "id": "https://geofoodtruck.blob.core.windows.net/app/logo512.png",
          "metadata": {},
          "name": "logo512.png",
          "parallelism": 8,
          "size": 0,
          "source": "../../build/logo512.png",
          "source_content": null,
          "source_uri": null,
          "storage_account_name": "geofoodtruck",
          "storage_container_name": "app",
          "timeouts": null,
          "type": "Block",
          "url": "https://geofoodtruck.blob.core.windows.net/app/logo512.png"
        },
        "after_unknown": {},
        "before_sensitive": {
          "metadata": {}
        },
        "after_sensitive": {
          "metadata": {}
        }
      }
    },
    {
      "address": "azurerm_storage_blob.app_files[\"manifest.json\"]",
      "mode": "managed",
      "type": "azurerm_storage_blob",
      "name": "app_files",
      "index": "manifest.json",
      "provider_name": "registry.terraform.io/hashicorp/azurerm",
      "change": {
        "actions": [
          "no-op"
        ],
        "before": {
          "access_tier": "Hot",
          "cache_control": "",
          "content_md5": "9153e3ba94d29288a5aef74db1fb2dd1",
          "content_type": "application/json",
          "encryption_scope": "",
          "id": "https://geofoodtruck.blob.core.windows.net/app/manifest.json",
          "metadata": {},
          "name": "manifest.json",
          "parallelism": 8,
          "size": 0,
          "source": "../../build/manifest.json",
          "source_content": null,
          "source_uri": null,
          "storage_account_name": "geofoodtruck",
          "storage_container_name": "app",
          "timeouts": null,
          "type": "Block",
          "url": "https://geofoodtruck.blob.core.windows.net/app/manifest.json"
        },
        "after": {
          "access_tier": "Hot",
          "cache_control": "",
          "content_md5": "9153e3ba94d29288a5aef74db1fb2dd1",
          "content_type": "application/json",
          "encryption_scope": "",
          "id": "https://geofoodtruck.blob.core.windows.net/app/manifest.json",
          "metadata": {},
          "name": "manifest.json",
          "parallelism": 8,
          "size": 0,
          "source": "../../build/manifest.json",
          "source_content": null,
          "source_uri": null,
          "storage_account_name": "geofoodtruck",
          "storage_container_name": "app",
          "timeouts": null,
          "type": "Block",
          "url": "https://geofoodtruck.blob.core.windows.net/app/manifest.json"
        },
        "after_unknown": {},
        "before_sensitive": {
          "metadata": {}
        },
        "after_sensitive": {
          "metadata": {}
        }
      }
    },
    {
      "address": "azurerm_storage_blob.app_files[\"robots.txt\"]",
      "mode": "managed",
      "type": "azurerm_storage_blob",
      "name": "app_files",
      "index": "robots.txt",
      "provider_name": "registry.terraform.io/hashicorp/azurerm",
      "change": {
        "actions": [
          "no-op"
        ],
        "before": {
          "access_tier": "Hot",
          "cache_control": "",
          "content_md5": "fa1ded1ed7c11438a9b0385b1e112850",
          "content_type": "text/plain",
          "encryption_scope": "",
          "id": "https://geofoodtruck.blob.core.windows.net/app/robots.txt",
          "metadata": {},
          "name": "robots.txt",
          "parallelism": 8,
          "size": 0,
          "source": "../../build/robots.txt",
          "source_content": null,
          "source_uri": null,
          "storage_account_name": "geofoodtruck",
          "storage_container_name": "app",
          "timeouts": null,
          "type": "Block",
          "url": "https://geofoodtruck.blob.core.windows.net/app/robots.txt"
        },
        "after": {
          "access_tier": "Hot",
          "cache_control": "",
          "content_md5": "fa1ded1ed7c11438a9b0385b1e112850",
          "content_type": "text/plain",
          "encryption_scope": "",
          "id": "https://geofoodtruck.blob.core.windows.net/app/robots.txt",
          "metadata": {},
          "name": "robots.txt",
          "parallelism": 8,
          "size": 0,
          "source": "../../build/robots.txt",
          "source_content": null,
          "source_uri": null,
          "storage_account_name": "geofoodtruck",
          "storage_container_name": "app",
          "timeouts": null,
          "type": "Block",
          "url": "https://geofoodtruck.blob.core.windows.net/app/robots.txt"
        },
        "after_unknown": {},
        "before_sensitive": {
          "metadata": {}
        },
        "after_sensitive": {
          "metadata": {}
        }
      }
    },
    {
      "address": "azurerm_storage_blob.app_files[\"static/css/main.414097bf.css\"]",
      "mode": "managed",
      "type": "azurerm_storage_blob",
      "name": "app_files",
      "index": "static/css/main.414097bf.css",
      "provider_name": "registry.terraform.io/hashicorp/azurerm",
      "change": {
        "actions": [
          "no-op"
        ],
        "before": {
          "access_tier": "Hot",
          "cache_control": "",
          "content_md5": "22eaf37d16c7b6c0b38e8c88bcf4eef0",
          "content_type": "text/css",
          "encryption_scope": "",
          "id": "https://geofoodtruck.blob.core.windows.net/app/static/css/main.414097bf.css",
          "metadata": {},
          "name": "static/css/main.414097bf.css",
          "parallelism": 8,
          "size": 0,
          "source": "../../build/static/css/main.414097bf.css",
          "source_content": null,
          "source_uri": null,
          "storage_account_name": "geofoodtruck",
          "storage_container_name": "app",
          "timeouts": null,
          "type": "Block",
          "url": "https://geofoodtruck.blob.core.windows.net/app/static/css/main.414097bf.css"
        },
        "after": {
          "access_tier": "Hot",
          "cache_control": "",
          "content_md5": "22eaf37d16c7b6c0b38e8c88bcf4eef0",
          "content_type": "text/css",
          "encryption_scope": "",
          "id": "https://geofoodtruck.blob.core.windows.net/app/static/css/main.414097bf.css",
          "metadata": {},
          "name": "static/css/main.414097bf.css",
          "parallelism": 8,
          "size": 0,
          "source": "../../build/static/css/main.414097bf.css",
          "source_content": null,
          "source_uri": null,
          "storage_account_name": "geofoodtruck",
          "storage_container_name": "app",
          "timeouts": null,
          "type": "Block",
          "url": "https://geofoodtruck.blob.core.windows.net/app/static/css/main.414097bf.css"
        },
        "after_unknown": {},
        "before_sensitive": {
          "metadata": {}
        },
        "after_sensitive": {
          "metadata": {}
        }
      }
    },
    {
      "address": "azurerm_storage_blob.app_files[\"static/js/206.85c6594b.chunk.js\"]",
      "mode": "managed",
      "type": "azurerm_storage_blob",
      "name": "app_files",
      "index": "static/js/206.85c6594b.chunk.js",
      "provider_name": "registry.terraform.io/hashicorp/azurerm",
      "change": {
        "actions": [
          "no-op"
        ],
        "before": {
          "access_tier": "Hot",
          "cache_control": "",
          "content_md5": "07ae34e78f0ecc509b588cbec8cf683f",
          "content_type": "application/javascript",
          "encryption_scope": "",
          "id": "https://geofoodtruck.blob.core.windows.net/app/static/js/206.85c6594b.chunk.js",
          "metadata": {},
          "name": "static/js/206.85c6594b.chunk.js",
          "parallelism": 8,
          "size": 0,
          "source": "../../build/static/js/206.85c6594b.chunk.js",
          "source_content": null,
          "source_uri": null,
          "storage_account_name": "geofoodtruck",
          "storage_container_name": "app",
          "timeouts": null,
          "type": "Block",
          "url": "https://geofoodtruck.blob.core.windows.net/app/static/js/206.85c6594b.chunk.js"
        },
        "after": {
          "access_tier": "Hot",
          "cache_control": "",
          "content_md5": "07ae34e78f0ecc509b588cbec8cf683f",
          "content_type": "application/javascript",
          "encryption_scope": "",
          "id": "https://geofoodtruck.blob.core.windows.net/app/static/js/206.85c6594b.chunk.js",
          "metadata": {},
          "name": "static/js/206.85c6594b.chunk.js",
          "parallelism": 8,
          "size": 0,
          "source": "../../build/static/js/206.85c6594b.chunk.js",
          "source_content": null,
          "source_uri": null,
          "storage_account_name": "geofoodtruck",
          "storage_container_name": "app",
          "timeouts": null,
          "type": "Block",
          "url": "https://geofoodtruck.blob.core.windows.net/app/static/js/206.85c6594b.chunk.js"
        },
        "after_unknown": {},
        "before_sensitive": {
          "metadata": {}
        },
        "after_sensitive": {
          "metadata": {}
        }
      }
    },
    {
      "address": "azurerm_storage_blob.app_files[\"static/js/main.dc021fd1.js\"]",
      "mode": "managed",
      "type": "azurerm_storage_blob",
      "name": "app_files",
      "index": "static/js/main.dc021fd1.js",
      "provider_name": "registry.terraform.io/hashicorp/azurerm",
      "change": {
        "actions": [
          "no-op"
        ],
        "before": {
          "access_tier": "Hot",
          "cache_control": "",
          "content_md5": "f4f12db4cff5bbe07c83adabc9209a0d",
          "content_type": "application/javascript",
          "encryption_scope": "",
          "id": "https://geofoodtruck.blob.core.windows.net/app/static/js/main.dc021fd1.js",
          "metadata": {},
          "name": "static/js/main.dc021fd1.js",
          "parallelism": 8,
          "size": 0,
          "source": "../../build/static/js/main.dc021fd1.js",
          "source_content": null,
          "source_uri": null,
          "storage_account_name": "geofoodtruck",
          "storage_container_name": "app",
          "timeouts": null,
          "type": "Block",
          "url": "https://geofoodtruck.blob.core.windows.net/app/static/js/main.dc021fd1.js"
        },
        "after": {
          "access_tier": "Hot",
          "cache_control": "",
          "content_md5": "f4f12db4cff5bbe07c83adabc9209a0d",
          "content_type": "application/javascript",
          "encryption_scope": "",
          "id": "https://geofoodtruck.blob.core.windows.net/app/static/js/main.dc021fd1.js",
          "metadata": {},
          "name": "static/js/main.dc021fd1.js",
          "parallelism": 8,
          "size": 0,
          "source": "../../build/static/js/main.dc021fd1.js",
          "source_content": null,
          "source_uri": null,
          "storage_account_name": "geofoodtruck",
          "storage_container_name": "app",
          "timeouts": null,
          "type": "Block",
          "url": "https://geofoodtruck.blob.core.windows.net/app/static/js/main.dc021fd1.js"
        },
        "after_unknown": {},
        "before_sensitive": {
          "metadata": {}
        },
        "after_sensitive": {
          "metadata": {}
        }
      }
    },
    {
      "address": "azurerm_storage_blob.app_files[\"static/js/main.dc021fd1.js.LICENSE.txt\"]",
      "mode": "managed",
      "type": "azurerm_storage_blob",
      "name": "app_files",
      "index": "static/js/main.dc021fd1.js.LICENSE.txt",
      "provider_name": "registry.terraform.io/hashicorp/azurerm",
      "change": {
        "actions": [
          "no-op"
        ],
        "before": {
          "access_tier": "Hot",
          "cache_control": "",
          "content_md5": "724392fbfeeb6cde62aa6bad62361a60",
          "content_type": "text/plain",
          "encryption_scope": "",
          "id": "https://geofoodtruck.blob.core.windows.net/app/static/js/main.dc021fd1.js.LICENSE.txt",
          "metadata": {},
          "name": "static/js/main.dc021fd1.js.LICENSE.txt",
          "parallelism": 8,
          "size": 0,
          "source": "../../build/static/js/main.dc021fd1.js.LICENSE.txt",
          "source_content": null,
          "source_uri": null,
          "storage_account_name": "geofoodtruck",
          "storage_container_name": "app",
          "timeouts": null,
          "type": "Block",
          "url": "https://geofoodtruck.blob.core.windows.net/app/static/js/main.dc021fd1.js.LICENSE.txt"
        },
        "after": {
          "access_tier": "Hot",
          "cache_control": "",
          "content_md5": "724392fbfeeb6cde62aa6bad62361a60",
          "content_type": "text/plain",
          "encryption_scope": "",
          "id": "https://geofoodtruck.blob.core.windows.net/app/static/js/main.dc021fd1.js.LICENSE.txt",
          "metadata": {},
          "name": "static/js/main.dc021fd1.js.LICENSE.txt",
          "parallelism": 8,
          "size": 0,
          "source": "../../build/static/js/main.dc021fd1.js.LICENSE.txt",
          "source_content": null,
          "source_uri": null,
          "storage_account_name": "geofoodtruck",
          "storage_container_name": "app",
          "timeouts": null,
          "type": "Block",
          "url": "https://geofoodtruck.blob.core.windows.net/app/static/js/main.dc021fd1.js.LICENSE.txt"
        },
        "after_unknown": {},
        "before_sensitive": {
          "metadata": {}
        },
        "after_sensitive": {
          "metadata": {}
        }
      }
    },
    {
      "address": "azurerm_storage_blob.app_files[\"truck-solid.png\"]",
      "mode": "managed",
      "type": "azurerm_storage_blob",
      "name": "app_files",
      "index": "truck-solid.png",
      "provider_name": "registry.terraform.io/hashicorp/azurerm",
      "change": {
        "actions": [
          "no-op"
        ],
        "before": {
          "access_tier": "Hot",
          "cache_control": "",
          "content_md5": "73391b6b4a8a07adff0fbb8ffdbe519c",
          "content_type": "image/png",
          "encryption_scope": "",
          "id": "https://geofoodtruck.blob.core.windows.net/app/truck-solid.png",
          "metadata": {},
          "name": "truck-solid.png",
          "parallelism": 8,
          "size": 0,
          "source": "../../build/truck-solid.png",
          "source_content": null,
          "source_uri": null,
          "storage_account_name": "geofoodtruck",
          "storage_container_name": "app",
          "timeouts": null,
          "type": "Block",
          "url": "https://geofoodtruck.blob.core.windows.net/app/truck-solid.png"
        },
        "after": {
          "access_tier": "Hot",
          "cache_control": "",
          "content_md5": "73391b6b4a8a07adff0fbb8ffdbe519c",
          "content_type": "image/png",
          "encryption_scope": "",
          "id": "https://geofoodtruck.blob.core.windows.net/app/truck-solid.png",
          "metadata": {},
          "name": "truck-solid.png",
          "parallelism": 8,
          "size": 0,
          "source": "../../build/truck-solid.png",
          "source_content": null,
          "source_uri": null,
          "storage_account_name": "geofoodtruck",
          "storage_container_name": "app",
          "timeouts": null,
          "type": "Block",
          "url": "https://geofoodtruck.blob.core.windows.net/app/truck-solid.png"
        },
        "after_unknown": {},
        "before_sensitive": {
          "metadata": {}
        },
        "after_sensitive": {
          "metadata": {}
        }
      }
    },
    {
      "address": "azurerm_storage_container.geofoodtruck_az_storage_container",
      "mode": "managed",
      "type": "azurerm_storage_container",
      "name": "geofoodtruck_az_storage_container",
      "provider_name": "registry.terraform.io/hashicorp/azurerm",
      "change": {
        "actions": [
          "no-op"
        ],
        "before": {
          "container_access_type": "private",
          "default_encryption_scope": "$account-encryption-key",
          "encryption_scope_override_enabled": true,
          "has_immutability_policy": false,
          "has_legal_hold": false,
          "id": "https://geofoodtruck.blob.core.windows.net/app",
          "metadata": {},
          "name": "app",
          "resource_manager_id": "/subscriptions/1e84fd89-4a3b-41e1-b83c-e85bfb7ea419/resourceGroups/geofoodtruck-rgp/providers/Microsoft.Storage/storageAccounts/geofoodtruck/blobServices/default/containers/app",
          "storage_account_name": "geofoodtruck",
          "timeouts": null
        },
        "after": {
          "container_access_type": "private",
          "default_encryption_scope": "$account-encryption-key",
          "encryption_scope_override_enabled": true,
          "has_immutability_policy": false,
          "has_legal_hold": false,
          "id": "https://geofoodtruck.blob.core.windows.net/app",
          "metadata": {},
          "name": "app",
          "resource_manager_id": "/subscriptions/1e84fd89-4a3b-41e1-b83c-e85bfb7ea419/resourceGroups/geofoodtruck-rgp/providers/Microsoft.Storage/storageAccounts/geofoodtruck/blobServices/default/containers/app",
          "storage_account_name": "geofoodtruck",
          "timeouts": null
        },
        "after_unknown": {},
        "before_sensitive": {
          "metadata": {}
        },
        "after_sensitive": {
          "metadata": {}
        }
      }
    },
    {
      "address": "azurerm_storage_encryption_scope.geofoodtruck_az_storage_encryption_scope",
      "mode": "managed",
      "type": "azurerm_storage_encryption_scope",
      "name": "geofoodtruck_az_storage_encryption_scope",
      "provider_name": "registry.terraform.io/hashicorp/azurerm",
      "change": {
        "actions": [
          "create"
        ],
        "before": null,
        "after": {
          "infrastructure_encryption_required": null,
          "name": "geofoodtruckmanagedscope",
          "source": "Microsoft.KeyVault",
          "storage_account_id": "/subscriptions/1e84fd89-4a3b-41e1-b83c-e85bfb7ea419/resourceGroups/geofoodtruck-rgp/providers/Microsoft.Storage/storageAccounts/geofoodtruck",
          "timeouts": null
        },
        "after_unknown": {
          "id": true,
          "key_vault_key_id": true
        },
        "before_sensitive": false,
        "after_sensitive": {}
      }
    }
  ],
  "prior_state": {
    "format_version": "1.0",
    "terraform_version": "1.8.5",
    "values": {
      "root_module": {
        "resources": [
          {
            "address": "data.azurerm_client_config.current",
            "mode": "data",
            "type": "azurerm_client_config",
            "name": "current",
            "provider_name": "registry.terraform.io/hashicorp/azurerm",
            "schema_version": 0,
            "values": {
              "client_id": "df96a1da-7b5c-4cdc-b654-c4661f062c3d",
              "id": "Y2xpZW50Q29uZmlncy9jbGllbnRJZD1kZjk2YTFkYS03YjVjLTRjZGMtYjY1NC1jNDY2MWYwNjJjM2Q7b2JqZWN0SWQ9MTczNzk2ODgtNjcwNS00MWQxLWE1ZDgtY2Y1NTczNThlMDI5O3N1YnNjcmlwdGlvbklkPTFlODRmZDg5LTRhM2ItNDFlMS1iODNjLWU4NWJmYjdlYTQxOTt0ZW5hbnRJZD1lYmUzYjAwYi0wM2Y1LTQ2ODMtOTM4NS05ZWFlNzU5ZDdhYjE=",
              "object_id": "17379688-6705-41d1-a5d8-cf557358e029",
              "subscription_id": "1e84fd89-4a3b-41e1-b83c-e85bfb7ea419",
              "tenant_id": "ebe3b00b-03f5-4683-9385-9eae759d7ab1",
              "timeouts": null
            },
            "sensitive_values": {}
          },
          {
            "address": "data.azurerm_resource_group.geofoodtruck_az_resource_group",
            "mode": "data",
            "type": "azurerm_resource_group",
            "name": "geofoodtruck_az_resource_group",
            "provider_name": "registry.terraform.io/hashicorp/azurerm",
            "schema_version": 0,
            "values": {
              "id": "/subscriptions/1e84fd89-4a3b-41e1-b83c-e85bfb7ea419/resourceGroups/geofoodtruck-rgp",
              "location": "eastus",
              "managed_by": "",
              "name": "geofoodtruck-rgp",
              "tags": {},
              "timeouts": null
            },
            "sensitive_values": {
              "tags": {}
            }
          },
          {
            "address": "azurerm_key_vault.geofoodtruck_az_key_vault",
            "mode": "managed",
            "type": "azurerm_key_vault",
            "name": "geofoodtruck_az_key_vault",
            "provider_name": "registry.terraform.io/hashicorp/azurerm",
            "schema_version": 2,
            "values": {
              "access_policy": [],
              "contact": [],
              "enable_rbac_authorization": false,
              "enabled_for_deployment": false,
              "enabled_for_disk_encryption": false,
              "enabled_for_template_deployment": false,
              "id": "/subscriptions/1e84fd89-4a3b-41e1-b83c-e85bfb7ea419/resourceGroups/geofoodtruck-rgp/providers/Microsoft.KeyVault/vaults/geofoodtruck-key-vault",
              "location": "eastus",
              "name": "geofoodtruck-key-vault",
              "network_acls": [
                {
                  "bypass": "AzureServices",
                  "default_action": "Allow",
                  "ip_rules": [],
                  "virtual_network_subnet_ids": []
                }
              ],
              "public_network_access_enabled": true,
              "purge_protection_enabled": true,
              "resource_group_name": "geofoodtruck-rgp",
              "sku_name": "standard",
              "soft_delete_retention_days": 90,
              "tags": {},
              "tenant_id": "ebe3b00b-03f5-4683-9385-9eae759d7ab1",
              "timeouts": null,
              "vault_uri": "https://geofoodtruck-key-vault.vault.azure.net/"
            },
            "sensitive_values": {
              "access_policy": [],
              "contact": [],
              "network_acls": [
                {
                  "ip_rules": [],
                  "virtual_network_subnet_ids": []
                }
              ],
              "tags": {}
            },
            "depends_on": [
              "data.azurerm_client_config.current",
              "data.azurerm_resource_group.geofoodtruck_az_resource_group"
            ]
          },
          {
            "address": "azurerm_role_assignment.geofoodtruck_az_role_assignment_managed_id",
            "mode": "managed",
            "type": "azurerm_role_assignment",
            "name": "geofoodtruck_az_role_assignment_managed_id",
            "provider_name": "registry.terraform.io/hashicorp/azurerm",
            "schema_version": 0,
            "values": {
              "condition": "",
              "condition_version": "",
              "delegated_managed_identity_resource_id": "",
              "description": "",
              "id": "/subscriptions/1e84fd89-4a3b-41e1-b83c-e85bfb7ea419/resourceGroups/geofoodtruck-rgp/providers/Microsoft.Storage/storageAccounts/geofoodtruck/providers/Microsoft.Authorization/roleAssignments/53c99d50-93f1-cd0a-941d-93a57dd3a9b8",
              "name": "53c99d50-93f1-cd0a-941d-93a57dd3a9b8",
              "principal_id": "17379688-6705-41d1-a5d8-cf557358e029",
              "principal_type": "ServicePrincipal",
              "role_definition_id": "/subscriptions/1e84fd89-4a3b-41e1-b83c-e85bfb7ea419/providers/Microsoft.Authorization/roleDefinitions/ba92f5b4-2d11-453d-a403-e96b0029c9fe",
              "role_definition_name": "Storage Blob Data Contributor",
              "scope": "/subscriptions/1e84fd89-4a3b-41e1-b83c-e85bfb7ea419/resourceGroups/geofoodtruck-rgp/providers/Microsoft.Storage/storageAccounts/geofoodtruck",
              "skip_service_principal_aad_check": null,
              "timeouts": null
            },
            "sensitive_values": {},
            "depends_on": [
              "azurerm_storage_account.geofoodtruck_az_storage_account",
              "data.azurerm_client_config.current",
              "data.azurerm_resource_group.geofoodtruck_az_resource_group"
            ]
          },
          {
            "address": "azurerm_storage_account.geofoodtruck_az_storage_account",
            "mode": "managed",
            "type": "azurerm_storage_account",
            "name": "geofoodtruck_az_storage_account",
            "provider_name": "registry.terraform.io/hashicorp/azurerm",
            "schema_version": 4,
            "values": {
              "access_tier": "Hot",
              "account_kind": "StorageV2",
              "account_replication_type": "LRS",
              "account_tier": "Standard",
              "allow_nested_items_to_be_public": true,
              "allowed_copy_scope": "",
              "azure_files_authentication": [],
              "blob_properties": [
                {
                  "change_feed_enabled": false,
                  "change_feed_retention_in_days": 0,
                  "container_delete_retention_policy": [],
                  "cors_rule": [],
                  "default_service_version": "",
                  "delete_retention_policy": [],
                  "last_access_time_enabled": false,
                  "restore_policy": [],
                  "versioning_enabled": false
                }
              ],
              "cross_tenant_replication_enabled": true,
              "custom_domain": [],
              "customer_managed_key": [],
              "default_to_oauth_authentication": false,
              "dns_endpoint_type": "Standard",
              "edge_zone": "",
              "enable_https_traffic_only": true,
              "id": "/subscriptions/1e84fd89-4a3b-41e1-b83c-e85bfb7ea419/resourceGroups/geofoodtruck-rgp/providers/Microsoft.Storage/storageAccounts/geofoodtruck",
              "identity": [
                {
                  "identity_ids": [],
                  "principal_id": "adadff2d-df36-4aa1-bc71-a141be4af501",
                  "tenant_id": "ebe3b00b-03f5-4683-9385-9eae759d7ab1",
                  "type": "SystemAssigned"
                }
              ],
              "immutability_policy": [],
              "infrastructure_encryption_enabled": false,
              "is_hns_enabled": false,
              "large_file_share_enabled": null,
              "local_user_enabled": true,
              "location": "eastus",
              "min_tls_version": "TLS1_2",
              "name": "geofoodtruck",
              "network_rules": [
                {
                  "bypass": [
                    "AzureServices"
                  ],
                  "default_action": "Allow",
                  "ip_rules": [],
                  "private_link_access": [],
                  "virtual_network_subnet_ids": []
                }
              ],
              "nfsv3_enabled": false,
              "primary_access_key": "***",
              "primary_blob_connection_string": "***",
              "primary_blob_endpoint": "https://geofoodtruck.blob.core.windows.net/",
              "primary_blob_host": "geofoodtruck.blob.core.windows.net",
              "primary_blob_internet_endpoint": "",
              "primary_blob_internet_host": "",
              "primary_blob_microsoft_endpoint": "",
              "primary_blob_microsoft_host": "",
              "primary_connection_string": "***",
              "primary_dfs_endpoint": "https://geofoodtruck.dfs.core.windows.net/",
              "primary_dfs_host": "geofoodtruck.dfs.core.windows.net",
              "primary_dfs_internet_endpoint": "",
              "primary_dfs_internet_host": "",
              "primary_dfs_microsoft_endpoint": "",
              "primary_dfs_microsoft_host": "",
              "primary_file_endpoint": "https://geofoodtruck.file.core.windows.net/",
              "primary_file_host": "geofoodtruck.file.core.windows.net",
              "primary_file_internet_endpoint": "",
              "primary_file_internet_host": "",
              "primary_file_microsoft_endpoint": "",
              "primary_file_microsoft_host": "",
              "primary_location": "eastus",
              "primary_queue_endpoint": "https://geofoodtruck.queue.core.windows.net/",
              "primary_queue_host": "geofoodtruck.queue.core.windows.net",
              "primary_queue_microsoft_endpoint": "",
              "primary_queue_microsoft_host": "",
              "primary_table_endpoint": "https://geofoodtruck.table.core.windows.net/",
              "primary_table_host": "geofoodtruck.table.core.windows.net",
              "primary_table_microsoft_endpoint": "",
              "primary_table_microsoft_host": "",
              "primary_web_endpoint": "https://geofoodtruck.z13.web.core.windows.net/",
              "primary_web_host": "geofoodtruck.z13.web.core.windows.net",
              "primary_web_internet_endpoint": "",
              "primary_web_internet_host": "",
              "primary_web_microsoft_endpoint": "",
              "primary_web_microsoft_host": "",
              "public_network_access_enabled": true,
              "queue_encryption_key_type": "Service",
              "queue_properties": [
                {
                  "cors_rule": [],
                  "hour_metrics": [
                    {
                      "enabled": true,
                      "include_apis": true,
                      "retention_policy_days": 7,
                      "version": "1.0"
                    }
                  ],
                  "logging": [
                    {
                      "delete": false,
                      "read": false,
                      "retention_policy_days": 0,
                      "version": "1.0",
                      "write": false
                    }
                  ],
                  "minute_metrics": [
                    {
                      "enabled": false,
                      "include_apis": false,
                      "retention_policy_days": 0,
                      "version": "1.0"
                    }
                  ]
                }
              ],
              "resource_group_name": "geofoodtruck-rgp",
              "routing": [],
              "sas_policy": [],
              "secondary_access_key": "***",
              "secondary_blob_connection_string": "",
              "secondary_blob_endpoint": null,
              "secondary_blob_host": null,
              "secondary_blob_internet_endpoint": null,
              "secondary_blob_internet_host": null,
              "secondary_blob_microsoft_endpoint": null,
              "secondary_blob_microsoft_host": null,
              "secondary_connection_string": "***",
              "secondary_dfs_endpoint": null,
              "secondary_dfs_host": null,
              "secondary_dfs_internet_endpoint": null,
              "secondary_dfs_internet_host": null,
              "secondary_dfs_microsoft_endpoint": null,
              "secondary_dfs_microsoft_host": null,
              "secondary_file_endpoint": null,
              "secondary_file_host": null,
              "secondary_file_internet_endpoint": null,
              "secondary_file_internet_host": null,
              "secondary_file_microsoft_endpoint": null,
              "secondary_file_microsoft_host": null,
              "secondary_location": "",
              "secondary_queue_endpoint": null,
              "secondary_queue_host": null,
              "secondary_queue_microsoft_endpoint": null,
              "secondary_queue_microsoft_host": null,
              "secondary_table_endpoint": null,
              "secondary_table_host": null,
              "secondary_table_microsoft_endpoint": null,
              "secondary_table_microsoft_host": null,
              "secondary_web_endpoint": null,
              "secondary_web_host": null,
              "secondary_web_internet_endpoint": null,
              "secondary_web_internet_host": null,
              "secondary_web_microsoft_endpoint": null,
              "secondary_web_microsoft_host": null,
              "sftp_enabled": false,
              "share_properties": [
                {
                  "cors_rule": [],
                  "retention_policy": [
                    {
                      "days": 7
                    }
                  ],
                  "smb": []
                }
              ],
              "shared_access_key_enabled": false,
              "static_website": [],
              "table_encryption_key_type": "Service",
              "tags": {},
              "timeouts": null
            },
            "sensitive_values": {
              "azure_files_authentication": [],
              "blob_properties": [
                {
                  "container_delete_retention_policy": [],
                  "cors_rule": [],
                  "delete_retention_policy": [],
                  "restore_policy": []
                }
              ],
              "custom_domain": [],
              "customer_managed_key": [],
              "identity": [
                {
                  "identity_ids": []
                }
              ],
              "immutability_policy": [],
              "network_rules": [
                {
                  "bypass": [
                    false
                  ],
                  "ip_rules": [],
                  "private_link_access": [],
                  "virtual_network_subnet_ids": []
                }
              ],
              "primary_access_key": true,
              "primary_blob_connection_string": true,
              "primary_connection_string": true,
              "queue_properties": [
                {
                  "cors_rule": [],
                  "hour_metrics": [
                    {}
                  ],
                  "logging": [
                    {}
                  ],
                  "minute_metrics": [
                    {}
                  ]
                }
              ],
              "routing": [],
              "sas_policy": [],
              "secondary_access_key": true,
              "secondary_blob_connection_string": true,
              "secondary_connection_string": true,
              "share_properties": [
                {
                  "cors_rule": [],
                  "retention_policy": [
                    {}
                  ],
                  "smb": []
                }
              ],
              "static_website": [],
              "tags": {}
            },
            "depends_on": [
              "data.azurerm_resource_group.geofoodtruck_az_resource_group"
            ]
          },
          {
            "address": "azurerm_storage_blob.app_files[\"asset-manifest.json\"]",
            "mode": "managed",
            "type": "azurerm_storage_blob",
            "name": "app_files",
            "index": "asset-manifest.json",
            "provider_name": "registry.terraform.io/hashicorp/azurerm",
            "schema_version": 1,
            "values": {
              "access_tier": "Hot",
              "cache_control": "",
              "content_md5": "c84d78252f40ba88b8fdfb912c9b93bf",
              "content_type": "application/json",
              "encryption_scope": "",
              "id": "https://geofoodtruck.blob.core.windows.net/app/asset-manifest.json",
              "metadata": {},
              "name": "asset-manifest.json",
              "parallelism": 8,
              "size": 0,
              "source": "../../build/asset-manifest.json",
              "source_content": null,
              "source_uri": null,
              "storage_account_name": "geofoodtruck",
              "storage_container_name": "app",
              "timeouts": null,
              "type": "Block",
              "url": "https://geofoodtruck.blob.core.windows.net/app/asset-manifest.json"
            },
            "sensitive_values": {
              "metadata": {}
            },
            "depends_on": [
              "azurerm_role_assignment.geofoodtruck_az_role_assignment_managed_id",
              "azurerm_storage_account.geofoodtruck_az_storage_account",
              "azurerm_storage_container.geofoodtruck_az_storage_container",
              "data.azurerm_client_config.current",
              "data.azurerm_resource_group.geofoodtruck_az_resource_group"
            ]
          },
          {
            "address": "azurerm_storage_blob.app_files[\"favicon.ico\"]",
            "mode": "managed",
            "type": "azurerm_storage_blob",
            "name": "app_files",
            "index": "favicon.ico",
            "provider_name": "registry.terraform.io/hashicorp/azurerm",
            "schema_version": 1,
            "values": {
              "access_tier": "Hot",
              "cache_control": "",
              "content_md5": "c92b85a5b907c70211f4ec25e29a8c4a",
              "content_type": "image/x-icon",
              "encryption_scope": "",
              "id": "https://geofoodtruck.blob.core.windows.net/app/favicon.ico",
              "metadata": {},
              "name": "favicon.ico",
              "parallelism": 8,
              "size": 0,
              "source": "../../build/favicon.ico",
              "source_content": null,
              "source_uri": null,
              "storage_account_name": "geofoodtruck",
              "storage_container_name": "app",
              "timeouts": null,
              "type": "Block",
              "url": "https://geofoodtruck.blob.core.windows.net/app/favicon.ico"
            },
            "sensitive_values": {
              "metadata": {}
            },
            "depends_on": [
              "azurerm_role_assignment.geofoodtruck_az_role_assignment_managed_id",
              "azurerm_storage_account.geofoodtruck_az_storage_account",
              "azurerm_storage_container.geofoodtruck_az_storage_container",
              "data.azurerm_client_config.current",
              "data.azurerm_resource_group.geofoodtruck_az_resource_group"
            ]
          },
          {
            "address": "azurerm_storage_blob.app_files[\"index.html\"]",
            "mode": "managed",
            "type": "azurerm_storage_blob",
            "name": "app_files",
            "index": "index.html",
            "provider_name": "registry.terraform.io/hashicorp/azurerm",
            "schema_version": 1,
            "values": {
              "access_tier": "Hot",
              "cache_control": "",
              "content_md5": "2f14b387837e20a9df5077a35c0aecfb",
              "content_type": "text/html",
              "encryption_scope": "",
              "id": "https://geofoodtruck.blob.core.windows.net/app/index.html",
              "metadata": {},
              "name": "index.html",
              "parallelism": 8,
              "size": 0,
              "source": "../../build/index.html",
              "source_content": null,
              "source_uri": null,
              "storage_account_name": "geofoodtruck",
              "storage_container_name": "app",
              "timeouts": null,
              "type": "Block",
              "url": "https://geofoodtruck.blob.core.windows.net/app/index.html"
            },
            "sensitive_values": {
              "metadata": {}
            },
            "depends_on": [
              "azurerm_role_assignment.geofoodtruck_az_role_assignment_managed_id",
              "azurerm_storage_account.geofoodtruck_az_storage_account",
              "azurerm_storage_container.geofoodtruck_az_storage_container",
              "data.azurerm_client_config.current",
              "data.azurerm_resource_group.geofoodtruck_az_resource_group"
            ]
          },
          {
            "address": "azurerm_storage_blob.app_files[\"logo192.png\"]",
            "mode": "managed",
            "type": "azurerm_storage_blob",
            "name": "app_files",
            "index": "logo192.png",
            "provider_name": "registry.terraform.io/hashicorp/azurerm",
            "schema_version": 1,
            "values": {
              "access_tier": "Hot",
              "cache_control": "",
              "content_md5": "33dbdd0177549353eeeb785d02c294af",
              "content_type": "image/png",
              "encryption_scope": "",
              "id": "https://geofoodtruck.blob.core.windows.net/app/logo192.png",
              "metadata": {},
              "name": "logo192.png",
              "parallelism": 8,
              "size": 0,
              "source": "../../build/logo192.png",
              "source_content": null,
              "source_uri": null,
              "storage_account_name": "geofoodtruck",
              "storage_container_name": "app",
              "timeouts": null,
              "type": "Block",
              "url": "https://geofoodtruck.blob.core.windows.net/app/logo192.png"
            },
            "sensitive_values": {
              "metadata": {}
            },
            "depends_on": [
              "azurerm_role_assignment.geofoodtruck_az_role_assignment_managed_id",
              "azurerm_storage_account.geofoodtruck_az_storage_account",
              "azurerm_storage_container.geofoodtruck_az_storage_container",
              "data.azurerm_client_config.current",
              "data.azurerm_resource_group.geofoodtruck_az_resource_group"
            ]
          },
          {
            "address": "azurerm_storage_blob.app_files[\"logo512.png\"]",
            "mode": "managed",
            "type": "azurerm_storage_blob",
            "name": "app_files",
            "index": "logo512.png",
            "provider_name": "registry.terraform.io/hashicorp/azurerm",
            "schema_version": 1,
            "values": {
              "access_tier": "Hot",
              "cache_control": "",
              "content_md5": "917515db74ea8d1aee6a246cfbcc0b45",
              "content_type": "image/png",
              "encryption_scope": "",
              "id": "https://geofoodtruck.blob.core.windows.net/app/logo512.png",
              "metadata": {},
              "name": "logo512.png",
              "parallelism": 8,
              "size": 0,
              "source": "../../build/logo512.png",
              "source_content": null,
              "source_uri": null,
              "storage_account_name": "geofoodtruck",
              "storage_container_name": "app",
              "timeouts": null,
              "type": "Block",
              "url": "https://geofoodtruck.blob.core.windows.net/app/logo512.png"
            },
            "sensitive_values": {
              "metadata": {}
            },
            "depends_on": [
              "azurerm_role_assignment.geofoodtruck_az_role_assignment_managed_id",
              "azurerm_storage_account.geofoodtruck_az_storage_account",
              "azurerm_storage_container.geofoodtruck_az_storage_container",
              "data.azurerm_client_config.current",
              "data.azurerm_resource_group.geofoodtruck_az_resource_group"
            ]
          },
          {
            "address": "azurerm_storage_blob.app_files[\"manifest.json\"]",
            "mode": "managed",
            "type": "azurerm_storage_blob",
            "name": "app_files",
            "index": "manifest.json",
            "provider_name": "registry.terraform.io/hashicorp/azurerm",
            "schema_version": 1,
            "values": {
              "access_tier": "Hot",
              "cache_control": "",
              "content_md5": "9153e3ba94d29288a5aef74db1fb2dd1",
              "content_type": "application/json",
              "encryption_scope": "",
              "id": "https://geofoodtruck.blob.core.windows.net/app/manifest.json",
              "metadata": {},
              "name": "manifest.json",
              "parallelism": 8,
              "size": 0,
              "source": "../../build/manifest.json",
              "source_content": null,
              "source_uri": null,
              "storage_account_name": "geofoodtruck",
              "storage_container_name": "app",
              "timeouts": null,
              "type": "Block",
              "url": "https://geofoodtruck.blob.core.windows.net/app/manifest.json"
            },
            "sensitive_values": {
              "metadata": {}
            },
            "depends_on": [
              "azurerm_role_assignment.geofoodtruck_az_role_assignment_managed_id",
              "azurerm_storage_account.geofoodtruck_az_storage_account",
              "azurerm_storage_container.geofoodtruck_az_storage_container",
              "data.azurerm_client_config.current",
              "data.azurerm_resource_group.geofoodtruck_az_resource_group"
            ]
          },
          {
            "address": "azurerm_storage_blob.app_files[\"robots.txt\"]",
            "mode": "managed",
            "type": "azurerm_storage_blob",
            "name": "app_files",
            "index": "robots.txt",
            "provider_name": "registry.terraform.io/hashicorp/azurerm",
            "schema_version": 1,
            "values": {
              "access_tier": "Hot",
              "cache_control": "",
              "content_md5": "fa1ded1ed7c11438a9b0385b1e112850",
              "content_type": "text/plain",
              "encryption_scope": "",
              "id": "https://geofoodtruck.blob.core.windows.net/app/robots.txt",
              "metadata": {},
              "name": "robots.txt",
              "parallelism": 8,
              "size": 0,
              "source": "../../build/robots.txt",
              "source_content": null,
              "source_uri": null,
              "storage_account_name": "geofoodtruck",
              "storage_container_name": "app",
              "timeouts": null,
              "type": "Block",
              "url": "https://geofoodtruck.blob.core.windows.net/app/robots.txt"
            },
            "sensitive_values": {
              "metadata": {}
            },
            "depends_on": [
              "azurerm_role_assignment.geofoodtruck_az_role_assignment_managed_id",
              "azurerm_storage_account.geofoodtruck_az_storage_account",
              "azurerm_storage_container.geofoodtruck_az_storage_container",
              "data.azurerm_client_config.current",
              "data.azurerm_resource_group.geofoodtruck_az_resource_group"
            ]
          },
          {
            "address": "azurerm_storage_blob.app_files[\"static/css/main.414097bf.css\"]",
            "mode": "managed",
            "type": "azurerm_storage_blob",
            "name": "app_files",
            "index": "static/css/main.414097bf.css",
            "provider_name": "registry.terraform.io/hashicorp/azurerm",
            "schema_version": 1,
            "values": {
              "access_tier": "Hot",
              "cache_control": "",
              "content_md5": "22eaf37d16c7b6c0b38e8c88bcf4eef0",
              "content_type": "text/css",
              "encryption_scope": "",
              "id": "https://geofoodtruck.blob.core.windows.net/app/static/css/main.414097bf.css",
              "metadata": {},
              "name": "static/css/main.414097bf.css",
              "parallelism": 8,
              "size": 0,
              "source": "../../build/static/css/main.414097bf.css",
              "source_content": null,
              "source_uri": null,
              "storage_account_name": "geofoodtruck",
              "storage_container_name": "app",
              "timeouts": null,
              "type": "Block",
              "url": "https://geofoodtruck.blob.core.windows.net/app/static/css/main.414097bf.css"
            },
            "sensitive_values": {
              "metadata": {}
            },
            "depends_on": [
              "azurerm_role_assignment.geofoodtruck_az_role_assignment_managed_id",
              "azurerm_storage_account.geofoodtruck_az_storage_account",
              "azurerm_storage_container.geofoodtruck_az_storage_container",
              "data.azurerm_client_config.current",
              "data.azurerm_resource_group.geofoodtruck_az_resource_group"
            ]
          },
          {
            "address": "azurerm_storage_blob.app_files[\"static/js/206.85c6594b.chunk.js\"]",
            "mode": "managed",
            "type": "azurerm_storage_blob",
            "name": "app_files",
            "index": "static/js/206.85c6594b.chunk.js",
            "provider_name": "registry.terraform.io/hashicorp/azurerm",
            "schema_version": 1,
            "values": {
              "access_tier": "Hot",
              "cache_control": "",
              "content_md5": "07ae34e78f0ecc509b588cbec8cf683f",
              "content_type": "application/javascript",
              "encryption_scope": "",
              "id": "https://geofoodtruck.blob.core.windows.net/app/static/js/206.85c6594b.chunk.js",
              "metadata": {},
              "name": "static/js/206.85c6594b.chunk.js",
              "parallelism": 8,
              "size": 0,
              "source": "../../build/static/js/206.85c6594b.chunk.js",
              "source_content": null,
              "source_uri": null,
              "storage_account_name": "geofoodtruck",
              "storage_container_name": "app",
              "timeouts": null,
              "type": "Block",
              "url": "https://geofoodtruck.blob.core.windows.net/app/static/js/206.85c6594b.chunk.js"
            },
            "sensitive_values": {
              "metadata": {}
            },
            "depends_on": [
              "azurerm_role_assignment.geofoodtruck_az_role_assignment_managed_id",
              "azurerm_storage_account.geofoodtruck_az_storage_account",
              "azurerm_storage_container.geofoodtruck_az_storage_container",
              "data.azurerm_client_config.current",
              "data.azurerm_resource_group.geofoodtruck_az_resource_group"
            ]
          },
          {
            "address": "azurerm_storage_blob.app_files[\"static/js/main.dc021fd1.js\"]",
            "mode": "managed",
            "type": "azurerm_storage_blob",
            "name": "app_files",
            "index": "static/js/main.dc021fd1.js",
            "provider_name": "registry.terraform.io/hashicorp/azurerm",
            "schema_version": 1,
            "values": {
              "access_tier": "Hot",
              "cache_control": "",
              "content_md5": "f4f12db4cff5bbe07c83adabc9209a0d",
              "content_type": "application/javascript",
              "encryption_scope": "",
              "id": "https://geofoodtruck.blob.core.windows.net/app/static/js/main.dc021fd1.js",
              "metadata": {},
              "name": "static/js/main.dc021fd1.js",
              "parallelism": 8,
              "size": 0,
              "source": "../../build/static/js/main.dc021fd1.js",
              "source_content": null,
              "source_uri": null,
              "storage_account_name": "geofoodtruck",
              "storage_container_name": "app",
              "timeouts": null,
              "type": "Block",
              "url": "https://geofoodtruck.blob.core.windows.net/app/static/js/main.dc021fd1.js"
            },
            "sensitive_values": {
              "metadata": {}
            },
            "depends_on": [
              "azurerm_role_assignment.geofoodtruck_az_role_assignment_managed_id",
              "azurerm_storage_account.geofoodtruck_az_storage_account",
              "azurerm_storage_container.geofoodtruck_az_storage_container",
              "data.azurerm_client_config.current",
              "data.azurerm_resource_group.geofoodtruck_az_resource_group"
            ]
          },
          {
            "address": "azurerm_storage_blob.app_files[\"static/js/main.dc021fd1.js.LICENSE.txt\"]",
            "mode": "managed",
            "type": "azurerm_storage_blob",
            "name": "app_files",
            "index": "static/js/main.dc021fd1.js.LICENSE.txt",
            "provider_name": "registry.terraform.io/hashicorp/azurerm",
            "schema_version": 1,
            "values": {
              "access_tier": "Hot",
              "cache_control": "",
              "content_md5": "724392fbfeeb6cde62aa6bad62361a60",
              "content_type": "text/plain",
              "encryption_scope": "",
              "id": "https://geofoodtruck.blob.core.windows.net/app/static/js/main.dc021fd1.js.LICENSE.txt",
              "metadata": {},
              "name": "static/js/main.dc021fd1.js.LICENSE.txt",
              "parallelism": 8,
              "size": 0,
              "source": "../../build/static/js/main.dc021fd1.js.LICENSE.txt",
              "source_content": null,
              "source_uri": null,
              "storage_account_name": "geofoodtruck",
              "storage_container_name": "app",
              "timeouts": null,
              "type": "Block",
              "url": "https://geofoodtruck.blob.core.windows.net/app/static/js/main.dc021fd1.js.LICENSE.txt"
            },
            "sensitive_values": {
              "metadata": {}
            },
            "depends_on": [
              "azurerm_role_assignment.geofoodtruck_az_role_assignment_managed_id",
              "azurerm_storage_account.geofoodtruck_az_storage_account",
              "azurerm_storage_container.geofoodtruck_az_storage_container",
              "data.azurerm_client_config.current",
              "data.azurerm_resource_group.geofoodtruck_az_resource_group"
            ]
          },
          {
            "address": "azurerm_storage_blob.app_files[\"truck-solid.png\"]",
            "mode": "managed",
            "type": "azurerm_storage_blob",
            "name": "app_files",
            "index": "truck-solid.png",
            "provider_name": "registry.terraform.io/hashicorp/azurerm",
            "schema_version": 1,
            "values": {
              "access_tier": "Hot",
              "cache_control": "",
              "content_md5": "73391b6b4a8a07adff0fbb8ffdbe519c",
              "content_type": "image/png",
              "encryption_scope": "",
              "id": "https://geofoodtruck.blob.core.windows.net/app/truck-solid.png",
              "metadata": {},
              "name": "truck-solid.png",
              "parallelism": 8,
              "size": 0,
              "source": "../../build/truck-solid.png",
              "source_content": null,
              "source_uri": null,
              "storage_account_name": "geofoodtruck",
              "storage_container_name": "app",
              "timeouts": null,
              "type": "Block",
              "url": "https://geofoodtruck.blob.core.windows.net/app/truck-solid.png"
            },
            "sensitive_values": {
              "metadata": {}
            },
            "depends_on": [
              "azurerm_role_assignment.geofoodtruck_az_role_assignment_managed_id",
              "azurerm_storage_account.geofoodtruck_az_storage_account",
              "azurerm_storage_container.geofoodtruck_az_storage_container",
              "data.azurerm_client_config.current",
              "data.azurerm_resource_group.geofoodtruck_az_resource_group"
            ]
          },
          {
            "address": "azurerm_storage_container.geofoodtruck_az_storage_container",
            "mode": "managed",
            "type": "azurerm_storage_container",
            "name": "geofoodtruck_az_storage_container",
            "provider_name": "registry.terraform.io/hashicorp/azurerm",
            "schema_version": 1,
            "values": {
              "container_access_type": "private",
              "default_encryption_scope": "$account-encryption-key",
              "encryption_scope_override_enabled": true,
              "has_immutability_policy": false,
              "has_legal_hold": false,
              "id": "https://geofoodtruck.blob.core.windows.net/app",
              "metadata": {},
              "name": "app",
              "resource_manager_id": "/subscriptions/1e84fd89-4a3b-41e1-b83c-e85bfb7ea419/resourceGroups/geofoodtruck-rgp/providers/Microsoft.Storage/storageAccounts/geofoodtruck/blobServices/default/containers/app",
              "storage_account_name": "geofoodtruck",
              "timeouts": null
            },
            "sensitive_values": {
              "metadata": {}
            },
            "depends_on": [
              "azurerm_storage_account.geofoodtruck_az_storage_account",
              "data.azurerm_resource_group.geofoodtruck_az_resource_group"
            ]
          }
        ]
      }
    }
  },
  "configuration": {
    "provider_config": {
      "azuread": {
        "name": "azuread",
        "full_name": "registry.terraform.io/hashicorp/azuread"
      },
      "azurerm": {
        "name": "azurerm",
        "full_name": "registry.terraform.io/hashicorp/azurerm",
        "expressions": {
          "features": [
            {}
          ],
          "skip_provider_registration": {
            "constant_value": true
          },
          "storage_use_azuread": {
            "constant_value": true
          },
          "use_oidc": {
            "constant_value": true
          }
        }
      }
    },
    "root_module": {
      "resources": [
        {
          "address": "azurerm_key_vault.geofoodtruck_az_key_vault",
          "mode": "managed",
          "type": "azurerm_key_vault",
          "name": "geofoodtruck_az_key_vault",
          "provider_config_key": "azurerm",
          "expressions": {
            "location": {
              "references": [
                "data.azurerm_resource_group.geofoodtruck_az_resource_group.location",
                "data.azurerm_resource_group.geofoodtruck_az_resource_group"
              ]
            },
            "name": {
              "constant_value": "geofoodtruck-key-vault"
            },
            "purge_protection_enabled": {
              "constant_value": true
            },
            "resource_group_name": {
              "references": [
                "data.azurerm_resource_group.geofoodtruck_az_resource_group.name",
                "data.azurerm_resource_group.geofoodtruck_az_resource_group"
              ]
            },
            "sku_name": {
              "constant_value": "standard"
            },
            "tenant_id": {
              "references": [
                "data.azurerm_client_config.current.tenant_id",
                "data.azurerm_client_config.current"
              ]
            }
          },
          "schema_version": 2
        },
        {
          "address": "azurerm_key_vault_access_policy.geofoodtruck_az_key_vault_access_policy_identity",
          "mode": "managed",
          "type": "azurerm_key_vault_access_policy",
          "name": "geofoodtruck_az_key_vault_access_policy_identity",
          "provider_config_key": "azurerm",
          "expressions": {
            "key_permissions": {
              "constant_value": [
                "Get",
                "Create",
                "Delete",
                "List",
                "Restore",
                "Recover",
                "UnwrapKey",
                "WrapKey",
                "Purge",
                "Encrypt",
                "Decrypt",
                "Sign",
                "Verify",
                "GetRotationPolicy",
                "SetRotationPolicy",
                "Update",
                "Backup",
                "Release",
                "Rotate",
                "Import"
              ]
            },
            "key_vault_id": {
              "references": [
                "azurerm_key_vault.geofoodtruck_az_key_vault.id",
                "azurerm_key_vault.geofoodtruck_az_key_vault"
              ]
            },
            "object_id": {
              "references": [
                "data.azurerm_client_config.current.object_id",
                "data.azurerm_client_config.current"
              ]
            },
            "tenant_id": {
              "references": [
                "data.azurerm_client_config.current.tenant_id",
                "data.azurerm_client_config.current"
              ]
            }
          },
          "schema_version": 0
        },
        {
          "address": "azurerm_key_vault_access_policy.geofoodtruck_az_key_vault_access_policy_storage",
          "mode": "managed",
          "type": "azurerm_key_vault_access_policy",
          "name": "geofoodtruck_az_key_vault_access_policy_storage",
          "provider_config_key": "azurerm",
          "expressions": {
            "key_permissions": {
              "constant_value": [
                "Get",
                "UnwrapKey",
                "WrapKey"
              ]
            },
            "key_vault_id": {
              "references": [
                "azurerm_key_vault.geofoodtruck_az_key_vault.id",
                "azurerm_key_vault.geofoodtruck_az_key_vault"
              ]
            },
            "object_id": {
              "references": [
                "azurerm_storage_account.geofoodtruck_az_storage_account.identity[0].principal_id",
                "azurerm_storage_account.geofoodtruck_az_storage_account.identity[0]",
                "azurerm_storage_account.geofoodtruck_az_storage_account.identity",
                "azurerm_storage_account.geofoodtruck_az_storage_account"
              ]
            },
            "tenant_id": {
              "references": [
                "data.azurerm_client_config.current.tenant_id",
                "data.azurerm_client_config.current"
              ]
            }
          },
          "schema_version": 0
        },
        {
          "address": "azurerm_key_vault_key.geofoodtruck_az_key_vault_key",
          "mode": "managed",
          "type": "azurerm_key_vault_key",
          "name": "geofoodtruck_az_key_vault_key",
          "provider_config_key": "azurerm",
          "expressions": {
            "key_opts": {
              "constant_value": [
                "decrypt",
                "encrypt",
                "sign",
                "unwrapKey",
                "verify",
                "wrapKey"
              ]
            },
            "key_size": {
              "constant_value": 2048
            },
            "key_type": {
              "constant_value": "RSA"
            },
            "key_vault_id": {
              "references": [
                "azurerm_key_vault.geofoodtruck_az_key_vault.id",
                "azurerm_key_vault.geofoodtruck_az_key_vault"
              ]
            },
            "name": {
              "constant_value": "geofoodtruckkey"
            },
            "rotation_policy": [
              {
                "automatic": [
                  {
                    "time_before_expiry": {
                      "constant_value": "P30D"
                    }
                  }
                ],
                "expire_after": {
                  "constant_value": "P90D"
                },
                "notify_before_expiry": {
                  "constant_value": "P29D"
                }
              }
            ]
          },
          "schema_version": 0,
          "depends_on": [
            "azurerm_key_vault_access_policy.geofoodtruck_az_key_vault_access_policy_storage",
            "azurerm_key_vault_access_policy.geofoodtruck_az_key_vault_access_policy_identity"
          ]
        },
        {
          "address": "azurerm_role_assignment.geofoodtruck_az_role_assignment_managed_id",
          "mode": "managed",
          "type": "azurerm_role_assignment",
          "name": "geofoodtruck_az_role_assignment_managed_id",
          "provider_config_key": "azurerm",
          "expressions": {
            "principal_id": {
              "references": [
                "data.azurerm_client_config.current.object_id",
                "data.azurerm_client_config.current"
              ]
            },
            "role_definition_name": {
              "constant_value": "Storage Blob Data Contributor"
            },
            "scope": {
              "references": [
                "azurerm_storage_account.geofoodtruck_az_storage_account.id",
                "azurerm_storage_account.geofoodtruck_az_storage_account"
              ]
            }
          },
          "schema_version": 0
        },
        {
          "address": "azurerm_storage_account.geofoodtruck_az_storage_account",
          "mode": "managed",
          "type": "azurerm_storage_account",
          "name": "geofoodtruck_az_storage_account",
          "provider_config_key": "azurerm",
          "expressions": {
            "account_replication_type": {
              "constant_value": "LRS"
            },
            "account_tier": {
              "constant_value": "Standard"
            },
            "identity": [
              {
                "type": {
                  "constant_value": "SystemAssigned"
                }
              }
            ],
            "location": {
              "references": [
                "data.azurerm_resource_group.geofoodtruck_az_resource_group.location",
                "data.azurerm_resource_group.geofoodtruck_az_resource_group"
              ]
            },
            "name": {
              "constant_value": "geofoodtruck"
            },
            "resource_group_name": {
              "references": [
                "data.azurerm_resource_group.geofoodtruck_az_resource_group.name",
                "data.azurerm_resource_group.geofoodtruck_az_resource_group"
              ]
            },
            "shared_access_key_enabled": {
              "constant_value": false
            }
          },
          "schema_version": 4
        },
        {
          "address": "azurerm_storage_account_customer_managed_key.geofoodtruck_az_storage_account_customer_managed_key",
          "mode": "managed",
          "type": "azurerm_storage_account_customer_managed_key",
          "name": "geofoodtruck_az_storage_account_customer_managed_key",
          "provider_config_key": "azurerm",
          "expressions": {
            "key_name": {
              "references": [
                "azurerm_key_vault_key.geofoodtruck_az_key_vault_key.name",
                "azurerm_key_vault_key.geofoodtruck_az_key_vault_key"
              ]
            },
            "key_vault_id": {
              "references": [
                "azurerm_key_vault.geofoodtruck_az_key_vault.id",
                "azurerm_key_vault.geofoodtruck_az_key_vault"
              ]
            },
            "storage_account_id": {
              "references": [
                "azurerm_storage_account.geofoodtruck_az_storage_account.id",
                "azurerm_storage_account.geofoodtruck_az_storage_account"
              ]
            }
          },
          "schema_version": 0
        },
        {
          "address": "azurerm_storage_blob.app_files",
          "mode": "managed",
          "type": "azurerm_storage_blob",
          "name": "app_files",
          "provider_config_key": "azurerm",
          "expressions": {
            "content_md5": {
              "references": [
                "var.app_build_dir",
                "each.value"
              ]
            },
            "content_type": {
              "references": [
                "local.content_types",
                "each.value",
                "each.value"
              ]
            },
            "name": {
              "references": [
                "each.value"
              ]
            },
            "source": {
              "references": [
                "var.app_build_dir",
                "each.value"
              ]
            },
            "storage_account_name": {
              "references": [
                "azurerm_storage_account.geofoodtruck_az_storage_account.name",
                "azurerm_storage_account.geofoodtruck_az_storage_account"
              ]
            },
            "storage_container_name": {
              "references": [
                "azurerm_storage_container.geofoodtruck_az_storage_container.name",
                "azurerm_storage_container.geofoodtruck_az_storage_container"
              ]
            },
            "type": {
              "constant_value": "Block"
            }
          },
          "schema_version": 1,
          "for_each_expression": {
            "references": [
              "local.app_build_files"
            ]
          },
          "depends_on": [
            "azurerm_role_assignment.geofoodtruck_az_role_assignment_managed_id"
          ]
        },
        {
          "address": "azurerm_storage_container.geofoodtruck_az_storage_container",
          "mode": "managed",
          "type": "azurerm_storage_container",
          "name": "geofoodtruck_az_storage_container",
          "provider_config_key": "azurerm",
          "expressions": {
            "name": {
              "constant_value": "app"
            },
            "storage_account_name": {
              "references": [
                "azurerm_storage_account.geofoodtruck_az_storage_account.name",
                "azurerm_storage_account.geofoodtruck_az_storage_account"
              ]
            }
          },
          "schema_version": 1
        },
        {
          "address": "azurerm_storage_encryption_scope.geofoodtruck_az_storage_encryption_scope",
          "mode": "managed",
          "type": "azurerm_storage_encryption_scope",
          "name": "geofoodtruck_az_storage_encryption_scope",
          "provider_config_key": "azurerm",
          "expressions": {
            "key_vault_key_id": {
              "references": [
                "azurerm_key_vault_key.geofoodtruck_az_key_vault_key.id",
                "azurerm_key_vault_key.geofoodtruck_az_key_vault_key"
              ]
            },
            "name": {
              "constant_value": "geofoodtruckmanagedscope"
            },
            "source": {
              "constant_value": "Microsoft.KeyVault"
            },
            "storage_account_id": {
              "references": [
                "azurerm_storage_account.geofoodtruck_az_storage_account.id",
                "azurerm_storage_account.geofoodtruck_az_storage_account"
              ]
            }
          },
          "schema_version": 0
        },
        {
          "address": "data.azurerm_client_config.current",
          "mode": "data",
          "type": "azurerm_client_config",
          "name": "current",
          "provider_config_key": "azurerm",
          "schema_version": 0
        },
        {
          "address": "data.azurerm_resource_group.geofoodtruck_az_resource_group",
          "mode": "data",
          "type": "azurerm_resource_group",
          "name": "geofoodtruck_az_resource_group",
          "provider_config_key": "azurerm",
          "expressions": {
            "name": {
              "constant_value": "geofoodtruck-rgp"
            }
          },
          "schema_version": 0
        }
      ],
      "variables": {
        "app_build_dir": {
          "default": "../../build",
          "description": "Path to the application build directory"
        }
      }
    }
  },
  "relevant_attributes": [
    {
      "resource": "azurerm_key_vault_key.geofoodtruck_az_key_vault_key",
      "attribute": [
        "id"
      ]
    },
    {
      "resource": "azurerm_key_vault_key.geofoodtruck_az_key_vault_key",
      "attribute": [
        "name"
      ]
    },
    {
      "resource": "azurerm_key_vault.geofoodtruck_az_key_vault",
      "attribute": [
        "id"
      ]
    },
    {
      "resource": "data.azurerm_client_config.current",
      "attribute": [
        "tenant_id"
      ]
    },
    {
      "resource": "data.azurerm_client_config.current",
      "attribute": [
        "object_id"
      ]
    },
    {
      "resource": "azurerm_storage_account.geofoodtruck_az_storage_account",
      "attribute": [
        "identity",
        0,
        "principal_id"
      ]
    },
    {
      "resource": "azurerm_storage_account.geofoodtruck_az_storage_account",
      "attribute": [
        "id"
      ]
    }
  ],
  "timestamp": "2024-06-17T07:08:50Z",
  "applyable": true,
  "complete": true,
  "errored": false
}
