{
  "format_version": "1.2",
  "terraform_version": "1.8.5",
  "variables": {
    "app_build_dir": {
      "value": "../../build"
    }
  },
  "planned_values": {
    "outputs": {
      "frontdoor_endpoint_host_name": {
        "sensitive": false,
        "type": "string",
        "value": "geofoodtruck-19aab-ekbmfkcvguakddbe.z01.azurefd.net"
      }
    },
    "root_module": {
      "resources": [
        {
          "address": "azurerm_cdn_frontdoor_endpoint.geofoodtruck_az_cdn_frontdoor_endpoint",
          "mode": "managed",
          "type": "azurerm_cdn_frontdoor_endpoint",
          "name": "geofoodtruck_az_cdn_frontdoor_endpoint",
          "provider_name": "registry.terraform.io/hashicorp/azurerm",
          "schema_version": 0,
          "values": {
            "cdn_frontdoor_profile_id": "/subscriptions/1e84fd89-4a3b-41e1-b83c-e85bfb7ea419/resourceGroups/geofoodtruck-rgp/providers/Microsoft.Cdn/profiles/geofoodtruck-frontdoor-profile-19aab",
            "enabled": true,
            "host_name": "geofoodtruck-19aab-ekbmfkcvguakddbe.z01.azurefd.net",
            "id": "/subscriptions/1e84fd89-4a3b-41e1-b83c-e85bfb7ea419/resourceGroups/geofoodtruck-rgp/providers/Microsoft.Cdn/profiles/geofoodtruck-frontdoor-profile-19aab/afdEndpoints/geofoodtruck-19aab",
            "name": "geofoodtruck-19aab",
            "tags": {},
            "timeouts": null
          },
          "sensitive_values": {
            "tags": {}
          }
        },
        {
          "address": "azurerm_cdn_frontdoor_firewall_policy.geofoodtruck_az_cdn_frontdoor_firewall_policy",
          "mode": "managed",
          "type": "azurerm_cdn_frontdoor_firewall_policy",
          "name": "geofoodtruck_az_cdn_frontdoor_firewall_policy",
          "provider_name": "registry.terraform.io/hashicorp/azurerm",
          "schema_version": 0,
          "values": {
            "custom_block_response_body": "",
            "custom_block_response_status_code": 0,
            "custom_rule": [],
            "enabled": true,
            "frontend_endpoint_ids": [],
            "id": "/subscriptions/1e84fd89-4a3b-41e1-b83c-e85bfb7ea419/resourceGroups/geofoodtruck-rgp/providers/Microsoft.Network/frontDoorWebApplicationFirewallPolicies/geofoodtruckfirewallpolicy19aab",
            "managed_rule": [
              {
                "action": "Log",
                "exclusion": [],
                "override": [],
                "type": "Microsoft_DefaultRuleSet",
                "version": "2.1"
              },
              {
                "action": "Log",
                "exclusion": [],
                "override": [],
                "type": "Microsoft_BotManagerRuleSet",
                "version": "1.1"
              }
            ],
            "mode": "Detection",
            "name": "geofoodtruckfirewallpolicy19aab",
            "redirect_url": "",
            "request_body_check_enabled": true,
            "resource_group_name": "geofoodtruck-rgp",
            "sku_name": "Premium_AzureFrontDoor",
            "tags": {},
            "timeouts": null
          },
          "sensitive_values": {
            "custom_rule": [],
            "frontend_endpoint_ids": [],
            "managed_rule": [
              {
                "exclusion": [],
                "override": []
              },
              {
                "exclusion": [],
                "override": []
              }
            ],
            "tags": {}
          }
        },
        {
          "address": "azurerm_cdn_frontdoor_origin.geofoodtruck_az_cdn_frontdoor_app_store_origin",
          "mode": "managed",
          "type": "azurerm_cdn_frontdoor_origin",
          "name": "geofoodtruck_az_cdn_frontdoor_app_store_origin",
          "provider_name": "registry.terraform.io/hashicorp/azurerm",
          "schema_version": 0,
          "values": {
            "cdn_frontdoor_origin_group_id": "/subscriptions/1e84fd89-4a3b-41e1-b83c-e85bfb7ea419/resourceGroups/geofoodtruck-rgp/providers/Microsoft.Cdn/profiles/geofoodtruck-frontdoor-profile-19aab/originGroups/geofoodtruck-origin-group-19aab",
            "certificate_name_check_enabled": true,
            "enabled": true,
            "health_probes_enabled": true,
            "host_name": "geofoodtruck.blob.core.windows.net",
            "http_port": 80,
            "https_port": 443,
            "id": "/subscriptions/1e84fd89-4a3b-41e1-b83c-e85bfb7ea419/resourceGroups/geofoodtruck-rgp/providers/Microsoft.Cdn/profiles/geofoodtruck-frontdoor-profile-19aab/originGroups/geofoodtruck-origin-group-19aab/origins/geofoodtruck-app-storage-origin-19aab",
            "name": "geofoodtruck-app-storage-origin-19aab",
            "origin_host_header": "geofoodtruck.blob.core.windows.net",
            "priority": 1,
            "private_link": [
              {
                "location": "eastus",
                "private_link_target_id": "/subscriptions/1e84fd89-4a3b-41e1-b83c-e85bfb7ea419/resourceGroups/geofoodtruck-rgp/providers/Microsoft.Storage/storageAccounts/geofoodtruck",
                "request_message": "Request access for Private Link Origin CDN Frontdoor",
                "target_type": "blob"
              }
            ],
            "timeouts": null,
            "weight": 500
          },
          "sensitive_values": {
            "private_link": [
              {}
            ]
          }
        },
        {
          "address": "azurerm_cdn_frontdoor_origin.geofoodtruck_az_cdn_frontdoor_data_sforg_origin",
          "mode": "managed",
          "type": "azurerm_cdn_frontdoor_origin",
          "name": "geofoodtruck_az_cdn_frontdoor_data_sforg_origin",
          "provider_name": "registry.terraform.io/hashicorp/azurerm",
          "schema_version": 0,
          "values": {
            "cdn_frontdoor_origin_group_id": "/subscriptions/1e84fd89-4a3b-41e1-b83c-e85bfb7ea419/resourceGroups/geofoodtruck-rgp/providers/Microsoft.Cdn/profiles/geofoodtruck-frontdoor-profile-19aab/originGroups/geofoodtruck-sforg-origin-group-19aab",
            "certificate_name_check_enabled": false,
            "enabled": true,
            "health_probes_enabled": true,
            "host_name": "data.sfgov.org",
            "http_port": 80,
            "https_port": 443,
            "id": "/subscriptions/1e84fd89-4a3b-41e1-b83c-e85bfb7ea419/resourceGroups/geofoodtruck-rgp/providers/Microsoft.Cdn/profiles/geofoodtruck-frontdoor-profile-19aab/originGroups/geofoodtruck-sforg-origin-group-19aab/origins/geofoodtruck-data-sforg-origin-19aab",
            "name": "geofoodtruck-data-sforg-origin-19aab",
            "origin_host_header": "data.sfgov.org",
            "priority": 1,
            "private_link": [],
            "timeouts": null,
            "weight": 500
          },
          "sensitive_values": {
            "private_link": []
          }
        },
        {
          "address": "azurerm_cdn_frontdoor_origin_group.geofoodtruck_az_cdn_frontdoor_origin_group",
          "mode": "managed",
          "type": "azurerm_cdn_frontdoor_origin_group",
          "name": "geofoodtruck_az_cdn_frontdoor_origin_group",
          "provider_name": "registry.terraform.io/hashicorp/azurerm",
          "schema_version": 0,
          "values": {
            "cdn_frontdoor_profile_id": "/subscriptions/1e84fd89-4a3b-41e1-b83c-e85bfb7ea419/resourceGroups/geofoodtruck-rgp/providers/Microsoft.Cdn/profiles/geofoodtruck-frontdoor-profile-19aab",
            "health_probe": [
              {
                "interval_in_seconds": 100,
                "path": "/",
                "protocol": "Http",
                "request_type": "HEAD"
              }
            ],
            "id": "/subscriptions/1e84fd89-4a3b-41e1-b83c-e85bfb7ea419/resourceGroups/geofoodtruck-rgp/providers/Microsoft.Cdn/profiles/geofoodtruck-frontdoor-profile-19aab/originGroups/geofoodtruck-origin-group-19aab",
            "load_balancing": [
              {
                "additional_latency_in_milliseconds": 50,
                "sample_size": 4,
                "successful_samples_required": 3
              }
            ],
            "name": "geofoodtruck-origin-group-19aab",
            "restore_traffic_time_to_healed_or_new_endpoint_in_minutes": 10,
            "session_affinity_enabled": false,
            "timeouts": null
          },
          "sensitive_values": {
            "health_probe": [
              {}
            ],
            "load_balancing": [
              {}
            ]
          }
        },
        {
          "address": "azurerm_cdn_frontdoor_origin_group.geofoodtruck_az_cdn_frontdoor_sforg_origin_group",
          "mode": "managed",
          "type": "azurerm_cdn_frontdoor_origin_group",
          "name": "geofoodtruck_az_cdn_frontdoor_sforg_origin_group",
          "provider_name": "registry.terraform.io/hashicorp/azurerm",
          "schema_version": 0,
          "values": {
            "cdn_frontdoor_profile_id": "/subscriptions/1e84fd89-4a3b-41e1-b83c-e85bfb7ea419/resourceGroups/geofoodtruck-rgp/providers/Microsoft.Cdn/profiles/geofoodtruck-frontdoor-profile-19aab",
            "health_probe": [],
            "id": "/subscriptions/1e84fd89-4a3b-41e1-b83c-e85bfb7ea419/resourceGroups/geofoodtruck-rgp/providers/Microsoft.Cdn/profiles/geofoodtruck-frontdoor-profile-19aab/originGroups/geofoodtruck-sforg-origin-group-19aab",
            "load_balancing": [
              {
                "additional_latency_in_milliseconds": 50,
                "sample_size": 4,
                "successful_samples_required": 3
              }
            ],
            "name": "geofoodtruck-sforg-origin-group-19aab",
            "restore_traffic_time_to_healed_or_new_endpoint_in_minutes": 10,
            "session_affinity_enabled": false,
            "timeouts": null
          },
          "sensitive_values": {
            "health_probe": [],
            "load_balancing": [
              {}
            ]
          }
        },
        {
          "address": "azurerm_cdn_frontdoor_profile.geofoodtruck_az_cdn_frontdoor_profile",
          "mode": "managed",
          "type": "azurerm_cdn_frontdoor_profile",
          "name": "geofoodtruck_az_cdn_frontdoor_profile",
          "provider_name": "registry.terraform.io/hashicorp/azurerm",
          "schema_version": 0,
          "values": {
            "id": "/subscriptions/1e84fd89-4a3b-41e1-b83c-e85bfb7ea419/resourceGroups/geofoodtruck-rgp/providers/Microsoft.Cdn/profiles/geofoodtruck-frontdoor-profile-19aab",
            "name": "geofoodtruck-frontdoor-profile-19aab",
            "resource_group_name": "geofoodtruck-rgp",
            "resource_guid": "0e698b73-c4a5-47ef-ab46-c382ef47f6e6",
            "response_timeout_seconds": 120,
            "sku_name": "Premium_AzureFrontDoor",
            "tags": {},
            "timeouts": null
          },
          "sensitive_values": {
            "tags": {}
          }
        },
        {
          "address": "azurerm_cdn_frontdoor_route.geofoodtruck_az_cdn_frontdoor_app_store_route",
          "mode": "managed",
          "type": "azurerm_cdn_frontdoor_route",
          "name": "geofoodtruck_az_cdn_frontdoor_app_store_route",
          "provider_name": "registry.terraform.io/hashicorp/azurerm",
          "schema_version": 0,
          "values": {
            "cache": [
              {
                "compression_enabled": true,
                "content_types_to_compress": [
                  "text/html",
                  "text/javascript",
                  "application/javascript",
                  "text/css",
                  "application/json",
                  "text/plain"
                ],
                "query_string_caching_behavior": "IgnoreQueryString",
                "query_strings": []
              }
            ],
            "cdn_frontdoor_custom_domain_ids": [],
            "cdn_frontdoor_endpoint_id": "/subscriptions/1e84fd89-4a3b-41e1-b83c-e85bfb7ea419/resourceGroups/geofoodtruck-rgp/providers/Microsoft.Cdn/profiles/geofoodtruck-frontdoor-profile-19aab/afdEndpoints/geofoodtruck-19aab",
            "cdn_frontdoor_origin_group_id": "/subscriptions/1e84fd89-4a3b-41e1-b83c-e85bfb7ea419/resourceGroups/geofoodtruck-rgp/providers/Microsoft.Cdn/profiles/geofoodtruck-frontdoor-profile-19aab/originGroups/geofoodtruck-origin-group-19aab",
            "cdn_frontdoor_origin_ids": [
              "/subscriptions/1e84fd89-4a3b-41e1-b83c-e85bfb7ea419/resourceGroups/geofoodtruck-rgp/providers/Microsoft.Cdn/profiles/geofoodtruck-frontdoor-profile-19aab/originGroups/geofoodtruck-origin-group-19aab/origins/geofoodtruck-app-storage-origin-19aab"
            ],
            "cdn_frontdoor_origin_path": "/app",
            "cdn_frontdoor_rule_set_ids": [],
            "enabled": true,
            "forwarding_protocol": "HttpsOnly",
            "https_redirect_enabled": true,
            "id": "/subscriptions/1e84fd89-4a3b-41e1-b83c-e85bfb7ea419/resourceGroups/geofoodtruck-rgp/providers/Microsoft.Cdn/profiles/geofoodtruck-frontdoor-profile-19aab/afdEndpoints/geofoodtruck-19aab/routes/geofoodtruck-app-storage-route-19aab",
            "link_to_default_domain": true,
            "name": "geofoodtruck-app-storage-route-19aab",
            "patterns_to_match": [
              "/*"
            ],
            "supported_protocols": [
              "Http",
              "Https"
            ],
            "timeouts": null
          },
          "sensitive_values": {
            "cache": [
              {
                "content_types_to_compress": [
                  false,
                  false,
                  false,
                  false,
                  false,
                  false
                ],
                "query_strings": []
              }
            ],
            "cdn_frontdoor_custom_domain_ids": [],
            "cdn_frontdoor_origin_ids": [
              false
            ],
            "cdn_frontdoor_rule_set_ids": [],
            "patterns_to_match": [
              false
            ],
            "supported_protocols": [
              false,
              false
            ]
          }
        },
        {
          "address": "azurerm_cdn_frontdoor_route.geofoodtruck_az_cdn_frontdoor_data_sforg_route",
          "mode": "managed",
          "type": "azurerm_cdn_frontdoor_route",
          "name": "geofoodtruck_az_cdn_frontdoor_data_sforg_route",
          "provider_name": "registry.terraform.io/hashicorp/azurerm",
          "schema_version": 0,
          "values": {
            "cache": [],
            "cdn_frontdoor_custom_domain_ids": [],
            "cdn_frontdoor_endpoint_id": "/subscriptions/1e84fd89-4a3b-41e1-b83c-e85bfb7ea419/resourceGroups/geofoodtruck-rgp/providers/Microsoft.Cdn/profiles/geofoodtruck-frontdoor-profile-19aab/afdEndpoints/geofoodtruck-19aab",
            "cdn_frontdoor_origin_group_id": "/subscriptions/1e84fd89-4a3b-41e1-b83c-e85bfb7ea419/resourceGroups/geofoodtruck-rgp/providers/Microsoft.Cdn/profiles/geofoodtruck-frontdoor-profile-19aab/originGroups/geofoodtruck-sforg-origin-group-19aab",
            "cdn_frontdoor_origin_ids": [
              "/subscriptions/1e84fd89-4a3b-41e1-b83c-e85bfb7ea419/resourceGroups/geofoodtruck-rgp/providers/Microsoft.Cdn/profiles/geofoodtruck-frontdoor-profile-19aab/originGroups/geofoodtruck-sforg-origin-group-19aab/origins/geofoodtruck-data-sforg-origin-19aab"
            ],
            "cdn_frontdoor_origin_path": "",
            "cdn_frontdoor_rule_set_ids": [
              "/subscriptions/1e84fd89-4a3b-41e1-b83c-e85bfb7ea419/resourceGroups/geofoodtruck-rgp/providers/Microsoft.Cdn/profiles/geofoodtruck-frontdoor-profile-19aab/ruleSets/geofoodtruckdatasforgruleset19aab"
            ],
            "enabled": true,
            "forwarding_protocol": "HttpsOnly",
            "https_redirect_enabled": true,
            "id": "/subscriptions/1e84fd89-4a3b-41e1-b83c-e85bfb7ea419/resourceGroups/geofoodtruck-rgp/providers/Microsoft.Cdn/profiles/geofoodtruck-frontdoor-profile-19aab/afdEndpoints/geofoodtruck-19aab/routes/geofoodtruck-data-sforg-route-19aab",
            "link_to_default_domain": true,
            "name": "geofoodtruck-data-sforg-route-19aab",
            "patterns_to_match": [
              "/resource/rqzj-sfat.json"
            ],
            "supported_protocols": [
              "Http",
              "Https"
            ],
            "timeouts": null
          },
          "sensitive_values": {
            "cache": [],
            "cdn_frontdoor_custom_domain_ids": [],
            "cdn_frontdoor_origin_ids": [
              false
            ],
            "cdn_frontdoor_rule_set_ids": [
              false
            ],
            "patterns_to_match": [
              false
            ],
            "supported_protocols": [
              false,
              false
            ]
          }
        },
        {
          "address": "azurerm_cdn_frontdoor_rule.geofoodtruck_az_cdn_frontdoor_data_sforg_rule",
          "mode": "managed",
          "type": "azurerm_cdn_frontdoor_rule",
          "name": "geofoodtruck_az_cdn_frontdoor_data_sforg_rule",
          "provider_name": "registry.terraform.io/hashicorp/azurerm",
          "schema_version": 0,
          "values": {
            "actions": [
              {
                "request_header_action": [
                  {
                    "header_action": "Append",
                    "header_name": "X-App-Token",
                    "value": "GrXGgigVGyUzWjE0ppVRMRUgR"
                  }
                ],
                "response_header_action": [],
                "route_configuration_override_action": [],
                "url_redirect_action": [],
                "url_rewrite_action": []
              }
            ],
            "behavior_on_match": "Continue",
            "cdn_frontdoor_rule_set_id": "/subscriptions/1e84fd89-4a3b-41e1-b83c-e85bfb7ea419/resourceGroups/geofoodtruck-rgp/providers/Microsoft.Cdn/profiles/geofoodtruck-frontdoor-profile-19aab/ruleSets/geofoodtruckdatasforgruleset19aab",
            "cdn_frontdoor_rule_set_name": "geofoodtruckdatasforgruleset19aab",
            "conditions": [
              {
                "client_port_condition": [],
                "cookies_condition": [],
                "host_name_condition": [],
                "http_version_condition": [],
                "is_device_condition": [],
                "post_args_condition": [],
                "query_string_condition": [],
                "remote_address_condition": [],
                "request_body_condition": [],
                "request_header_condition": [
                  {
                    "header_name": "X-App-Token",
                    "match_values": [],
                    "negate_condition": true,
                    "operator": "Any",
                    "transforms": []
                  }
                ],
                "request_method_condition": [],
                "request_scheme_condition": [],
                "request_uri_condition": [],
                "server_port_condition": [],
                "socket_address_condition": [],
                "ssl_protocol_condition": [],
                "url_file_extension_condition": [],
                "url_filename_condition": [],
                "url_path_condition": []
              }
            ],
            "id": "/subscriptions/1e84fd89-4a3b-41e1-b83c-e85bfb7ea419/resourceGroups/geofoodtruck-rgp/providers/Microsoft.Cdn/profiles/geofoodtruck-frontdoor-profile-19aab/ruleSets/geofoodtruckdatasforgruleset19aab/rules/geofoodtruckdatasforgrule19aab",
            "name": "geofoodtruckdatasforgrule19aab",
            "order": 1,
            "timeouts": null
          },
          "sensitive_values": {
            "actions": [
              {
                "request_header_action": [
                  {}
                ],
                "response_header_action": [],
                "route_configuration_override_action": [],
                "url_redirect_action": [],
                "url_rewrite_action": []
              }
            ],
            "conditions": [
              {
                "client_port_condition": [],
                "cookies_condition": [],
                "host_name_condition": [],
                "http_version_condition": [],
                "is_device_condition": [],
                "post_args_condition": [],
                "query_string_condition": [],
                "remote_address_condition": [],
                "request_body_condition": [],
                "request_header_condition": [
                  {
                    "match_values": [],
                    "transforms": []
                  }
                ],
                "request_method_condition": [],
                "request_scheme_condition": [],
                "request_uri_condition": [],
                "server_port_condition": [],
                "socket_address_condition": [],
                "ssl_protocol_condition": [],
                "url_file_extension_condition": [],
                "url_filename_condition": [],
                "url_path_condition": []
              }
            ]
          }
        },
        {
          "address": "azurerm_cdn_frontdoor_rule_set.geofoodtruck_az_cdn_frontdoor_data_sforg_rule_set",
          "mode": "managed",
          "type": "azurerm_cdn_frontdoor_rule_set",
          "name": "geofoodtruck_az_cdn_frontdoor_data_sforg_rule_set",
          "provider_name": "registry.terraform.io/hashicorp/azurerm",
          "schema_version": 0,
          "values": {
            "cdn_frontdoor_profile_id": "/subscriptions/1e84fd89-4a3b-41e1-b83c-e85bfb7ea419/resourceGroups/geofoodtruck-rgp/providers/Microsoft.Cdn/profiles/geofoodtruck-frontdoor-profile-19aab",
            "id": "/subscriptions/1e84fd89-4a3b-41e1-b83c-e85bfb7ea419/resourceGroups/geofoodtruck-rgp/providers/Microsoft.Cdn/profiles/geofoodtruck-frontdoor-profile-19aab/ruleSets/geofoodtruckdatasforgruleset19aab",
            "name": "geofoodtruckdatasforgruleset19aab",
            "timeouts": null
          },
          "sensitive_values": {}
        },
        {
          "address": "azurerm_cdn_frontdoor_security_policy.geofoodtruck_az_cdn_frontdoor_security_policy",
          "mode": "managed",
          "type": "azurerm_cdn_frontdoor_security_policy",
          "name": "geofoodtruck_az_cdn_frontdoor_security_policy",
          "provider_name": "registry.terraform.io/hashicorp/azurerm",
          "schema_version": 0,
          "values": {
            "cdn_frontdoor_profile_id": "/subscriptions/1e84fd89-4a3b-41e1-b83c-e85bfb7ea419/resourceGroups/geofoodtruck-rgp/providers/Microsoft.Cdn/profiles/geofoodtruck-frontdoor-profile-19aab",
            "id": "/subscriptions/1e84fd89-4a3b-41e1-b83c-e85bfb7ea419/resourceGroups/geofoodtruck-rgp/providers/Microsoft.Cdn/profiles/geofoodtruck-frontdoor-profile-19aab/securityPolicies/geofoodtrucksecuritypolicy19aab",
            "name": "geofoodtrucksecuritypolicy19aab",
            "security_policies": [
              {
                "firewall": [
                  {
                    "association": [
                      {
                        "domain": [
                          {
                            "active": true,
                            "cdn_frontdoor_domain_id": "/subscriptions/1e84fd89-4a3b-41e1-b83c-e85bfb7ea419/resourceGroups/geofoodtruck-rgp/providers/Microsoft.Cdn/profiles/geofoodtruck-frontdoor-profile-19aab/afdEndpoints/geofoodtruck-19aab"
                          }
                        ],
                        "patterns_to_match": [
                          "/*"
                        ]
                      }
                    ],
                    "cdn_frontdoor_firewall_policy_id": "/subscriptions/1e84fd89-4a3b-41e1-b83c-e85bfb7ea419/resourceGroups/geofoodtruck-rgp/providers/Microsoft.Network/frontDoorWebApplicationFirewallPolicies/geofoodtruckfirewallpolicy19aab"
                  }
                ]
              }
            ],
            "timeouts": null
          },
          "sensitive_values": {
            "security_policies": [
              {
                "firewall": [
                  {
                    "association": [
                      {
                        "domain": [
                          {}
                        ],
                        "patterns_to_match": [
                          false
                        ]
                      }
                    ]
                  }
                ]
              }
            ]
          }
        },
        {
          "address": "azurerm_key_vault.geofoodtruck_az_key_vault",
          "mode": "managed",
          "type": "azurerm_key_vault",
          "name": "geofoodtruck_az_key_vault",
          "provider_name": "registry.terraform.io/hashicorp/azurerm",
          "schema_version": 2,
          "values": {
            "access_policy": [
              {
                "application_id": "",
                "certificate_permissions": [],
                "key_permissions": [
                  "Get",
                  "Create",
                  "Delete",
                  "List",
                  "Restore",
                  "Recover",
                  "UnwrapKey",
                  "WrapKey",
                  "Purge",
                  "Encrypt",
                  "Decrypt",
                  "Sign",
                  "Verify",
                  "GetRotationPolicy",
                  "SetRotationPolicy",
                  "Update",
                  "Backup",
                  "Release",
                  "Rotate",
                  "Import"
                ],
                "object_id": "17379688-6705-41d1-a5d8-cf557358e029",
                "secret_permissions": [],
                "storage_permissions": [],
                "tenant_id": "ebe3b00b-03f5-4683-9385-9eae759d7ab1"
              },
              {
                "application_id": "",
                "certificate_permissions": [],
                "key_permissions": [
                  "Get",
                  "UnwrapKey",
                  "WrapKey"
                ],
                "object_id": "adadff2d-df36-4aa1-bc71-a141be4af501",
                "secret_permissions": [],
                "storage_permissions": [],
                "tenant_id": "ebe3b00b-03f5-4683-9385-9eae759d7ab1"
              },
              {
                "application_id": "",
                "certificate_permissions": [
                  "Get",
                  "List",
                  "Update",
                  "Create",
                  "Import",
                  "Delete",
                  "Recover",
                  "Backup",
                  "Restore",
                  "ManageContacts",
                  "ManageIssuers",
                  "GetIssuers",
                  "ListIssuers",
                  "SetIssuers",
                  "DeleteIssuers",
                  "Purge"
                ],
                "key_permissions": [
                  "Get",
                  "List",
                  "Update",
                  "Create",
                  "Import",
                  "Delete",
                  "Recover",
                  "Backup",
                  "Restore",
                  "GetRotationPolicy",
                  "SetRotationPolicy",
                  "Rotate",
                  "Encrypt",
                  "Decrypt",
                  "UnwrapKey",
                  "WrapKey",
                  "Verify",
                  "Sign",
                  "Purge",
                  "Release"
                ],
                "object_id": "9168981e-e1db-475e-871f-854205bc6354",
                "secret_permissions": [
                  "Get",
                  "List",
                  "Set",
                  "Delete",
                  "Recover",
                  "Backup",
                  "Restore",
                  "Purge"
                ],
                "storage_permissions": [],
                "tenant_id": "ebe3b00b-03f5-4683-9385-9eae759d7ab1"
              }
            ],
            "contact": [],
            "enable_rbac_authorization": false,
            "enabled_for_deployment": false,
            "enabled_for_disk_encryption": false,
            "enabled_for_template_deployment": false,
            "id": "/subscriptions/1e84fd89-4a3b-41e1-b83c-e85bfb7ea419/resourceGroups/geofoodtruck-rgp/providers/Microsoft.KeyVault/vaults/geofoodtruck-key-vault",
            "location": "eastus",
            "name": "geofoodtruck-key-vault",
            "network_acls": [
              {
                "bypass": "AzureServices",
                "default_action": "Allow",
                "ip_rules": [],
                "virtual_network_subnet_ids": []
              }
            ],
            "public_network_access_enabled": true,
            "purge_protection_enabled": true,
            "resource_group_name": "geofoodtruck-rgp",
            "sku_name": "standard",
            "soft_delete_retention_days": 90,
            "tags": {},
            "tenant_id": "ebe3b00b-03f5-4683-9385-9eae759d7ab1",
            "timeouts": null,
            "vault_uri": "https://geofoodtruck-key-vault.vault.azure.net/"
          },
          "sensitive_values": {
            "access_policy": [
              {
                "certificate_permissions": [],
                "key_permissions": [
                  false,
                  false,
                  false,
                  false,
                  false,
                  false,
                  false,
                  false,
                  false,
                  false,
                  false,
                  false,
                  false,
                  false,
                  false,
                  false,
                  false,
                  false,
                  false,
                  false
                ],
                "secret_permissions": [],
                "storage_permissions": []
              },
              {
                "certificate_permissions": [],
                "key_permissions": [
                  false,
                  false,
                  false
                ],
                "secret_permissions": [],
                "storage_permissions": []
              },
              {
                "certificate_permissions": [
                  false,
                  false,
                  false,
                  false,
                  false,
                  false,
                  false,
                  false,
                  false,
                  false,
                  false,
                  false,
                  false,
                  false,
                  false,
                  false
                ],
                "key_permissions": [
                  false,
                  false,
                  false,
                  false,
                  false,
                  false,
                  false,
                  false,
                  false,
                  false,
                  false,
                  false,
                  false,
                  false,
                  false,
                  false,
                  false,
                  false,
                  false,
                  false
                ],
                "secret_permissions": [
                  false,
                  false,
                  false,
                  false,
                  false,
                  false,
                  false,
                  false
                ],
                "storage_permissions": []
              }
            ],
            "contact": [],
            "network_acls": [
              {
                "ip_rules": [],
                "virtual_network_subnet_ids": []
              }
            ],
            "tags": {}
          }
        },
        {
          "address": "azurerm_key_vault_access_policy.geofoodtruck_az_key_vault_access_policy_identity",
          "mode": "managed",
          "type": "azurerm_key_vault_access_policy",
          "name": "geofoodtruck_az_key_vault_access_policy_identity",
          "provider_name": "registry.terraform.io/hashicorp/azurerm",
          "schema_version": 0,
          "values": {
            "application_id": "",
            "certificate_permissions": [],
            "id": "/subscriptions/1e84fd89-4a3b-41e1-b83c-e85bfb7ea419/resourceGroups/geofoodtruck-rgp/providers/Microsoft.KeyVault/vaults/geofoodtruck-key-vault/objectId/17379688-6705-41d1-a5d8-cf557358e029",
            "key_permissions": [
              "Get",
              "Create",
              "Delete",
              "List",
              "Restore",
              "Recover",
              "UnwrapKey",
              "WrapKey",
              "Purge",
              "Encrypt",
              "Decrypt",
              "Sign",
              "Verify",
              "GetRotationPolicy",
              "SetRotationPolicy",
              "Update",
              "Backup",
              "Release",
              "Rotate",
              "Import"
            ],
            "key_vault_id": "/subscriptions/1e84fd89-4a3b-41e1-b83c-e85bfb7ea419/resourceGroups/geofoodtruck-rgp/providers/Microsoft.KeyVault/vaults/geofoodtruck-key-vault",
            "object_id": "17379688-6705-41d1-a5d8-cf557358e029",
            "secret_permissions": [],
            "storage_permissions": [],
            "tenant_id": "ebe3b00b-03f5-4683-9385-9eae759d7ab1",
            "timeouts": null
          },
          "sensitive_values": {
            "certificate_permissions": [],
            "key_permissions": [
              false,
              false,
              false,
              false,
              false,
              false,
              false,
              false,
              false,
              false,
              false,
              false,
              false,
              false,
              false,
              false,
              false,
              false,
              false,
              false
            ],
            "secret_permissions": [],
            "storage_permissions": []
          }
        },
        {
          "address": "azurerm_key_vault_access_policy.geofoodtruck_az_key_vault_access_policy_storage",
          "mode": "managed",
          "type": "azurerm_key_vault_access_policy",
          "name": "geofoodtruck_az_key_vault_access_policy_storage",
          "provider_name": "registry.terraform.io/hashicorp/azurerm",
          "schema_version": 0,
          "values": {
            "application_id": "",
            "certificate_permissions": [],
            "id": "/subscriptions/1e84fd89-4a3b-41e1-b83c-e85bfb7ea419/resourceGroups/geofoodtruck-rgp/providers/Microsoft.KeyVault/vaults/geofoodtruck-key-vault/objectId/adadff2d-df36-4aa1-bc71-a141be4af501",
            "key_permissions": [
              "Get",
              "UnwrapKey",
              "WrapKey"
            ],
            "key_vault_id": "/subscriptions/1e84fd89-4a3b-41e1-b83c-e85bfb7ea419/resourceGroups/geofoodtruck-rgp/providers/Microsoft.KeyVault/vaults/geofoodtruck-key-vault",
            "object_id": "adadff2d-df36-4aa1-bc71-a141be4af501",
            "secret_permissions": [],
            "storage_permissions": [],
            "tenant_id": "ebe3b00b-03f5-4683-9385-9eae759d7ab1",
            "timeouts": null
          },
          "sensitive_values": {
            "certificate_permissions": [],
            "key_permissions": [
              false,
              false,
              false
            ],
            "secret_permissions": [],
            "storage_permissions": []
          }
        },
        {
          "address": "azurerm_key_vault_key.geofoodtruck_az_key_vault_key",
          "mode": "managed",
          "type": "azurerm_key_vault_key",
          "name": "geofoodtruck_az_key_vault_key",
          "provider_name": "registry.terraform.io/hashicorp/azurerm",
          "schema_version": 0,
          "values": {
            "curve": "",
            "e": "AQAB",
            "expiration_date": null,
            "id": "https://geofoodtruck-key-vault.vault.azure.net/keys/geofoodtruckkey/881cf924be5c4479923224ac94958fc0",
            "key_opts": [
              "decrypt",
              "encrypt",
              "sign",
              "unwrapKey",
              "verify",
              "wrapKey"
            ],
            "key_size": 2048,
            "key_type": "RSA",
            "key_vault_id": "/subscriptions/1e84fd89-4a3b-41e1-b83c-e85bfb7ea419/resourceGroups/geofoodtruck-rgp/providers/Microsoft.KeyVault/vaults/geofoodtruck-key-vault",
            "n": "yUAnMzu0-kHj-B80BClHtzB5eeUqMJwIlpBisxl3JfRMoP6Ym0PpYuH2eyg_H-tI02NTpDxyDr3nbe4yi6IvshOkR17TTcNUjjikRh_WHb5XEo5bNHrKJZWSbwF4sVqQ6rH834ngziiJj2vbzx8uA7Nu-zhasp00n-jyiG3tRINmdZGrskZvbmOo007YLewoGOe3_ntcW30JA_B8fckYAbTpofi4_lchki5U92yeEAPFq9jQIGXT6NIy2NqMh7gd3G3BPPRFjz79TSF5xOHAzuElg1pLSoy8lHZgkJ7kgLz43siwqONyEuc9h0pLYdTFkLyn769AEvR4BusoFDCgHQ",
            "name": "geofoodtruckkey",
            "not_before_date": null,
            "public_key_openssh": "ssh-rsa AAAAB3NzaC1yc2EAAAADAQABAAABAQDJQCczO7T6QeP4HzQEKUe3MHl55SownAiWkGKzGXcl9Eyg/pibQ+li4fZ7KD8f60jTY1OkPHIOvedt7jKLoi+yE6RHXtNNw1SOOKRGH9YdvlcSjls0esollZJvAXixWpDqsfzfieDOKImPa9vPHy4Ds277OFqynTSf6PKIbe1Eg2Z1kauyRm9uY6jTTtgt7CgY57f+e1xbfQkD8Hx9yRgBtOmh+Lj+VyGSLlT3bJ4QA8Wr2NAgZdPo0jLY2oyHuB3cbcE89EWPPv1NIXnE4cDO4SWDWktKjLyUdmCQnuSAvPjeyLCo43IS5z2HSkth1MWQvKfvr0AS9HgG6ygUMKAd\n",
            "public_key_pem": "-----BEGIN PUBLIC KEY-----\nMIIBIjANBgkqhkiG9w0BAQEFAAOCAQ8AMIIBCgKCAQEAyUAnMzu0+kHj+B80BClH\ntzB5eeUqMJwIlpBisxl3JfRMoP6Ym0PpYuH2eyg/H+tI02NTpDxyDr3nbe4yi6Iv\nshOkR17TTcNUjjikRh/WHb5XEo5bNHrKJZWSbwF4sVqQ6rH834ngziiJj2vbzx8u\nA7Nu+zhasp00n+jyiG3tRINmdZGrskZvbmOo007YLewoGOe3/ntcW30JA/B8fckY\nAbTpofi4/lchki5U92yeEAPFq9jQIGXT6NIy2NqMh7gd3G3BPPRFjz79TSF5xOHA\nzuElg1pLSoy8lHZgkJ7kgLz43siwqONyEuc9h0pLYdTFkLyn769AEvR4BusoFDCg\nHQIDAQAB\n-----END PUBLIC KEY-----\n",
            "resource_id": "/subscriptions/1e84fd89-4a3b-41e1-b83c-e85bfb7ea419/resourceGroups/geofoodtruck-rgp/providers/Microsoft.KeyVault/vaults/geofoodtruck-key-vault/keys/geofoodtruckkey/versions/881cf924be5c4479923224ac94958fc0",
            "resource_versionless_id": "/subscriptions/1e84fd89-4a3b-41e1-b83c-e85bfb7ea419/resourceGroups/geofoodtruck-rgp/providers/Microsoft.KeyVault/vaults/geofoodtruck-key-vault/keys/geofoodtruckkey",
            "rotation_policy": [
              {
                "automatic": [
                  {
                    "time_after_creation": "",
                    "time_before_expiry": "P30D"
                  }
                ],
                "expire_after": "P90D",
                "notify_before_expiry": "P29D"
              }
            ],
            "tags": {},
            "timeouts": null,
            "version": "881cf924be5c4479923224ac94958fc0",
            "versionless_id": "https://geofoodtruck-key-vault.vault.azure.net/keys/geofoodtruckkey",
            "x": "",
            "y": ""
          },
          "sensitive_values": {
            "key_opts": [
              false,
              false,
              false,
              false,
              false,
              false
            ],
            "rotation_policy": [
              {
                "automatic": [
                  {}
                ]
              }
            ],
            "tags": {}
          }
        },
        {
          "address": "azurerm_role_assignment.geofoodtruck_az_role_assignment_managed_id",
          "mode": "managed",
          "type": "azurerm_role_assignment",
          "name": "geofoodtruck_az_role_assignment_managed_id",
          "provider_name": "registry.terraform.io/hashicorp/azurerm",
          "schema_version": 0,
          "values": {
            "condition": "",
            "condition_version": "",
            "delegated_managed_identity_resource_id": "",
            "description": "",
            "id": "/subscriptions/1e84fd89-4a3b-41e1-b83c-e85bfb7ea419/resourceGroups/geofoodtruck-rgp/providers/Microsoft.Storage/storageAccounts/geofoodtruck/providers/Microsoft.Authorization/roleAssignments/53c99d50-93f1-cd0a-941d-93a57dd3a9b8",
            "name": "53c99d50-93f1-cd0a-941d-93a57dd3a9b8",
            "principal_id": "17379688-6705-41d1-a5d8-cf557358e029",
            "principal_type": "ServicePrincipal",
            "role_definition_id": "/subscriptions/1e84fd89-4a3b-41e1-b83c-e85bfb7ea419/providers/Microsoft.Authorization/roleDefinitions/ba92f5b4-2d11-453d-a403-e96b0029c9fe",
            "role_definition_name": "Storage Blob Data Contributor",
            "scope": "/subscriptions/1e84fd89-4a3b-41e1-b83c-e85bfb7ea419/resourceGroups/geofoodtruck-rgp/providers/Microsoft.Storage/storageAccounts/geofoodtruck",
            "skip_service_principal_aad_check": null,
            "timeouts": null
          },
          "sensitive_values": {}
        },
        {
          "address": "azurerm_storage_account.geofoodtruck_az_storage_account",
          "mode": "managed",
          "type": "azurerm_storage_account",
          "name": "geofoodtruck_az_storage_account",
          "provider_name": "registry.terraform.io/hashicorp/azurerm",
          "schema_version": 4,
          "values": {
            "access_tier": "Hot",
            "account_kind": "StorageV2",
            "account_replication_type": "LRS",
            "account_tier": "Standard",
            "allow_nested_items_to_be_public": true,
            "allowed_copy_scope": "",
            "azure_files_authentication": [],
            "blob_properties": [
              {
                "change_feed_enabled": false,
                "change_feed_retention_in_days": 0,
                "container_delete_retention_policy": [],
                "cors_rule": [],
                "default_service_version": "",
                "delete_retention_policy": [],
                "last_access_time_enabled": false,
                "restore_policy": [],
                "versioning_enabled": false
              }
            ],
            "cross_tenant_replication_enabled": true,
            "custom_domain": [],
            "customer_managed_key": [
              {
                "key_vault_key_id": "https://geofoodtruck-key-vault.vault.azure.net/keys/geofoodtruckkey",
                "managed_hsm_key_id": "",
                "user_assigned_identity_id": ""
              }
            ],
            "default_to_oauth_authentication": false,
            "dns_endpoint_type": "Standard",
            "edge_zone": "",
            "enable_https_traffic_only": true,
            "id": "/subscriptions/1e84fd89-4a3b-41e1-b83c-e85bfb7ea419/resourceGroups/geofoodtruck-rgp/providers/Microsoft.Storage/storageAccounts/geofoodtruck",
            "identity": [
              {
                "identity_ids": [],
                "principal_id": "adadff2d-df36-4aa1-bc71-a141be4af501",
                "tenant_id": "ebe3b00b-03f5-4683-9385-9eae759d7ab1",
                "type": "SystemAssigned"
              }
            ],
            "immutability_policy": [],
            "infrastructure_encryption_enabled": false,
            "is_hns_enabled": false,
            "large_file_share_enabled": null,
            "local_user_enabled": true,
            "location": "eastus",
            "min_tls_version": "TLS1_2",
            "name": "geofoodtruck",
            "network_rules": [
              {
                "bypass": [
                  "AzureServices"
                ],
                "default_action": "Allow",
                "ip_rules": [],
                "private_link_access": [],
                "virtual_network_subnet_ids": []
              }
            ],
            "nfsv3_enabled": false,
            "primary_access_key": "***",
            "primary_blob_connection_string": "***",
            "primary_blob_endpoint": "https://geofoodtruck.blob.core.windows.net/",
            "primary_blob_host": "geofoodtruck.blob.core.windows.net",
            "primary_blob_internet_endpoint": "",
            "primary_blob_internet_host": "",
            "primary_blob_microsoft_endpoint": "",
            "primary_blob_microsoft_host": "",
            "primary_connection_string": "***",
            "primary_dfs_endpoint": "https://geofoodtruck.dfs.core.windows.net/",
            "primary_dfs_host": "geofoodtruck.dfs.core.windows.net",
            "primary_dfs_internet_endpoint": "",
            "primary_dfs_internet_host": "",
            "primary_dfs_microsoft_endpoint": "",
            "primary_dfs_microsoft_host": "",
            "primary_file_endpoint": "https://geofoodtruck.file.core.windows.net/",
            "primary_file_host": "geofoodtruck.file.core.windows.net",
            "primary_file_internet_endpoint": "",
            "primary_file_internet_host": "",
            "primary_file_microsoft_endpoint": "",
            "primary_file_microsoft_host": "",
            "primary_location": "eastus",
            "primary_queue_endpoint": "https://geofoodtruck.queue.core.windows.net/",
            "primary_queue_host": "geofoodtruck.queue.core.windows.net",
            "primary_queue_microsoft_endpoint": "",
            "primary_queue_microsoft_host": "",
            "primary_table_endpoint": "https://geofoodtruck.table.core.windows.net/",
            "primary_table_host": "geofoodtruck.table.core.windows.net",
            "primary_table_microsoft_endpoint": "",
            "primary_table_microsoft_host": "",
            "primary_web_endpoint": "https://geofoodtruck.z13.web.core.windows.net/",
            "primary_web_host": "geofoodtruck.z13.web.core.windows.net",
            "primary_web_internet_endpoint": "",
            "primary_web_internet_host": "",
            "primary_web_microsoft_endpoint": "",
            "primary_web_microsoft_host": "",
            "public_network_access_enabled": true,
            "queue_encryption_key_type": "Service",
            "queue_properties": [
              {
                "cors_rule": [],
                "hour_metrics": [
                  {
                    "enabled": true,
                    "include_apis": true,
                    "retention_policy_days": 7,
                    "version": "1.0"
                  }
                ],
                "logging": [
                  {
                    "delete": false,
                    "read": false,
                    "retention_policy_days": 0,
                    "version": "1.0",
                    "write": false
                  }
                ],
                "minute_metrics": [
                  {
                    "enabled": false,
                    "include_apis": false,
                    "retention_policy_days": 0,
                    "version": "1.0"
                  }
                ]
              }
            ],
            "resource_group_name": "geofoodtruck-rgp",
            "routing": [],
            "sas_policy": [],
            "secondary_access_key": "***",
            "secondary_blob_connection_string": "",
            "secondary_blob_endpoint": null,
            "secondary_blob_host": null,
            "secondary_blob_internet_endpoint": null,
            "secondary_blob_internet_host": null,
            "secondary_blob_microsoft_endpoint": null,
            "secondary_blob_microsoft_host": null,
            "secondary_connection_string": "***",
            "secondary_dfs_endpoint": null,
            "secondary_dfs_host": null,
            "secondary_dfs_internet_endpoint": null,
            "secondary_dfs_internet_host": null,
            "secondary_dfs_microsoft_endpoint": null,
            "secondary_dfs_microsoft_host": null,
            "secondary_file_endpoint": null,
            "secondary_file_host": null,
            "secondary_file_internet_endpoint": null,
            "secondary_file_internet_host": null,
            "secondary_file_microsoft_endpoint": null,
            "secondary_file_microsoft_host": null,
            "secondary_location": "",
            "secondary_queue_endpoint": null,
            "secondary_queue_host": null,
            "secondary_queue_microsoft_endpoint": null,
            "secondary_queue_microsoft_host": null,
            "secondary_table_endpoint": null,
            "secondary_table_host": null,
            "secondary_table_microsoft_endpoint": null,
            "secondary_table_microsoft_host": null,
            "secondary_web_endpoint": null,
            "secondary_web_host": null,
            "secondary_web_internet_endpoint": null,
            "secondary_web_internet_host": null,
            "secondary_web_microsoft_endpoint": null,
            "secondary_web_microsoft_host": null,
            "sftp_enabled": false,
            "share_properties": [
              {
                "cors_rule": [],
                "retention_policy": [
                  {
                    "days": 7
                  }
                ],
                "smb": []
              }
            ],
            "shared_access_key_enabled": false,
            "static_website": [],
            "table_encryption_key_type": "Service",
            "tags": {},
            "timeouts": null
          },
          "sensitive_values": {
            "azure_files_authentication": [],
            "blob_properties": [
              {
                "container_delete_retention_policy": [],
                "cors_rule": [],
                "delete_retention_policy": [],
                "restore_policy": []
              }
            ],
            "custom_domain": [],
            "customer_managed_key": [
              {}
            ],
            "identity": [
              {
                "identity_ids": []
              }
            ],
            "immutability_policy": [],
            "network_rules": [
              {
                "bypass": [
                  false
                ],
                "ip_rules": [],
                "private_link_access": [],
                "virtual_network_subnet_ids": []
              }
            ],
            "primary_access_key": true,
            "primary_blob_connection_string": true,
            "primary_connection_string": true,
            "queue_properties": [
              {
                "cors_rule": [],
                "hour_metrics": [
                  {}
                ],
                "logging": [
                  {}
                ],
                "minute_metrics": [
                  {}
                ]
              }
            ],
            "routing": [],
            "sas_policy": [],
            "secondary_access_key": true,
            "secondary_blob_connection_string": true,
            "secondary_connection_string": true,
            "share_properties": [
              {
                "cors_rule": [],
                "retention_policy": [
                  {}
                ],
                "smb": []
              }
            ],
            "static_website": [],
            "tags": {}
          }
        },
        {
          "address": "azurerm_storage_account_customer_managed_key.geofoodtruck_az_storage_account_customer_managed_key",
          "mode": "managed",
          "type": "azurerm_storage_account_customer_managed_key",
          "name": "geofoodtruck_az_storage_account_customer_managed_key",
          "provider_name": "registry.terraform.io/hashicorp/azurerm",
          "schema_version": 0,
          "values": {
            "federated_identity_client_id": "",
            "id": "/subscriptions/1e84fd89-4a3b-41e1-b83c-e85bfb7ea419/resourceGroups/geofoodtruck-rgp/providers/Microsoft.Storage/storageAccounts/geofoodtruck",
            "key_name": "geofoodtruckkey",
            "key_vault_id": "/subscriptions/1e84fd89-4a3b-41e1-b83c-e85bfb7ea419/resourceGroups/geofoodtruck-rgp/providers/Microsoft.KeyVault/vaults/geofoodtruck-key-vault",
            "key_vault_uri": "https://geofoodtruck-key-vault.vault.azure.net/",
            "key_version": "",
            "managed_hsm_key_id": null,
            "storage_account_id": "/subscriptions/1e84fd89-4a3b-41e1-b83c-e85bfb7ea419/resourceGroups/geofoodtruck-rgp/providers/Microsoft.Storage/storageAccounts/geofoodtruck",
            "timeouts": null,
            "user_assigned_identity_id": ""
          },
          "sensitive_values": {}
        },
        {
          "address": "azurerm_storage_blob.app_files[\"asset-manifest.json\"]",
          "mode": "managed",
          "type": "azurerm_storage_blob",
          "name": "app_files",
          "index": "asset-manifest.json",
          "provider_name": "registry.terraform.io/hashicorp/azurerm",
          "schema_version": 1,
          "values": {
            "access_tier": "Hot",
            "cache_control": "",
            "content_md5": "c84d78252f40ba88b8fdfb912c9b93bf",
            "content_type": "application/json",
            "encryption_scope": "",
            "id": "https://geofoodtruck.blob.core.windows.net/app/asset-manifest.json",
            "metadata": {},
            "name": "asset-manifest.json",
            "parallelism": 8,
            "size": 0,
            "source": "../../build/asset-manifest.json",
            "source_content": null,
            "source_uri": null,
            "storage_account_name": "geofoodtruck",
            "storage_container_name": "app",
            "timeouts": null,
            "type": "Block",
            "url": "https://geofoodtruck.blob.core.windows.net/app/asset-manifest.json"
          },
          "sensitive_values": {
            "metadata": {}
          }
        },
        {
          "address": "azurerm_storage_blob.app_files[\"favicon.ico\"]",
          "mode": "managed",
          "type": "azurerm_storage_blob",
          "name": "app_files",
          "index": "favicon.ico",
          "provider_name": "registry.terraform.io/hashicorp/azurerm",
          "schema_version": 1,
          "values": {
            "access_tier": "Hot",
            "cache_control": "",
            "content_md5": "c92b85a5b907c70211f4ec25e29a8c4a",
            "content_type": "image/x-icon",
            "encryption_scope": "",
            "id": "https://geofoodtruck.blob.core.windows.net/app/favicon.ico",
            "metadata": {},
            "name": "favicon.ico",
            "parallelism": 8,
            "size": 0,
            "source": "../../build/favicon.ico",
            "source_content": null,
            "source_uri": null,
            "storage_account_name": "geofoodtruck",
            "storage_container_name": "app",
            "timeouts": null,
            "type": "Block",
            "url": "https://geofoodtruck.blob.core.windows.net/app/favicon.ico"
          },
          "sensitive_values": {
            "metadata": {}
          }
        },
        {
          "address": "azurerm_storage_blob.app_files[\"index.html\"]",
          "mode": "managed",
          "type": "azurerm_storage_blob",
          "name": "app_files",
          "index": "index.html",
          "provider_name": "registry.terraform.io/hashicorp/azurerm",
          "schema_version": 1,
          "values": {
            "cache_control": null,
            "content_md5": "e625503ec9127242bb4715bab480fdef",
            "content_type": "text/html",
            "encryption_scope": null,
            "name": "index.html",
            "parallelism": 8,
            "size": 0,
            "source": "../../build/index.html",
            "source_content": null,
            "source_uri": null,
            "storage_account_name": "geofoodtruck",
            "storage_container_name": "app",
            "timeouts": null,
            "type": "Block"
          },
          "sensitive_values": {
            "metadata": {}
          }
        },
        {
          "address": "azurerm_storage_blob.app_files[\"logo192.png\"]",
          "mode": "managed",
          "type": "azurerm_storage_blob",
          "name": "app_files",
          "index": "logo192.png",
          "provider_name": "registry.terraform.io/hashicorp/azurerm",
          "schema_version": 1,
          "values": {
            "access_tier": "Hot",
            "cache_control": "",
            "content_md5": "33dbdd0177549353eeeb785d02c294af",
            "content_type": "image/png",
            "encryption_scope": "",
            "id": "https://geofoodtruck.blob.core.windows.net/app/logo192.png",
            "metadata": {},
            "name": "logo192.png",
            "parallelism": 8,
            "size": 0,
            "source": "../../build/logo192.png",
            "source_content": null,
            "source_uri": null,
            "storage_account_name": "geofoodtruck",
            "storage_container_name": "app",
            "timeouts": null,
            "type": "Block",
            "url": "https://geofoodtruck.blob.core.windows.net/app/logo192.png"
          },
          "sensitive_values": {
            "metadata": {}
          }
        },
        {
          "address": "azurerm_storage_blob.app_files[\"logo512.png\"]",
          "mode": "managed",
          "type": "azurerm_storage_blob",
          "name": "app_files",
          "index": "logo512.png",
          "provider_name": "registry.terraform.io/hashicorp/azurerm",
          "schema_version": 1,
          "values": {
            "access_tier": "Hot",
            "cache_control": "",
            "content_md5": "917515db74ea8d1aee6a246cfbcc0b45",
            "content_type": "image/png",
            "encryption_scope": "",
            "id": "https://geofoodtruck.blob.core.windows.net/app/logo512.png",
            "metadata": {},
            "name": "logo512.png",
            "parallelism": 8,
            "size": 0,
            "source": "../../build/logo512.png",
            "source_content": null,
            "source_uri": null,
            "storage_account_name": "geofoodtruck",
            "storage_container_name": "app",
            "timeouts": null,
            "type": "Block",
            "url": "https://geofoodtruck.blob.core.windows.net/app/logo512.png"
          },
          "sensitive_values": {
            "metadata": {}
          }
        },
        {
          "address": "azurerm_storage_blob.app_files[\"manifest.json\"]",
          "mode": "managed",
          "type": "azurerm_storage_blob",
          "name": "app_files",
          "index": "manifest.json",
          "provider_name": "registry.terraform.io/hashicorp/azurerm",
          "schema_version": 1,
          "values": {
            "access_tier": "Hot",
            "cache_control": "",
            "content_md5": "9153e3ba94d29288a5aef74db1fb2dd1",
            "content_type": "application/json",
            "encryption_scope": "",
            "id": "https://geofoodtruck.blob.core.windows.net/app/manifest.json",
            "metadata": {},
            "name": "manifest.json",
            "parallelism": 8,
            "size": 0,
            "source": "../../build/manifest.json",
            "source_content": null,
            "source_uri": null,
            "storage_account_name": "geofoodtruck",
            "storage_container_name": "app",
            "timeouts": null,
            "type": "Block",
            "url": "https://geofoodtruck.blob.core.windows.net/app/manifest.json"
          },
          "sensitive_values": {
            "metadata": {}
          }
        },
        {
          "address": "azurerm_storage_blob.app_files[\"robots.txt\"]",
          "mode": "managed",
          "type": "azurerm_storage_blob",
          "name": "app_files",
          "index": "robots.txt",
          "provider_name": "registry.terraform.io/hashicorp/azurerm",
          "schema_version": 1,
          "values": {
            "access_tier": "Hot",
            "cache_control": "",
            "content_md5": "fa1ded1ed7c11438a9b0385b1e112850",
            "content_type": "text/plain",
            "encryption_scope": "",
            "id": "https://geofoodtruck.blob.core.windows.net/app/robots.txt",
            "metadata": {},
            "name": "robots.txt",
            "parallelism": 8,
            "size": 0,
            "source": "../../build/robots.txt",
            "source_content": null,
            "source_uri": null,
            "storage_account_name": "geofoodtruck",
            "storage_container_name": "app",
            "timeouts": null,
            "type": "Block",
            "url": "https://geofoodtruck.blob.core.windows.net/app/robots.txt"
          },
          "sensitive_values": {
            "metadata": {}
          }
        },
        {
          "address": "azurerm_storage_blob.app_files[\"static/css/main.414097bf.css\"]",
          "mode": "managed",
          "type": "azurerm_storage_blob",
          "name": "app_files",
          "index": "static/css/main.414097bf.css",
          "provider_name": "registry.terraform.io/hashicorp/azurerm",
          "schema_version": 1,
          "values": {
            "access_tier": "Hot",
            "cache_control": "",
            "content_md5": "22eaf37d16c7b6c0b38e8c88bcf4eef0",
            "content_type": "text/css",
            "encryption_scope": "",
            "id": "https://geofoodtruck.blob.core.windows.net/app/static/css/main.414097bf.css",
            "metadata": {},
            "name": "static/css/main.414097bf.css",
            "parallelism": 8,
            "size": 0,
            "source": "../../build/static/css/main.414097bf.css",
            "source_content": null,
            "source_uri": null,
            "storage_account_name": "geofoodtruck",
            "storage_container_name": "app",
            "timeouts": null,
            "type": "Block",
            "url": "https://geofoodtruck.blob.core.windows.net/app/static/css/main.414097bf.css"
          },
          "sensitive_values": {
            "metadata": {}
          }
        },
        {
          "address": "azurerm_storage_blob.app_files[\"static/js/206.85c6594b.chunk.js\"]",
          "mode": "managed",
          "type": "azurerm_storage_blob",
          "name": "app_files",
          "index": "static/js/206.85c6594b.chunk.js",
          "provider_name": "registry.terraform.io/hashicorp/azurerm",
          "schema_version": 1,
          "values": {
            "access_tier": "Hot",
            "cache_control": "",
            "content_md5": "07ae34e78f0ecc509b588cbec8cf683f",
            "content_type": "application/javascript",
            "encryption_scope": "",
            "id": "https://geofoodtruck.blob.core.windows.net/app/static/js/206.85c6594b.chunk.js",
            "metadata": {},
            "name": "static/js/206.85c6594b.chunk.js",
            "parallelism": 8,
            "size": 0,
            "source": "../../build/static/js/206.85c6594b.chunk.js",
            "source_content": null,
            "source_uri": null,
            "storage_account_name": "geofoodtruck",
            "storage_container_name": "app",
            "timeouts": null,
            "type": "Block",
            "url": "https://geofoodtruck.blob.core.windows.net/app/static/js/206.85c6594b.chunk.js"
          },
          "sensitive_values": {
            "metadata": {}
          }
        },
        {
          "address": "azurerm_storage_blob.app_files[\"static/js/main.dc021fd1.js\"]",
          "mode": "managed",
          "type": "azurerm_storage_blob",
          "name": "app_files",
          "index": "static/js/main.dc021fd1.js",
          "provider_name": "registry.terraform.io/hashicorp/azurerm",
          "schema_version": 1,
          "values": {
            "access_tier": "Hot",
            "cache_control": "",
            "content_md5": "f4f12db4cff5bbe07c83adabc9209a0d",
            "content_type": "application/javascript",
            "encryption_scope": "",
            "id": "https://geofoodtruck.blob.core.windows.net/app/static/js/main.dc021fd1.js",
            "metadata": {},
            "name": "static/js/main.dc021fd1.js",
            "parallelism": 8,
            "size": 0,
            "source": "../../build/static/js/main.dc021fd1.js",
            "source_content": null,
            "source_uri": null,
            "storage_account_name": "geofoodtruck",
            "storage_container_name": "app",
            "timeouts": null,
            "type": "Block",
            "url": "https://geofoodtruck.blob.core.windows.net/app/static/js/main.dc021fd1.js"
          },
          "sensitive_values": {
            "metadata": {}
          }
        },
        {
          "address": "azurerm_storage_blob.app_files[\"static/js/main.dc021fd1.js.LICENSE.txt\"]",
          "mode": "managed",
          "type": "azurerm_storage_blob",
          "name": "app_files",
          "index": "static/js/main.dc021fd1.js.LICENSE.txt",
          "provider_name": "registry.terraform.io/hashicorp/azurerm",
          "schema_version": 1,
          "values": {
            "access_tier": "Hot",
            "cache_control": "",
            "content_md5": "724392fbfeeb6cde62aa6bad62361a60",
            "content_type": "text/plain",
            "encryption_scope": "",
            "id": "https://geofoodtruck.blob.core.windows.net/app/static/js/main.dc021fd1.js.LICENSE.txt",
            "metadata": {},
            "name": "static/js/main.dc021fd1.js.LICENSE.txt",
            "parallelism": 8,
            "size": 0,
            "source": "../../build/static/js/main.dc021fd1.js.LICENSE.txt",
            "source_content": null,
            "source_uri": null,
            "storage_account_name": "geofoodtruck",
            "storage_container_name": "app",
            "timeouts": null,
            "type": "Block",
            "url": "https://geofoodtruck.blob.core.windows.net/app/static/js/main.dc021fd1.js.LICENSE.txt"
          },
          "sensitive_values": {
            "metadata": {}
          }
        },
        {
          "address": "azurerm_storage_blob.app_files[\"truck-solid.png\"]",
          "mode": "managed",
          "type": "azurerm_storage_blob",
          "name": "app_files",
          "index": "truck-solid.png",
          "provider_name": "registry.terraform.io/hashicorp/azurerm",
          "schema_version": 1,
          "values": {
            "access_tier": "Hot",
            "cache_control": "",
            "content_md5": "73391b6b4a8a07adff0fbb8ffdbe519c",
            "content_type": "image/png",
            "encryption_scope": "",
            "id": "https://geofoodtruck.blob.core.windows.net/app/truck-solid.png",
            "metadata": {},
            "name": "truck-solid.png",
            "parallelism": 8,
            "size": 0,
            "source": "../../build/truck-solid.png",
            "source_content": null,
            "source_uri": null,
            "storage_account_name": "geofoodtruck",
            "storage_container_name": "app",
            "timeouts": null,
            "type": "Block",
            "url": "https://geofoodtruck.blob.core.windows.net/app/truck-solid.png"
          },
          "sensitive_values": {
            "metadata": {}
          }
        },
        {
          "address": "azurerm_storage_container.geofoodtruck_az_storage_container",
          "mode": "managed",
          "type": "azurerm_storage_container",
          "name": "geofoodtruck_az_storage_container",
          "provider_name": "registry.terraform.io/hashicorp/azurerm",
          "schema_version": 1,
          "values": {
            "container_access_type": "blob",
            "default_encryption_scope": "$account-encryption-key",
            "encryption_scope_override_enabled": true,
            "has_immutability_policy": false,
            "has_legal_hold": false,
            "id": "https://geofoodtruck.blob.core.windows.net/app",
            "metadata": {},
            "name": "app",
            "resource_manager_id": "/subscriptions/1e84fd89-4a3b-41e1-b83c-e85bfb7ea419/resourceGroups/geofoodtruck-rgp/providers/Microsoft.Storage/storageAccounts/geofoodtruck/blobServices/default/containers/app",
            "storage_account_name": "geofoodtruck",
            "timeouts": null
          },
          "sensitive_values": {
            "metadata": {}
          }
        },
        {
          "address": "azurerm_storage_encryption_scope.geofoodtruck_az_storage_encryption_scope",
          "mode": "managed",
          "type": "azurerm_storage_encryption_scope",
          "name": "geofoodtruck_az_storage_encryption_scope",
          "provider_name": "registry.terraform.io/hashicorp/azurerm",
          "schema_version": 0,
          "values": {
            "id": "/subscriptions/1e84fd89-4a3b-41e1-b83c-e85bfb7ea419/resourceGroups/geofoodtruck-rgp/providers/Microsoft.Storage/storageAccounts/geofoodtruck/encryptionScopes/geofoodtruckmanagedscope",
            "infrastructure_encryption_required": false,
            "key_vault_key_id": "https://geofoodtruck-key-vault.vault.azure.net/keys/geofoodtruckkey/881cf924be5c4479923224ac94958fc0",
            "name": "geofoodtruckmanagedscope",
            "source": "Microsoft.KeyVault",
            "storage_account_id": "/subscriptions/1e84fd89-4a3b-41e1-b83c-e85bfb7ea419/resourceGroups/geofoodtruck-rgp/providers/Microsoft.Storage/storageAccounts/geofoodtruck",
            "timeouts": null
          },
          "sensitive_values": {}
        }
      ]
    }
  },
  "resource_changes": [
    {
      "address": "azurerm_cdn_frontdoor_endpoint.geofoodtruck_az_cdn_frontdoor_endpoint",
      "mode": "managed",
      "type": "azurerm_cdn_frontdoor_endpoint",
      "name": "geofoodtruck_az_cdn_frontdoor_endpoint",
      "provider_name": "registry.terraform.io/hashicorp/azurerm",
      "change": {
        "actions": [
          "no-op"
        ],
        "before": {
          "cdn_frontdoor_profile_id": "/subscriptions/1e84fd89-4a3b-41e1-b83c-e85bfb7ea419/resourceGroups/geofoodtruck-rgp/providers/Microsoft.Cdn/profiles/geofoodtruck-frontdoor-profile-19aab",
          "enabled": true,
          "host_name": "geofoodtruck-19aab-ekbmfkcvguakddbe.z01.azurefd.net",
          "id": "/subscriptions/1e84fd89-4a3b-41e1-b83c-e85bfb7ea419/resourceGroups/geofoodtruck-rgp/providers/Microsoft.Cdn/profiles/geofoodtruck-frontdoor-profile-19aab/afdEndpoints/geofoodtruck-19aab",
          "name": "geofoodtruck-19aab",
          "tags": {},
          "timeouts": null
        },
        "after": {
          "cdn_frontdoor_profile_id": "/subscriptions/1e84fd89-4a3b-41e1-b83c-e85bfb7ea419/resourceGroups/geofoodtruck-rgp/providers/Microsoft.Cdn/profiles/geofoodtruck-frontdoor-profile-19aab",
          "enabled": true,
          "host_name": "geofoodtruck-19aab-ekbmfkcvguakddbe.z01.azurefd.net",
          "id": "/subscriptions/1e84fd89-4a3b-41e1-b83c-e85bfb7ea419/resourceGroups/geofoodtruck-rgp/providers/Microsoft.Cdn/profiles/geofoodtruck-frontdoor-profile-19aab/afdEndpoints/geofoodtruck-19aab",
          "name": "geofoodtruck-19aab",
          "tags": {},
          "timeouts": null
        },
        "after_unknown": {},
        "before_sensitive": {
          "tags": {}
        },
        "after_sensitive": {
          "tags": {}
        }
      }
    },
    {
      "address": "azurerm_cdn_frontdoor_firewall_policy.geofoodtruck_az_cdn_frontdoor_firewall_policy",
      "mode": "managed",
      "type": "azurerm_cdn_frontdoor_firewall_policy",
      "name": "geofoodtruck_az_cdn_frontdoor_firewall_policy",
      "provider_name": "registry.terraform.io/hashicorp/azurerm",
      "change": {
        "actions": [
          "no-op"
        ],
        "before": {
          "custom_block_response_body": "",
          "custom_block_response_status_code": 0,
          "custom_rule": [],
          "enabled": true,
          "frontend_endpoint_ids": [],
          "id": "/subscriptions/1e84fd89-4a3b-41e1-b83c-e85bfb7ea419/resourceGroups/geofoodtruck-rgp/providers/Microsoft.Network/frontDoorWebApplicationFirewallPolicies/geofoodtruckfirewallpolicy19aab",
          "managed_rule": [
            {
              "action": "Log",
              "exclusion": [],
              "override": [],
              "type": "Microsoft_DefaultRuleSet",
              "version": "2.1"
            },
            {
              "action": "Log",
              "exclusion": [],
              "override": [],
              "type": "Microsoft_BotManagerRuleSet",
              "version": "1.1"
            }
          ],
          "mode": "Detection",
          "name": "geofoodtruckfirewallpolicy19aab",
          "redirect_url": "",
          "request_body_check_enabled": true,
          "resource_group_name": "geofoodtruck-rgp",
          "sku_name": "Premium_AzureFrontDoor",
          "tags": {},
          "timeouts": null
        },
        "after": {
          "custom_block_response_body": "",
          "custom_block_response_status_code": 0,
          "custom_rule": [],
          "enabled": true,
          "frontend_endpoint_ids": [],
          "id": "/subscriptions/1e84fd89-4a3b-41e1-b83c-e85bfb7ea419/resourceGroups/geofoodtruck-rgp/providers/Microsoft.Network/frontDoorWebApplicationFirewallPolicies/geofoodtruckfirewallpolicy19aab",
          "managed_rule": [
            {
              "action": "Log",
              "exclusion": [],
              "override": [],
              "type": "Microsoft_DefaultRuleSet",
              "version": "2.1"
            },
            {
              "action": "Log",
              "exclusion": [],
              "override": [],
              "type": "Microsoft_BotManagerRuleSet",
              "version": "1.1"
            }
          ],
          "mode": "Detection",
          "name": "geofoodtruckfirewallpolicy19aab",
          "redirect_url": "",
          "request_body_check_enabled": true,
          "resource_group_name": "geofoodtruck-rgp",
          "sku_name": "Premium_AzureFrontDoor",
          "tags": {},
          "timeouts": null
        },
        "after_unknown": {},
        "before_sensitive": {
          "custom_rule": [],
          "frontend_endpoint_ids": [],
          "managed_rule": [
            {
              "exclusion": [],
              "override": []
            },
            {
              "exclusion": [],
              "override": []
            }
          ],
          "tags": {}
        },
        "after_sensitive": {
          "custom_rule": [],
          "frontend_endpoint_ids": [],
          "managed_rule": [
            {
              "exclusion": [],
              "override": []
            },
            {
              "exclusion": [],
              "override": []
            }
          ],
          "tags": {}
        }
      }
    },
    {
      "address": "azurerm_cdn_frontdoor_origin.geofoodtruck_az_cdn_frontdoor_app_store_origin",
      "mode": "managed",
      "type": "azurerm_cdn_frontdoor_origin",
      "name": "geofoodtruck_az_cdn_frontdoor_app_store_origin",
      "provider_name": "registry.terraform.io/hashicorp/azurerm",
      "change": {
        "actions": [
          "no-op"
        ],
        "before": {
          "cdn_frontdoor_origin_group_id": "/subscriptions/1e84fd89-4a3b-41e1-b83c-e85bfb7ea419/resourceGroups/geofoodtruck-rgp/providers/Microsoft.Cdn/profiles/geofoodtruck-frontdoor-profile-19aab/originGroups/geofoodtruck-origin-group-19aab",
          "certificate_name_check_enabled": true,
          "enabled": true,
          "health_probes_enabled": true,
          "host_name": "geofoodtruck.blob.core.windows.net",
          "http_port": 80,
          "https_port": 443,
          "id": "/subscriptions/1e84fd89-4a3b-41e1-b83c-e85bfb7ea419/resourceGroups/geofoodtruck-rgp/providers/Microsoft.Cdn/profiles/geofoodtruck-frontdoor-profile-19aab/originGroups/geofoodtruck-origin-group-19aab/origins/geofoodtruck-app-storage-origin-19aab",
          "name": "geofoodtruck-app-storage-origin-19aab",
          "origin_host_header": "geofoodtruck.blob.core.windows.net",
          "priority": 1,
          "private_link": [
            {
              "location": "eastus",
              "private_link_target_id": "/subscriptions/1e84fd89-4a3b-41e1-b83c-e85bfb7ea419/resourceGroups/geofoodtruck-rgp/providers/Microsoft.Storage/storageAccounts/geofoodtruck",
              "request_message": "Request access for Private Link Origin CDN Frontdoor",
              "target_type": "blob"
            }
          ],
          "timeouts": null,
          "weight": 500
        },
        "after": {
          "cdn_frontdoor_origin_group_id": "/subscriptions/1e84fd89-4a3b-41e1-b83c-e85bfb7ea419/resourceGroups/geofoodtruck-rgp/providers/Microsoft.Cdn/profiles/geofoodtruck-frontdoor-profile-19aab/originGroups/geofoodtruck-origin-group-19aab",
          "certificate_name_check_enabled": true,
          "enabled": true,
          "health_probes_enabled": true,
          "host_name": "geofoodtruck.blob.core.windows.net",
          "http_port": 80,
          "https_port": 443,
          "id": "/subscriptions/1e84fd89-4a3b-41e1-b83c-e85bfb7ea419/resourceGroups/geofoodtruck-rgp/providers/Microsoft.Cdn/profiles/geofoodtruck-frontdoor-profile-19aab/originGroups/geofoodtruck-origin-group-19aab/origins/geofoodtruck-app-storage-origin-19aab",
          "name": "geofoodtruck-app-storage-origin-19aab",
          "origin_host_header": "geofoodtruck.blob.core.windows.net",
          "priority": 1,
          "private_link": [
            {
              "location": "eastus",
              "private_link_target_id": "/subscriptions/1e84fd89-4a3b-41e1-b83c-e85bfb7ea419/resourceGroups/geofoodtruck-rgp/providers/Microsoft.Storage/storageAccounts/geofoodtruck",
              "request_message": "Request access for Private Link Origin CDN Frontdoor",
              "target_type": "blob"
            }
          ],
          "timeouts": null,
          "weight": 500
        },
        "after_unknown": {},
        "before_sensitive": {
          "private_link": [
            {}
          ]
        },
        "after_sensitive": {
          "private_link": [
            {}
          ]
        }
      }
    },
    {
      "address": "azurerm_cdn_frontdoor_origin.geofoodtruck_az_cdn_frontdoor_data_sforg_origin",
      "mode": "managed",
      "type": "azurerm_cdn_frontdoor_origin",
      "name": "geofoodtruck_az_cdn_frontdoor_data_sforg_origin",
      "provider_name": "registry.terraform.io/hashicorp/azurerm",
      "change": {
        "actions": [
          "no-op"
        ],
        "before": {
          "cdn_frontdoor_origin_group_id": "/subscriptions/1e84fd89-4a3b-41e1-b83c-e85bfb7ea419/resourceGroups/geofoodtruck-rgp/providers/Microsoft.Cdn/profiles/geofoodtruck-frontdoor-profile-19aab/originGroups/geofoodtruck-sforg-origin-group-19aab",
          "certificate_name_check_enabled": false,
          "enabled": true,
          "health_probes_enabled": true,
          "host_name": "data.sfgov.org",
          "http_port": 80,
          "https_port": 443,
          "id": "/subscriptions/1e84fd89-4a3b-41e1-b83c-e85bfb7ea419/resourceGroups/geofoodtruck-rgp/providers/Microsoft.Cdn/profiles/geofoodtruck-frontdoor-profile-19aab/originGroups/geofoodtruck-sforg-origin-group-19aab/origins/geofoodtruck-data-sforg-origin-19aab",
          "name": "geofoodtruck-data-sforg-origin-19aab",
          "origin_host_header": "data.sfgov.org",
          "priority": 1,
          "private_link": [],
          "timeouts": null,
          "weight": 500
        },
        "after": {
          "cdn_frontdoor_origin_group_id": "/subscriptions/1e84fd89-4a3b-41e1-b83c-e85bfb7ea419/resourceGroups/geofoodtruck-rgp/providers/Microsoft.Cdn/profiles/geofoodtruck-frontdoor-profile-19aab/originGroups/geofoodtruck-sforg-origin-group-19aab",
          "certificate_name_check_enabled": false,
          "enabled": true,
          "health_probes_enabled": true,
          "host_name": "data.sfgov.org",
          "http_port": 80,
          "https_port": 443,
          "id": "/subscriptions/1e84fd89-4a3b-41e1-b83c-e85bfb7ea419/resourceGroups/geofoodtruck-rgp/providers/Microsoft.Cdn/profiles/geofoodtruck-frontdoor-profile-19aab/originGroups/geofoodtruck-sforg-origin-group-19aab/origins/geofoodtruck-data-sforg-origin-19aab",
          "name": "geofoodtruck-data-sforg-origin-19aab",
          "origin_host_header": "data.sfgov.org",
          "priority": 1,
          "private_link": [],
          "timeouts": null,
          "weight": 500
        },
        "after_unknown": {},
        "before_sensitive": {
          "private_link": []
        },
        "after_sensitive": {
          "private_link": []
        }
      }
    },
    {
      "address": "azurerm_cdn_frontdoor_origin_group.geofoodtruck_az_cdn_frontdoor_origin_group",
      "mode": "managed",
      "type": "azurerm_cdn_frontdoor_origin_group",
      "name": "geofoodtruck_az_cdn_frontdoor_origin_group",
      "provider_name": "registry.terraform.io/hashicorp/azurerm",
      "change": {
        "actions": [
          "no-op"
        ],
        "before": {
          "cdn_frontdoor_profile_id": "/subscriptions/1e84fd89-4a3b-41e1-b83c-e85bfb7ea419/resourceGroups/geofoodtruck-rgp/providers/Microsoft.Cdn/profiles/geofoodtruck-frontdoor-profile-19aab",
          "health_probe": [
            {
              "interval_in_seconds": 100,
              "path": "/",
              "protocol": "Http",
              "request_type": "HEAD"
            }
          ],
          "id": "/subscriptions/1e84fd89-4a3b-41e1-b83c-e85bfb7ea419/resourceGroups/geofoodtruck-rgp/providers/Microsoft.Cdn/profiles/geofoodtruck-frontdoor-profile-19aab/originGroups/geofoodtruck-origin-group-19aab",
          "load_balancing": [
            {
              "additional_latency_in_milliseconds": 50,
              "sample_size": 4,
              "successful_samples_required": 3
            }
          ],
          "name": "geofoodtruck-origin-group-19aab",
          "restore_traffic_time_to_healed_or_new_endpoint_in_minutes": 10,
          "session_affinity_enabled": false,
          "timeouts": null
        },
        "after": {
          "cdn_frontdoor_profile_id": "/subscriptions/1e84fd89-4a3b-41e1-b83c-e85bfb7ea419/resourceGroups/geofoodtruck-rgp/providers/Microsoft.Cdn/profiles/geofoodtruck-frontdoor-profile-19aab",
          "health_probe": [
            {
              "interval_in_seconds": 100,
              "path": "/",
              "protocol": "Http",
              "request_type": "HEAD"
            }
          ],
          "id": "/subscriptions/1e84fd89-4a3b-41e1-b83c-e85bfb7ea419/resourceGroups/geofoodtruck-rgp/providers/Microsoft.Cdn/profiles/geofoodtruck-frontdoor-profile-19aab/originGroups/geofoodtruck-origin-group-19aab",
          "load_balancing": [
            {
              "additional_latency_in_milliseconds": 50,
              "sample_size": 4,
              "successful_samples_required": 3
            }
          ],
          "name": "geofoodtruck-origin-group-19aab",
          "restore_traffic_time_to_healed_or_new_endpoint_in_minutes": 10,
          "session_affinity_enabled": false,
          "timeouts": null
        },
        "after_unknown": {},
        "before_sensitive": {
          "health_probe": [
            {}
          ],
          "load_balancing": [
            {}
          ]
        },
        "after_sensitive": {
          "health_probe": [
            {}
          ],
          "load_balancing": [
            {}
          ]
        }
      }
    },
    {
      "address": "azurerm_cdn_frontdoor_origin_group.geofoodtruck_az_cdn_frontdoor_sforg_origin_group",
      "mode": "managed",
      "type": "azurerm_cdn_frontdoor_origin_group",
      "name": "geofoodtruck_az_cdn_frontdoor_sforg_origin_group",
      "provider_name": "registry.terraform.io/hashicorp/azurerm",
      "change": {
        "actions": [
          "no-op"
        ],
        "before": {
          "cdn_frontdoor_profile_id": "/subscriptions/1e84fd89-4a3b-41e1-b83c-e85bfb7ea419/resourceGroups/geofoodtruck-rgp/providers/Microsoft.Cdn/profiles/geofoodtruck-frontdoor-profile-19aab",
          "health_probe": [],
          "id": "/subscriptions/1e84fd89-4a3b-41e1-b83c-e85bfb7ea419/resourceGroups/geofoodtruck-rgp/providers/Microsoft.Cdn/profiles/geofoodtruck-frontdoor-profile-19aab/originGroups/geofoodtruck-sforg-origin-group-19aab",
          "load_balancing": [
            {
              "additional_latency_in_milliseconds": 50,
              "sample_size": 4,
              "successful_samples_required": 3
            }
          ],
          "name": "geofoodtruck-sforg-origin-group-19aab",
          "restore_traffic_time_to_healed_or_new_endpoint_in_minutes": 10,
          "session_affinity_enabled": false,
          "timeouts": null
        },
        "after": {
          "cdn_frontdoor_profile_id": "/subscriptions/1e84fd89-4a3b-41e1-b83c-e85bfb7ea419/resourceGroups/geofoodtruck-rgp/providers/Microsoft.Cdn/profiles/geofoodtruck-frontdoor-profile-19aab",
          "health_probe": [],
          "id": "/subscriptions/1e84fd89-4a3b-41e1-b83c-e85bfb7ea419/resourceGroups/geofoodtruck-rgp/providers/Microsoft.Cdn/profiles/geofoodtruck-frontdoor-profile-19aab/originGroups/geofoodtruck-sforg-origin-group-19aab",
          "load_balancing": [
            {
              "additional_latency_in_milliseconds": 50,
              "sample_size": 4,
              "successful_samples_required": 3
            }
          ],
          "name": "geofoodtruck-sforg-origin-group-19aab",
          "restore_traffic_time_to_healed_or_new_endpoint_in_minutes": 10,
          "session_affinity_enabled": false,
          "timeouts": null
        },
        "after_unknown": {},
        "before_sensitive": {
          "health_probe": [],
          "load_balancing": [
            {}
          ]
        },
        "after_sensitive": {
          "health_probe": [],
          "load_balancing": [
            {}
          ]
        }
      }
    },
    {
      "address": "azurerm_cdn_frontdoor_profile.geofoodtruck_az_cdn_frontdoor_profile",
      "mode": "managed",
      "type": "azurerm_cdn_frontdoor_profile",
      "name": "geofoodtruck_az_cdn_frontdoor_profile",
      "provider_name": "registry.terraform.io/hashicorp/azurerm",
      "change": {
        "actions": [
          "no-op"
        ],
        "before": {
          "id": "/subscriptions/1e84fd89-4a3b-41e1-b83c-e85bfb7ea419/resourceGroups/geofoodtruck-rgp/providers/Microsoft.Cdn/profiles/geofoodtruck-frontdoor-profile-19aab",
          "name": "geofoodtruck-frontdoor-profile-19aab",
          "resource_group_name": "geofoodtruck-rgp",
          "resource_guid": "0e698b73-c4a5-47ef-ab46-c382ef47f6e6",
          "response_timeout_seconds": 120,
          "sku_name": "Premium_AzureFrontDoor",
          "tags": {},
          "timeouts": null
        },
        "after": {
          "id": "/subscriptions/1e84fd89-4a3b-41e1-b83c-e85bfb7ea419/resourceGroups/geofoodtruck-rgp/providers/Microsoft.Cdn/profiles/geofoodtruck-frontdoor-profile-19aab",
          "name": "geofoodtruck-frontdoor-profile-19aab",
          "resource_group_name": "geofoodtruck-rgp",
          "resource_guid": "0e698b73-c4a5-47ef-ab46-c382ef47f6e6",
          "response_timeout_seconds": 120,
          "sku_name": "Premium_AzureFrontDoor",
          "tags": {},
          "timeouts": null
        },
        "after_unknown": {},
        "before_sensitive": {
          "tags": {}
        },
        "after_sensitive": {
          "tags": {}
        }
      }
    },
    {
      "address": "azurerm_cdn_frontdoor_route.geofoodtruck_az_cdn_frontdoor_app_store_route",
      "mode": "managed",
      "type": "azurerm_cdn_frontdoor_route",
      "name": "geofoodtruck_az_cdn_frontdoor_app_store_route",
      "provider_name": "registry.terraform.io/hashicorp/azurerm",
      "change": {
        "actions": [
          "no-op"
        ],
        "before": {
          "cache": [
            {
              "compression_enabled": true,
              "content_types_to_compress": [
                "text/html",
                "text/javascript",
                "application/javascript",
                "text/css",
                "application/json",
                "text/plain"
              ],
              "query_string_caching_behavior": "IgnoreQueryString",
              "query_strings": []
            }
          ],
          "cdn_frontdoor_custom_domain_ids": [],
          "cdn_frontdoor_endpoint_id": "/subscriptions/1e84fd89-4a3b-41e1-b83c-e85bfb7ea419/resourceGroups/geofoodtruck-rgp/providers/Microsoft.Cdn/profiles/geofoodtruck-frontdoor-profile-19aab/afdEndpoints/geofoodtruck-19aab",
          "cdn_frontdoor_origin_group_id": "/subscriptions/1e84fd89-4a3b-41e1-b83c-e85bfb7ea419/resourceGroups/geofoodtruck-rgp/providers/Microsoft.Cdn/profiles/geofoodtruck-frontdoor-profile-19aab/originGroups/geofoodtruck-origin-group-19aab",
          "cdn_frontdoor_origin_ids": [
            "/subscriptions/1e84fd89-4a3b-41e1-b83c-e85bfb7ea419/resourceGroups/geofoodtruck-rgp/providers/Microsoft.Cdn/profiles/geofoodtruck-frontdoor-profile-19aab/originGroups/geofoodtruck-origin-group-19aab/origins/geofoodtruck-app-storage-origin-19aab"
          ],
          "cdn_frontdoor_origin_path": "/app",
          "cdn_frontdoor_rule_set_ids": [],
          "enabled": true,
          "forwarding_protocol": "HttpsOnly",
          "https_redirect_enabled": true,
          "id": "/subscriptions/1e84fd89-4a3b-41e1-b83c-e85bfb7ea419/resourceGroups/geofoodtruck-rgp/providers/Microsoft.Cdn/profiles/geofoodtruck-frontdoor-profile-19aab/afdEndpoints/geofoodtruck-19aab/routes/geofoodtruck-app-storage-route-19aab",
          "link_to_default_domain": true,
          "name": "geofoodtruck-app-storage-route-19aab",
          "patterns_to_match": [
            "/*"
          ],
          "supported_protocols": [
            "Http",
            "Https"
          ],
          "timeouts": null
        },
        "after": {
          "cache": [
            {
              "compression_enabled": true,
              "content_types_to_compress": [
                "text/html",
                "text/javascript",
                "application/javascript",
                "text/css",
                "application/json",
                "text/plain"
              ],
              "query_string_caching_behavior": "IgnoreQueryString",
              "query_strings": []
            }
          ],
          "cdn_frontdoor_custom_domain_ids": [],
          "cdn_frontdoor_endpoint_id": "/subscriptions/1e84fd89-4a3b-41e1-b83c-e85bfb7ea419/resourceGroups/geofoodtruck-rgp/providers/Microsoft.Cdn/profiles/geofoodtruck-frontdoor-profile-19aab/afdEndpoints/geofoodtruck-19aab",
          "cdn_frontdoor_origin_group_id": "/subscriptions/1e84fd89-4a3b-41e1-b83c-e85bfb7ea419/resourceGroups/geofoodtruck-rgp/providers/Microsoft.Cdn/profiles/geofoodtruck-frontdoor-profile-19aab/originGroups/geofoodtruck-origin-group-19aab",
          "cdn_frontdoor_origin_ids": [
            "/subscriptions/1e84fd89-4a3b-41e1-b83c-e85bfb7ea419/resourceGroups/geofoodtruck-rgp/providers/Microsoft.Cdn/profiles/geofoodtruck-frontdoor-profile-19aab/originGroups/geofoodtruck-origin-group-19aab/origins/geofoodtruck-app-storage-origin-19aab"
          ],
          "cdn_frontdoor_origin_path": "/app",
          "cdn_frontdoor_rule_set_ids": [],
          "enabled": true,
          "forwarding_protocol": "HttpsOnly",
          "https_redirect_enabled": true,
          "id": "/subscriptions/1e84fd89-4a3b-41e1-b83c-e85bfb7ea419/resourceGroups/geofoodtruck-rgp/providers/Microsoft.Cdn/profiles/geofoodtruck-frontdoor-profile-19aab/afdEndpoints/geofoodtruck-19aab/routes/geofoodtruck-app-storage-route-19aab",
          "link_to_default_domain": true,
          "name": "geofoodtruck-app-storage-route-19aab",
          "patterns_to_match": [
            "/*"
          ],
          "supported_protocols": [
            "Http",
            "Https"
          ],
          "timeouts": null
        },
        "after_unknown": {},
        "before_sensitive": {
          "cache": [
            {
              "content_types_to_compress": [
                false,
                false,
                false,
                false,
                false,
                false
              ],
              "query_strings": []
            }
          ],
          "cdn_frontdoor_custom_domain_ids": [],
          "cdn_frontdoor_origin_ids": [
            false
          ],
          "cdn_frontdoor_rule_set_ids": [],
          "patterns_to_match": [
            false
          ],
          "supported_protocols": [
            false,
            false
          ]
        },
        "after_sensitive": {
          "cache": [
            {
              "content_types_to_compress": [
                false,
                false,
                false,
                false,
                false,
                false
              ],
              "query_strings": []
            }
          ],
          "cdn_frontdoor_custom_domain_ids": [],
          "cdn_frontdoor_origin_ids": [
            false
          ],
          "cdn_frontdoor_rule_set_ids": [],
          "patterns_to_match": [
            false
          ],
          "supported_protocols": [
            false,
            false
          ]
        }
      }
    },
    {
      "address": "azurerm_cdn_frontdoor_route.geofoodtruck_az_cdn_frontdoor_data_sforg_route",
      "mode": "managed",
      "type": "azurerm_cdn_frontdoor_route",
      "name": "geofoodtruck_az_cdn_frontdoor_data_sforg_route",
      "provider_name": "registry.terraform.io/hashicorp/azurerm",
      "change": {
        "actions": [
          "no-op"
        ],
        "before": {
          "cache": [],
          "cdn_frontdoor_custom_domain_ids": [],
          "cdn_frontdoor_endpoint_id": "/subscriptions/1e84fd89-4a3b-41e1-b83c-e85bfb7ea419/resourceGroups/geofoodtruck-rgp/providers/Microsoft.Cdn/profiles/geofoodtruck-frontdoor-profile-19aab/afdEndpoints/geofoodtruck-19aab",
          "cdn_frontdoor_origin_group_id": "/subscriptions/1e84fd89-4a3b-41e1-b83c-e85bfb7ea419/resourceGroups/geofoodtruck-rgp/providers/Microsoft.Cdn/profiles/geofoodtruck-frontdoor-profile-19aab/originGroups/geofoodtruck-sforg-origin-group-19aab",
          "cdn_frontdoor_origin_ids": [
            "/subscriptions/1e84fd89-4a3b-41e1-b83c-e85bfb7ea419/resourceGroups/geofoodtruck-rgp/providers/Microsoft.Cdn/profiles/geofoodtruck-frontdoor-profile-19aab/originGroups/geofoodtruck-sforg-origin-group-19aab/origins/geofoodtruck-data-sforg-origin-19aab"
          ],
          "cdn_frontdoor_origin_path": "",
          "cdn_frontdoor_rule_set_ids": [
            "/subscriptions/1e84fd89-4a3b-41e1-b83c-e85bfb7ea419/resourceGroups/geofoodtruck-rgp/providers/Microsoft.Cdn/profiles/geofoodtruck-frontdoor-profile-19aab/ruleSets/geofoodtruckdatasforgruleset19aab"
          ],
          "enabled": true,
          "forwarding_protocol": "HttpsOnly",
          "https_redirect_enabled": true,
          "id": "/subscriptions/1e84fd89-4a3b-41e1-b83c-e85bfb7ea419/resourceGroups/geofoodtruck-rgp/providers/Microsoft.Cdn/profiles/geofoodtruck-frontdoor-profile-19aab/afdEndpoints/geofoodtruck-19aab/routes/geofoodtruck-data-sforg-route-19aab",
          "link_to_default_domain": true,
          "name": "geofoodtruck-data-sforg-route-19aab",
          "patterns_to_match": [
            "/resource/rqzj-sfat.json"
          ],
          "supported_protocols": [
            "Http",
            "Https"
          ],
          "timeouts": null
        },
        "after": {
          "cache": [],
          "cdn_frontdoor_custom_domain_ids": [],
          "cdn_frontdoor_endpoint_id": "/subscriptions/1e84fd89-4a3b-41e1-b83c-e85bfb7ea419/resourceGroups/geofoodtruck-rgp/providers/Microsoft.Cdn/profiles/geofoodtruck-frontdoor-profile-19aab/afdEndpoints/geofoodtruck-19aab",
          "cdn_frontdoor_origin_group_id": "/subscriptions/1e84fd89-4a3b-41e1-b83c-e85bfb7ea419/resourceGroups/geofoodtruck-rgp/providers/Microsoft.Cdn/profiles/geofoodtruck-frontdoor-profile-19aab/originGroups/geofoodtruck-sforg-origin-group-19aab",
          "cdn_frontdoor_origin_ids": [
            "/subscriptions/1e84fd89-4a3b-41e1-b83c-e85bfb7ea419/resourceGroups/geofoodtruck-rgp/providers/Microsoft.Cdn/profiles/geofoodtruck-frontdoor-profile-19aab/originGroups/geofoodtruck-sforg-origin-group-19aab/origins/geofoodtruck-data-sforg-origin-19aab"
          ],
          "cdn_frontdoor_origin_path": "",
          "cdn_frontdoor_rule_set_ids": [
            "/subscriptions/1e84fd89-4a3b-41e1-b83c-e85bfb7ea419/resourceGroups/geofoodtruck-rgp/providers/Microsoft.Cdn/profiles/geofoodtruck-frontdoor-profile-19aab/ruleSets/geofoodtruckdatasforgruleset19aab"
          ],
          "enabled": true,
          "forwarding_protocol": "HttpsOnly",
          "https_redirect_enabled": true,
          "id": "/subscriptions/1e84fd89-4a3b-41e1-b83c-e85bfb7ea419/resourceGroups/geofoodtruck-rgp/providers/Microsoft.Cdn/profiles/geofoodtruck-frontdoor-profile-19aab/afdEndpoints/geofoodtruck-19aab/routes/geofoodtruck-data-sforg-route-19aab",
          "link_to_default_domain": true,
          "name": "geofoodtruck-data-sforg-route-19aab",
          "patterns_to_match": [
            "/resource/rqzj-sfat.json"
          ],
          "supported_protocols": [
            "Http",
            "Https"
          ],
          "timeouts": null
        },
        "after_unknown": {},
        "before_sensitive": {
          "cache": [],
          "cdn_frontdoor_custom_domain_ids": [],
          "cdn_frontdoor_origin_ids": [
            false
          ],
          "cdn_frontdoor_rule_set_ids": [
            false
          ],
          "patterns_to_match": [
            false
          ],
          "supported_protocols": [
            false,
            false
          ]
        },
        "after_sensitive": {
          "cache": [],
          "cdn_frontdoor_custom_domain_ids": [],
          "cdn_frontdoor_origin_ids": [
            false
          ],
          "cdn_frontdoor_rule_set_ids": [
            false
          ],
          "patterns_to_match": [
            false
          ],
          "supported_protocols": [
            false,
            false
          ]
        }
      }
    },
    {
      "address": "azurerm_cdn_frontdoor_rule.geofoodtruck_az_cdn_frontdoor_data_sforg_rule",
      "mode": "managed",
      "type": "azurerm_cdn_frontdoor_rule",
      "name": "geofoodtruck_az_cdn_frontdoor_data_sforg_rule",
      "provider_name": "registry.terraform.io/hashicorp/azurerm",
      "change": {
        "actions": [
          "no-op"
        ],
        "before": {
          "actions": [
            {
              "request_header_action": [
                {
                  "header_action": "Append",
                  "header_name": "X-App-Token",
                  "value": "GrXGgigVGyUzWjE0ppVRMRUgR"
                }
              ],
              "response_header_action": [],
              "route_configuration_override_action": [],
              "url_redirect_action": [],
              "url_rewrite_action": []
            }
          ],
          "behavior_on_match": "Continue",
          "cdn_frontdoor_rule_set_id": "/subscriptions/1e84fd89-4a3b-41e1-b83c-e85bfb7ea419/resourceGroups/geofoodtruck-rgp/providers/Microsoft.Cdn/profiles/geofoodtruck-frontdoor-profile-19aab/ruleSets/geofoodtruckdatasforgruleset19aab",
          "cdn_frontdoor_rule_set_name": "geofoodtruckdatasforgruleset19aab",
          "conditions": [
            {
              "client_port_condition": [],
              "cookies_condition": [],
              "host_name_condition": [],
              "http_version_condition": [],
              "is_device_condition": [],
              "post_args_condition": [],
              "query_string_condition": [],
              "remote_address_condition": [],
              "request_body_condition": [],
              "request_header_condition": [
                {
                  "header_name": "X-App-Token",
                  "match_values": [],
                  "negate_condition": true,
                  "operator": "Any",
                  "transforms": []
                }
              ],
              "request_method_condition": [],
              "request_scheme_condition": [],
              "request_uri_condition": [],
              "server_port_condition": [],
              "socket_address_condition": [],
              "ssl_protocol_condition": [],
              "url_file_extension_condition": [],
              "url_filename_condition": [],
              "url_path_condition": []
            }
          ],
          "id": "/subscriptions/1e84fd89-4a3b-41e1-b83c-e85bfb7ea419/resourceGroups/geofoodtruck-rgp/providers/Microsoft.Cdn/profiles/geofoodtruck-frontdoor-profile-19aab/ruleSets/geofoodtruckdatasforgruleset19aab/rules/geofoodtruckdatasforgrule19aab",
          "name": "geofoodtruckdatasforgrule19aab",
          "order": 1,
          "timeouts": null
        },
        "after": {
          "actions": [
            {
              "request_header_action": [
                {
                  "header_action": "Append",
                  "header_name": "X-App-Token",
                  "value": "GrXGgigVGyUzWjE0ppVRMRUgR"
                }
              ],
              "response_header_action": [],
              "route_configuration_override_action": [],
              "url_redirect_action": [],
              "url_rewrite_action": []
            }
          ],
          "behavior_on_match": "Continue",
          "cdn_frontdoor_rule_set_id": "/subscriptions/1e84fd89-4a3b-41e1-b83c-e85bfb7ea419/resourceGroups/geofoodtruck-rgp/providers/Microsoft.Cdn/profiles/geofoodtruck-frontdoor-profile-19aab/ruleSets/geofoodtruckdatasforgruleset19aab",
          "cdn_frontdoor_rule_set_name": "geofoodtruckdatasforgruleset19aab",
          "conditions": [
            {
              "client_port_condition": [],
              "cookies_condition": [],
              "host_name_condition": [],
              "http_version_condition": [],
              "is_device_condition": [],
              "post_args_condition": [],
              "query_string_condition": [],
              "remote_address_condition": [],
              "request_body_condition": [],
              "request_header_condition": [
                {
                  "header_name": "X-App-Token",
                  "match_values": [],
                  "negate_condition": true,
                  "operator": "Any",
                  "transforms": []
                }
              ],
              "request_method_condition": [],
              "request_scheme_condition": [],
              "request_uri_condition": [],
              "server_port_condition": [],
              "socket_address_condition": [],
              "ssl_protocol_condition": [],
              "url_file_extension_condition": [],
              "url_filename_condition": [],
              "url_path_condition": []
            }
          ],
          "id": "/subscriptions/1e84fd89-4a3b-41e1-b83c-e85bfb7ea419/resourceGroups/geofoodtruck-rgp/providers/Microsoft.Cdn/profiles/geofoodtruck-frontdoor-profile-19aab/ruleSets/geofoodtruckdatasforgruleset19aab/rules/geofoodtruckdatasforgrule19aab",
          "name": "geofoodtruckdatasforgrule19aab",
          "order": 1,
          "timeouts": null
        },
        "after_unknown": {},
        "before_sensitive": {
          "actions": [
            {
              "request_header_action": [
                {}
              ],
              "response_header_action": [],
              "route_configuration_override_action": [],
              "url_redirect_action": [],
              "url_rewrite_action": []
            }
          ],
          "conditions": [
            {
              "client_port_condition": [],
              "cookies_condition": [],
              "host_name_condition": [],
              "http_version_condition": [],
              "is_device_condition": [],
              "post_args_condition": [],
              "query_string_condition": [],
              "remote_address_condition": [],
              "request_body_condition": [],
              "request_header_condition": [
                {
                  "match_values": [],
                  "transforms": []
                }
              ],
              "request_method_condition": [],
              "request_scheme_condition": [],
              "request_uri_condition": [],
              "server_port_condition": [],
              "socket_address_condition": [],
              "ssl_protocol_condition": [],
              "url_file_extension_condition": [],
              "url_filename_condition": [],
              "url_path_condition": []
            }
          ]
        },
        "after_sensitive": {
          "actions": [
            {
              "request_header_action": [
                {}
              ],
              "response_header_action": [],
              "route_configuration_override_action": [],
              "url_redirect_action": [],
              "url_rewrite_action": []
            }
          ],
          "conditions": [
            {
              "client_port_condition": [],
              "cookies_condition": [],
              "host_name_condition": [],
              "http_version_condition": [],
              "is_device_condition": [],
              "post_args_condition": [],
              "query_string_condition": [],
              "remote_address_condition": [],
              "request_body_condition": [],
              "request_header_condition": [
                {
                  "match_values": [],
                  "transforms": []
                }
              ],
              "request_method_condition": [],
              "request_scheme_condition": [],
              "request_uri_condition": [],
              "server_port_condition": [],
              "socket_address_condition": [],
              "ssl_protocol_condition": [],
              "url_file_extension_condition": [],
              "url_filename_condition": [],
              "url_path_condition": []
            }
          ]
        }
      }
    },
    {
      "address": "azurerm_cdn_frontdoor_rule_set.geofoodtruck_az_cdn_frontdoor_data_sforg_rule_set",
      "mode": "managed",
      "type": "azurerm_cdn_frontdoor_rule_set",
      "name": "geofoodtruck_az_cdn_frontdoor_data_sforg_rule_set",
      "provider_name": "registry.terraform.io/hashicorp/azurerm",
      "change": {
        "actions": [
          "no-op"
        ],
        "before": {
          "cdn_frontdoor_profile_id": "/subscriptions/1e84fd89-4a3b-41e1-b83c-e85bfb7ea419/resourceGroups/geofoodtruck-rgp/providers/Microsoft.Cdn/profiles/geofoodtruck-frontdoor-profile-19aab",
          "id": "/subscriptions/1e84fd89-4a3b-41e1-b83c-e85bfb7ea419/resourceGroups/geofoodtruck-rgp/providers/Microsoft.Cdn/profiles/geofoodtruck-frontdoor-profile-19aab/ruleSets/geofoodtruckdatasforgruleset19aab",
          "name": "geofoodtruckdatasforgruleset19aab",
          "timeouts": null
        },
        "after": {
          "cdn_frontdoor_profile_id": "/subscriptions/1e84fd89-4a3b-41e1-b83c-e85bfb7ea419/resourceGroups/geofoodtruck-rgp/providers/Microsoft.Cdn/profiles/geofoodtruck-frontdoor-profile-19aab",
          "id": "/subscriptions/1e84fd89-4a3b-41e1-b83c-e85bfb7ea419/resourceGroups/geofoodtruck-rgp/providers/Microsoft.Cdn/profiles/geofoodtruck-frontdoor-profile-19aab/ruleSets/geofoodtruckdatasforgruleset19aab",
          "name": "geofoodtruckdatasforgruleset19aab",
          "timeouts": null
        },
        "after_unknown": {},
        "before_sensitive": {},
        "after_sensitive": {}
      }
    },
    {
      "address": "azurerm_cdn_frontdoor_security_policy.geofoodtruck_az_cdn_frontdoor_security_policy",
      "mode": "managed",
      "type": "azurerm_cdn_frontdoor_security_policy",
      "name": "geofoodtruck_az_cdn_frontdoor_security_policy",
      "provider_name": "registry.terraform.io/hashicorp/azurerm",
      "change": {
        "actions": [
          "no-op"
        ],
        "before": {
          "cdn_frontdoor_profile_id": "/subscriptions/1e84fd89-4a3b-41e1-b83c-e85bfb7ea419/resourceGroups/geofoodtruck-rgp/providers/Microsoft.Cdn/profiles/geofoodtruck-frontdoor-profile-19aab",
          "id": "/subscriptions/1e84fd89-4a3b-41e1-b83c-e85bfb7ea419/resourceGroups/geofoodtruck-rgp/providers/Microsoft.Cdn/profiles/geofoodtruck-frontdoor-profile-19aab/securityPolicies/geofoodtrucksecuritypolicy19aab",
          "name": "geofoodtrucksecuritypolicy19aab",
          "security_policies": [
            {
              "firewall": [
                {
                  "association": [
                    {
                      "domain": [
                        {
                          "active": true,
                          "cdn_frontdoor_domain_id": "/subscriptions/1e84fd89-4a3b-41e1-b83c-e85bfb7ea419/resourceGroups/geofoodtruck-rgp/providers/Microsoft.Cdn/profiles/geofoodtruck-frontdoor-profile-19aab/afdEndpoints/geofoodtruck-19aab"
                        }
                      ],
                      "patterns_to_match": [
                        "/*"
                      ]
                    }
                  ],
                  "cdn_frontdoor_firewall_policy_id": "/subscriptions/1e84fd89-4a3b-41e1-b83c-e85bfb7ea419/resourceGroups/geofoodtruck-rgp/providers/Microsoft.Network/frontDoorWebApplicationFirewallPolicies/geofoodtruckfirewallpolicy19aab"
                }
              ]
            }
          ],
          "timeouts": null
        },
        "after": {
          "cdn_frontdoor_profile_id": "/subscriptions/1e84fd89-4a3b-41e1-b83c-e85bfb7ea419/resourceGroups/geofoodtruck-rgp/providers/Microsoft.Cdn/profiles/geofoodtruck-frontdoor-profile-19aab",
          "id": "/subscriptions/1e84fd89-4a3b-41e1-b83c-e85bfb7ea419/resourceGroups/geofoodtruck-rgp/providers/Microsoft.Cdn/profiles/geofoodtruck-frontdoor-profile-19aab/securityPolicies/geofoodtrucksecuritypolicy19aab",
          "name": "geofoodtrucksecuritypolicy19aab",
          "security_policies": [
            {
              "firewall": [
                {
                  "association": [
                    {
                      "domain": [
                        {
                          "active": true,
                          "cdn_frontdoor_domain_id": "/subscriptions/1e84fd89-4a3b-41e1-b83c-e85bfb7ea419/resourceGroups/geofoodtruck-rgp/providers/Microsoft.Cdn/profiles/geofoodtruck-frontdoor-profile-19aab/afdEndpoints/geofoodtruck-19aab"
                        }
                      ],
                      "patterns_to_match": [
                        "/*"
                      ]
                    }
                  ],
                  "cdn_frontdoor_firewall_policy_id": "/subscriptions/1e84fd89-4a3b-41e1-b83c-e85bfb7ea419/resourceGroups/geofoodtruck-rgp/providers/Microsoft.Network/frontDoorWebApplicationFirewallPolicies/geofoodtruckfirewallpolicy19aab"
                }
              ]
            }
          ],
          "timeouts": null
        },
        "after_unknown": {},
        "before_sensitive": {
          "security_policies": [
            {
              "firewall": [
                {
                  "association": [
                    {
                      "domain": [
                        {}
                      ],
                      "patterns_to_match": [
                        false
                      ]
                    }
                  ]
                }
              ]
            }
          ]
        },
        "after_sensitive": {
          "security_policies": [
            {
              "firewall": [
                {
                  "association": [
                    {
                      "domain": [
                        {}
                      ],
                      "patterns_to_match": [
                        false
                      ]
                    }
                  ]
                }
              ]
            }
          ]
        }
      }
    },
    {
      "address": "azurerm_key_vault.geofoodtruck_az_key_vault",
      "mode": "managed",
      "type": "azurerm_key_vault",
      "name": "geofoodtruck_az_key_vault",
      "provider_name": "registry.terraform.io/hashicorp/azurerm",
      "change": {
        "actions": [
          "no-op"
        ],
        "before": {
          "access_policy": [
            {
              "application_id": "",
              "certificate_permissions": [],
              "key_permissions": [
                "Get",
                "Create",
                "Delete",
                "List",
                "Restore",
                "Recover",
                "UnwrapKey",
                "WrapKey",
                "Purge",
                "Encrypt",
                "Decrypt",
                "Sign",
                "Verify",
                "GetRotationPolicy",
                "SetRotationPolicy",
                "Update",
                "Backup",
                "Release",
                "Rotate",
                "Import"
              ],
              "object_id": "17379688-6705-41d1-a5d8-cf557358e029",
              "secret_permissions": [],
              "storage_permissions": [],
              "tenant_id": "ebe3b00b-03f5-4683-9385-9eae759d7ab1"
            },
            {
              "application_id": "",
              "certificate_permissions": [],
              "key_permissions": [
                "Get",
                "UnwrapKey",
                "WrapKey"
              ],
              "object_id": "adadff2d-df36-4aa1-bc71-a141be4af501",
              "secret_permissions": [],
              "storage_permissions": [],
              "tenant_id": "ebe3b00b-03f5-4683-9385-9eae759d7ab1"
            },
            {
              "application_id": "",
              "certificate_permissions": [
                "Get",
                "List",
                "Update",
                "Create",
                "Import",
                "Delete",
                "Recover",
                "Backup",
                "Restore",
                "ManageContacts",
                "ManageIssuers",
                "GetIssuers",
                "ListIssuers",
                "SetIssuers",
                "DeleteIssuers",
                "Purge"
              ],
              "key_permissions": [
                "Get",
                "List",
                "Update",
                "Create",
                "Import",
                "Delete",
                "Recover",
                "Backup",
                "Restore",
                "GetRotationPolicy",
                "SetRotationPolicy",
                "Rotate",
                "Encrypt",
                "Decrypt",
                "UnwrapKey",
                "WrapKey",
                "Verify",
                "Sign",
                "Purge",
                "Release"
              ],
              "object_id": "9168981e-e1db-475e-871f-854205bc6354",
              "secret_permissions": [
                "Get",
                "List",
                "Set",
                "Delete",
                "Recover",
                "Backup",
                "Restore",
                "Purge"
              ],
              "storage_permissions": [],
              "tenant_id": "ebe3b00b-03f5-4683-9385-9eae759d7ab1"
            }
          ],
          "contact": [],
          "enable_rbac_authorization": false,
          "enabled_for_deployment": false,
          "enabled_for_disk_encryption": false,
          "enabled_for_template_deployment": false,
          "id": "/subscriptions/1e84fd89-4a3b-41e1-b83c-e85bfb7ea419/resourceGroups/geofoodtruck-rgp/providers/Microsoft.KeyVault/vaults/geofoodtruck-key-vault",
          "location": "eastus",
          "name": "geofoodtruck-key-vault",
          "network_acls": [
            {
              "bypass": "AzureServices",
              "default_action": "Allow",
              "ip_rules": [],
              "virtual_network_subnet_ids": []
            }
          ],
          "public_network_access_enabled": true,
          "purge_protection_enabled": true,
          "resource_group_name": "geofoodtruck-rgp",
          "sku_name": "standard",
          "soft_delete_retention_days": 90,
          "tags": {},
          "tenant_id": "ebe3b00b-03f5-4683-9385-9eae759d7ab1",
          "timeouts": null,
          "vault_uri": "https://geofoodtruck-key-vault.vault.azure.net/"
        },
        "after": {
          "access_policy": [
            {
              "application_id": "",
              "certificate_permissions": [],
              "key_permissions": [
                "Get",
                "Create",
                "Delete",
                "List",
                "Restore",
                "Recover",
                "UnwrapKey",
                "WrapKey",
                "Purge",
                "Encrypt",
                "Decrypt",
                "Sign",
                "Verify",
                "GetRotationPolicy",
                "SetRotationPolicy",
                "Update",
                "Backup",
                "Release",
                "Rotate",
                "Import"
              ],
              "object_id": "17379688-6705-41d1-a5d8-cf557358e029",
              "secret_permissions": [],
              "storage_permissions": [],
              "tenant_id": "ebe3b00b-03f5-4683-9385-9eae759d7ab1"
            },
            {
              "application_id": "",
              "certificate_permissions": [],
              "key_permissions": [
                "Get",
                "UnwrapKey",
                "WrapKey"
              ],
              "object_id": "adadff2d-df36-4aa1-bc71-a141be4af501",
              "secret_permissions": [],
              "storage_permissions": [],
              "tenant_id": "ebe3b00b-03f5-4683-9385-9eae759d7ab1"
            },
            {
              "application_id": "",
              "certificate_permissions": [
                "Get",
                "List",
                "Update",
                "Create",
                "Import",
                "Delete",
                "Recover",
                "Backup",
                "Restore",
                "ManageContacts",
                "ManageIssuers",
                "GetIssuers",
                "ListIssuers",
                "SetIssuers",
                "DeleteIssuers",
                "Purge"
              ],
              "key_permissions": [
                "Get",
                "List",
                "Update",
                "Create",
                "Import",
                "Delete",
                "Recover",
                "Backup",
                "Restore",
                "GetRotationPolicy",
                "SetRotationPolicy",
                "Rotate",
                "Encrypt",
                "Decrypt",
                "UnwrapKey",
                "WrapKey",
                "Verify",
                "Sign",
                "Purge",
                "Release"
              ],
              "object_id": "9168981e-e1db-475e-871f-854205bc6354",
              "secret_permissions": [
                "Get",
                "List",
                "Set",
                "Delete",
                "Recover",
                "Backup",
                "Restore",
                "Purge"
              ],
              "storage_permissions": [],
              "tenant_id": "ebe3b00b-03f5-4683-9385-9eae759d7ab1"
            }
          ],
          "contact": [],
          "enable_rbac_authorization": false,
          "enabled_for_deployment": false,
          "enabled_for_disk_encryption": false,
          "enabled_for_template_deployment": false,
          "id": "/subscriptions/1e84fd89-4a3b-41e1-b83c-e85bfb7ea419/resourceGroups/geofoodtruck-rgp/providers/Microsoft.KeyVault/vaults/geofoodtruck-key-vault",
          "location": "eastus",
          "name": "geofoodtruck-key-vault",
          "network_acls": [
            {
              "bypass": "AzureServices",
              "default_action": "Allow",
              "ip_rules": [],
              "virtual_network_subnet_ids": []
            }
          ],
          "public_network_access_enabled": true,
          "purge_protection_enabled": true,
          "resource_group_name": "geofoodtruck-rgp",
          "sku_name": "standard",
          "soft_delete_retention_days": 90,
          "tags": {},
          "tenant_id": "ebe3b00b-03f5-4683-9385-9eae759d7ab1",
          "timeouts": null,
          "vault_uri": "https://geofoodtruck-key-vault.vault.azure.net/"
        },
        "after_unknown": {},
        "before_sensitive": {
          "access_policy": [
            {
              "certificate_permissions": [],
              "key_permissions": [
                false,
                false,
                false,
                false,
                false,
                false,
                false,
                false,
                false,
                false,
                false,
                false,
                false,
                false,
                false,
                false,
                false,
                false,
                false,
                false
              ],
              "secret_permissions": [],
              "storage_permissions": []
            },
            {
              "certificate_permissions": [],
              "key_permissions": [
                false,
                false,
                false
              ],
              "secret_permissions": [],
              "storage_permissions": []
            },
            {
              "certificate_permissions": [
                false,
                false,
                false,
                false,
                false,
                false,
                false,
                false,
                false,
                false,
                false,
                false,
                false,
                false,
                false,
                false
              ],
              "key_permissions": [
                false,
                false,
                false,
                false,
                false,
                false,
                false,
                false,
                false,
                false,
                false,
                false,
                false,
                false,
                false,
                false,
                false,
                false,
                false,
                false
              ],
              "secret_permissions": [
                false,
                false,
                false,
                false,
                false,
                false,
                false,
                false
              ],
              "storage_permissions": []
            }
          ],
          "contact": [],
          "network_acls": [
            {
              "ip_rules": [],
              "virtual_network_subnet_ids": []
            }
          ],
          "tags": {}
        },
        "after_sensitive": {
          "access_policy": [
            {
              "certificate_permissions": [],
              "key_permissions": [
                false,
                false,
                false,
                false,
                false,
                false,
                false,
                false,
                false,
                false,
                false,
                false,
                false,
                false,
                false,
                false,
                false,
                false,
                false,
                false
              ],
              "secret_permissions": [],
              "storage_permissions": []
            },
            {
              "certificate_permissions": [],
              "key_permissions": [
                false,
                false,
                false
              ],
              "secret_permissions": [],
              "storage_permissions": []
            },
            {
              "certificate_permissions": [
                false,
                false,
                false,
                false,
                false,
                false,
                false,
                false,
                false,
                false,
                false,
                false,
                false,
                false,
                false,
                false
              ],
              "key_permissions": [
                false,
                false,
                false,
                false,
                false,
                false,
                false,
                false,
                false,
                false,
                false,
                false,
                false,
                false,
                false,
                false,
                false,
                false,
                false,
                false
              ],
              "secret_permissions": [
                false,
                false,
                false,
                false,
                false,
                false,
                false,
                false
              ],
              "storage_permissions": []
            }
          ],
          "contact": [],
          "network_acls": [
            {
              "ip_rules": [],
              "virtual_network_subnet_ids": []
            }
          ],
          "tags": {}
        }
      }
    },
    {
      "address": "azurerm_key_vault_access_policy.geofoodtruck_az_key_vault_access_policy_identity",
      "mode": "managed",
      "type": "azurerm_key_vault_access_policy",
      "name": "geofoodtruck_az_key_vault_access_policy_identity",
      "provider_name": "registry.terraform.io/hashicorp/azurerm",
      "change": {
        "actions": [
          "no-op"
        ],
        "before": {
          "application_id": "",
          "certificate_permissions": [],
          "id": "/subscriptions/1e84fd89-4a3b-41e1-b83c-e85bfb7ea419/resourceGroups/geofoodtruck-rgp/providers/Microsoft.KeyVault/vaults/geofoodtruck-key-vault/objectId/17379688-6705-41d1-a5d8-cf557358e029",
          "key_permissions": [
            "Get",
            "Create",
            "Delete",
            "List",
            "Restore",
            "Recover",
            "UnwrapKey",
            "WrapKey",
            "Purge",
            "Encrypt",
            "Decrypt",
            "Sign",
            "Verify",
            "GetRotationPolicy",
            "SetRotationPolicy",
            "Update",
            "Backup",
            "Release",
            "Rotate",
            "Import"
          ],
          "key_vault_id": "/subscriptions/1e84fd89-4a3b-41e1-b83c-e85bfb7ea419/resourceGroups/geofoodtruck-rgp/providers/Microsoft.KeyVault/vaults/geofoodtruck-key-vault",
          "object_id": "17379688-6705-41d1-a5d8-cf557358e029",
          "secret_permissions": [],
          "storage_permissions": [],
          "tenant_id": "ebe3b00b-03f5-4683-9385-9eae759d7ab1",
          "timeouts": null
        },
        "after": {
          "application_id": "",
          "certificate_permissions": [],
          "id": "/subscriptions/1e84fd89-4a3b-41e1-b83c-e85bfb7ea419/resourceGroups/geofoodtruck-rgp/providers/Microsoft.KeyVault/vaults/geofoodtruck-key-vault/objectId/17379688-6705-41d1-a5d8-cf557358e029",
          "key_permissions": [
            "Get",
            "Create",
            "Delete",
            "List",
            "Restore",
            "Recover",
            "UnwrapKey",
            "WrapKey",
            "Purge",
            "Encrypt",
            "Decrypt",
            "Sign",
            "Verify",
            "GetRotationPolicy",
            "SetRotationPolicy",
            "Update",
            "Backup",
            "Release",
            "Rotate",
            "Import"
          ],
          "key_vault_id": "/subscriptions/1e84fd89-4a3b-41e1-b83c-e85bfb7ea419/resourceGroups/geofoodtruck-rgp/providers/Microsoft.KeyVault/vaults/geofoodtruck-key-vault",
          "object_id": "17379688-6705-41d1-a5d8-cf557358e029",
          "secret_permissions": [],
          "storage_permissions": [],
          "tenant_id": "ebe3b00b-03f5-4683-9385-9eae759d7ab1",
          "timeouts": null
        },
        "after_unknown": {},
        "before_sensitive": {
          "certificate_permissions": [],
          "key_permissions": [
            false,
            false,
            false,
            false,
            false,
            false,
            false,
            false,
            false,
            false,
            false,
            false,
            false,
            false,
            false,
            false,
            false,
            false,
            false,
            false
          ],
          "secret_permissions": [],
          "storage_permissions": []
        },
        "after_sensitive": {
          "certificate_permissions": [],
          "key_permissions": [
            false,
            false,
            false,
            false,
            false,
            false,
            false,
            false,
            false,
            false,
            false,
            false,
            false,
            false,
            false,
            false,
            false,
            false,
            false,
            false
          ],
          "secret_permissions": [],
          "storage_permissions": []
        }
      }
    },
    {
      "address": "azurerm_key_vault_access_policy.geofoodtruck_az_key_vault_access_policy_storage",
      "mode": "managed",
      "type": "azurerm_key_vault_access_policy",
      "name": "geofoodtruck_az_key_vault_access_policy_storage",
      "provider_name": "registry.terraform.io/hashicorp/azurerm",
      "change": {
        "actions": [
          "no-op"
        ],
        "before": {
          "application_id": "",
          "certificate_permissions": [],
          "id": "/subscriptions/1e84fd89-4a3b-41e1-b83c-e85bfb7ea419/resourceGroups/geofoodtruck-rgp/providers/Microsoft.KeyVault/vaults/geofoodtruck-key-vault/objectId/adadff2d-df36-4aa1-bc71-a141be4af501",
          "key_permissions": [
            "Get",
            "UnwrapKey",
            "WrapKey"
          ],
          "key_vault_id": "/subscriptions/1e84fd89-4a3b-41e1-b83c-e85bfb7ea419/resourceGroups/geofoodtruck-rgp/providers/Microsoft.KeyVault/vaults/geofoodtruck-key-vault",
          "object_id": "adadff2d-df36-4aa1-bc71-a141be4af501",
          "secret_permissions": [],
          "storage_permissions": [],
          "tenant_id": "ebe3b00b-03f5-4683-9385-9eae759d7ab1",
          "timeouts": null
        },
        "after": {
          "application_id": "",
          "certificate_permissions": [],
          "id": "/subscriptions/1e84fd89-4a3b-41e1-b83c-e85bfb7ea419/resourceGroups/geofoodtruck-rgp/providers/Microsoft.KeyVault/vaults/geofoodtruck-key-vault/objectId/adadff2d-df36-4aa1-bc71-a141be4af501",
          "key_permissions": [
            "Get",
            "UnwrapKey",
            "WrapKey"
          ],
          "key_vault_id": "/subscriptions/1e84fd89-4a3b-41e1-b83c-e85bfb7ea419/resourceGroups/geofoodtruck-rgp/providers/Microsoft.KeyVault/vaults/geofoodtruck-key-vault",
          "object_id": "adadff2d-df36-4aa1-bc71-a141be4af501",
          "secret_permissions": [],
          "storage_permissions": [],
          "tenant_id": "ebe3b00b-03f5-4683-9385-9eae759d7ab1",
          "timeouts": null
        },
        "after_unknown": {},
        "before_sensitive": {
          "certificate_permissions": [],
          "key_permissions": [
            false,
            false,
            false
          ],
          "secret_permissions": [],
          "storage_permissions": []
        },
        "after_sensitive": {
          "certificate_permissions": [],
          "key_permissions": [
            false,
            false,
            false
          ],
          "secret_permissions": [],
          "storage_permissions": []
        }
      }
    },
    {
      "address": "azurerm_key_vault_key.geofoodtruck_az_key_vault_key",
      "mode": "managed",
      "type": "azurerm_key_vault_key",
      "name": "geofoodtruck_az_key_vault_key",
      "provider_name": "registry.terraform.io/hashicorp/azurerm",
      "change": {
        "actions": [
          "no-op"
        ],
        "before": {
          "curve": "",
          "e": "AQAB",
          "expiration_date": null,
          "id": "https://geofoodtruck-key-vault.vault.azure.net/keys/geofoodtruckkey/881cf924be5c4479923224ac94958fc0",
          "key_opts": [
            "decrypt",
            "encrypt",
            "sign",
            "unwrapKey",
            "verify",
            "wrapKey"
          ],
          "key_size": 2048,
          "key_type": "RSA",
          "key_vault_id": "/subscriptions/1e84fd89-4a3b-41e1-b83c-e85bfb7ea419/resourceGroups/geofoodtruck-rgp/providers/Microsoft.KeyVault/vaults/geofoodtruck-key-vault",
          "n": "yUAnMzu0-kHj-B80BClHtzB5eeUqMJwIlpBisxl3JfRMoP6Ym0PpYuH2eyg_H-tI02NTpDxyDr3nbe4yi6IvshOkR17TTcNUjjikRh_WHb5XEo5bNHrKJZWSbwF4sVqQ6rH834ngziiJj2vbzx8uA7Nu-zhasp00n-jyiG3tRINmdZGrskZvbmOo007YLewoGOe3_ntcW30JA_B8fckYAbTpofi4_lchki5U92yeEAPFq9jQIGXT6NIy2NqMh7gd3G3BPPRFjz79TSF5xOHAzuElg1pLSoy8lHZgkJ7kgLz43siwqONyEuc9h0pLYdTFkLyn769AEvR4BusoFDCgHQ",
          "name": "geofoodtruckkey",
          "not_before_date": null,
          "public_key_openssh": "ssh-rsa AAAAB3NzaC1yc2EAAAADAQABAAABAQDJQCczO7T6QeP4HzQEKUe3MHl55SownAiWkGKzGXcl9Eyg/pibQ+li4fZ7KD8f60jTY1OkPHIOvedt7jKLoi+yE6RHXtNNw1SOOKRGH9YdvlcSjls0esollZJvAXixWpDqsfzfieDOKImPa9vPHy4Ds277OFqynTSf6PKIbe1Eg2Z1kauyRm9uY6jTTtgt7CgY57f+e1xbfQkD8Hx9yRgBtOmh+Lj+VyGSLlT3bJ4QA8Wr2NAgZdPo0jLY2oyHuB3cbcE89EWPPv1NIXnE4cDO4SWDWktKjLyUdmCQnuSAvPjeyLCo43IS5z2HSkth1MWQvKfvr0AS9HgG6ygUMKAd\n",
          "public_key_pem": "-----BEGIN PUBLIC KEY-----\nMIIBIjANBgkqhkiG9w0BAQEFAAOCAQ8AMIIBCgKCAQEAyUAnMzu0+kHj+B80BClH\ntzB5eeUqMJwIlpBisxl3JfRMoP6Ym0PpYuH2eyg/H+tI02NTpDxyDr3nbe4yi6Iv\nshOkR17TTcNUjjikRh/WHb5XEo5bNHrKJZWSbwF4sVqQ6rH834ngziiJj2vbzx8u\nA7Nu+zhasp00n+jyiG3tRINmdZGrskZvbmOo007YLewoGOe3/ntcW30JA/B8fckY\nAbTpofi4/lchki5U92yeEAPFq9jQIGXT6NIy2NqMh7gd3G3BPPRFjz79TSF5xOHA\nzuElg1pLSoy8lHZgkJ7kgLz43siwqONyEuc9h0pLYdTFkLyn769AEvR4BusoFDCg\nHQIDAQAB\n-----END PUBLIC KEY-----\n",
          "resource_id": "/subscriptions/1e84fd89-4a3b-41e1-b83c-e85bfb7ea419/resourceGroups/geofoodtruck-rgp/providers/Microsoft.KeyVault/vaults/geofoodtruck-key-vault/keys/geofoodtruckkey/versions/881cf924be5c4479923224ac94958fc0",
          "resource_versionless_id": "/subscriptions/1e84fd89-4a3b-41e1-b83c-e85bfb7ea419/resourceGroups/geofoodtruck-rgp/providers/Microsoft.KeyVault/vaults/geofoodtruck-key-vault/keys/geofoodtruckkey",
          "rotation_policy": [
            {
              "automatic": [
                {
                  "time_after_creation": "",
                  "time_before_expiry": "P30D"
                }
              ],
              "expire_after": "P90D",
              "notify_before_expiry": "P29D"
            }
          ],
          "tags": {},
          "timeouts": null,
          "version": "881cf924be5c4479923224ac94958fc0",
          "versionless_id": "https://geofoodtruck-key-vault.vault.azure.net/keys/geofoodtruckkey",
          "x": "",
          "y": ""
        },
        "after": {
          "curve": "",
          "e": "AQAB",
          "expiration_date": null,
          "id": "https://geofoodtruck-key-vault.vault.azure.net/keys/geofoodtruckkey/881cf924be5c4479923224ac94958fc0",
          "key_opts": [
            "decrypt",
            "encrypt",
            "sign",
            "unwrapKey",
            "verify",
            "wrapKey"
          ],
          "key_size": 2048,
          "key_type": "RSA",
          "key_vault_id": "/subscriptions/1e84fd89-4a3b-41e1-b83c-e85bfb7ea419/resourceGroups/geofoodtruck-rgp/providers/Microsoft.KeyVault/vaults/geofoodtruck-key-vault",
          "n": "yUAnMzu0-kHj-B80BClHtzB5eeUqMJwIlpBisxl3JfRMoP6Ym0PpYuH2eyg_H-tI02NTpDxyDr3nbe4yi6IvshOkR17TTcNUjjikRh_WHb5XEo5bNHrKJZWSbwF4sVqQ6rH834ngziiJj2vbzx8uA7Nu-zhasp00n-jyiG3tRINmdZGrskZvbmOo007YLewoGOe3_ntcW30JA_B8fckYAbTpofi4_lchki5U92yeEAPFq9jQIGXT6NIy2NqMh7gd3G3BPPRFjz79TSF5xOHAzuElg1pLSoy8lHZgkJ7kgLz43siwqONyEuc9h0pLYdTFkLyn769AEvR4BusoFDCgHQ",
          "name": "geofoodtruckkey",
          "not_before_date": null,
          "public_key_openssh": "ssh-rsa AAAAB3NzaC1yc2EAAAADAQABAAABAQDJQCczO7T6QeP4HzQEKUe3MHl55SownAiWkGKzGXcl9Eyg/pibQ+li4fZ7KD8f60jTY1OkPHIOvedt7jKLoi+yE6RHXtNNw1SOOKRGH9YdvlcSjls0esollZJvAXixWpDqsfzfieDOKImPa9vPHy4Ds277OFqynTSf6PKIbe1Eg2Z1kauyRm9uY6jTTtgt7CgY57f+e1xbfQkD8Hx9yRgBtOmh+Lj+VyGSLlT3bJ4QA8Wr2NAgZdPo0jLY2oyHuB3cbcE89EWPPv1NIXnE4cDO4SWDWktKjLyUdmCQnuSAvPjeyLCo43IS5z2HSkth1MWQvKfvr0AS9HgG6ygUMKAd\n",
          "public_key_pem": "-----BEGIN PUBLIC KEY-----\nMIIBIjANBgkqhkiG9w0BAQEFAAOCAQ8AMIIBCgKCAQEAyUAnMzu0+kHj+B80BClH\ntzB5eeUqMJwIlpBisxl3JfRMoP6Ym0PpYuH2eyg/H+tI02NTpDxyDr3nbe4yi6Iv\nshOkR17TTcNUjjikRh/WHb5XEo5bNHrKJZWSbwF4sVqQ6rH834ngziiJj2vbzx8u\nA7Nu+zhasp00n+jyiG3tRINmdZGrskZvbmOo007YLewoGOe3/ntcW30JA/B8fckY\nAbTpofi4/lchki5U92yeEAPFq9jQIGXT6NIy2NqMh7gd3G3BPPRFjz79TSF5xOHA\nzuElg1pLSoy8lHZgkJ7kgLz43siwqONyEuc9h0pLYdTFkLyn769AEvR4BusoFDCg\nHQIDAQAB\n-----END PUBLIC KEY-----\n",
          "resource_id": "/subscriptions/1e84fd89-4a3b-41e1-b83c-e85bfb7ea419/resourceGroups/geofoodtruck-rgp/providers/Microsoft.KeyVault/vaults/geofoodtruck-key-vault/keys/geofoodtruckkey/versions/881cf924be5c4479923224ac94958fc0",
          "resource_versionless_id": "/subscriptions/1e84fd89-4a3b-41e1-b83c-e85bfb7ea419/resourceGroups/geofoodtruck-rgp/providers/Microsoft.KeyVault/vaults/geofoodtruck-key-vault/keys/geofoodtruckkey",
          "rotation_policy": [
            {
              "automatic": [
                {
                  "time_after_creation": "",
                  "time_before_expiry": "P30D"
                }
              ],
              "expire_after": "P90D",
              "notify_before_expiry": "P29D"
            }
          ],
          "tags": {},
          "timeouts": null,
          "version": "881cf924be5c4479923224ac94958fc0",
          "versionless_id": "https://geofoodtruck-key-vault.vault.azure.net/keys/geofoodtruckkey",
          "x": "",
          "y": ""
        },
        "after_unknown": {},
        "before_sensitive": {
          "key_opts": [
            false,
            false,
            false,
            false,
            false,
            false
          ],
          "rotation_policy": [
            {
              "automatic": [
                {}
              ]
            }
          ],
          "tags": {}
        },
        "after_sensitive": {
          "key_opts": [
            false,
            false,
            false,
            false,
            false,
            false
          ],
          "rotation_policy": [
            {
              "automatic": [
                {}
              ]
            }
          ],
          "tags": {}
        }
      }
    },
    {
      "address": "azurerm_role_assignment.geofoodtruck_az_role_assignment_managed_id",
      "mode": "managed",
      "type": "azurerm_role_assignment",
      "name": "geofoodtruck_az_role_assignment_managed_id",
      "provider_name": "registry.terraform.io/hashicorp/azurerm",
      "change": {
        "actions": [
          "no-op"
        ],
        "before": {
          "condition": "",
          "condition_version": "",
          "delegated_managed_identity_resource_id": "",
          "description": "",
          "id": "/subscriptions/1e84fd89-4a3b-41e1-b83c-e85bfb7ea419/resourceGroups/geofoodtruck-rgp/providers/Microsoft.Storage/storageAccounts/geofoodtruck/providers/Microsoft.Authorization/roleAssignments/53c99d50-93f1-cd0a-941d-93a57dd3a9b8",
          "name": "53c99d50-93f1-cd0a-941d-93a57dd3a9b8",
          "principal_id": "17379688-6705-41d1-a5d8-cf557358e029",
          "principal_type": "ServicePrincipal",
          "role_definition_id": "/subscriptions/1e84fd89-4a3b-41e1-b83c-e85bfb7ea419/providers/Microsoft.Authorization/roleDefinitions/ba92f5b4-2d11-453d-a403-e96b0029c9fe",
          "role_definition_name": "Storage Blob Data Contributor",
          "scope": "/subscriptions/1e84fd89-4a3b-41e1-b83c-e85bfb7ea419/resourceGroups/geofoodtruck-rgp/providers/Microsoft.Storage/storageAccounts/geofoodtruck",
          "skip_service_principal_aad_check": null,
          "timeouts": null
        },
        "after": {
          "condition": "",
          "condition_version": "",
          "delegated_managed_identity_resource_id": "",
          "description": "",
          "id": "/subscriptions/1e84fd89-4a3b-41e1-b83c-e85bfb7ea419/resourceGroups/geofoodtruck-rgp/providers/Microsoft.Storage/storageAccounts/geofoodtruck/providers/Microsoft.Authorization/roleAssignments/53c99d50-93f1-cd0a-941d-93a57dd3a9b8",
          "name": "53c99d50-93f1-cd0a-941d-93a57dd3a9b8",
          "principal_id": "17379688-6705-41d1-a5d8-cf557358e029",
          "principal_type": "ServicePrincipal",
          "role_definition_id": "/subscriptions/1e84fd89-4a3b-41e1-b83c-e85bfb7ea419/providers/Microsoft.Authorization/roleDefinitions/ba92f5b4-2d11-453d-a403-e96b0029c9fe",
          "role_definition_name": "Storage Blob Data Contributor",
          "scope": "/subscriptions/1e84fd89-4a3b-41e1-b83c-e85bfb7ea419/resourceGroups/geofoodtruck-rgp/providers/Microsoft.Storage/storageAccounts/geofoodtruck",
          "skip_service_principal_aad_check": null,
          "timeouts": null
        },
        "after_unknown": {},
        "before_sensitive": {},
        "after_sensitive": {}
      }
    },
    {
      "address": "azurerm_storage_account.geofoodtruck_az_storage_account",
      "mode": "managed",
      "type": "azurerm_storage_account",
      "name": "geofoodtruck_az_storage_account",
      "provider_name": "registry.terraform.io/hashicorp/azurerm",
      "change": {
        "actions": [
          "no-op"
        ],
        "before": {
          "access_tier": "Hot",
          "account_kind": "StorageV2",
          "account_replication_type": "LRS",
          "account_tier": "Standard",
          "allow_nested_items_to_be_public": true,
          "allowed_copy_scope": "",
          "azure_files_authentication": [],
          "blob_properties": [
            {
              "change_feed_enabled": false,
              "change_feed_retention_in_days": 0,
              "container_delete_retention_policy": [],
              "cors_rule": [],
              "default_service_version": "",
              "delete_retention_policy": [],
              "last_access_time_enabled": false,
              "restore_policy": [],
              "versioning_enabled": false
            }
          ],
          "cross_tenant_replication_enabled": true,
          "custom_domain": [],
          "customer_managed_key": [
            {
              "key_vault_key_id": "https://geofoodtruck-key-vault.vault.azure.net/keys/geofoodtruckkey",
              "managed_hsm_key_id": "",
              "user_assigned_identity_id": ""
            }
          ],
          "default_to_oauth_authentication": false,
          "dns_endpoint_type": "Standard",
          "edge_zone": "",
          "enable_https_traffic_only": true,
          "id": "/subscriptions/1e84fd89-4a3b-41e1-b83c-e85bfb7ea419/resourceGroups/geofoodtruck-rgp/providers/Microsoft.Storage/storageAccounts/geofoodtruck",
          "identity": [
            {
              "identity_ids": [],
              "principal_id": "adadff2d-df36-4aa1-bc71-a141be4af501",
              "tenant_id": "ebe3b00b-03f5-4683-9385-9eae759d7ab1",
              "type": "SystemAssigned"
            }
          ],
          "immutability_policy": [],
          "infrastructure_encryption_enabled": false,
          "is_hns_enabled": false,
          "large_file_share_enabled": null,
          "local_user_enabled": true,
          "location": "eastus",
          "min_tls_version": "TLS1_2",
          "name": "geofoodtruck",
          "network_rules": [
            {
              "bypass": [
                "AzureServices"
              ],
              "default_action": "Allow",
              "ip_rules": [],
              "private_link_access": [],
              "virtual_network_subnet_ids": []
            }
          ],
          "nfsv3_enabled": false,
          "primary_access_key": "***",
          "primary_blob_connection_string": "***",
          "primary_blob_endpoint": "https://geofoodtruck.blob.core.windows.net/",
          "primary_blob_host": "geofoodtruck.blob.core.windows.net",
          "primary_blob_internet_endpoint": "",
          "primary_blob_internet_host": "",
          "primary_blob_microsoft_endpoint": "",
          "primary_blob_microsoft_host": "",
          "primary_connection_string": "***",
          "primary_dfs_endpoint": "https://geofoodtruck.dfs.core.windows.net/",
          "primary_dfs_host": "geofoodtruck.dfs.core.windows.net",
          "primary_dfs_internet_endpoint": "",
          "primary_dfs_internet_host": "",
          "primary_dfs_microsoft_endpoint": "",
          "primary_dfs_microsoft_host": "",
          "primary_file_endpoint": "https://geofoodtruck.file.core.windows.net/",
          "primary_file_host": "geofoodtruck.file.core.windows.net",
          "primary_file_internet_endpoint": "",
          "primary_file_internet_host": "",
          "primary_file_microsoft_endpoint": "",
          "primary_file_microsoft_host": "",
          "primary_location": "eastus",
          "primary_queue_endpoint": "https://geofoodtruck.queue.core.windows.net/",
          "primary_queue_host": "geofoodtruck.queue.core.windows.net",
          "primary_queue_microsoft_endpoint": "",
          "primary_queue_microsoft_host": "",
          "primary_table_endpoint": "https://geofoodtruck.table.core.windows.net/",
          "primary_table_host": "geofoodtruck.table.core.windows.net",
          "primary_table_microsoft_endpoint": "",
          "primary_table_microsoft_host": "",
          "primary_web_endpoint": "https://geofoodtruck.z13.web.core.windows.net/",
          "primary_web_host": "geofoodtruck.z13.web.core.windows.net",
          "primary_web_internet_endpoint": "",
          "primary_web_internet_host": "",
          "primary_web_microsoft_endpoint": "",
          "primary_web_microsoft_host": "",
          "public_network_access_enabled": true,
          "queue_encryption_key_type": "Service",
          "queue_properties": [
            {
              "cors_rule": [],
              "hour_metrics": [
                {
                  "enabled": true,
                  "include_apis": true,
                  "retention_policy_days": 7,
                  "version": "1.0"
                }
              ],
              "logging": [
                {
                  "delete": false,
                  "read": false,
                  "retention_policy_days": 0,
                  "version": "1.0",
                  "write": false
                }
              ],
              "minute_metrics": [
                {
                  "enabled": false,
                  "include_apis": false,
                  "retention_policy_days": 0,
                  "version": "1.0"
                }
              ]
            }
          ],
          "resource_group_name": "geofoodtruck-rgp",
          "routing": [],
          "sas_policy": [],
          "secondary_access_key": "***",
          "secondary_blob_connection_string": "",
          "secondary_blob_endpoint": null,
          "secondary_blob_host": null,
          "secondary_blob_internet_endpoint": null,
          "secondary_blob_internet_host": null,
          "secondary_blob_microsoft_endpoint": null,
          "secondary_blob_microsoft_host": null,
          "secondary_connection_string": "***",
          "secondary_dfs_endpoint": null,
          "secondary_dfs_host": null,
          "secondary_dfs_internet_endpoint": null,
          "secondary_dfs_internet_host": null,
          "secondary_dfs_microsoft_endpoint": null,
          "secondary_dfs_microsoft_host": null,
          "secondary_file_endpoint": null,
          "secondary_file_host": null,
          "secondary_file_internet_endpoint": null,
          "secondary_file_internet_host": null,
          "secondary_file_microsoft_endpoint": null,
          "secondary_file_microsoft_host": null,
          "secondary_location": "",
          "secondary_queue_endpoint": null,
          "secondary_queue_host": null,
          "secondary_queue_microsoft_endpoint": null,
          "secondary_queue_microsoft_host": null,
          "secondary_table_endpoint": null,
          "secondary_table_host": null,
          "secondary_table_microsoft_endpoint": null,
          "secondary_table_microsoft_host": null,
          "secondary_web_endpoint": null,
          "secondary_web_host": null,
          "secondary_web_internet_endpoint": null,
          "secondary_web_internet_host": null,
          "secondary_web_microsoft_endpoint": null,
          "secondary_web_microsoft_host": null,
          "sftp_enabled": false,
          "share_properties": [
            {
              "cors_rule": [],
              "retention_policy": [
                {
                  "days": 7
                }
              ],
              "smb": []
            }
          ],
          "shared_access_key_enabled": false,
          "static_website": [],
          "table_encryption_key_type": "Service",
          "tags": {},
          "timeouts": null
        },
        "after": {
          "access_tier": "Hot",
          "account_kind": "StorageV2",
          "account_replication_type": "LRS",
          "account_tier": "Standard",
          "allow_nested_items_to_be_public": true,
          "allowed_copy_scope": "",
          "azure_files_authentication": [],
          "blob_properties": [
            {
              "change_feed_enabled": false,
              "change_feed_retention_in_days": 0,
              "container_delete_retention_policy": [],
              "cors_rule": [],
              "default_service_version": "",
              "delete_retention_policy": [],
              "last_access_time_enabled": false,
              "restore_policy": [],
              "versioning_enabled": false
            }
          ],
          "cross_tenant_replication_enabled": true,
          "custom_domain": [],
          "customer_managed_key": [
            {
              "key_vault_key_id": "https://geofoodtruck-key-vault.vault.azure.net/keys/geofoodtruckkey",
              "managed_hsm_key_id": "",
              "user_assigned_identity_id": ""
            }
          ],
          "default_to_oauth_authentication": false,
          "dns_endpoint_type": "Standard",
          "edge_zone": "",
          "enable_https_traffic_only": true,
          "id": "/subscriptions/1e84fd89-4a3b-41e1-b83c-e85bfb7ea419/resourceGroups/geofoodtruck-rgp/providers/Microsoft.Storage/storageAccounts/geofoodtruck",
          "identity": [
            {
              "identity_ids": [],
              "principal_id": "adadff2d-df36-4aa1-bc71-a141be4af501",
              "tenant_id": "ebe3b00b-03f5-4683-9385-9eae759d7ab1",
              "type": "SystemAssigned"
            }
          ],
          "immutability_policy": [],
          "infrastructure_encryption_enabled": false,
          "is_hns_enabled": false,
          "large_file_share_enabled": null,
          "local_user_enabled": true,
          "location": "eastus",
          "min_tls_version": "TLS1_2",
          "name": "geofoodtruck",
          "network_rules": [
            {
              "bypass": [
                "AzureServices"
              ],
              "default_action": "Allow",
              "ip_rules": [],
              "private_link_access": [],
              "virtual_network_subnet_ids": []
            }
          ],
          "nfsv3_enabled": false,
          "primary_access_key": "***",
          "primary_blob_connection_string": "***",
          "primary_blob_endpoint": "https://geofoodtruck.blob.core.windows.net/",
          "primary_blob_host": "geofoodtruck.blob.core.windows.net",
          "primary_blob_internet_endpoint": "",
          "primary_blob_internet_host": "",
          "primary_blob_microsoft_endpoint": "",
          "primary_blob_microsoft_host": "",
          "primary_connection_string": "***",
          "primary_dfs_endpoint": "https://geofoodtruck.dfs.core.windows.net/",
          "primary_dfs_host": "geofoodtruck.dfs.core.windows.net",
          "primary_dfs_internet_endpoint": "",
          "primary_dfs_internet_host": "",
          "primary_dfs_microsoft_endpoint": "",
          "primary_dfs_microsoft_host": "",
          "primary_file_endpoint": "https://geofoodtruck.file.core.windows.net/",
          "primary_file_host": "geofoodtruck.file.core.windows.net",
          "primary_file_internet_endpoint": "",
          "primary_file_internet_host": "",
          "primary_file_microsoft_endpoint": "",
          "primary_file_microsoft_host": "",
          "primary_location": "eastus",
          "primary_queue_endpoint": "https://geofoodtruck.queue.core.windows.net/",
          "primary_queue_host": "geofoodtruck.queue.core.windows.net",
          "primary_queue_microsoft_endpoint": "",
          "primary_queue_microsoft_host": "",
          "primary_table_endpoint": "https://geofoodtruck.table.core.windows.net/",
          "primary_table_host": "geofoodtruck.table.core.windows.net",
          "primary_table_microsoft_endpoint": "",
          "primary_table_microsoft_host": "",
          "primary_web_endpoint": "https://geofoodtruck.z13.web.core.windows.net/",
          "primary_web_host": "geofoodtruck.z13.web.core.windows.net",
          "primary_web_internet_endpoint": "",
          "primary_web_internet_host": "",
          "primary_web_microsoft_endpoint": "",
          "primary_web_microsoft_host": "",
          "public_network_access_enabled": true,
          "queue_encryption_key_type": "Service",
          "queue_properties": [
            {
              "cors_rule": [],
              "hour_metrics": [
                {
                  "enabled": true,
                  "include_apis": true,
                  "retention_policy_days": 7,
                  "version": "1.0"
                }
              ],
              "logging": [
                {
                  "delete": false,
                  "read": false,
                  "retention_policy_days": 0,
                  "version": "1.0",
                  "write": false
                }
              ],
              "minute_metrics": [
                {
                  "enabled": false,
                  "include_apis": false,
                  "retention_policy_days": 0,
                  "version": "1.0"
                }
              ]
            }
          ],
          "resource_group_name": "geofoodtruck-rgp",
          "routing": [],
          "sas_policy": [],
          "secondary_access_key": "***",
          "secondary_blob_connection_string": "",
          "secondary_blob_endpoint": null,
          "secondary_blob_host": null,
          "secondary_blob_internet_endpoint": null,
          "secondary_blob_internet_host": null,
          "secondary_blob_microsoft_endpoint": null,
          "secondary_blob_microsoft_host": null,
          "secondary_connection_string": "***",
          "secondary_dfs_endpoint": null,
          "secondary_dfs_host": null,
          "secondary_dfs_internet_endpoint": null,
          "secondary_dfs_internet_host": null,
          "secondary_dfs_microsoft_endpoint": null,
          "secondary_dfs_microsoft_host": null,
          "secondary_file_endpoint": null,
          "secondary_file_host": null,
          "secondary_file_internet_endpoint": null,
          "secondary_file_internet_host": null,
          "secondary_file_microsoft_endpoint": null,
          "secondary_file_microsoft_host": null,
          "secondary_location": "",
          "secondary_queue_endpoint": null,
          "secondary_queue_host": null,
          "secondary_queue_microsoft_endpoint": null,
          "secondary_queue_microsoft_host": null,
          "secondary_table_endpoint": null,
          "secondary_table_host": null,
          "secondary_table_microsoft_endpoint": null,
          "secondary_table_microsoft_host": null,
          "secondary_web_endpoint": null,
          "secondary_web_host": null,
          "secondary_web_internet_endpoint": null,
          "secondary_web_internet_host": null,
          "secondary_web_microsoft_endpoint": null,
          "secondary_web_microsoft_host": null,
          "sftp_enabled": false,
          "share_properties": [
            {
              "cors_rule": [],
              "retention_policy": [
                {
                  "days": 7
                }
              ],
              "smb": []
            }
          ],
          "shared_access_key_enabled": false,
          "static_website": [],
          "table_encryption_key_type": "Service",
          "tags": {},
          "timeouts": null
        },
        "after_unknown": {},
        "before_sensitive": {
          "azure_files_authentication": [],
          "blob_properties": [
            {
              "container_delete_retention_policy": [],
              "cors_rule": [],
              "delete_retention_policy": [],
              "restore_policy": []
            }
          ],
          "custom_domain": [],
          "customer_managed_key": [
            {}
          ],
          "identity": [
            {
              "identity_ids": []
            }
          ],
          "immutability_policy": [],
          "network_rules": [
            {
              "bypass": [
                false
              ],
              "ip_rules": [],
              "private_link_access": [],
              "virtual_network_subnet_ids": []
            }
          ],
          "primary_access_key": true,
          "primary_blob_connection_string": true,
          "primary_connection_string": true,
          "queue_properties": [
            {
              "cors_rule": [],
              "hour_metrics": [
                {}
              ],
              "logging": [
                {}
              ],
              "minute_metrics": [
                {}
              ]
            }
          ],
          "routing": [],
          "sas_policy": [],
          "secondary_access_key": true,
          "secondary_blob_connection_string": true,
          "secondary_connection_string": true,
          "share_properties": [
            {
              "cors_rule": [],
              "retention_policy": [
                {}
              ],
              "smb": []
            }
          ],
          "static_website": [],
          "tags": {}
        },
        "after_sensitive": {
          "azure_files_authentication": [],
          "blob_properties": [
            {
              "container_delete_retention_policy": [],
              "cors_rule": [],
              "delete_retention_policy": [],
              "restore_policy": []
            }
          ],
          "custom_domain": [],
          "customer_managed_key": [
            {}
          ],
          "identity": [
            {
              "identity_ids": []
            }
          ],
          "immutability_policy": [],
          "network_rules": [
            {
              "bypass": [
                false
              ],
              "ip_rules": [],
              "private_link_access": [],
              "virtual_network_subnet_ids": []
            }
          ],
          "primary_access_key": true,
          "primary_blob_connection_string": true,
          "primary_connection_string": true,
          "queue_properties": [
            {
              "cors_rule": [],
              "hour_metrics": [
                {}
              ],
              "logging": [
                {}
              ],
              "minute_metrics": [
                {}
              ]
            }
          ],
          "routing": [],
          "sas_policy": [],
          "secondary_access_key": true,
          "secondary_blob_connection_string": true,
          "secondary_connection_string": true,
          "share_properties": [
            {
              "cors_rule": [],
              "retention_policy": [
                {}
              ],
              "smb": []
            }
          ],
          "static_website": [],
          "tags": {}
        }
      }
    },
    {
      "address": "azurerm_storage_account_customer_managed_key.geofoodtruck_az_storage_account_customer_managed_key",
      "mode": "managed",
      "type": "azurerm_storage_account_customer_managed_key",
      "name": "geofoodtruck_az_storage_account_customer_managed_key",
      "provider_name": "registry.terraform.io/hashicorp/azurerm",
      "change": {
        "actions": [
          "no-op"
        ],
        "before": {
          "federated_identity_client_id": "",
          "id": "/subscriptions/1e84fd89-4a3b-41e1-b83c-e85bfb7ea419/resourceGroups/geofoodtruck-rgp/providers/Microsoft.Storage/storageAccounts/geofoodtruck",
          "key_name": "geofoodtruckkey",
          "key_vault_id": "/subscriptions/1e84fd89-4a3b-41e1-b83c-e85bfb7ea419/resourceGroups/geofoodtruck-rgp/providers/Microsoft.KeyVault/vaults/geofoodtruck-key-vault",
          "key_vault_uri": "https://geofoodtruck-key-vault.vault.azure.net/",
          "key_version": "",
          "managed_hsm_key_id": null,
          "storage_account_id": "/subscriptions/1e84fd89-4a3b-41e1-b83c-e85bfb7ea419/resourceGroups/geofoodtruck-rgp/providers/Microsoft.Storage/storageAccounts/geofoodtruck",
          "timeouts": null,
          "user_assigned_identity_id": ""
        },
        "after": {
          "federated_identity_client_id": "",
          "id": "/subscriptions/1e84fd89-4a3b-41e1-b83c-e85bfb7ea419/resourceGroups/geofoodtruck-rgp/providers/Microsoft.Storage/storageAccounts/geofoodtruck",
          "key_name": "geofoodtruckkey",
          "key_vault_id": "/subscriptions/1e84fd89-4a3b-41e1-b83c-e85bfb7ea419/resourceGroups/geofoodtruck-rgp/providers/Microsoft.KeyVault/vaults/geofoodtruck-key-vault",
          "key_vault_uri": "https://geofoodtruck-key-vault.vault.azure.net/",
          "key_version": "",
          "managed_hsm_key_id": null,
          "storage_account_id": "/subscriptions/1e84fd89-4a3b-41e1-b83c-e85bfb7ea419/resourceGroups/geofoodtruck-rgp/providers/Microsoft.Storage/storageAccounts/geofoodtruck",
          "timeouts": null,
          "user_assigned_identity_id": ""
        },
        "after_unknown": {},
        "before_sensitive": {},
        "after_sensitive": {}
      }
    },
    {
      "address": "azurerm_storage_blob.app_files[\"asset-manifest.json\"]",
      "mode": "managed",
      "type": "azurerm_storage_blob",
      "name": "app_files",
      "index": "asset-manifest.json",
      "provider_name": "registry.terraform.io/hashicorp/azurerm",
      "change": {
        "actions": [
          "no-op"
        ],
        "before": {
          "access_tier": "Hot",
          "cache_control": "",
          "content_md5": "c84d78252f40ba88b8fdfb912c9b93bf",
          "content_type": "application/json",
          "encryption_scope": "",
          "id": "https://geofoodtruck.blob.core.windows.net/app/asset-manifest.json",
          "metadata": {},
          "name": "asset-manifest.json",
          "parallelism": 8,
          "size": 0,
          "source": "../../build/asset-manifest.json",
          "source_content": null,
          "source_uri": null,
          "storage_account_name": "geofoodtruck",
          "storage_container_name": "app",
          "timeouts": null,
          "type": "Block",
          "url": "https://geofoodtruck.blob.core.windows.net/app/asset-manifest.json"
        },
        "after": {
          "access_tier": "Hot",
          "cache_control": "",
          "content_md5": "c84d78252f40ba88b8fdfb912c9b93bf",
          "content_type": "application/json",
          "encryption_scope": "",
          "id": "https://geofoodtruck.blob.core.windows.net/app/asset-manifest.json",
          "metadata": {},
          "name": "asset-manifest.json",
          "parallelism": 8,
          "size": 0,
          "source": "../../build/asset-manifest.json",
          "source_content": null,
          "source_uri": null,
          "storage_account_name": "geofoodtruck",
          "storage_container_name": "app",
          "timeouts": null,
          "type": "Block",
          "url": "https://geofoodtruck.blob.core.windows.net/app/asset-manifest.json"
        },
        "after_unknown": {},
        "before_sensitive": {
          "metadata": {}
        },
        "after_sensitive": {
          "metadata": {}
        }
      }
    },
    {
      "address": "azurerm_storage_blob.app_files[\"favicon.ico\"]",
      "mode": "managed",
      "type": "azurerm_storage_blob",
      "name": "app_files",
      "index": "favicon.ico",
      "provider_name": "registry.terraform.io/hashicorp/azurerm",
      "change": {
        "actions": [
          "no-op"
        ],
        "before": {
          "access_tier": "Hot",
          "cache_control": "",
          "content_md5": "c92b85a5b907c70211f4ec25e29a8c4a",
          "content_type": "image/x-icon",
          "encryption_scope": "",
          "id": "https://geofoodtruck.blob.core.windows.net/app/favicon.ico",
          "metadata": {},
          "name": "favicon.ico",
          "parallelism": 8,
          "size": 0,
          "source": "../../build/favicon.ico",
          "source_content": null,
          "source_uri": null,
          "storage_account_name": "geofoodtruck",
          "storage_container_name": "app",
          "timeouts": null,
          "type": "Block",
          "url": "https://geofoodtruck.blob.core.windows.net/app/favicon.ico"
        },
        "after": {
          "access_tier": "Hot",
          "cache_control": "",
          "content_md5": "c92b85a5b907c70211f4ec25e29a8c4a",
          "content_type": "image/x-icon",
          "encryption_scope": "",
          "id": "https://geofoodtruck.blob.core.windows.net/app/favicon.ico",
          "metadata": {},
          "name": "favicon.ico",
          "parallelism": 8,
          "size": 0,
          "source": "../../build/favicon.ico",
          "source_content": null,
          "source_uri": null,
          "storage_account_name": "geofoodtruck",
          "storage_container_name": "app",
          "timeouts": null,
          "type": "Block",
          "url": "https://geofoodtruck.blob.core.windows.net/app/favicon.ico"
        },
        "after_unknown": {},
        "before_sensitive": {
          "metadata": {}
        },
        "after_sensitive": {
          "metadata": {}
        }
      }
    },
    {
      "address": "azurerm_storage_blob.app_files[\"index.html\"]",
      "mode": "managed",
      "type": "azurerm_storage_blob",
      "name": "app_files",
      "index": "index.html",
      "provider_name": "registry.terraform.io/hashicorp/azurerm",
      "change": {
        "actions": [
          "delete",
          "create"
        ],
        "before": {
          "access_tier": "Hot",
          "cache_control": "",
          "content_md5": "2f14b387837e20a9df5077a35c0aecfb",
          "content_type": "text/html",
          "encryption_scope": "",
          "id": "https://geofoodtruck.blob.core.windows.net/app/index.html",
          "metadata": {},
          "name": "index.html",
          "parallelism": 8,
          "size": 0,
          "source": "../../build/index.html",
          "source_content": null,
          "source_uri": null,
          "storage_account_name": "geofoodtruck",
          "storage_container_name": "app",
          "timeouts": null,
          "type": "Block",
          "url": "https://geofoodtruck.blob.core.windows.net/app/index.html"
        },
        "after": {
          "cache_control": null,
          "content_md5": "e625503ec9127242bb4715bab480fdef",
          "content_type": "text/html",
          "encryption_scope": null,
          "name": "index.html",
          "parallelism": 8,
          "size": 0,
          "source": "../../build/index.html",
          "source_content": null,
          "source_uri": null,
          "storage_account_name": "geofoodtruck",
          "storage_container_name": "app",
          "timeouts": null,
          "type": "Block"
        },
        "after_unknown": {
          "access_tier": true,
          "id": true,
          "metadata": true,
          "url": true
        },
        "before_sensitive": {
          "metadata": {}
        },
        "after_sensitive": {
          "metadata": {}
        },
        "replace_paths": [
          [
            "content_md5"
          ]
        ]
      },
      "action_reason": "replace_because_cannot_update"
    },
    {
      "address": "azurerm_storage_blob.app_files[\"logo192.png\"]",
      "mode": "managed",
      "type": "azurerm_storage_blob",
      "name": "app_files",
      "index": "logo192.png",
      "provider_name": "registry.terraform.io/hashicorp/azurerm",
      "change": {
        "actions": [
          "no-op"
        ],
        "before": {
          "access_tier": "Hot",
          "cache_control": "",
          "content_md5": "33dbdd0177549353eeeb785d02c294af",
          "content_type": "image/png",
          "encryption_scope": "",
          "id": "https://geofoodtruck.blob.core.windows.net/app/logo192.png",
          "metadata": {},
          "name": "logo192.png",
          "parallelism": 8,
          "size": 0,
          "source": "../../build/logo192.png",
          "source_content": null,
          "source_uri": null,
          "storage_account_name": "geofoodtruck",
          "storage_container_name": "app",
          "timeouts": null,
          "type": "Block",
          "url": "https://geofoodtruck.blob.core.windows.net/app/logo192.png"
        },
        "after": {
          "access_tier": "Hot",
          "cache_control": "",
          "content_md5": "33dbdd0177549353eeeb785d02c294af",
          "content_type": "image/png",
          "encryption_scope": "",
          "id": "https://geofoodtruck.blob.core.windows.net/app/logo192.png",
          "metadata": {},
          "name": "logo192.png",
          "parallelism": 8,
          "size": 0,
          "source": "../../build/logo192.png",
          "source_content": null,
          "source_uri": null,
          "storage_account_name": "geofoodtruck",
          "storage_container_name": "app",
          "timeouts": null,
          "type": "Block",
          "url": "https://geofoodtruck.blob.core.windows.net/app/logo192.png"
        },
        "after_unknown": {},
        "before_sensitive": {
          "metadata": {}
        },
        "after_sensitive": {
          "metadata": {}
        }
      }
    },
    {
      "address": "azurerm_storage_blob.app_files[\"logo512.png\"]",
      "mode": "managed",
      "type": "azurerm_storage_blob",
      "name": "app_files",
      "index": "logo512.png",
      "provider_name": "registry.terraform.io/hashicorp/azurerm",
      "change": {
        "actions": [
          "no-op"
        ],
        "before": {
          "access_tier": "Hot",
          "cache_control": "",
          "content_md5": "917515db74ea8d1aee6a246cfbcc0b45",
          "content_type": "image/png",
          "encryption_scope": "",
          "id": "https://geofoodtruck.blob.core.windows.net/app/logo512.png",
          "metadata": {},
          "name": "logo512.png",
          "parallelism": 8,
          "size": 0,
          "source": "../../build/logo512.png",
          "source_content": null,
          "source_uri": null,
          "storage_account_name": "geofoodtruck",
          "storage_container_name": "app",
          "timeouts": null,
          "type": "Block",
          "url": "https://geofoodtruck.blob.core.windows.net/app/logo512.png"
        },
        "after": {
          "access_tier": "Hot",
          "cache_control": "",
          "content_md5": "917515db74ea8d1aee6a246cfbcc0b45",
          "content_type": "image/png",
          "encryption_scope": "",
          "id": "https://geofoodtruck.blob.core.windows.net/app/logo512.png",
          "metadata": {},
          "name": "logo512.png",
          "parallelism": 8,
          "size": 0,
          "source": "../../build/logo512.png",
          "source_content": null,
          "source_uri": null,
          "storage_account_name": "geofoodtruck",
          "storage_container_name": "app",
          "timeouts": null,
          "type": "Block",
          "url": "https://geofoodtruck.blob.core.windows.net/app/logo512.png"
        },
        "after_unknown": {},
        "before_sensitive": {
          "metadata": {}
        },
        "after_sensitive": {
          "metadata": {}
        }
      }
    },
    {
      "address": "azurerm_storage_blob.app_files[\"manifest.json\"]",
      "mode": "managed",
      "type": "azurerm_storage_blob",
      "name": "app_files",
      "index": "manifest.json",
      "provider_name": "registry.terraform.io/hashicorp/azurerm",
      "change": {
        "actions": [
          "no-op"
        ],
        "before": {
          "access_tier": "Hot",
          "cache_control": "",
          "content_md5": "9153e3ba94d29288a5aef74db1fb2dd1",
          "content_type": "application/json",
          "encryption_scope": "",
          "id": "https://geofoodtruck.blob.core.windows.net/app/manifest.json",
          "metadata": {},
          "name": "manifest.json",
          "parallelism": 8,
          "size": 0,
          "source": "../../build/manifest.json",
          "source_content": null,
          "source_uri": null,
          "storage_account_name": "geofoodtruck",
          "storage_container_name": "app",
          "timeouts": null,
          "type": "Block",
          "url": "https://geofoodtruck.blob.core.windows.net/app/manifest.json"
        },
        "after": {
          "access_tier": "Hot",
          "cache_control": "",
          "content_md5": "9153e3ba94d29288a5aef74db1fb2dd1",
          "content_type": "application/json",
          "encryption_scope": "",
          "id": "https://geofoodtruck.blob.core.windows.net/app/manifest.json",
          "metadata": {},
          "name": "manifest.json",
          "parallelism": 8,
          "size": 0,
          "source": "../../build/manifest.json",
          "source_content": null,
          "source_uri": null,
          "storage_account_name": "geofoodtruck",
          "storage_container_name": "app",
          "timeouts": null,
          "type": "Block",
          "url": "https://geofoodtruck.blob.core.windows.net/app/manifest.json"
        },
        "after_unknown": {},
        "before_sensitive": {
          "metadata": {}
        },
        "after_sensitive": {
          "metadata": {}
        }
      }
    },
    {
      "address": "azurerm_storage_blob.app_files[\"robots.txt\"]",
      "mode": "managed",
      "type": "azurerm_storage_blob",
      "name": "app_files",
      "index": "robots.txt",
      "provider_name": "registry.terraform.io/hashicorp/azurerm",
      "change": {
        "actions": [
          "no-op"
        ],
        "before": {
          "access_tier": "Hot",
          "cache_control": "",
          "content_md5": "fa1ded1ed7c11438a9b0385b1e112850",
          "content_type": "text/plain",
          "encryption_scope": "",
          "id": "https://geofoodtruck.blob.core.windows.net/app/robots.txt",
          "metadata": {},
          "name": "robots.txt",
          "parallelism": 8,
          "size": 0,
          "source": "../../build/robots.txt",
          "source_content": null,
          "source_uri": null,
          "storage_account_name": "geofoodtruck",
          "storage_container_name": "app",
          "timeouts": null,
          "type": "Block",
          "url": "https://geofoodtruck.blob.core.windows.net/app/robots.txt"
        },
        "after": {
          "access_tier": "Hot",
          "cache_control": "",
          "content_md5": "fa1ded1ed7c11438a9b0385b1e112850",
          "content_type": "text/plain",
          "encryption_scope": "",
          "id": "https://geofoodtruck.blob.core.windows.net/app/robots.txt",
          "metadata": {},
          "name": "robots.txt",
          "parallelism": 8,
          "size": 0,
          "source": "../../build/robots.txt",
          "source_content": null,
          "source_uri": null,
          "storage_account_name": "geofoodtruck",
          "storage_container_name": "app",
          "timeouts": null,
          "type": "Block",
          "url": "https://geofoodtruck.blob.core.windows.net/app/robots.txt"
        },
        "after_unknown": {},
        "before_sensitive": {
          "metadata": {}
        },
        "after_sensitive": {
          "metadata": {}
        }
      }
    },
    {
      "address": "azurerm_storage_blob.app_files[\"static/css/main.414097bf.css\"]",
      "mode": "managed",
      "type": "azurerm_storage_blob",
      "name": "app_files",
      "index": "static/css/main.414097bf.css",
      "provider_name": "registry.terraform.io/hashicorp/azurerm",
      "change": {
        "actions": [
          "no-op"
        ],
        "before": {
          "access_tier": "Hot",
          "cache_control": "",
          "content_md5": "22eaf37d16c7b6c0b38e8c88bcf4eef0",
          "content_type": "text/css",
          "encryption_scope": "",
          "id": "https://geofoodtruck.blob.core.windows.net/app/static/css/main.414097bf.css",
          "metadata": {},
          "name": "static/css/main.414097bf.css",
          "parallelism": 8,
          "size": 0,
          "source": "../../build/static/css/main.414097bf.css",
          "source_content": null,
          "source_uri": null,
          "storage_account_name": "geofoodtruck",
          "storage_container_name": "app",
          "timeouts": null,
          "type": "Block",
          "url": "https://geofoodtruck.blob.core.windows.net/app/static/css/main.414097bf.css"
        },
        "after": {
          "access_tier": "Hot",
          "cache_control": "",
          "content_md5": "22eaf37d16c7b6c0b38e8c88bcf4eef0",
          "content_type": "text/css",
          "encryption_scope": "",
          "id": "https://geofoodtruck.blob.core.windows.net/app/static/css/main.414097bf.css",
          "metadata": {},
          "name": "static/css/main.414097bf.css",
          "parallelism": 8,
          "size": 0,
          "source": "../../build/static/css/main.414097bf.css",
          "source_content": null,
          "source_uri": null,
          "storage_account_name": "geofoodtruck",
          "storage_container_name": "app",
          "timeouts": null,
          "type": "Block",
          "url": "https://geofoodtruck.blob.core.windows.net/app/static/css/main.414097bf.css"
        },
        "after_unknown": {},
        "before_sensitive": {
          "metadata": {}
        },
        "after_sensitive": {
          "metadata": {}
        }
      }
    },
    {
      "address": "azurerm_storage_blob.app_files[\"static/js/206.85c6594b.chunk.js\"]",
      "mode": "managed",
      "type": "azurerm_storage_blob",
      "name": "app_files",
      "index": "static/js/206.85c6594b.chunk.js",
      "provider_name": "registry.terraform.io/hashicorp/azurerm",
      "change": {
        "actions": [
          "no-op"
        ],
        "before": {
          "access_tier": "Hot",
          "cache_control": "",
          "content_md5": "07ae34e78f0ecc509b588cbec8cf683f",
          "content_type": "application/javascript",
          "encryption_scope": "",
          "id": "https://geofoodtruck.blob.core.windows.net/app/static/js/206.85c6594b.chunk.js",
          "metadata": {},
          "name": "static/js/206.85c6594b.chunk.js",
          "parallelism": 8,
          "size": 0,
          "source": "../../build/static/js/206.85c6594b.chunk.js",
          "source_content": null,
          "source_uri": null,
          "storage_account_name": "geofoodtruck",
          "storage_container_name": "app",
          "timeouts": null,
          "type": "Block",
          "url": "https://geofoodtruck.blob.core.windows.net/app/static/js/206.85c6594b.chunk.js"
        },
        "after": {
          "access_tier": "Hot",
          "cache_control": "",
          "content_md5": "07ae34e78f0ecc509b588cbec8cf683f",
          "content_type": "application/javascript",
          "encryption_scope": "",
          "id": "https://geofoodtruck.blob.core.windows.net/app/static/js/206.85c6594b.chunk.js",
          "metadata": {},
          "name": "static/js/206.85c6594b.chunk.js",
          "parallelism": 8,
          "size": 0,
          "source": "../../build/static/js/206.85c6594b.chunk.js",
          "source_content": null,
          "source_uri": null,
          "storage_account_name": "geofoodtruck",
          "storage_container_name": "app",
          "timeouts": null,
          "type": "Block",
          "url": "https://geofoodtruck.blob.core.windows.net/app/static/js/206.85c6594b.chunk.js"
        },
        "after_unknown": {},
        "before_sensitive": {
          "metadata": {}
        },
        "after_sensitive": {
          "metadata": {}
        }
      }
    },
    {
      "address": "azurerm_storage_blob.app_files[\"static/js/main.dc021fd1.js\"]",
      "mode": "managed",
      "type": "azurerm_storage_blob",
      "name": "app_files",
      "index": "static/js/main.dc021fd1.js",
      "provider_name": "registry.terraform.io/hashicorp/azurerm",
      "change": {
        "actions": [
          "no-op"
        ],
        "before": {
          "access_tier": "Hot",
          "cache_control": "",
          "content_md5": "f4f12db4cff5bbe07c83adabc9209a0d",
          "content_type": "application/javascript",
          "encryption_scope": "",
          "id": "https://geofoodtruck.blob.core.windows.net/app/static/js/main.dc021fd1.js",
          "metadata": {},
          "name": "static/js/main.dc021fd1.js",
          "parallelism": 8,
          "size": 0,
          "source": "../../build/static/js/main.dc021fd1.js",
          "source_content": null,
          "source_uri": null,
          "storage_account_name": "geofoodtruck",
          "storage_container_name": "app",
          "timeouts": null,
          "type": "Block",
          "url": "https://geofoodtruck.blob.core.windows.net/app/static/js/main.dc021fd1.js"
        },
        "after": {
          "access_tier": "Hot",
          "cache_control": "",
          "content_md5": "f4f12db4cff5bbe07c83adabc9209a0d",
          "content_type": "application/javascript",
          "encryption_scope": "",
          "id": "https://geofoodtruck.blob.core.windows.net/app/static/js/main.dc021fd1.js",
          "metadata": {},
          "name": "static/js/main.dc021fd1.js",
          "parallelism": 8,
          "size": 0,
          "source": "../../build/static/js/main.dc021fd1.js",
          "source_content": null,
          "source_uri": null,
          "storage_account_name": "geofoodtruck",
          "storage_container_name": "app",
          "timeouts": null,
          "type": "Block",
          "url": "https://geofoodtruck.blob.core.windows.net/app/static/js/main.dc021fd1.js"
        },
        "after_unknown": {},
        "before_sensitive": {
          "metadata": {}
        },
        "after_sensitive": {
          "metadata": {}
        }
      }
    },
    {
      "address": "azurerm_storage_blob.app_files[\"static/js/main.dc021fd1.js.LICENSE.txt\"]",
      "mode": "managed",
      "type": "azurerm_storage_blob",
      "name": "app_files",
      "index": "static/js/main.dc021fd1.js.LICENSE.txt",
      "provider_name": "registry.terraform.io/hashicorp/azurerm",
      "change": {
        "actions": [
          "no-op"
        ],
        "before": {
          "access_tier": "Hot",
          "cache_control": "",
          "content_md5": "724392fbfeeb6cde62aa6bad62361a60",
          "content_type": "text/plain",
          "encryption_scope": "",
          "id": "https://geofoodtruck.blob.core.windows.net/app/static/js/main.dc021fd1.js.LICENSE.txt",
          "metadata": {},
          "name": "static/js/main.dc021fd1.js.LICENSE.txt",
          "parallelism": 8,
          "size": 0,
          "source": "../../build/static/js/main.dc021fd1.js.LICENSE.txt",
          "source_content": null,
          "source_uri": null,
          "storage_account_name": "geofoodtruck",
          "storage_container_name": "app",
          "timeouts": null,
          "type": "Block",
          "url": "https://geofoodtruck.blob.core.windows.net/app/static/js/main.dc021fd1.js.LICENSE.txt"
        },
        "after": {
          "access_tier": "Hot",
          "cache_control": "",
          "content_md5": "724392fbfeeb6cde62aa6bad62361a60",
          "content_type": "text/plain",
          "encryption_scope": "",
          "id": "https://geofoodtruck.blob.core.windows.net/app/static/js/main.dc021fd1.js.LICENSE.txt",
          "metadata": {},
          "name": "static/js/main.dc021fd1.js.LICENSE.txt",
          "parallelism": 8,
          "size": 0,
          "source": "../../build/static/js/main.dc021fd1.js.LICENSE.txt",
          "source_content": null,
          "source_uri": null,
          "storage_account_name": "geofoodtruck",
          "storage_container_name": "app",
          "timeouts": null,
          "type": "Block",
          "url": "https://geofoodtruck.blob.core.windows.net/app/static/js/main.dc021fd1.js.LICENSE.txt"
        },
        "after_unknown": {},
        "before_sensitive": {
          "metadata": {}
        },
        "after_sensitive": {
          "metadata": {}
        }
      }
    },
    {
      "address": "azurerm_storage_blob.app_files[\"truck-solid.png\"]",
      "mode": "managed",
      "type": "azurerm_storage_blob",
      "name": "app_files",
      "index": "truck-solid.png",
      "provider_name": "registry.terraform.io/hashicorp/azurerm",
      "change": {
        "actions": [
          "no-op"
        ],
        "before": {
          "access_tier": "Hot",
          "cache_control": "",
          "content_md5": "73391b6b4a8a07adff0fbb8ffdbe519c",
          "content_type": "image/png",
          "encryption_scope": "",
          "id": "https://geofoodtruck.blob.core.windows.net/app/truck-solid.png",
          "metadata": {},
          "name": "truck-solid.png",
          "parallelism": 8,
          "size": 0,
          "source": "../../build/truck-solid.png",
          "source_content": null,
          "source_uri": null,
          "storage_account_name": "geofoodtruck",
          "storage_container_name": "app",
          "timeouts": null,
          "type": "Block",
          "url": "https://geofoodtruck.blob.core.windows.net/app/truck-solid.png"
        },
        "after": {
          "access_tier": "Hot",
          "cache_control": "",
          "content_md5": "73391b6b4a8a07adff0fbb8ffdbe519c",
          "content_type": "image/png",
          "encryption_scope": "",
          "id": "https://geofoodtruck.blob.core.windows.net/app/truck-solid.png",
          "metadata": {},
          "name": "truck-solid.png",
          "parallelism": 8,
          "size": 0,
          "source": "../../build/truck-solid.png",
          "source_content": null,
          "source_uri": null,
          "storage_account_name": "geofoodtruck",
          "storage_container_name": "app",
          "timeouts": null,
          "type": "Block",
          "url": "https://geofoodtruck.blob.core.windows.net/app/truck-solid.png"
        },
        "after_unknown": {},
        "before_sensitive": {
          "metadata": {}
        },
        "after_sensitive": {
          "metadata": {}
        }
      }
    },
    {
      "address": "azurerm_storage_container.geofoodtruck_az_storage_container",
      "mode": "managed",
      "type": "azurerm_storage_container",
      "name": "geofoodtruck_az_storage_container",
      "provider_name": "registry.terraform.io/hashicorp/azurerm",
      "change": {
        "actions": [
          "no-op"
        ],
        "before": {
          "container_access_type": "blob",
          "default_encryption_scope": "$account-encryption-key",
          "encryption_scope_override_enabled": true,
          "has_immutability_policy": false,
          "has_legal_hold": false,
          "id": "https://geofoodtruck.blob.core.windows.net/app",
          "metadata": {},
          "name": "app",
          "resource_manager_id": "/subscriptions/1e84fd89-4a3b-41e1-b83c-e85bfb7ea419/resourceGroups/geofoodtruck-rgp/providers/Microsoft.Storage/storageAccounts/geofoodtruck/blobServices/default/containers/app",
          "storage_account_name": "geofoodtruck",
          "timeouts": null
        },
        "after": {
          "container_access_type": "blob",
          "default_encryption_scope": "$account-encryption-key",
          "encryption_scope_override_enabled": true,
          "has_immutability_policy": false,
          "has_legal_hold": false,
          "id": "https://geofoodtruck.blob.core.windows.net/app",
          "metadata": {},
          "name": "app",
          "resource_manager_id": "/subscriptions/1e84fd89-4a3b-41e1-b83c-e85bfb7ea419/resourceGroups/geofoodtruck-rgp/providers/Microsoft.Storage/storageAccounts/geofoodtruck/blobServices/default/containers/app",
          "storage_account_name": "geofoodtruck",
          "timeouts": null
        },
        "after_unknown": {},
        "before_sensitive": {
          "metadata": {}
        },
        "after_sensitive": {
          "metadata": {}
        }
      }
    },
    {
      "address": "azurerm_storage_encryption_scope.geofoodtruck_az_storage_encryption_scope",
      "mode": "managed",
      "type": "azurerm_storage_encryption_scope",
      "name": "geofoodtruck_az_storage_encryption_scope",
      "provider_name": "registry.terraform.io/hashicorp/azurerm",
      "change": {
        "actions": [
          "no-op"
        ],
        "before": {
          "id": "/subscriptions/1e84fd89-4a3b-41e1-b83c-e85bfb7ea419/resourceGroups/geofoodtruck-rgp/providers/Microsoft.Storage/storageAccounts/geofoodtruck/encryptionScopes/geofoodtruckmanagedscope",
          "infrastructure_encryption_required": false,
          "key_vault_key_id": "https://geofoodtruck-key-vault.vault.azure.net/keys/geofoodtruckkey/881cf924be5c4479923224ac94958fc0",
          "name": "geofoodtruckmanagedscope",
          "source": "Microsoft.KeyVault",
          "storage_account_id": "/subscriptions/1e84fd89-4a3b-41e1-b83c-e85bfb7ea419/resourceGroups/geofoodtruck-rgp/providers/Microsoft.Storage/storageAccounts/geofoodtruck",
          "timeouts": null
        },
        "after": {
          "id": "/subscriptions/1e84fd89-4a3b-41e1-b83c-e85bfb7ea419/resourceGroups/geofoodtruck-rgp/providers/Microsoft.Storage/storageAccounts/geofoodtruck/encryptionScopes/geofoodtruckmanagedscope",
          "infrastructure_encryption_required": false,
          "key_vault_key_id": "https://geofoodtruck-key-vault.vault.azure.net/keys/geofoodtruckkey/881cf924be5c4479923224ac94958fc0",
          "name": "geofoodtruckmanagedscope",
          "source": "Microsoft.KeyVault",
          "storage_account_id": "/subscriptions/1e84fd89-4a3b-41e1-b83c-e85bfb7ea419/resourceGroups/geofoodtruck-rgp/providers/Microsoft.Storage/storageAccounts/geofoodtruck",
          "timeouts": null
        },
        "after_unknown": {},
        "before_sensitive": {},
        "after_sensitive": {}
      }
    }
  ],
  "output_changes": {
    "frontdoor_endpoint_host_name": {
      "actions": [
        "create"
      ],
      "before": null,
      "after": "geofoodtruck-19aab-ekbmfkcvguakddbe.z01.azurefd.net",
      "after_unknown": false,
      "before_sensitive": false,
      "after_sensitive": false
    }
  },
  "prior_state": {
    "format_version": "1.0",
    "terraform_version": "1.8.5",
    "values": {
      "outputs": {
        "frontdoor_endpoint_host_name": {
          "sensitive": false,
          "value": "geofoodtruck-19aab-ekbmfkcvguakddbe.z01.azurefd.net",
          "type": "string"
        }
      },
      "root_module": {
        "resources": [
          {
            "address": "data.azurerm_client_config.current",
            "mode": "data",
            "type": "azurerm_client_config",
            "name": "current",
            "provider_name": "registry.terraform.io/hashicorp/azurerm",
            "schema_version": 0,
            "values": {
              "client_id": "df96a1da-7b5c-4cdc-b654-c4661f062c3d",
              "id": "Y2xpZW50Q29uZmlncy9jbGllbnRJZD1kZjk2YTFkYS03YjVjLTRjZGMtYjY1NC1jNDY2MWYwNjJjM2Q7b2JqZWN0SWQ9MTczNzk2ODgtNjcwNS00MWQxLWE1ZDgtY2Y1NTczNThlMDI5O3N1YnNjcmlwdGlvbklkPTFlODRmZDg5LTRhM2ItNDFlMS1iODNjLWU4NWJmYjdlYTQxOTt0ZW5hbnRJZD1lYmUzYjAwYi0wM2Y1LTQ2ODMtOTM4NS05ZWFlNzU5ZDdhYjE=",
              "object_id": "17379688-6705-41d1-a5d8-cf557358e029",
              "subscription_id": "1e84fd89-4a3b-41e1-b83c-e85bfb7ea419",
              "tenant_id": "ebe3b00b-03f5-4683-9385-9eae759d7ab1",
              "timeouts": null
            },
            "sensitive_values": {}
          },
          {
            "address": "data.azurerm_resource_group.geofoodtruck_az_resource_group",
            "mode": "data",
            "type": "azurerm_resource_group",
            "name": "geofoodtruck_az_resource_group",
            "provider_name": "registry.terraform.io/hashicorp/azurerm",
            "schema_version": 0,
            "values": {
              "id": "/subscriptions/1e84fd89-4a3b-41e1-b83c-e85bfb7ea419/resourceGroups/geofoodtruck-rgp",
              "location": "eastus",
              "managed_by": "",
              "name": "geofoodtruck-rgp",
              "tags": {},
              "timeouts": null
            },
            "sensitive_values": {
              "tags": {}
            }
          },
          {
            "address": "azurerm_cdn_frontdoor_endpoint.geofoodtruck_az_cdn_frontdoor_endpoint",
            "mode": "managed",
            "type": "azurerm_cdn_frontdoor_endpoint",
            "name": "geofoodtruck_az_cdn_frontdoor_endpoint",
            "provider_name": "registry.terraform.io/hashicorp/azurerm",
            "schema_version": 0,
            "values": {
              "cdn_frontdoor_profile_id": "/subscriptions/1e84fd89-4a3b-41e1-b83c-e85bfb7ea419/resourceGroups/geofoodtruck-rgp/providers/Microsoft.Cdn/profiles/geofoodtruck-frontdoor-profile-19aab",
              "enabled": true,
              "host_name": "geofoodtruck-19aab-ekbmfkcvguakddbe.z01.azurefd.net",
              "id": "/subscriptions/1e84fd89-4a3b-41e1-b83c-e85bfb7ea419/resourceGroups/geofoodtruck-rgp/providers/Microsoft.Cdn/profiles/geofoodtruck-frontdoor-profile-19aab/afdEndpoints/geofoodtruck-19aab",
              "name": "geofoodtruck-19aab",
              "tags": {},
              "timeouts": null
            },
            "sensitive_values": {
              "tags": {}
            },
            "depends_on": [
              "azurerm_cdn_frontdoor_profile.geofoodtruck_az_cdn_frontdoor_profile",
              "data.azurerm_resource_group.geofoodtruck_az_resource_group"
            ]
          },
          {
            "address": "azurerm_cdn_frontdoor_firewall_policy.geofoodtruck_az_cdn_frontdoor_firewall_policy",
            "mode": "managed",
            "type": "azurerm_cdn_frontdoor_firewall_policy",
            "name": "geofoodtruck_az_cdn_frontdoor_firewall_policy",
            "provider_name": "registry.terraform.io/hashicorp/azurerm",
            "schema_version": 0,
            "values": {
              "custom_block_response_body": "",
              "custom_block_response_status_code": 0,
              "custom_rule": [],
              "enabled": true,
              "frontend_endpoint_ids": [],
              "id": "/subscriptions/1e84fd89-4a3b-41e1-b83c-e85bfb7ea419/resourceGroups/geofoodtruck-rgp/providers/Microsoft.Network/frontDoorWebApplicationFirewallPolicies/geofoodtruckfirewallpolicy19aab",
              "managed_rule": [
                {
                  "action": "Log",
                  "exclusion": [],
                  "override": [],
                  "type": "Microsoft_DefaultRuleSet",
                  "version": "2.1"
                },
                {
                  "action": "Log",
                  "exclusion": [],
                  "override": [],
                  "type": "Microsoft_BotManagerRuleSet",
                  "version": "1.1"
                }
              ],
              "mode": "Detection",
              "name": "geofoodtruckfirewallpolicy19aab",
              "redirect_url": "",
              "request_body_check_enabled": true,
              "resource_group_name": "geofoodtruck-rgp",
              "sku_name": "Premium_AzureFrontDoor",
              "tags": {},
              "timeouts": null
            },
            "sensitive_values": {
              "custom_rule": [],
              "frontend_endpoint_ids": [],
              "managed_rule": [
                {
                  "exclusion": [],
                  "override": []
                },
                {
                  "exclusion": [],
                  "override": []
                }
              ],
              "tags": {}
            },
            "depends_on": [
              "azurerm_cdn_frontdoor_profile.geofoodtruck_az_cdn_frontdoor_profile",
              "data.azurerm_resource_group.geofoodtruck_az_resource_group"
            ]
          },
          {
            "address": "azurerm_cdn_frontdoor_origin.geofoodtruck_az_cdn_frontdoor_app_store_origin",
            "mode": "managed",
            "type": "azurerm_cdn_frontdoor_origin",
            "name": "geofoodtruck_az_cdn_frontdoor_app_store_origin",
            "provider_name": "registry.terraform.io/hashicorp/azurerm",
            "schema_version": 0,
            "values": {
              "cdn_frontdoor_origin_group_id": "/subscriptions/1e84fd89-4a3b-41e1-b83c-e85bfb7ea419/resourceGroups/geofoodtruck-rgp/providers/Microsoft.Cdn/profiles/geofoodtruck-frontdoor-profile-19aab/originGroups/geofoodtruck-origin-group-19aab",
              "certificate_name_check_enabled": true,
              "enabled": true,
              "health_probes_enabled": true,
              "host_name": "geofoodtruck.blob.core.windows.net",
              "http_port": 80,
              "https_port": 443,
              "id": "/subscriptions/1e84fd89-4a3b-41e1-b83c-e85bfb7ea419/resourceGroups/geofoodtruck-rgp/providers/Microsoft.Cdn/profiles/geofoodtruck-frontdoor-profile-19aab/originGroups/geofoodtruck-origin-group-19aab/origins/geofoodtruck-app-storage-origin-19aab",
              "name": "geofoodtruck-app-storage-origin-19aab",
              "origin_host_header": "geofoodtruck.blob.core.windows.net",
              "priority": 1,
              "private_link": [
                {
                  "location": "eastus",
                  "private_link_target_id": "/subscriptions/1e84fd89-4a3b-41e1-b83c-e85bfb7ea419/resourceGroups/geofoodtruck-rgp/providers/Microsoft.Storage/storageAccounts/geofoodtruck",
                  "request_message": "Request access for Private Link Origin CDN Frontdoor",
                  "target_type": "blob"
                }
              ],
              "timeouts": null,
              "weight": 500
            },
            "sensitive_values": {
              "private_link": [
                {}
              ]
            },
            "depends_on": [
              "azurerm_cdn_frontdoor_origin_group.geofoodtruck_az_cdn_frontdoor_origin_group",
              "azurerm_cdn_frontdoor_profile.geofoodtruck_az_cdn_frontdoor_profile",
              "azurerm_storage_account.geofoodtruck_az_storage_account",
              "data.azurerm_resource_group.geofoodtruck_az_resource_group"
            ]
          },
          {
            "address": "azurerm_cdn_frontdoor_origin.geofoodtruck_az_cdn_frontdoor_data_sforg_origin",
            "mode": "managed",
            "type": "azurerm_cdn_frontdoor_origin",
            "name": "geofoodtruck_az_cdn_frontdoor_data_sforg_origin",
            "provider_name": "registry.terraform.io/hashicorp/azurerm",
            "schema_version": 0,
            "values": {
              "cdn_frontdoor_origin_group_id": "/subscriptions/1e84fd89-4a3b-41e1-b83c-e85bfb7ea419/resourceGroups/geofoodtruck-rgp/providers/Microsoft.Cdn/profiles/geofoodtruck-frontdoor-profile-19aab/originGroups/geofoodtruck-sforg-origin-group-19aab",
              "certificate_name_check_enabled": false,
              "enabled": true,
              "health_probes_enabled": true,
              "host_name": "data.sfgov.org",
              "http_port": 80,
              "https_port": 443,
              "id": "/subscriptions/1e84fd89-4a3b-41e1-b83c-e85bfb7ea419/resourceGroups/geofoodtruck-rgp/providers/Microsoft.Cdn/profiles/geofoodtruck-frontdoor-profile-19aab/originGroups/geofoodtruck-sforg-origin-group-19aab/origins/geofoodtruck-data-sforg-origin-19aab",
              "name": "geofoodtruck-data-sforg-origin-19aab",
              "origin_host_header": "data.sfgov.org",
              "priority": 1,
              "private_link": [],
              "timeouts": null,
              "weight": 500
            },
            "sensitive_values": {
              "private_link": []
            },
            "depends_on": [
              "azurerm_cdn_frontdoor_origin_group.geofoodtruck_az_cdn_frontdoor_sforg_origin_group",
              "azurerm_cdn_frontdoor_profile.geofoodtruck_az_cdn_frontdoor_profile",
              "data.azurerm_resource_group.geofoodtruck_az_resource_group"
            ]
          },
          {
            "address": "azurerm_cdn_frontdoor_origin_group.geofoodtruck_az_cdn_frontdoor_origin_group",
            "mode": "managed",
            "type": "azurerm_cdn_frontdoor_origin_group",
            "name": "geofoodtruck_az_cdn_frontdoor_origin_group",
            "provider_name": "registry.terraform.io/hashicorp/azurerm",
            "schema_version": 0,
            "values": {
              "cdn_frontdoor_profile_id": "/subscriptions/1e84fd89-4a3b-41e1-b83c-e85bfb7ea419/resourceGroups/geofoodtruck-rgp/providers/Microsoft.Cdn/profiles/geofoodtruck-frontdoor-profile-19aab",
              "health_probe": [
                {
                  "interval_in_seconds": 100,
                  "path": "/",
                  "protocol": "Http",
                  "request_type": "HEAD"
                }
              ],
              "id": "/subscriptions/1e84fd89-4a3b-41e1-b83c-e85bfb7ea419/resourceGroups/geofoodtruck-rgp/providers/Microsoft.Cdn/profiles/geofoodtruck-frontdoor-profile-19aab/originGroups/geofoodtruck-origin-group-19aab",
              "load_balancing": [
                {
                  "additional_latency_in_milliseconds": 50,
                  "sample_size": 4,
                  "successful_samples_required": 3
                }
              ],
              "name": "geofoodtruck-origin-group-19aab",
              "restore_traffic_time_to_healed_or_new_endpoint_in_minutes": 10,
              "session_affinity_enabled": false,
              "timeouts": null
            },
            "sensitive_values": {
              "health_probe": [
                {}
              ],
              "load_balancing": [
                {}
              ]
            },
            "depends_on": [
              "azurerm_cdn_frontdoor_profile.geofoodtruck_az_cdn_frontdoor_profile",
              "data.azurerm_resource_group.geofoodtruck_az_resource_group"
            ]
          },
          {
            "address": "azurerm_cdn_frontdoor_origin_group.geofoodtruck_az_cdn_frontdoor_sforg_origin_group",
            "mode": "managed",
            "type": "azurerm_cdn_frontdoor_origin_group",
            "name": "geofoodtruck_az_cdn_frontdoor_sforg_origin_group",
            "provider_name": "registry.terraform.io/hashicorp/azurerm",
            "schema_version": 0,
            "values": {
              "cdn_frontdoor_profile_id": "/subscriptions/1e84fd89-4a3b-41e1-b83c-e85bfb7ea419/resourceGroups/geofoodtruck-rgp/providers/Microsoft.Cdn/profiles/geofoodtruck-frontdoor-profile-19aab",
              "health_probe": [],
              "id": "/subscriptions/1e84fd89-4a3b-41e1-b83c-e85bfb7ea419/resourceGroups/geofoodtruck-rgp/providers/Microsoft.Cdn/profiles/geofoodtruck-frontdoor-profile-19aab/originGroups/geofoodtruck-sforg-origin-group-19aab",
              "load_balancing": [
                {
                  "additional_latency_in_milliseconds": 50,
                  "sample_size": 4,
                  "successful_samples_required": 3
                }
              ],
              "name": "geofoodtruck-sforg-origin-group-19aab",
              "restore_traffic_time_to_healed_or_new_endpoint_in_minutes": 10,
              "session_affinity_enabled": false,
              "timeouts": null
            },
            "sensitive_values": {
              "health_probe": [],
              "load_balancing": [
                {}
              ]
            },
            "depends_on": [
              "azurerm_cdn_frontdoor_profile.geofoodtruck_az_cdn_frontdoor_profile",
              "data.azurerm_resource_group.geofoodtruck_az_resource_group"
            ]
          },
          {
            "address": "azurerm_cdn_frontdoor_profile.geofoodtruck_az_cdn_frontdoor_profile",
            "mode": "managed",
            "type": "azurerm_cdn_frontdoor_profile",
            "name": "geofoodtruck_az_cdn_frontdoor_profile",
            "provider_name": "registry.terraform.io/hashicorp/azurerm",
            "schema_version": 0,
            "values": {
              "id": "/subscriptions/1e84fd89-4a3b-41e1-b83c-e85bfb7ea419/resourceGroups/geofoodtruck-rgp/providers/Microsoft.Cdn/profiles/geofoodtruck-frontdoor-profile-19aab",
              "name": "geofoodtruck-frontdoor-profile-19aab",
              "resource_group_name": "geofoodtruck-rgp",
              "resource_guid": "0e698b73-c4a5-47ef-ab46-c382ef47f6e6",
              "response_timeout_seconds": 120,
              "sku_name": "Premium_AzureFrontDoor",
              "tags": {},
              "timeouts": null
            },
            "sensitive_values": {
              "tags": {}
            },
            "depends_on": [
              "data.azurerm_resource_group.geofoodtruck_az_resource_group"
            ]
          },
          {
            "address": "azurerm_cdn_frontdoor_route.geofoodtruck_az_cdn_frontdoor_app_store_route",
            "mode": "managed",
            "type": "azurerm_cdn_frontdoor_route",
            "name": "geofoodtruck_az_cdn_frontdoor_app_store_route",
            "provider_name": "registry.terraform.io/hashicorp/azurerm",
            "schema_version": 0,
            "values": {
              "cache": [
                {
                  "compression_enabled": true,
                  "content_types_to_compress": [
                    "text/html",
                    "text/javascript",
                    "application/javascript",
                    "text/css",
                    "application/json",
                    "text/plain"
                  ],
                  "query_string_caching_behavior": "IgnoreQueryString",
                  "query_strings": []
                }
              ],
              "cdn_frontdoor_custom_domain_ids": [],
              "cdn_frontdoor_endpoint_id": "/subscriptions/1e84fd89-4a3b-41e1-b83c-e85bfb7ea419/resourceGroups/geofoodtruck-rgp/providers/Microsoft.Cdn/profiles/geofoodtruck-frontdoor-profile-19aab/afdEndpoints/geofoodtruck-19aab",
              "cdn_frontdoor_origin_group_id": "/subscriptions/1e84fd89-4a3b-41e1-b83c-e85bfb7ea419/resourceGroups/geofoodtruck-rgp/providers/Microsoft.Cdn/profiles/geofoodtruck-frontdoor-profile-19aab/originGroups/geofoodtruck-origin-group-19aab",
              "cdn_frontdoor_origin_ids": [
                "/subscriptions/1e84fd89-4a3b-41e1-b83c-e85bfb7ea419/resourceGroups/geofoodtruck-rgp/providers/Microsoft.Cdn/profiles/geofoodtruck-frontdoor-profile-19aab/originGroups/geofoodtruck-origin-group-19aab/origins/geofoodtruck-app-storage-origin-19aab"
              ],
              "cdn_frontdoor_origin_path": "/app",
              "cdn_frontdoor_rule_set_ids": [],
              "enabled": true,
              "forwarding_protocol": "HttpsOnly",
              "https_redirect_enabled": true,
              "id": "/subscriptions/1e84fd89-4a3b-41e1-b83c-e85bfb7ea419/resourceGroups/geofoodtruck-rgp/providers/Microsoft.Cdn/profiles/geofoodtruck-frontdoor-profile-19aab/afdEndpoints/geofoodtruck-19aab/routes/geofoodtruck-app-storage-route-19aab",
              "link_to_default_domain": true,
              "name": "geofoodtruck-app-storage-route-19aab",
              "patterns_to_match": [
                "/*"
              ],
              "supported_protocols": [
                "Http",
                "Https"
              ],
              "timeouts": null
            },
            "sensitive_values": {
              "cache": [
                {
                  "content_types_to_compress": [
                    false,
                    false,
                    false,
                    false,
                    false,
                    false
                  ],
                  "query_strings": []
                }
              ],
              "cdn_frontdoor_custom_domain_ids": [],
              "cdn_frontdoor_origin_ids": [
                false
              ],
              "cdn_frontdoor_rule_set_ids": [],
              "patterns_to_match": [
                false
              ],
              "supported_protocols": [
                false,
                false
              ]
            },
            "depends_on": [
              "azurerm_cdn_frontdoor_endpoint.geofoodtruck_az_cdn_frontdoor_endpoint",
              "azurerm_cdn_frontdoor_origin.geofoodtruck_az_cdn_frontdoor_app_store_origin",
              "azurerm_cdn_frontdoor_origin_group.geofoodtruck_az_cdn_frontdoor_origin_group",
              "azurerm_cdn_frontdoor_profile.geofoodtruck_az_cdn_frontdoor_profile",
              "azurerm_storage_account.geofoodtruck_az_storage_account",
              "data.azurerm_resource_group.geofoodtruck_az_resource_group"
            ]
          },
          {
            "address": "azurerm_cdn_frontdoor_route.geofoodtruck_az_cdn_frontdoor_data_sforg_route",
            "mode": "managed",
            "type": "azurerm_cdn_frontdoor_route",
            "name": "geofoodtruck_az_cdn_frontdoor_data_sforg_route",
            "provider_name": "registry.terraform.io/hashicorp/azurerm",
            "schema_version": 0,
            "values": {
              "cache": [],
              "cdn_frontdoor_custom_domain_ids": [],
              "cdn_frontdoor_endpoint_id": "/subscriptions/1e84fd89-4a3b-41e1-b83c-e85bfb7ea419/resourceGroups/geofoodtruck-rgp/providers/Microsoft.Cdn/profiles/geofoodtruck-frontdoor-profile-19aab/afdEndpoints/geofoodtruck-19aab",
              "cdn_frontdoor_origin_group_id": "/subscriptions/1e84fd89-4a3b-41e1-b83c-e85bfb7ea419/resourceGroups/geofoodtruck-rgp/providers/Microsoft.Cdn/profiles/geofoodtruck-frontdoor-profile-19aab/originGroups/geofoodtruck-sforg-origin-group-19aab",
              "cdn_frontdoor_origin_ids": [
                "/subscriptions/1e84fd89-4a3b-41e1-b83c-e85bfb7ea419/resourceGroups/geofoodtruck-rgp/providers/Microsoft.Cdn/profiles/geofoodtruck-frontdoor-profile-19aab/originGroups/geofoodtruck-sforg-origin-group-19aab/origins/geofoodtruck-data-sforg-origin-19aab"
              ],
              "cdn_frontdoor_origin_path": "",
              "cdn_frontdoor_rule_set_ids": [
                "/subscriptions/1e84fd89-4a3b-41e1-b83c-e85bfb7ea419/resourceGroups/geofoodtruck-rgp/providers/Microsoft.Cdn/profiles/geofoodtruck-frontdoor-profile-19aab/ruleSets/geofoodtruckdatasforgruleset19aab"
              ],
              "enabled": true,
              "forwarding_protocol": "HttpsOnly",
              "https_redirect_enabled": true,
              "id": "/subscriptions/1e84fd89-4a3b-41e1-b83c-e85bfb7ea419/resourceGroups/geofoodtruck-rgp/providers/Microsoft.Cdn/profiles/geofoodtruck-frontdoor-profile-19aab/afdEndpoints/geofoodtruck-19aab/routes/geofoodtruck-data-sforg-route-19aab",
              "link_to_default_domain": true,
              "name": "geofoodtruck-data-sforg-route-19aab",
              "patterns_to_match": [
                "/resource/rqzj-sfat.json"
              ],
              "supported_protocols": [
                "Http",
                "Https"
              ],
              "timeouts": null
            },
            "sensitive_values": {
              "cache": [],
              "cdn_frontdoor_custom_domain_ids": [],
              "cdn_frontdoor_origin_ids": [
                false
              ],
              "cdn_frontdoor_rule_set_ids": [
                false
              ],
              "patterns_to_match": [
                false
              ],
              "supported_protocols": [
                false,
                false
              ]
            },
            "depends_on": [
              "azurerm_cdn_frontdoor_endpoint.geofoodtruck_az_cdn_frontdoor_endpoint",
              "azurerm_cdn_frontdoor_origin.geofoodtruck_az_cdn_frontdoor_app_store_origin",
              "azurerm_cdn_frontdoor_origin.geofoodtruck_az_cdn_frontdoor_data_sforg_origin",
              "azurerm_cdn_frontdoor_origin_group.geofoodtruck_az_cdn_frontdoor_origin_group",
              "azurerm_cdn_frontdoor_origin_group.geofoodtruck_az_cdn_frontdoor_sforg_origin_group",
              "azurerm_cdn_frontdoor_profile.geofoodtruck_az_cdn_frontdoor_profile",
              "azurerm_cdn_frontdoor_route.geofoodtruck_az_cdn_frontdoor_app_store_route",
              "azurerm_cdn_frontdoor_rule.geofoodtruck_az_cdn_frontdoor_data_sforg_rule",
              "azurerm_cdn_frontdoor_rule_set.geofoodtruck_az_cdn_frontdoor_data_sforg_rule_set",
              "azurerm_storage_account.geofoodtruck_az_storage_account",
              "data.azurerm_resource_group.geofoodtruck_az_resource_group"
            ]
          },
          {
            "address": "azurerm_cdn_frontdoor_rule.geofoodtruck_az_cdn_frontdoor_data_sforg_rule",
            "mode": "managed",
            "type": "azurerm_cdn_frontdoor_rule",
            "name": "geofoodtruck_az_cdn_frontdoor_data_sforg_rule",
            "provider_name": "registry.terraform.io/hashicorp/azurerm",
            "schema_version": 0,
            "values": {
              "actions": [
                {
                  "request_header_action": [
                    {
                      "header_action": "Append",
                      "header_name": "X-App-Token",
                      "value": "GrXGgigVGyUzWjE0ppVRMRUgR"
                    }
                  ],
                  "response_header_action": [],
                  "route_configuration_override_action": [],
                  "url_redirect_action": [],
                  "url_rewrite_action": []
                }
              ],
              "behavior_on_match": "Continue",
              "cdn_frontdoor_rule_set_id": "/subscriptions/1e84fd89-4a3b-41e1-b83c-e85bfb7ea419/resourceGroups/geofoodtruck-rgp/providers/Microsoft.Cdn/profiles/geofoodtruck-frontdoor-profile-19aab/ruleSets/geofoodtruckdatasforgruleset19aab",
              "cdn_frontdoor_rule_set_name": "geofoodtruckdatasforgruleset19aab",
              "conditions": [
                {
                  "client_port_condition": [],
                  "cookies_condition": [],
                  "host_name_condition": [],
                  "http_version_condition": [],
                  "is_device_condition": [],
                  "post_args_condition": [],
                  "query_string_condition": [],
                  "remote_address_condition": [],
                  "request_body_condition": [],
                  "request_header_condition": [
                    {
                      "header_name": "X-App-Token",
                      "match_values": [],
                      "negate_condition": true,
                      "operator": "Any",
                      "transforms": []
                    }
                  ],
                  "request_method_condition": [],
                  "request_scheme_condition": [],
                  "request_uri_condition": [],
                  "server_port_condition": [],
                  "socket_address_condition": [],
                  "ssl_protocol_condition": [],
                  "url_file_extension_condition": [],
                  "url_filename_condition": [],
                  "url_path_condition": []
                }
              ],
              "id": "/subscriptions/1e84fd89-4a3b-41e1-b83c-e85bfb7ea419/resourceGroups/geofoodtruck-rgp/providers/Microsoft.Cdn/profiles/geofoodtruck-frontdoor-profile-19aab/ruleSets/geofoodtruckdatasforgruleset19aab/rules/geofoodtruckdatasforgrule19aab",
              "name": "geofoodtruckdatasforgrule19aab",
              "order": 1,
              "timeouts": null
            },
            "sensitive_values": {
              "actions": [
                {
                  "request_header_action": [
                    {}
                  ],
                  "response_header_action": [],
                  "route_configuration_override_action": [],
                  "url_redirect_action": [],
                  "url_rewrite_action": []
                }
              ],
              "conditions": [
                {
                  "client_port_condition": [],
                  "cookies_condition": [],
                  "host_name_condition": [],
                  "http_version_condition": [],
                  "is_device_condition": [],
                  "post_args_condition": [],
                  "query_string_condition": [],
                  "remote_address_condition": [],
                  "request_body_condition": [],
                  "request_header_condition": [
                    {
                      "match_values": [],
                      "transforms": []
                    }
                  ],
                  "request_method_condition": [],
                  "request_scheme_condition": [],
                  "request_uri_condition": [],
                  "server_port_condition": [],
                  "socket_address_condition": [],
                  "ssl_protocol_condition": [],
                  "url_file_extension_condition": [],
                  "url_filename_condition": [],
                  "url_path_condition": []
                }
              ]
            },
            "depends_on": [
              "azurerm_cdn_frontdoor_endpoint.geofoodtruck_az_cdn_frontdoor_endpoint",
              "azurerm_cdn_frontdoor_origin.geofoodtruck_az_cdn_frontdoor_app_store_origin",
              "azurerm_cdn_frontdoor_origin.geofoodtruck_az_cdn_frontdoor_data_sforg_origin",
              "azurerm_cdn_frontdoor_origin_group.geofoodtruck_az_cdn_frontdoor_origin_group",
              "azurerm_cdn_frontdoor_origin_group.geofoodtruck_az_cdn_frontdoor_sforg_origin_group",
              "azurerm_cdn_frontdoor_profile.geofoodtruck_az_cdn_frontdoor_profile",
              "azurerm_cdn_frontdoor_route.geofoodtruck_az_cdn_frontdoor_app_store_route",
              "azurerm_cdn_frontdoor_rule_set.geofoodtruck_az_cdn_frontdoor_data_sforg_rule_set",
              "azurerm_storage_account.geofoodtruck_az_storage_account",
              "data.azurerm_resource_group.geofoodtruck_az_resource_group"
            ]
          },
          {
            "address": "azurerm_cdn_frontdoor_rule_set.geofoodtruck_az_cdn_frontdoor_data_sforg_rule_set",
            "mode": "managed",
            "type": "azurerm_cdn_frontdoor_rule_set",
            "name": "geofoodtruck_az_cdn_frontdoor_data_sforg_rule_set",
            "provider_name": "registry.terraform.io/hashicorp/azurerm",
            "schema_version": 0,
            "values": {
              "cdn_frontdoor_profile_id": "/subscriptions/1e84fd89-4a3b-41e1-b83c-e85bfb7ea419/resourceGroups/geofoodtruck-rgp/providers/Microsoft.Cdn/profiles/geofoodtruck-frontdoor-profile-19aab",
              "id": "/subscriptions/1e84fd89-4a3b-41e1-b83c-e85bfb7ea419/resourceGroups/geofoodtruck-rgp/providers/Microsoft.Cdn/profiles/geofoodtruck-frontdoor-profile-19aab/ruleSets/geofoodtruckdatasforgruleset19aab",
              "name": "geofoodtruckdatasforgruleset19aab",
              "timeouts": null
            },
            "sensitive_values": {},
            "depends_on": [
              "azurerm_cdn_frontdoor_endpoint.geofoodtruck_az_cdn_frontdoor_endpoint",
              "azurerm_cdn_frontdoor_origin.geofoodtruck_az_cdn_frontdoor_data_sforg_origin",
              "azurerm_cdn_frontdoor_origin_group.geofoodtruck_az_cdn_frontdoor_sforg_origin_group",
              "azurerm_cdn_frontdoor_profile.geofoodtruck_az_cdn_frontdoor_profile",
              "data.azurerm_resource_group.geofoodtruck_az_resource_group"
            ]
          },
          {
            "address": "azurerm_cdn_frontdoor_security_policy.geofoodtruck_az_cdn_frontdoor_security_policy",
            "mode": "managed",
            "type": "azurerm_cdn_frontdoor_security_policy",
            "name": "geofoodtruck_az_cdn_frontdoor_security_policy",
            "provider_name": "registry.terraform.io/hashicorp/azurerm",
            "schema_version": 0,
            "values": {
              "cdn_frontdoor_profile_id": "/subscriptions/1e84fd89-4a3b-41e1-b83c-e85bfb7ea419/resourceGroups/geofoodtruck-rgp/providers/Microsoft.Cdn/profiles/geofoodtruck-frontdoor-profile-19aab",
              "id": "/subscriptions/1e84fd89-4a3b-41e1-b83c-e85bfb7ea419/resourceGroups/geofoodtruck-rgp/providers/Microsoft.Cdn/profiles/geofoodtruck-frontdoor-profile-19aab/securityPolicies/geofoodtrucksecuritypolicy19aab",
              "name": "geofoodtrucksecuritypolicy19aab",
              "security_policies": [
                {
                  "firewall": [
                    {
                      "association": [
                        {
                          "domain": [
                            {
                              "active": true,
                              "cdn_frontdoor_domain_id": "/subscriptions/1e84fd89-4a3b-41e1-b83c-e85bfb7ea419/resourceGroups/geofoodtruck-rgp/providers/Microsoft.Cdn/profiles/geofoodtruck-frontdoor-profile-19aab/afdEndpoints/geofoodtruck-19aab"
                            }
                          ],
                          "patterns_to_match": [
                            "/*"
                          ]
                        }
                      ],
                      "cdn_frontdoor_firewall_policy_id": "/subscriptions/1e84fd89-4a3b-41e1-b83c-e85bfb7ea419/resourceGroups/geofoodtruck-rgp/providers/Microsoft.Network/frontDoorWebApplicationFirewallPolicies/geofoodtruckfirewallpolicy19aab"
                    }
                  ]
                }
              ],
              "timeouts": null
            },
            "sensitive_values": {
              "security_policies": [
                {
                  "firewall": [
                    {
                      "association": [
                        {
                          "domain": [
                            {}
                          ],
                          "patterns_to_match": [
                            false
                          ]
                        }
                      ]
                    }
                  ]
                }
              ]
            },
            "depends_on": [
              "azurerm_cdn_frontdoor_endpoint.geofoodtruck_az_cdn_frontdoor_endpoint",
              "azurerm_cdn_frontdoor_firewall_policy.geofoodtruck_az_cdn_frontdoor_firewall_policy",
              "azurerm_cdn_frontdoor_profile.geofoodtruck_az_cdn_frontdoor_profile",
              "data.azurerm_resource_group.geofoodtruck_az_resource_group"
            ]
          },
          {
            "address": "azurerm_key_vault.geofoodtruck_az_key_vault",
            "mode": "managed",
            "type": "azurerm_key_vault",
            "name": "geofoodtruck_az_key_vault",
            "provider_name": "registry.terraform.io/hashicorp/azurerm",
            "schema_version": 2,
            "values": {
              "access_policy": [
                {
                  "application_id": "",
                  "certificate_permissions": [],
                  "key_permissions": [
                    "Get",
                    "Create",
                    "Delete",
                    "List",
                    "Restore",
                    "Recover",
                    "UnwrapKey",
                    "WrapKey",
                    "Purge",
                    "Encrypt",
                    "Decrypt",
                    "Sign",
                    "Verify",
                    "GetRotationPolicy",
                    "SetRotationPolicy",
                    "Update",
                    "Backup",
                    "Release",
                    "Rotate",
                    "Import"
                  ],
                  "object_id": "17379688-6705-41d1-a5d8-cf557358e029",
                  "secret_permissions": [],
                  "storage_permissions": [],
                  "tenant_id": "ebe3b00b-03f5-4683-9385-9eae759d7ab1"
                },
                {
                  "application_id": "",
                  "certificate_permissions": [],
                  "key_permissions": [
                    "Get",
                    "UnwrapKey",
                    "WrapKey"
                  ],
                  "object_id": "adadff2d-df36-4aa1-bc71-a141be4af501",
                  "secret_permissions": [],
                  "storage_permissions": [],
                  "tenant_id": "ebe3b00b-03f5-4683-9385-9eae759d7ab1"
                },
                {
                  "application_id": "",
                  "certificate_permissions": [
                    "Get",
                    "List",
                    "Update",
                    "Create",
                    "Import",
                    "Delete",
                    "Recover",
                    "Backup",
                    "Restore",
                    "ManageContacts",
                    "ManageIssuers",
                    "GetIssuers",
                    "ListIssuers",
                    "SetIssuers",
                    "DeleteIssuers",
                    "Purge"
                  ],
                  "key_permissions": [
                    "Get",
                    "List",
                    "Update",
                    "Create",
                    "Import",
                    "Delete",
                    "Recover",
                    "Backup",
                    "Restore",
                    "GetRotationPolicy",
                    "SetRotationPolicy",
                    "Rotate",
                    "Encrypt",
                    "Decrypt",
                    "UnwrapKey",
                    "WrapKey",
                    "Verify",
                    "Sign",
                    "Purge",
                    "Release"
                  ],
                  "object_id": "9168981e-e1db-475e-871f-854205bc6354",
                  "secret_permissions": [
                    "Get",
                    "List",
                    "Set",
                    "Delete",
                    "Recover",
                    "Backup",
                    "Restore",
                    "Purge"
                  ],
                  "storage_permissions": [],
                  "tenant_id": "ebe3b00b-03f5-4683-9385-9eae759d7ab1"
                }
              ],
              "contact": [],
              "enable_rbac_authorization": false,
              "enabled_for_deployment": false,
              "enabled_for_disk_encryption": false,
              "enabled_for_template_deployment": false,
              "id": "/subscriptions/1e84fd89-4a3b-41e1-b83c-e85bfb7ea419/resourceGroups/geofoodtruck-rgp/providers/Microsoft.KeyVault/vaults/geofoodtruck-key-vault",
              "location": "eastus",
              "name": "geofoodtruck-key-vault",
              "network_acls": [
                {
                  "bypass": "AzureServices",
                  "default_action": "Allow",
                  "ip_rules": [],
                  "virtual_network_subnet_ids": []
                }
              ],
              "public_network_access_enabled": true,
              "purge_protection_enabled": true,
              "resource_group_name": "geofoodtruck-rgp",
              "sku_name": "standard",
              "soft_delete_retention_days": 90,
              "tags": {},
              "tenant_id": "ebe3b00b-03f5-4683-9385-9eae759d7ab1",
              "timeouts": null,
              "vault_uri": "https://geofoodtruck-key-vault.vault.azure.net/"
            },
            "sensitive_values": {
              "access_policy": [
                {
                  "certificate_permissions": [],
                  "key_permissions": [
                    false,
                    false,
                    false,
                    false,
                    false,
                    false,
                    false,
                    false,
                    false,
                    false,
                    false,
                    false,
                    false,
                    false,
                    false,
                    false,
                    false,
                    false,
                    false,
                    false
                  ],
                  "secret_permissions": [],
                  "storage_permissions": []
                },
                {
                  "certificate_permissions": [],
                  "key_permissions": [
                    false,
                    false,
                    false
                  ],
                  "secret_permissions": [],
                  "storage_permissions": []
                },
                {
                  "certificate_permissions": [
                    false,
                    false,
                    false,
                    false,
                    false,
                    false,
                    false,
                    false,
                    false,
                    false,
                    false,
                    false,
                    false,
                    false,
                    false,
                    false
                  ],
                  "key_permissions": [
                    false,
                    false,
                    false,
                    false,
                    false,
                    false,
                    false,
                    false,
                    false,
                    false,
                    false,
                    false,
                    false,
                    false,
                    false,
                    false,
                    false,
                    false,
                    false,
                    false
                  ],
                  "secret_permissions": [
                    false,
                    false,
                    false,
                    false,
                    false,
                    false,
                    false,
                    false
                  ],
                  "storage_permissions": []
                }
              ],
              "contact": [],
              "network_acls": [
                {
                  "ip_rules": [],
                  "virtual_network_subnet_ids": []
                }
              ],
              "tags": {}
            },
            "depends_on": [
              "data.azurerm_client_config.current",
              "data.azurerm_resource_group.geofoodtruck_az_resource_group"
            ]
          },
          {
            "address": "azurerm_key_vault_access_policy.geofoodtruck_az_key_vault_access_policy_identity",
            "mode": "managed",
            "type": "azurerm_key_vault_access_policy",
            "name": "geofoodtruck_az_key_vault_access_policy_identity",
            "provider_name": "registry.terraform.io/hashicorp/azurerm",
            "schema_version": 0,
            "values": {
              "application_id": "",
              "certificate_permissions": [],
              "id": "/subscriptions/1e84fd89-4a3b-41e1-b83c-e85bfb7ea419/resourceGroups/geofoodtruck-rgp/providers/Microsoft.KeyVault/vaults/geofoodtruck-key-vault/objectId/17379688-6705-41d1-a5d8-cf557358e029",
              "key_permissions": [
                "Get",
                "Create",
                "Delete",
                "List",
                "Restore",
                "Recover",
                "UnwrapKey",
                "WrapKey",
                "Purge",
                "Encrypt",
                "Decrypt",
                "Sign",
                "Verify",
                "GetRotationPolicy",
                "SetRotationPolicy",
                "Update",
                "Backup",
                "Release",
                "Rotate",
                "Import"
              ],
              "key_vault_id": "/subscriptions/1e84fd89-4a3b-41e1-b83c-e85bfb7ea419/resourceGroups/geofoodtruck-rgp/providers/Microsoft.KeyVault/vaults/geofoodtruck-key-vault",
              "object_id": "17379688-6705-41d1-a5d8-cf557358e029",
              "secret_permissions": [],
              "storage_permissions": [],
              "tenant_id": "ebe3b00b-03f5-4683-9385-9eae759d7ab1",
              "timeouts": null
            },
            "sensitive_values": {
              "certificate_permissions": [],
              "key_permissions": [
                false,
                false,
                false,
                false,
                false,
                false,
                false,
                false,
                false,
                false,
                false,
                false,
                false,
                false,
                false,
                false,
                false,
                false,
                false,
                false
              ],
              "secret_permissions": [],
              "storage_permissions": []
            },
            "depends_on": [
              "azurerm_key_vault.geofoodtruck_az_key_vault",
              "data.azurerm_client_config.current",
              "data.azurerm_resource_group.geofoodtruck_az_resource_group"
            ]
          },
          {
            "address": "azurerm_key_vault_access_policy.geofoodtruck_az_key_vault_access_policy_storage",
            "mode": "managed",
            "type": "azurerm_key_vault_access_policy",
            "name": "geofoodtruck_az_key_vault_access_policy_storage",
            "provider_name": "registry.terraform.io/hashicorp/azurerm",
            "schema_version": 0,
            "values": {
              "application_id": "",
              "certificate_permissions": [],
              "id": "/subscriptions/1e84fd89-4a3b-41e1-b83c-e85bfb7ea419/resourceGroups/geofoodtruck-rgp/providers/Microsoft.KeyVault/vaults/geofoodtruck-key-vault/objectId/adadff2d-df36-4aa1-bc71-a141be4af501",
              "key_permissions": [
                "Get",
                "UnwrapKey",
                "WrapKey"
              ],
              "key_vault_id": "/subscriptions/1e84fd89-4a3b-41e1-b83c-e85bfb7ea419/resourceGroups/geofoodtruck-rgp/providers/Microsoft.KeyVault/vaults/geofoodtruck-key-vault",
              "object_id": "adadff2d-df36-4aa1-bc71-a141be4af501",
              "secret_permissions": [],
              "storage_permissions": [],
              "tenant_id": "ebe3b00b-03f5-4683-9385-9eae759d7ab1",
              "timeouts": null
            },
            "sensitive_values": {
              "certificate_permissions": [],
              "key_permissions": [
                false,
                false,
                false
              ],
              "secret_permissions": [],
              "storage_permissions": []
            },
            "depends_on": [
              "azurerm_key_vault.geofoodtruck_az_key_vault",
              "azurerm_storage_account.geofoodtruck_az_storage_account",
              "data.azurerm_client_config.current",
              "data.azurerm_resource_group.geofoodtruck_az_resource_group"
            ]
          },
          {
            "address": "azurerm_key_vault_key.geofoodtruck_az_key_vault_key",
            "mode": "managed",
            "type": "azurerm_key_vault_key",
            "name": "geofoodtruck_az_key_vault_key",
            "provider_name": "registry.terraform.io/hashicorp/azurerm",
            "schema_version": 0,
            "values": {
              "curve": "",
              "e": "AQAB",
              "expiration_date": null,
              "id": "https://geofoodtruck-key-vault.vault.azure.net/keys/geofoodtruckkey/881cf924be5c4479923224ac94958fc0",
              "key_opts": [
                "decrypt",
                "encrypt",
                "sign",
                "unwrapKey",
                "verify",
                "wrapKey"
              ],
              "key_size": 2048,
              "key_type": "RSA",
              "key_vault_id": "/subscriptions/1e84fd89-4a3b-41e1-b83c-e85bfb7ea419/resourceGroups/geofoodtruck-rgp/providers/Microsoft.KeyVault/vaults/geofoodtruck-key-vault",
              "n": "yUAnMzu0-kHj-B80BClHtzB5eeUqMJwIlpBisxl3JfRMoP6Ym0PpYuH2eyg_H-tI02NTpDxyDr3nbe4yi6IvshOkR17TTcNUjjikRh_WHb5XEo5bNHrKJZWSbwF4sVqQ6rH834ngziiJj2vbzx8uA7Nu-zhasp00n-jyiG3tRINmdZGrskZvbmOo007YLewoGOe3_ntcW30JA_B8fckYAbTpofi4_lchki5U92yeEAPFq9jQIGXT6NIy2NqMh7gd3G3BPPRFjz79TSF5xOHAzuElg1pLSoy8lHZgkJ7kgLz43siwqONyEuc9h0pLYdTFkLyn769AEvR4BusoFDCgHQ",
              "name": "geofoodtruckkey",
              "not_before_date": null,
              "public_key_openssh": "ssh-rsa AAAAB3NzaC1yc2EAAAADAQABAAABAQDJQCczO7T6QeP4HzQEKUe3MHl55SownAiWkGKzGXcl9Eyg/pibQ+li4fZ7KD8f60jTY1OkPHIOvedt7jKLoi+yE6RHXtNNw1SOOKRGH9YdvlcSjls0esollZJvAXixWpDqsfzfieDOKImPa9vPHy4Ds277OFqynTSf6PKIbe1Eg2Z1kauyRm9uY6jTTtgt7CgY57f+e1xbfQkD8Hx9yRgBtOmh+Lj+VyGSLlT3bJ4QA8Wr2NAgZdPo0jLY2oyHuB3cbcE89EWPPv1NIXnE4cDO4SWDWktKjLyUdmCQnuSAvPjeyLCo43IS5z2HSkth1MWQvKfvr0AS9HgG6ygUMKAd\n",
              "public_key_pem": "-----BEGIN PUBLIC KEY-----\nMIIBIjANBgkqhkiG9w0BAQEFAAOCAQ8AMIIBCgKCAQEAyUAnMzu0+kHj+B80BClH\ntzB5eeUqMJwIlpBisxl3JfRMoP6Ym0PpYuH2eyg/H+tI02NTpDxyDr3nbe4yi6Iv\nshOkR17TTcNUjjikRh/WHb5XEo5bNHrKJZWSbwF4sVqQ6rH834ngziiJj2vbzx8u\nA7Nu+zhasp00n+jyiG3tRINmdZGrskZvbmOo007YLewoGOe3/ntcW30JA/B8fckY\nAbTpofi4/lchki5U92yeEAPFq9jQIGXT6NIy2NqMh7gd3G3BPPRFjz79TSF5xOHA\nzuElg1pLSoy8lHZgkJ7kgLz43siwqONyEuc9h0pLYdTFkLyn769AEvR4BusoFDCg\nHQIDAQAB\n-----END PUBLIC KEY-----\n",
              "resource_id": "/subscriptions/1e84fd89-4a3b-41e1-b83c-e85bfb7ea419/resourceGroups/geofoodtruck-rgp/providers/Microsoft.KeyVault/vaults/geofoodtruck-key-vault/keys/geofoodtruckkey/versions/881cf924be5c4479923224ac94958fc0",
              "resource_versionless_id": "/subscriptions/1e84fd89-4a3b-41e1-b83c-e85bfb7ea419/resourceGroups/geofoodtruck-rgp/providers/Microsoft.KeyVault/vaults/geofoodtruck-key-vault/keys/geofoodtruckkey",
              "rotation_policy": [
                {
                  "automatic": [
                    {
                      "time_after_creation": "",
                      "time_before_expiry": "P30D"
                    }
                  ],
                  "expire_after": "P90D",
                  "notify_before_expiry": "P29D"
                }
              ],
              "tags": {},
              "timeouts": null,
              "version": "881cf924be5c4479923224ac94958fc0",
              "versionless_id": "https://geofoodtruck-key-vault.vault.azure.net/keys/geofoodtruckkey",
              "x": "",
              "y": ""
            },
            "sensitive_values": {
              "key_opts": [
                false,
                false,
                false,
                false,
                false,
                false
              ],
              "rotation_policy": [
                {
                  "automatic": [
                    {}
                  ]
                }
              ],
              "tags": {}
            },
            "depends_on": [
              "azurerm_key_vault.geofoodtruck_az_key_vault",
              "azurerm_key_vault_access_policy.geofoodtruck_az_key_vault_access_policy_identity",
              "azurerm_key_vault_access_policy.geofoodtruck_az_key_vault_access_policy_storage",
              "azurerm_storage_account.geofoodtruck_az_storage_account",
              "data.azurerm_client_config.current",
              "data.azurerm_resource_group.geofoodtruck_az_resource_group"
            ]
          },
          {
            "address": "azurerm_role_assignment.geofoodtruck_az_role_assignment_managed_id",
            "mode": "managed",
            "type": "azurerm_role_assignment",
            "name": "geofoodtruck_az_role_assignment_managed_id",
            "provider_name": "registry.terraform.io/hashicorp/azurerm",
            "schema_version": 0,
            "values": {
              "condition": "",
              "condition_version": "",
              "delegated_managed_identity_resource_id": "",
              "description": "",
              "id": "/subscriptions/1e84fd89-4a3b-41e1-b83c-e85bfb7ea419/resourceGroups/geofoodtruck-rgp/providers/Microsoft.Storage/storageAccounts/geofoodtruck/providers/Microsoft.Authorization/roleAssignments/53c99d50-93f1-cd0a-941d-93a57dd3a9b8",
              "name": "53c99d50-93f1-cd0a-941d-93a57dd3a9b8",
              "principal_id": "17379688-6705-41d1-a5d8-cf557358e029",
              "principal_type": "ServicePrincipal",
              "role_definition_id": "/subscriptions/1e84fd89-4a3b-41e1-b83c-e85bfb7ea419/providers/Microsoft.Authorization/roleDefinitions/ba92f5b4-2d11-453d-a403-e96b0029c9fe",
              "role_definition_name": "Storage Blob Data Contributor",
              "scope": "/subscriptions/1e84fd89-4a3b-41e1-b83c-e85bfb7ea419/resourceGroups/geofoodtruck-rgp/providers/Microsoft.Storage/storageAccounts/geofoodtruck",
              "skip_service_principal_aad_check": null,
              "timeouts": null
            },
            "sensitive_values": {},
            "depends_on": [
              "azurerm_storage_account.geofoodtruck_az_storage_account",
              "data.azurerm_client_config.current",
              "data.azurerm_resource_group.geofoodtruck_az_resource_group"
            ]
          },
          {
            "address": "azurerm_storage_account.geofoodtruck_az_storage_account",
            "mode": "managed",
            "type": "azurerm_storage_account",
            "name": "geofoodtruck_az_storage_account",
            "provider_name": "registry.terraform.io/hashicorp/azurerm",
            "schema_version": 4,
            "values": {
              "access_tier": "Hot",
              "account_kind": "StorageV2",
              "account_replication_type": "LRS",
              "account_tier": "Standard",
              "allow_nested_items_to_be_public": true,
              "allowed_copy_scope": "",
              "azure_files_authentication": [],
              "blob_properties": [
                {
                  "change_feed_enabled": false,
                  "change_feed_retention_in_days": 0,
                  "container_delete_retention_policy": [],
                  "cors_rule": [],
                  "default_service_version": "",
                  "delete_retention_policy": [],
                  "last_access_time_enabled": false,
                  "restore_policy": [],
                  "versioning_enabled": false
                }
              ],
              "cross_tenant_replication_enabled": true,
              "custom_domain": [],
              "customer_managed_key": [
                {
                  "key_vault_key_id": "https://geofoodtruck-key-vault.vault.azure.net/keys/geofoodtruckkey",
                  "managed_hsm_key_id": "",
                  "user_assigned_identity_id": ""
                }
              ],
              "default_to_oauth_authentication": false,
              "dns_endpoint_type": "Standard",
              "edge_zone": "",
              "enable_https_traffic_only": true,
              "id": "/subscriptions/1e84fd89-4a3b-41e1-b83c-e85bfb7ea419/resourceGroups/geofoodtruck-rgp/providers/Microsoft.Storage/storageAccounts/geofoodtruck",
              "identity": [
                {
                  "identity_ids": [],
                  "principal_id": "adadff2d-df36-4aa1-bc71-a141be4af501",
                  "tenant_id": "ebe3b00b-03f5-4683-9385-9eae759d7ab1",
                  "type": "SystemAssigned"
                }
              ],
              "immutability_policy": [],
              "infrastructure_encryption_enabled": false,
              "is_hns_enabled": false,
              "large_file_share_enabled": null,
              "local_user_enabled": true,
              "location": "eastus",
              "min_tls_version": "TLS1_2",
              "name": "geofoodtruck",
              "network_rules": [
                {
                  "bypass": [
                    "AzureServices"
                  ],
                  "default_action": "Allow",
                  "ip_rules": [],
                  "private_link_access": [],
                  "virtual_network_subnet_ids": []
                }
              ],
              "nfsv3_enabled": false,
              "primary_access_key": "***",
              "primary_blob_connection_string": "***",
              "primary_blob_endpoint": "https://geofoodtruck.blob.core.windows.net/",
              "primary_blob_host": "geofoodtruck.blob.core.windows.net",
              "primary_blob_internet_endpoint": "",
              "primary_blob_internet_host": "",
              "primary_blob_microsoft_endpoint": "",
              "primary_blob_microsoft_host": "",
              "primary_connection_string": "***",
              "primary_dfs_endpoint": "https://geofoodtruck.dfs.core.windows.net/",
              "primary_dfs_host": "geofoodtruck.dfs.core.windows.net",
              "primary_dfs_internet_endpoint": "",
              "primary_dfs_internet_host": "",
              "primary_dfs_microsoft_endpoint": "",
              "primary_dfs_microsoft_host": "",
              "primary_file_endpoint": "https://geofoodtruck.file.core.windows.net/",
              "primary_file_host": "geofoodtruck.file.core.windows.net",
              "primary_file_internet_endpoint": "",
              "primary_file_internet_host": "",
              "primary_file_microsoft_endpoint": "",
              "primary_file_microsoft_host": "",
              "primary_location": "eastus",
              "primary_queue_endpoint": "https://geofoodtruck.queue.core.windows.net/",
              "primary_queue_host": "geofoodtruck.queue.core.windows.net",
              "primary_queue_microsoft_endpoint": "",
              "primary_queue_microsoft_host": "",
              "primary_table_endpoint": "https://geofoodtruck.table.core.windows.net/",
              "primary_table_host": "geofoodtruck.table.core.windows.net",
              "primary_table_microsoft_endpoint": "",
              "primary_table_microsoft_host": "",
              "primary_web_endpoint": "https://geofoodtruck.z13.web.core.windows.net/",
              "primary_web_host": "geofoodtruck.z13.web.core.windows.net",
              "primary_web_internet_endpoint": "",
              "primary_web_internet_host": "",
              "primary_web_microsoft_endpoint": "",
              "primary_web_microsoft_host": "",
              "public_network_access_enabled": true,
              "queue_encryption_key_type": "Service",
              "queue_properties": [
                {
                  "cors_rule": [],
                  "hour_metrics": [
                    {
                      "enabled": true,
                      "include_apis": true,
                      "retention_policy_days": 7,
                      "version": "1.0"
                    }
                  ],
                  "logging": [
                    {
                      "delete": false,
                      "read": false,
                      "retention_policy_days": 0,
                      "version": "1.0",
                      "write": false
                    }
                  ],
                  "minute_metrics": [
                    {
                      "enabled": false,
                      "include_apis": false,
                      "retention_policy_days": 0,
                      "version": "1.0"
                    }
                  ]
                }
              ],
              "resource_group_name": "geofoodtruck-rgp",
              "routing": [],
              "sas_policy": [],
              "secondary_access_key": "***",
              "secondary_blob_connection_string": "",
              "secondary_blob_endpoint": null,
              "secondary_blob_host": null,
              "secondary_blob_internet_endpoint": null,
              "secondary_blob_internet_host": null,
              "secondary_blob_microsoft_endpoint": null,
              "secondary_blob_microsoft_host": null,
              "secondary_connection_string": "***",
              "secondary_dfs_endpoint": null,
              "secondary_dfs_host": null,
              "secondary_dfs_internet_endpoint": null,
              "secondary_dfs_internet_host": null,
              "secondary_dfs_microsoft_endpoint": null,
              "secondary_dfs_microsoft_host": null,
              "secondary_file_endpoint": null,
              "secondary_file_host": null,
              "secondary_file_internet_endpoint": null,
              "secondary_file_internet_host": null,
              "secondary_file_microsoft_endpoint": null,
              "secondary_file_microsoft_host": null,
              "secondary_location": "",
              "secondary_queue_endpoint": null,
              "secondary_queue_host": null,
              "secondary_queue_microsoft_endpoint": null,
              "secondary_queue_microsoft_host": null,
              "secondary_table_endpoint": null,
              "secondary_table_host": null,
              "secondary_table_microsoft_endpoint": null,
              "secondary_table_microsoft_host": null,
              "secondary_web_endpoint": null,
              "secondary_web_host": null,
              "secondary_web_internet_endpoint": null,
              "secondary_web_internet_host": null,
              "secondary_web_microsoft_endpoint": null,
              "secondary_web_microsoft_host": null,
              "sftp_enabled": false,
              "share_properties": [
                {
                  "cors_rule": [],
                  "retention_policy": [
                    {
                      "days": 7
                    }
                  ],
                  "smb": []
                }
              ],
              "shared_access_key_enabled": false,
              "static_website": [],
              "table_encryption_key_type": "Service",
              "tags": {},
              "timeouts": null
            },
            "sensitive_values": {
              "azure_files_authentication": [],
              "blob_properties": [
                {
                  "container_delete_retention_policy": [],
                  "cors_rule": [],
                  "delete_retention_policy": [],
                  "restore_policy": []
                }
              ],
              "custom_domain": [],
              "customer_managed_key": [
                {}
              ],
              "identity": [
                {
                  "identity_ids": []
                }
              ],
              "immutability_policy": [],
              "network_rules": [
                {
                  "bypass": [
                    false
                  ],
                  "ip_rules": [],
                  "private_link_access": [],
                  "virtual_network_subnet_ids": []
                }
              ],
              "primary_access_key": true,
              "primary_blob_connection_string": true,
              "primary_connection_string": true,
              "queue_properties": [
                {
                  "cors_rule": [],
                  "hour_metrics": [
                    {}
                  ],
                  "logging": [
                    {}
                  ],
                  "minute_metrics": [
                    {}
                  ]
                }
              ],
              "routing": [],
              "sas_policy": [],
              "secondary_access_key": true,
              "secondary_blob_connection_string": true,
              "secondary_connection_string": true,
              "share_properties": [
                {
                  "cors_rule": [],
                  "retention_policy": [
                    {}
                  ],
                  "smb": []
                }
              ],
              "static_website": [],
              "tags": {}
            },
            "depends_on": [
              "data.azurerm_resource_group.geofoodtruck_az_resource_group"
            ]
          },
          {
            "address": "azurerm_storage_account_customer_managed_key.geofoodtruck_az_storage_account_customer_managed_key",
            "mode": "managed",
            "type": "azurerm_storage_account_customer_managed_key",
            "name": "geofoodtruck_az_storage_account_customer_managed_key",
            "provider_name": "registry.terraform.io/hashicorp/azurerm",
            "schema_version": 0,
            "values": {
              "federated_identity_client_id": "",
              "id": "/subscriptions/1e84fd89-4a3b-41e1-b83c-e85bfb7ea419/resourceGroups/geofoodtruck-rgp/providers/Microsoft.Storage/storageAccounts/geofoodtruck",
              "key_name": "geofoodtruckkey",
              "key_vault_id": "/subscriptions/1e84fd89-4a3b-41e1-b83c-e85bfb7ea419/resourceGroups/geofoodtruck-rgp/providers/Microsoft.KeyVault/vaults/geofoodtruck-key-vault",
              "key_vault_uri": "https://geofoodtruck-key-vault.vault.azure.net/",
              "key_version": "",
              "managed_hsm_key_id": null,
              "storage_account_id": "/subscriptions/1e84fd89-4a3b-41e1-b83c-e85bfb7ea419/resourceGroups/geofoodtruck-rgp/providers/Microsoft.Storage/storageAccounts/geofoodtruck",
              "timeouts": null,
              "user_assigned_identity_id": ""
            },
            "sensitive_values": {},
            "depends_on": [
              "azurerm_key_vault.geofoodtruck_az_key_vault",
              "azurerm_key_vault_access_policy.geofoodtruck_az_key_vault_access_policy_identity",
              "azurerm_key_vault_access_policy.geofoodtruck_az_key_vault_access_policy_storage",
              "azurerm_key_vault_key.geofoodtruck_az_key_vault_key",
              "azurerm_storage_account.geofoodtruck_az_storage_account",
              "data.azurerm_client_config.current",
              "data.azurerm_resource_group.geofoodtruck_az_resource_group"
            ]
          },
          {
            "address": "azurerm_storage_blob.app_files[\"asset-manifest.json\"]",
            "mode": "managed",
            "type": "azurerm_storage_blob",
            "name": "app_files",
            "index": "asset-manifest.json",
            "provider_name": "registry.terraform.io/hashicorp/azurerm",
            "schema_version": 1,
            "values": {
              "access_tier": "Hot",
              "cache_control": "",
              "content_md5": "c84d78252f40ba88b8fdfb912c9b93bf",
              "content_type": "application/json",
              "encryption_scope": "",
              "id": "https://geofoodtruck.blob.core.windows.net/app/asset-manifest.json",
              "metadata": {},
              "name": "asset-manifest.json",
              "parallelism": 8,
              "size": 0,
              "source": "../../build/asset-manifest.json",
              "source_content": null,
              "source_uri": null,
              "storage_account_name": "geofoodtruck",
              "storage_container_name": "app",
              "timeouts": null,
              "type": "Block",
              "url": "https://geofoodtruck.blob.core.windows.net/app/asset-manifest.json"
            },
            "sensitive_values": {
              "metadata": {}
            },
            "depends_on": [
              "azurerm_role_assignment.geofoodtruck_az_role_assignment_managed_id",
              "azurerm_storage_account.geofoodtruck_az_storage_account",
              "azurerm_storage_container.geofoodtruck_az_storage_container",
              "data.azurerm_client_config.current",
              "data.azurerm_resource_group.geofoodtruck_az_resource_group"
            ]
          },
          {
            "address": "azurerm_storage_blob.app_files[\"favicon.ico\"]",
            "mode": "managed",
            "type": "azurerm_storage_blob",
            "name": "app_files",
            "index": "favicon.ico",
            "provider_name": "registry.terraform.io/hashicorp/azurerm",
            "schema_version": 1,
            "values": {
              "access_tier": "Hot",
              "cache_control": "",
              "content_md5": "c92b85a5b907c70211f4ec25e29a8c4a",
              "content_type": "image/x-icon",
              "encryption_scope": "",
              "id": "https://geofoodtruck.blob.core.windows.net/app/favicon.ico",
              "metadata": {},
              "name": "favicon.ico",
              "parallelism": 8,
              "size": 0,
              "source": "../../build/favicon.ico",
              "source_content": null,
              "source_uri": null,
              "storage_account_name": "geofoodtruck",
              "storage_container_name": "app",
              "timeouts": null,
              "type": "Block",
              "url": "https://geofoodtruck.blob.core.windows.net/app/favicon.ico"
            },
            "sensitive_values": {
              "metadata": {}
            },
            "depends_on": [
              "azurerm_role_assignment.geofoodtruck_az_role_assignment_managed_id",
              "azurerm_storage_account.geofoodtruck_az_storage_account",
              "azurerm_storage_container.geofoodtruck_az_storage_container",
              "data.azurerm_client_config.current",
              "data.azurerm_resource_group.geofoodtruck_az_resource_group"
            ]
          },
          {
            "address": "azurerm_storage_blob.app_files[\"index.html\"]",
            "mode": "managed",
            "type": "azurerm_storage_blob",
            "name": "app_files",
            "index": "index.html",
            "provider_name": "registry.terraform.io/hashicorp/azurerm",
            "schema_version": 1,
            "values": {
              "access_tier": "Hot",
              "cache_control": "",
              "content_md5": "2f14b387837e20a9df5077a35c0aecfb",
              "content_type": "text/html",
              "encryption_scope": "",
              "id": "https://geofoodtruck.blob.core.windows.net/app/index.html",
              "metadata": {},
              "name": "index.html",
              "parallelism": 8,
              "size": 0,
              "source": "../../build/index.html",
              "source_content": null,
              "source_uri": null,
              "storage_account_name": "geofoodtruck",
              "storage_container_name": "app",
              "timeouts": null,
              "type": "Block",
              "url": "https://geofoodtruck.blob.core.windows.net/app/index.html"
            },
            "sensitive_values": {
              "metadata": {}
            },
            "depends_on": [
              "azurerm_role_assignment.geofoodtruck_az_role_assignment_managed_id",
              "azurerm_storage_account.geofoodtruck_az_storage_account",
              "azurerm_storage_container.geofoodtruck_az_storage_container",
              "data.azurerm_client_config.current",
              "data.azurerm_resource_group.geofoodtruck_az_resource_group"
            ]
          },
          {
            "address": "azurerm_storage_blob.app_files[\"logo192.png\"]",
            "mode": "managed",
            "type": "azurerm_storage_blob",
            "name": "app_files",
            "index": "logo192.png",
            "provider_name": "registry.terraform.io/hashicorp/azurerm",
            "schema_version": 1,
            "values": {
              "access_tier": "Hot",
              "cache_control": "",
              "content_md5": "33dbdd0177549353eeeb785d02c294af",
              "content_type": "image/png",
              "encryption_scope": "",
              "id": "https://geofoodtruck.blob.core.windows.net/app/logo192.png",
              "metadata": {},
              "name": "logo192.png",
              "parallelism": 8,
              "size": 0,
              "source": "../../build/logo192.png",
              "source_content": null,
              "source_uri": null,
              "storage_account_name": "geofoodtruck",
              "storage_container_name": "app",
              "timeouts": null,
              "type": "Block",
              "url": "https://geofoodtruck.blob.core.windows.net/app/logo192.png"
            },
            "sensitive_values": {
              "metadata": {}
            },
            "depends_on": [
              "azurerm_role_assignment.geofoodtruck_az_role_assignment_managed_id",
              "azurerm_storage_account.geofoodtruck_az_storage_account",
              "azurerm_storage_container.geofoodtruck_az_storage_container",
              "data.azurerm_client_config.current",
              "data.azurerm_resource_group.geofoodtruck_az_resource_group"
            ]
          },
          {
            "address": "azurerm_storage_blob.app_files[\"logo512.png\"]",
            "mode": "managed",
            "type": "azurerm_storage_blob",
            "name": "app_files",
            "index": "logo512.png",
            "provider_name": "registry.terraform.io/hashicorp/azurerm",
            "schema_version": 1,
            "values": {
              "access_tier": "Hot",
              "cache_control": "",
              "content_md5": "917515db74ea8d1aee6a246cfbcc0b45",
              "content_type": "image/png",
              "encryption_scope": "",
              "id": "https://geofoodtruck.blob.core.windows.net/app/logo512.png",
              "metadata": {},
              "name": "logo512.png",
              "parallelism": 8,
              "size": 0,
              "source": "../../build/logo512.png",
              "source_content": null,
              "source_uri": null,
              "storage_account_name": "geofoodtruck",
              "storage_container_name": "app",
              "timeouts": null,
              "type": "Block",
              "url": "https://geofoodtruck.blob.core.windows.net/app/logo512.png"
            },
            "sensitive_values": {
              "metadata": {}
            },
            "depends_on": [
              "azurerm_role_assignment.geofoodtruck_az_role_assignment_managed_id",
              "azurerm_storage_account.geofoodtruck_az_storage_account",
              "azurerm_storage_container.geofoodtruck_az_storage_container",
              "data.azurerm_client_config.current",
              "data.azurerm_resource_group.geofoodtruck_az_resource_group"
            ]
          },
          {
            "address": "azurerm_storage_blob.app_files[\"manifest.json\"]",
            "mode": "managed",
            "type": "azurerm_storage_blob",
            "name": "app_files",
            "index": "manifest.json",
            "provider_name": "registry.terraform.io/hashicorp/azurerm",
            "schema_version": 1,
            "values": {
              "access_tier": "Hot",
              "cache_control": "",
              "content_md5": "9153e3ba94d29288a5aef74db1fb2dd1",
              "content_type": "application/json",
              "encryption_scope": "",
              "id": "https://geofoodtruck.blob.core.windows.net/app/manifest.json",
              "metadata": {},
              "name": "manifest.json",
              "parallelism": 8,
              "size": 0,
              "source": "../../build/manifest.json",
              "source_content": null,
              "source_uri": null,
              "storage_account_name": "geofoodtruck",
              "storage_container_name": "app",
              "timeouts": null,
              "type": "Block",
              "url": "https://geofoodtruck.blob.core.windows.net/app/manifest.json"
            },
            "sensitive_values": {
              "metadata": {}
            },
            "depends_on": [
              "azurerm_role_assignment.geofoodtruck_az_role_assignment_managed_id",
              "azurerm_storage_account.geofoodtruck_az_storage_account",
              "azurerm_storage_container.geofoodtruck_az_storage_container",
              "data.azurerm_client_config.current",
              "data.azurerm_resource_group.geofoodtruck_az_resource_group"
            ]
          },
          {
            "address": "azurerm_storage_blob.app_files[\"robots.txt\"]",
            "mode": "managed",
            "type": "azurerm_storage_blob",
            "name": "app_files",
            "index": "robots.txt",
            "provider_name": "registry.terraform.io/hashicorp/azurerm",
            "schema_version": 1,
            "values": {
              "access_tier": "Hot",
              "cache_control": "",
              "content_md5": "fa1ded1ed7c11438a9b0385b1e112850",
              "content_type": "text/plain",
              "encryption_scope": "",
              "id": "https://geofoodtruck.blob.core.windows.net/app/robots.txt",
              "metadata": {},
              "name": "robots.txt",
              "parallelism": 8,
              "size": 0,
              "source": "../../build/robots.txt",
              "source_content": null,
              "source_uri": null,
              "storage_account_name": "geofoodtruck",
              "storage_container_name": "app",
              "timeouts": null,
              "type": "Block",
              "url": "https://geofoodtruck.blob.core.windows.net/app/robots.txt"
            },
            "sensitive_values": {
              "metadata": {}
            },
            "depends_on": [
              "azurerm_role_assignment.geofoodtruck_az_role_assignment_managed_id",
              "azurerm_storage_account.geofoodtruck_az_storage_account",
              "azurerm_storage_container.geofoodtruck_az_storage_container",
              "data.azurerm_client_config.current",
              "data.azurerm_resource_group.geofoodtruck_az_resource_group"
            ]
          },
          {
            "address": "azurerm_storage_blob.app_files[\"static/css/main.414097bf.css\"]",
            "mode": "managed",
            "type": "azurerm_storage_blob",
            "name": "app_files",
            "index": "static/css/main.414097bf.css",
            "provider_name": "registry.terraform.io/hashicorp/azurerm",
            "schema_version": 1,
            "values": {
              "access_tier": "Hot",
              "cache_control": "",
              "content_md5": "22eaf37d16c7b6c0b38e8c88bcf4eef0",
              "content_type": "text/css",
              "encryption_scope": "",
              "id": "https://geofoodtruck.blob.core.windows.net/app/static/css/main.414097bf.css",
              "metadata": {},
              "name": "static/css/main.414097bf.css",
              "parallelism": 8,
              "size": 0,
              "source": "../../build/static/css/main.414097bf.css",
              "source_content": null,
              "source_uri": null,
              "storage_account_name": "geofoodtruck",
              "storage_container_name": "app",
              "timeouts": null,
              "type": "Block",
              "url": "https://geofoodtruck.blob.core.windows.net/app/static/css/main.414097bf.css"
            },
            "sensitive_values": {
              "metadata": {}
            },
            "depends_on": [
              "azurerm_role_assignment.geofoodtruck_az_role_assignment_managed_id",
              "azurerm_storage_account.geofoodtruck_az_storage_account",
              "azurerm_storage_container.geofoodtruck_az_storage_container",
              "data.azurerm_client_config.current",
              "data.azurerm_resource_group.geofoodtruck_az_resource_group"
            ]
          },
          {
            "address": "azurerm_storage_blob.app_files[\"static/js/206.85c6594b.chunk.js\"]",
            "mode": "managed",
            "type": "azurerm_storage_blob",
            "name": "app_files",
            "index": "static/js/206.85c6594b.chunk.js",
            "provider_name": "registry.terraform.io/hashicorp/azurerm",
            "schema_version": 1,
            "values": {
              "access_tier": "Hot",
              "cache_control": "",
              "content_md5": "07ae34e78f0ecc509b588cbec8cf683f",
              "content_type": "application/javascript",
              "encryption_scope": "",
              "id": "https://geofoodtruck.blob.core.windows.net/app/static/js/206.85c6594b.chunk.js",
              "metadata": {},
              "name": "static/js/206.85c6594b.chunk.js",
              "parallelism": 8,
              "size": 0,
              "source": "../../build/static/js/206.85c6594b.chunk.js",
              "source_content": null,
              "source_uri": null,
              "storage_account_name": "geofoodtruck",
              "storage_container_name": "app",
              "timeouts": null,
              "type": "Block",
              "url": "https://geofoodtruck.blob.core.windows.net/app/static/js/206.85c6594b.chunk.js"
            },
            "sensitive_values": {
              "metadata": {}
            },
            "depends_on": [
              "azurerm_role_assignment.geofoodtruck_az_role_assignment_managed_id",
              "azurerm_storage_account.geofoodtruck_az_storage_account",
              "azurerm_storage_container.geofoodtruck_az_storage_container",
              "data.azurerm_client_config.current",
              "data.azurerm_resource_group.geofoodtruck_az_resource_group"
            ]
          },
          {
            "address": "azurerm_storage_blob.app_files[\"static/js/main.dc021fd1.js\"]",
            "mode": "managed",
            "type": "azurerm_storage_blob",
            "name": "app_files",
            "index": "static/js/main.dc021fd1.js",
            "provider_name": "registry.terraform.io/hashicorp/azurerm",
            "schema_version": 1,
            "values": {
              "access_tier": "Hot",
              "cache_control": "",
              "content_md5": "f4f12db4cff5bbe07c83adabc9209a0d",
              "content_type": "application/javascript",
              "encryption_scope": "",
              "id": "https://geofoodtruck.blob.core.windows.net/app/static/js/main.dc021fd1.js",
              "metadata": {},
              "name": "static/js/main.dc021fd1.js",
              "parallelism": 8,
              "size": 0,
              "source": "../../build/static/js/main.dc021fd1.js",
              "source_content": null,
              "source_uri": null,
              "storage_account_name": "geofoodtruck",
              "storage_container_name": "app",
              "timeouts": null,
              "type": "Block",
              "url": "https://geofoodtruck.blob.core.windows.net/app/static/js/main.dc021fd1.js"
            },
            "sensitive_values": {
              "metadata": {}
            },
            "depends_on": [
              "azurerm_role_assignment.geofoodtruck_az_role_assignment_managed_id",
              "azurerm_storage_account.geofoodtruck_az_storage_account",
              "azurerm_storage_container.geofoodtruck_az_storage_container",
              "data.azurerm_client_config.current",
              "data.azurerm_resource_group.geofoodtruck_az_resource_group"
            ]
          },
          {
            "address": "azurerm_storage_blob.app_files[\"static/js/main.dc021fd1.js.LICENSE.txt\"]",
            "mode": "managed",
            "type": "azurerm_storage_blob",
            "name": "app_files",
            "index": "static/js/main.dc021fd1.js.LICENSE.txt",
            "provider_name": "registry.terraform.io/hashicorp/azurerm",
            "schema_version": 1,
            "values": {
              "access_tier": "Hot",
              "cache_control": "",
              "content_md5": "724392fbfeeb6cde62aa6bad62361a60",
              "content_type": "text/plain",
              "encryption_scope": "",
              "id": "https://geofoodtruck.blob.core.windows.net/app/static/js/main.dc021fd1.js.LICENSE.txt",
              "metadata": {},
              "name": "static/js/main.dc021fd1.js.LICENSE.txt",
              "parallelism": 8,
              "size": 0,
              "source": "../../build/static/js/main.dc021fd1.js.LICENSE.txt",
              "source_content": null,
              "source_uri": null,
              "storage_account_name": "geofoodtruck",
              "storage_container_name": "app",
              "timeouts": null,
              "type": "Block",
              "url": "https://geofoodtruck.blob.core.windows.net/app/static/js/main.dc021fd1.js.LICENSE.txt"
            },
            "sensitive_values": {
              "metadata": {}
            },
            "depends_on": [
              "azurerm_role_assignment.geofoodtruck_az_role_assignment_managed_id",
              "azurerm_storage_account.geofoodtruck_az_storage_account",
              "azurerm_storage_container.geofoodtruck_az_storage_container",
              "data.azurerm_client_config.current",
              "data.azurerm_resource_group.geofoodtruck_az_resource_group"
            ]
          },
          {
            "address": "azurerm_storage_blob.app_files[\"truck-solid.png\"]",
            "mode": "managed",
            "type": "azurerm_storage_blob",
            "name": "app_files",
            "index": "truck-solid.png",
            "provider_name": "registry.terraform.io/hashicorp/azurerm",
            "schema_version": 1,
            "values": {
              "access_tier": "Hot",
              "cache_control": "",
              "content_md5": "73391b6b4a8a07adff0fbb8ffdbe519c",
              "content_type": "image/png",
              "encryption_scope": "",
              "id": "https://geofoodtruck.blob.core.windows.net/app/truck-solid.png",
              "metadata": {},
              "name": "truck-solid.png",
              "parallelism": 8,
              "size": 0,
              "source": "../../build/truck-solid.png",
              "source_content": null,
              "source_uri": null,
              "storage_account_name": "geofoodtruck",
              "storage_container_name": "app",
              "timeouts": null,
              "type": "Block",
              "url": "https://geofoodtruck.blob.core.windows.net/app/truck-solid.png"
            },
            "sensitive_values": {
              "metadata": {}
            },
            "depends_on": [
              "azurerm_role_assignment.geofoodtruck_az_role_assignment_managed_id",
              "azurerm_storage_account.geofoodtruck_az_storage_account",
              "azurerm_storage_container.geofoodtruck_az_storage_container",
              "data.azurerm_client_config.current",
              "data.azurerm_resource_group.geofoodtruck_az_resource_group"
            ]
          },
          {
            "address": "azurerm_storage_container.geofoodtruck_az_storage_container",
            "mode": "managed",
            "type": "azurerm_storage_container",
            "name": "geofoodtruck_az_storage_container",
            "provider_name": "registry.terraform.io/hashicorp/azurerm",
            "schema_version": 1,
            "values": {
              "container_access_type": "blob",
              "default_encryption_scope": "$account-encryption-key",
              "encryption_scope_override_enabled": true,
              "has_immutability_policy": false,
              "has_legal_hold": false,
              "id": "https://geofoodtruck.blob.core.windows.net/app",
              "metadata": {},
              "name": "app",
              "resource_manager_id": "/subscriptions/1e84fd89-4a3b-41e1-b83c-e85bfb7ea419/resourceGroups/geofoodtruck-rgp/providers/Microsoft.Storage/storageAccounts/geofoodtruck/blobServices/default/containers/app",
              "storage_account_name": "geofoodtruck",
              "timeouts": null
            },
            "sensitive_values": {
              "metadata": {}
            },
            "depends_on": [
              "azurerm_storage_account.geofoodtruck_az_storage_account",
              "data.azurerm_resource_group.geofoodtruck_az_resource_group"
            ]
          },
          {
            "address": "azurerm_storage_encryption_scope.geofoodtruck_az_storage_encryption_scope",
            "mode": "managed",
            "type": "azurerm_storage_encryption_scope",
            "name": "geofoodtruck_az_storage_encryption_scope",
            "provider_name": "registry.terraform.io/hashicorp/azurerm",
            "schema_version": 0,
            "values": {
              "id": "/subscriptions/1e84fd89-4a3b-41e1-b83c-e85bfb7ea419/resourceGroups/geofoodtruck-rgp/providers/Microsoft.Storage/storageAccounts/geofoodtruck/encryptionScopes/geofoodtruckmanagedscope",
              "infrastructure_encryption_required": false,
              "key_vault_key_id": "https://geofoodtruck-key-vault.vault.azure.net/keys/geofoodtruckkey/881cf924be5c4479923224ac94958fc0",
              "name": "geofoodtruckmanagedscope",
              "source": "Microsoft.KeyVault",
              "storage_account_id": "/subscriptions/1e84fd89-4a3b-41e1-b83c-e85bfb7ea419/resourceGroups/geofoodtruck-rgp/providers/Microsoft.Storage/storageAccounts/geofoodtruck",
              "timeouts": null
            },
            "sensitive_values": {},
            "depends_on": [
              "azurerm_key_vault.geofoodtruck_az_key_vault",
              "azurerm_key_vault_access_policy.geofoodtruck_az_key_vault_access_policy_identity",
              "azurerm_key_vault_access_policy.geofoodtruck_az_key_vault_access_policy_storage",
              "azurerm_key_vault_key.geofoodtruck_az_key_vault_key",
              "azurerm_storage_account.geofoodtruck_az_storage_account",
              "data.azurerm_client_config.current",
              "data.azurerm_resource_group.geofoodtruck_az_resource_group"
            ]
          }
        ]
      }
    }
  },
  "configuration": {
    "provider_config": {
      "azuread": {
        "name": "azuread",
        "full_name": "registry.terraform.io/hashicorp/azuread"
      },
      "azurerm": {
        "name": "azurerm",
        "full_name": "registry.terraform.io/hashicorp/azurerm",
        "expressions": {
          "features": [
            {}
          ],
          "skip_provider_registration": {
            "constant_value": true
          },
          "storage_use_azuread": {
            "constant_value": true
          },
          "use_oidc": {
            "constant_value": true
          }
        }
      }
    },
    "root_module": {
      "outputs": {
        "frontdoor_endpoint_host_name": {
          "expression": {
            "references": [
              "azurerm_cdn_frontdoor_endpoint.geofoodtruck_az_cdn_frontdoor_endpoint.host_name",
              "azurerm_cdn_frontdoor_endpoint.geofoodtruck_az_cdn_frontdoor_endpoint"
            ]
          }
        }
      },
      "resources": [
        {
          "address": "azurerm_cdn_frontdoor_endpoint.geofoodtruck_az_cdn_frontdoor_endpoint",
          "mode": "managed",
          "type": "azurerm_cdn_frontdoor_endpoint",
          "name": "geofoodtruck_az_cdn_frontdoor_endpoint",
          "provider_config_key": "azurerm",
          "expressions": {
            "cdn_frontdoor_profile_id": {
              "references": [
                "azurerm_cdn_frontdoor_profile.geofoodtruck_az_cdn_frontdoor_profile.id",
                "azurerm_cdn_frontdoor_profile.geofoodtruck_az_cdn_frontdoor_profile"
              ]
            },
            "enabled": {
              "constant_value": true
            },
            "name": {
              "references": [
                "local.frontdoor_postfix"
              ]
            }
          },
          "schema_version": 0,
          "depends_on": [
            "azurerm_cdn_frontdoor_profile.geofoodtruck_az_cdn_frontdoor_profile"
          ]
        },
        {
          "address": "azurerm_cdn_frontdoor_firewall_policy.geofoodtruck_az_cdn_frontdoor_firewall_policy",
          "mode": "managed",
          "type": "azurerm_cdn_frontdoor_firewall_policy",
          "name": "geofoodtruck_az_cdn_frontdoor_firewall_policy",
          "provider_config_key": "azurerm",
          "expressions": {
            "enabled": {
              "constant_value": true
            },
            "managed_rule": [
              {
                "action": {
                  "constant_value": "Log"
                },
                "type": {
                  "constant_value": "Microsoft_DefaultRuleSet"
                },
                "version": {
                  "constant_value": "2.1"
                }
              },
              {
                "action": {
                  "constant_value": "Log"
                },
                "type": {
                  "constant_value": "Microsoft_BotManagerRuleSet"
                },
                "version": {
                  "constant_value": "1.1"
                }
              }
            ],
            "mode": {
              "constant_value": "Detection"
            },
            "name": {
              "references": [
                "local.frontdoor_postfix"
              ]
            },
            "resource_group_name": {
              "references": [
                "data.azurerm_resource_group.geofoodtruck_az_resource_group.name",
                "data.azurerm_resource_group.geofoodtruck_az_resource_group"
              ]
            },
            "sku_name": {
              "references": [
                "azurerm_cdn_frontdoor_profile.geofoodtruck_az_cdn_frontdoor_profile.sku_name",
                "azurerm_cdn_frontdoor_profile.geofoodtruck_az_cdn_frontdoor_profile"
              ]
            }
          },
          "schema_version": 0,
          "depends_on": [
            "azurerm_cdn_frontdoor_profile.geofoodtruck_az_cdn_frontdoor_profile"
          ]
        },
        {
          "address": "azurerm_cdn_frontdoor_origin.geofoodtruck_az_cdn_frontdoor_app_store_origin",
          "mode": "managed",
          "type": "azurerm_cdn_frontdoor_origin",
          "name": "geofoodtruck_az_cdn_frontdoor_app_store_origin",
          "provider_config_key": "azurerm",
          "expressions": {
            "cdn_frontdoor_origin_group_id": {
              "references": [
                "azurerm_cdn_frontdoor_origin_group.geofoodtruck_az_cdn_frontdoor_origin_group.id",
                "azurerm_cdn_frontdoor_origin_group.geofoodtruck_az_cdn_frontdoor_origin_group"
              ]
            },
            "certificate_name_check_enabled": {
              "constant_value": true
            },
            "enabled": {
              "constant_value": true
            },
            "host_name": {
              "references": [
                "azurerm_storage_account.geofoodtruck_az_storage_account.primary_blob_host",
                "azurerm_storage_account.geofoodtruck_az_storage_account"
              ]
            },
            "name": {
              "references": [
                "local.frontdoor_postfix"
              ]
            },
            "origin_host_header": {
              "references": [
                "azurerm_storage_account.geofoodtruck_az_storage_account.primary_blob_host",
                "azurerm_storage_account.geofoodtruck_az_storage_account"
              ]
            },
            "priority": {
              "constant_value": 1
            },
            "private_link": [
              {
                "location": {
                  "references": [
                    "azurerm_storage_account.geofoodtruck_az_storage_account.location",
                    "azurerm_storage_account.geofoodtruck_az_storage_account"
                  ]
                },
                "private_link_target_id": {
                  "references": [
                    "azurerm_storage_account.geofoodtruck_az_storage_account.id",
                    "azurerm_storage_account.geofoodtruck_az_storage_account"
                  ]
                },
                "request_message": {
                  "constant_value": "Request access for Private Link Origin CDN Frontdoor"
                },
                "target_type": {
                  "constant_value": "blob"
                }
              }
            ],
            "weight": {
              "constant_value": 500
            }
          },
          "schema_version": 0,
          "depends_on": [
            "azurerm_cdn_frontdoor_profile.geofoodtruck_az_cdn_frontdoor_profile",
            "azurerm_cdn_frontdoor_origin_group.geofoodtruck_az_cdn_frontdoor_origin_group"
          ]
        },
        {
          "address": "azurerm_cdn_frontdoor_origin.geofoodtruck_az_cdn_frontdoor_data_sforg_origin",
          "mode": "managed",
          "type": "azurerm_cdn_frontdoor_origin",
          "name": "geofoodtruck_az_cdn_frontdoor_data_sforg_origin",
          "provider_config_key": "azurerm",
          "expressions": {
            "cdn_frontdoor_origin_group_id": {
              "references": [
                "azurerm_cdn_frontdoor_origin_group.geofoodtruck_az_cdn_frontdoor_sforg_origin_group.id",
                "azurerm_cdn_frontdoor_origin_group.geofoodtruck_az_cdn_frontdoor_sforg_origin_group"
              ]
            },
            "certificate_name_check_enabled": {
              "constant_value": false
            },
            "enabled": {
              "constant_value": true
            },
            "host_name": {
              "constant_value": "data.sfgov.org"
            },
            "name": {
              "references": [
                "local.frontdoor_postfix"
              ]
            },
            "origin_host_header": {
              "constant_value": "data.sfgov.org"
            },
            "priority": {
              "constant_value": 1
            },
            "weight": {
              "constant_value": 500
            }
          },
          "schema_version": 0,
          "depends_on": [
            "azurerm_cdn_frontdoor_profile.geofoodtruck_az_cdn_frontdoor_profile",
            "azurerm_cdn_frontdoor_origin_group.geofoodtruck_az_cdn_frontdoor_sforg_origin_group"
          ]
        },
        {
          "address": "azurerm_cdn_frontdoor_origin_group.geofoodtruck_az_cdn_frontdoor_origin_group",
          "mode": "managed",
          "type": "azurerm_cdn_frontdoor_origin_group",
          "name": "geofoodtruck_az_cdn_frontdoor_origin_group",
          "provider_config_key": "azurerm",
          "expressions": {
            "cdn_frontdoor_profile_id": {
              "references": [
                "azurerm_cdn_frontdoor_profile.geofoodtruck_az_cdn_frontdoor_profile.id",
                "azurerm_cdn_frontdoor_profile.geofoodtruck_az_cdn_frontdoor_profile"
              ]
            },
            "health_probe": [
              {
                "interval_in_seconds": {
                  "constant_value": 100
                },
                "path": {
                  "constant_value": "/"
                },
                "protocol": {
                  "constant_value": "Http"
                },
                "request_type": {
                  "constant_value": "HEAD"
                }
              }
            ],
            "load_balancing": [
              {
                "additional_latency_in_milliseconds": {
                  "constant_value": 50
                },
                "sample_size": {
                  "constant_value": 4
                },
                "successful_samples_required": {
                  "constant_value": 3
                }
              }
            ],
            "name": {
              "references": [
                "local.frontdoor_postfix"
              ]
            },
            "session_affinity_enabled": {
              "constant_value": false
            }
          },
          "schema_version": 0,
          "depends_on": [
            "azurerm_cdn_frontdoor_profile.geofoodtruck_az_cdn_frontdoor_profile"
          ]
        },
        {
          "address": "azurerm_cdn_frontdoor_origin_group.geofoodtruck_az_cdn_frontdoor_sforg_origin_group",
          "mode": "managed",
          "type": "azurerm_cdn_frontdoor_origin_group",
          "name": "geofoodtruck_az_cdn_frontdoor_sforg_origin_group",
          "provider_config_key": "azurerm",
          "expressions": {
            "cdn_frontdoor_profile_id": {
              "references": [
                "azurerm_cdn_frontdoor_profile.geofoodtruck_az_cdn_frontdoor_profile.id",
                "azurerm_cdn_frontdoor_profile.geofoodtruck_az_cdn_frontdoor_profile"
              ]
            },
            "load_balancing": [
              {
                "additional_latency_in_milliseconds": {
                  "constant_value": 50
                },
                "sample_size": {
                  "constant_value": 4
                },
                "successful_samples_required": {
                  "constant_value": 3
                }
              }
            ],
            "name": {
              "references": [
                "local.frontdoor_postfix"
              ]
            },
            "session_affinity_enabled": {
              "constant_value": false
            }
          },
          "schema_version": 0,
          "depends_on": [
            "azurerm_cdn_frontdoor_profile.geofoodtruck_az_cdn_frontdoor_profile"
          ]
        },
        {
          "address": "azurerm_cdn_frontdoor_profile.geofoodtruck_az_cdn_frontdoor_profile",
          "mode": "managed",
          "type": "azurerm_cdn_frontdoor_profile",
          "name": "geofoodtruck_az_cdn_frontdoor_profile",
          "provider_config_key": "azurerm",
          "expressions": {
            "name": {
              "references": [
                "local.frontdoor_postfix"
              ]
            },
            "resource_group_name": {
              "references": [
                "data.azurerm_resource_group.geofoodtruck_az_resource_group.name",
                "data.azurerm_resource_group.geofoodtruck_az_resource_group"
              ]
            },
            "sku_name": {
              "constant_value": "Premium_AzureFrontDoor"
            }
          },
          "schema_version": 0
        },
        {
          "address": "azurerm_cdn_frontdoor_route.geofoodtruck_az_cdn_frontdoor_app_store_route",
          "mode": "managed",
          "type": "azurerm_cdn_frontdoor_route",
          "name": "geofoodtruck_az_cdn_frontdoor_app_store_route",
          "provider_config_key": "azurerm",
          "expressions": {
            "cache": [
              {
                "compression_enabled": {
                  "constant_value": true
                },
                "content_types_to_compress": {
                  "constant_value": [
                    "text/html",
                    "text/javascript",
                    "application/javascript",
                    "text/css",
                    "application/json",
                    "text/plain"
                  ]
                }
              }
            ],
            "cdn_frontdoor_endpoint_id": {
              "references": [
                "azurerm_cdn_frontdoor_endpoint.geofoodtruck_az_cdn_frontdoor_endpoint.id",
                "azurerm_cdn_frontdoor_endpoint.geofoodtruck_az_cdn_frontdoor_endpoint"
              ]
            },
            "cdn_frontdoor_origin_group_id": {
              "references": [
                "azurerm_cdn_frontdoor_origin_group.geofoodtruck_az_cdn_frontdoor_origin_group.id",
                "azurerm_cdn_frontdoor_origin_group.geofoodtruck_az_cdn_frontdoor_origin_group"
              ]
            },
            "cdn_frontdoor_origin_ids": {
              "references": [
                "azurerm_cdn_frontdoor_origin.geofoodtruck_az_cdn_frontdoor_app_store_origin.id",
                "azurerm_cdn_frontdoor_origin.geofoodtruck_az_cdn_frontdoor_app_store_origin"
              ]
            },
            "cdn_frontdoor_origin_path": {
              "constant_value": "/app"
            },
            "forwarding_protocol": {
              "constant_value": "HttpsOnly"
            },
            "https_redirect_enabled": {
              "constant_value": true
            },
            "link_to_default_domain": {
              "constant_value": true
            },
            "name": {
              "references": [
                "local.frontdoor_postfix"
              ]
            },
            "patterns_to_match": {
              "constant_value": [
                "/*"
              ]
            },
            "supported_protocols": {
              "constant_value": [
                "Http",
                "Https"
              ]
            }
          },
          "schema_version": 0,
          "depends_on": [
            "azurerm_cdn_frontdoor_profile.geofoodtruck_az_cdn_frontdoor_profile",
            "azurerm_cdn_frontdoor_endpoint.geofoodtruck_az_cdn_frontdoor_endpoint",
            "azurerm_cdn_frontdoor_origin_group.geofoodtruck_az_cdn_frontdoor_origin_group",
            "azurerm_cdn_frontdoor_origin.geofoodtruck_az_cdn_frontdoor_app_store_origin"
          ]
        },
        {
          "address": "azurerm_cdn_frontdoor_route.geofoodtruck_az_cdn_frontdoor_data_sforg_route",
          "mode": "managed",
          "type": "azurerm_cdn_frontdoor_route",
          "name": "geofoodtruck_az_cdn_frontdoor_data_sforg_route",
          "provider_config_key": "azurerm",
          "expressions": {
            "cdn_frontdoor_endpoint_id": {
              "references": [
                "azurerm_cdn_frontdoor_endpoint.geofoodtruck_az_cdn_frontdoor_endpoint.id",
                "azurerm_cdn_frontdoor_endpoint.geofoodtruck_az_cdn_frontdoor_endpoint"
              ]
            },
            "cdn_frontdoor_origin_group_id": {
              "references": [
                "azurerm_cdn_frontdoor_origin_group.geofoodtruck_az_cdn_frontdoor_sforg_origin_group.id",
                "azurerm_cdn_frontdoor_origin_group.geofoodtruck_az_cdn_frontdoor_sforg_origin_group"
              ]
            },
            "cdn_frontdoor_origin_ids": {
              "references": [
                "azurerm_cdn_frontdoor_origin.geofoodtruck_az_cdn_frontdoor_data_sforg_origin.id",
                "azurerm_cdn_frontdoor_origin.geofoodtruck_az_cdn_frontdoor_data_sforg_origin"
              ]
            },
            "cdn_frontdoor_rule_set_ids": {
              "references": [
                "azurerm_cdn_frontdoor_rule_set.geofoodtruck_az_cdn_frontdoor_data_sforg_rule_set.id",
                "azurerm_cdn_frontdoor_rule_set.geofoodtruck_az_cdn_frontdoor_data_sforg_rule_set"
              ]
            },
            "forwarding_protocol": {
              "constant_value": "HttpsOnly"
            },
            "https_redirect_enabled": {
              "constant_value": true
            },
            "link_to_default_domain": {
              "constant_value": true
            },
            "name": {
              "references": [
                "local.frontdoor_postfix"
              ]
            },
            "patterns_to_match": {
              "constant_value": [
                "/resource/rqzj-sfat.json"
              ]
            },
            "supported_protocols": {
              "constant_value": [
                "Http",
                "Https"
              ]
            }
          },
          "schema_version": 0,
          "depends_on": [
            "azurerm_cdn_frontdoor_profile.geofoodtruck_az_cdn_frontdoor_profile",
            "azurerm_cdn_frontdoor_endpoint.geofoodtruck_az_cdn_frontdoor_endpoint",
            "azurerm_cdn_frontdoor_origin_group.geofoodtruck_az_cdn_frontdoor_sforg_origin_group",
            "azurerm_cdn_frontdoor_origin.geofoodtruck_az_cdn_frontdoor_data_sforg_origin",
            "azurerm_cdn_frontdoor_rule_set.geofoodtruck_az_cdn_frontdoor_data_sforg_rule_set",
            "azurerm_cdn_frontdoor_rule.geofoodtruck_az_cdn_frontdoor_data_sforg_rule"
          ]
        },
        {
          "address": "azurerm_cdn_frontdoor_rule.geofoodtruck_az_cdn_frontdoor_data_sforg_rule",
          "mode": "managed",
          "type": "azurerm_cdn_frontdoor_rule",
          "name": "geofoodtruck_az_cdn_frontdoor_data_sforg_rule",
          "provider_config_key": "azurerm",
          "expressions": {
            "actions": [
              {
                "request_header_action": [
                  {
                    "header_action": {
                      "constant_value": "Append"
                    },
                    "header_name": {
                      "constant_value": "X-App-Token"
                    },
                    "value": {
                      "constant_value": "GrXGgigVGyUzWjE0ppVRMRUgR"
                    }
                  }
                ]
              }
            ],
            "cdn_frontdoor_rule_set_id": {
              "references": [
                "azurerm_cdn_frontdoor_rule_set.geofoodtruck_az_cdn_frontdoor_data_sforg_rule_set.id",
                "azurerm_cdn_frontdoor_rule_set.geofoodtruck_az_cdn_frontdoor_data_sforg_rule_set"
              ]
            },
            "conditions": [
              {
                "request_header_condition": [
                  {
                    "header_name": {
                      "constant_value": "X-App-Token"
                    },
                    "negate_condition": {
                      "constant_value": true
                    },
                    "operator": {
                      "constant_value": "Any"
                    }
                  }
                ]
              }
            ],
            "name": {
              "references": [
                "local.frontdoor_postfix"
              ]
            },
            "order": {
              "constant_value": 1
            }
          },
          "schema_version": 0,
          "depends_on": [
            "azurerm_cdn_frontdoor_profile.geofoodtruck_az_cdn_frontdoor_profile",
            "azurerm_cdn_frontdoor_endpoint.geofoodtruck_az_cdn_frontdoor_endpoint",
            "azurerm_cdn_frontdoor_origin_group.geofoodtruck_az_cdn_frontdoor_sforg_origin_group",
            "azurerm_cdn_frontdoor_origin.geofoodtruck_az_cdn_frontdoor_data_sforg_origin",
            "azurerm_cdn_frontdoor_route.geofoodtruck_az_cdn_frontdoor_app_store_route",
            "azurerm_cdn_frontdoor_rule_set.geofoodtruck_az_cdn_frontdoor_data_sforg_rule_set"
          ]
        },
        {
          "address": "azurerm_cdn_frontdoor_rule_set.geofoodtruck_az_cdn_frontdoor_data_sforg_rule_set",
          "mode": "managed",
          "type": "azurerm_cdn_frontdoor_rule_set",
          "name": "geofoodtruck_az_cdn_frontdoor_data_sforg_rule_set",
          "provider_config_key": "azurerm",
          "expressions": {
            "cdn_frontdoor_profile_id": {
              "references": [
                "azurerm_cdn_frontdoor_profile.geofoodtruck_az_cdn_frontdoor_profile.id",
                "azurerm_cdn_frontdoor_profile.geofoodtruck_az_cdn_frontdoor_profile"
              ]
            },
            "name": {
              "references": [
                "local.frontdoor_postfix"
              ]
            }
          },
          "schema_version": 0,
          "depends_on": [
            "azurerm_cdn_frontdoor_profile.geofoodtruck_az_cdn_frontdoor_profile",
            "azurerm_cdn_frontdoor_endpoint.geofoodtruck_az_cdn_frontdoor_endpoint",
            "azurerm_cdn_frontdoor_origin_group.geofoodtruck_az_cdn_frontdoor_sforg_origin_group",
            "azurerm_cdn_frontdoor_origin.geofoodtruck_az_cdn_frontdoor_data_sforg_origin"
          ]
        },
        {
          "address": "azurerm_cdn_frontdoor_security_policy.geofoodtruck_az_cdn_frontdoor_security_policy",
          "mode": "managed",
          "type": "azurerm_cdn_frontdoor_security_policy",
          "name": "geofoodtruck_az_cdn_frontdoor_security_policy",
          "provider_config_key": "azurerm",
          "expressions": {
            "cdn_frontdoor_profile_id": {
              "references": [
                "azurerm_cdn_frontdoor_profile.geofoodtruck_az_cdn_frontdoor_profile.id",
                "azurerm_cdn_frontdoor_profile.geofoodtruck_az_cdn_frontdoor_profile"
              ]
            },
            "name": {
              "references": [
                "local.frontdoor_postfix"
              ]
            },
            "security_policies": [
              {
                "firewall": [
                  {
                    "association": [
                      {
                        "domain": [
                          {
                            "cdn_frontdoor_domain_id": {
                              "references": [
                                "azurerm_cdn_frontdoor_endpoint.geofoodtruck_az_cdn_frontdoor_endpoint.id",
                                "azurerm_cdn_frontdoor_endpoint.geofoodtruck_az_cdn_frontdoor_endpoint"
                              ]
                            }
                          }
                        ],
                        "patterns_to_match": {
                          "constant_value": [
                            "/*"
                          ]
                        }
                      }
                    ],
                    "cdn_frontdoor_firewall_policy_id": {
                      "references": [
                        "azurerm_cdn_frontdoor_firewall_policy.geofoodtruck_az_cdn_frontdoor_firewall_policy.id",
                        "azurerm_cdn_frontdoor_firewall_policy.geofoodtruck_az_cdn_frontdoor_firewall_policy"
                      ]
                    }
                  }
                ]
              }
            ]
          },
          "schema_version": 0,
          "depends_on": [
            "azurerm_cdn_frontdoor_profile.geofoodtruck_az_cdn_frontdoor_profile",
            "azurerm_cdn_frontdoor_endpoint.geofoodtruck_az_cdn_frontdoor_endpoint",
            "azurerm_cdn_frontdoor_firewall_policy.geofoodtruck_az_cdn_frontdoor_firewall_policy"
          ]
        },
        {
          "address": "azurerm_key_vault.geofoodtruck_az_key_vault",
          "mode": "managed",
          "type": "azurerm_key_vault",
          "name": "geofoodtruck_az_key_vault",
          "provider_config_key": "azurerm",
          "expressions": {
            "location": {
              "references": [
                "data.azurerm_resource_group.geofoodtruck_az_resource_group.location",
                "data.azurerm_resource_group.geofoodtruck_az_resource_group"
              ]
            },
            "name": {
              "constant_value": "geofoodtruck-key-vault"
            },
            "purge_protection_enabled": {
              "constant_value": true
            },
            "resource_group_name": {
              "references": [
                "data.azurerm_resource_group.geofoodtruck_az_resource_group.name",
                "data.azurerm_resource_group.geofoodtruck_az_resource_group"
              ]
            },
            "sku_name": {
              "constant_value": "standard"
            },
            "tenant_id": {
              "references": [
                "data.azurerm_client_config.current.tenant_id",
                "data.azurerm_client_config.current"
              ]
            }
          },
          "schema_version": 2
        },
        {
          "address": "azurerm_key_vault_access_policy.geofoodtruck_az_key_vault_access_policy_identity",
          "mode": "managed",
          "type": "azurerm_key_vault_access_policy",
          "name": "geofoodtruck_az_key_vault_access_policy_identity",
          "provider_config_key": "azurerm",
          "expressions": {
            "key_permissions": {
              "constant_value": [
                "Get",
                "Create",
                "Delete",
                "List",
                "Restore",
                "Recover",
                "UnwrapKey",
                "WrapKey",
                "Purge",
                "Encrypt",
                "Decrypt",
                "Sign",
                "Verify",
                "GetRotationPolicy",
                "SetRotationPolicy",
                "Update",
                "Backup",
                "Release",
                "Rotate",
                "Import"
              ]
            },
            "key_vault_id": {
              "references": [
                "azurerm_key_vault.geofoodtruck_az_key_vault.id",
                "azurerm_key_vault.geofoodtruck_az_key_vault"
              ]
            },
            "object_id": {
              "references": [
                "data.azurerm_client_config.current.object_id",
                "data.azurerm_client_config.current"
              ]
            },
            "tenant_id": {
              "references": [
                "data.azurerm_client_config.current.tenant_id",
                "data.azurerm_client_config.current"
              ]
            }
          },
          "schema_version": 0
        },
        {
          "address": "azurerm_key_vault_access_policy.geofoodtruck_az_key_vault_access_policy_storage",
          "mode": "managed",
          "type": "azurerm_key_vault_access_policy",
          "name": "geofoodtruck_az_key_vault_access_policy_storage",
          "provider_config_key": "azurerm",
          "expressions": {
            "key_permissions": {
              "constant_value": [
                "Get",
                "UnwrapKey",
                "WrapKey"
              ]
            },
            "key_vault_id": {
              "references": [
                "azurerm_key_vault.geofoodtruck_az_key_vault.id",
                "azurerm_key_vault.geofoodtruck_az_key_vault"
              ]
            },
            "object_id": {
              "references": [
                "azurerm_storage_account.geofoodtruck_az_storage_account.identity[0].principal_id",
                "azurerm_storage_account.geofoodtruck_az_storage_account.identity[0]",
                "azurerm_storage_account.geofoodtruck_az_storage_account.identity",
                "azurerm_storage_account.geofoodtruck_az_storage_account"
              ]
            },
            "tenant_id": {
              "references": [
                "data.azurerm_client_config.current.tenant_id",
                "data.azurerm_client_config.current"
              ]
            }
          },
          "schema_version": 0
        },
        {
          "address": "azurerm_key_vault_key.geofoodtruck_az_key_vault_key",
          "mode": "managed",
          "type": "azurerm_key_vault_key",
          "name": "geofoodtruck_az_key_vault_key",
          "provider_config_key": "azurerm",
          "expressions": {
            "key_opts": {
              "constant_value": [
                "decrypt",
                "encrypt",
                "sign",
                "unwrapKey",
                "verify",
                "wrapKey"
              ]
            },
            "key_size": {
              "constant_value": 2048
            },
            "key_type": {
              "constant_value": "RSA"
            },
            "key_vault_id": {
              "references": [
                "azurerm_key_vault.geofoodtruck_az_key_vault.id",
                "azurerm_key_vault.geofoodtruck_az_key_vault"
              ]
            },
            "name": {
              "constant_value": "geofoodtruckkey"
            },
            "rotation_policy": [
              {
                "automatic": [
                  {
                    "time_before_expiry": {
                      "constant_value": "P30D"
                    }
                  }
                ],
                "expire_after": {
                  "constant_value": "P90D"
                },
                "notify_before_expiry": {
                  "constant_value": "P29D"
                }
              }
            ]
          },
          "schema_version": 0,
          "depends_on": [
            "azurerm_key_vault_access_policy.geofoodtruck_az_key_vault_access_policy_storage",
            "azurerm_key_vault_access_policy.geofoodtruck_az_key_vault_access_policy_identity"
          ]
        },
        {
          "address": "azurerm_role_assignment.geofoodtruck_az_role_assignment_managed_id",
          "mode": "managed",
          "type": "azurerm_role_assignment",
          "name": "geofoodtruck_az_role_assignment_managed_id",
          "provider_config_key": "azurerm",
          "expressions": {
            "principal_id": {
              "references": [
                "data.azurerm_client_config.current.object_id",
                "data.azurerm_client_config.current"
              ]
            },
            "role_definition_name": {
              "constant_value": "Storage Blob Data Contributor"
            },
            "scope": {
              "references": [
                "azurerm_storage_account.geofoodtruck_az_storage_account.id",
                "azurerm_storage_account.geofoodtruck_az_storage_account"
              ]
            }
          },
          "schema_version": 0
        },
        {
          "address": "azurerm_storage_account.geofoodtruck_az_storage_account",
          "mode": "managed",
          "type": "azurerm_storage_account",
          "name": "geofoodtruck_az_storage_account",
          "provider_config_key": "azurerm",
          "expressions": {
            "account_replication_type": {
              "constant_value": "LRS"
            },
            "account_tier": {
              "constant_value": "Standard"
            },
            "identity": [
              {
                "type": {
                  "constant_value": "SystemAssigned"
                }
              }
            ],
            "location": {
              "references": [
                "data.azurerm_resource_group.geofoodtruck_az_resource_group.location",
                "data.azurerm_resource_group.geofoodtruck_az_resource_group"
              ]
            },
            "name": {
              "constant_value": "geofoodtruck"
            },
            "resource_group_name": {
              "references": [
                "data.azurerm_resource_group.geofoodtruck_az_resource_group.name",
                "data.azurerm_resource_group.geofoodtruck_az_resource_group"
              ]
            },
            "shared_access_key_enabled": {
              "constant_value": false
            }
          },
          "schema_version": 4
        },
        {
          "address": "azurerm_storage_account_customer_managed_key.geofoodtruck_az_storage_account_customer_managed_key",
          "mode": "managed",
          "type": "azurerm_storage_account_customer_managed_key",
          "name": "geofoodtruck_az_storage_account_customer_managed_key",
          "provider_config_key": "azurerm",
          "expressions": {
            "key_name": {
              "references": [
                "azurerm_key_vault_key.geofoodtruck_az_key_vault_key.name",
                "azurerm_key_vault_key.geofoodtruck_az_key_vault_key"
              ]
            },
            "key_vault_id": {
              "references": [
                "azurerm_key_vault.geofoodtruck_az_key_vault.id",
                "azurerm_key_vault.geofoodtruck_az_key_vault"
              ]
            },
            "storage_account_id": {
              "references": [
                "azurerm_storage_account.geofoodtruck_az_storage_account.id",
                "azurerm_storage_account.geofoodtruck_az_storage_account"
              ]
            }
          },
          "schema_version": 0
        },
        {
          "address": "azurerm_storage_blob.app_files",
          "mode": "managed",
          "type": "azurerm_storage_blob",
          "name": "app_files",
          "provider_config_key": "azurerm",
          "expressions": {
            "content_md5": {
              "references": [
                "var.app_build_dir",
                "each.value"
              ]
            },
            "content_type": {
              "references": [
                "local.content_types",
                "each.value",
                "each.value"
              ]
            },
            "name": {
              "references": [
                "each.value"
              ]
            },
            "source": {
              "references": [
                "var.app_build_dir",
                "each.value"
              ]
            },
            "storage_account_name": {
              "references": [
                "azurerm_storage_account.geofoodtruck_az_storage_account.name",
                "azurerm_storage_account.geofoodtruck_az_storage_account"
              ]
            },
            "storage_container_name": {
              "references": [
                "azurerm_storage_container.geofoodtruck_az_storage_container.name",
                "azurerm_storage_container.geofoodtruck_az_storage_container"
              ]
            },
            "type": {
              "constant_value": "Block"
            }
          },
          "schema_version": 1,
          "for_each_expression": {
            "references": [
              "local.app_build_files"
            ]
          },
          "depends_on": [
            "azurerm_role_assignment.geofoodtruck_az_role_assignment_managed_id"
          ]
        },
        {
          "address": "azurerm_storage_container.geofoodtruck_az_storage_container",
          "mode": "managed",
          "type": "azurerm_storage_container",
          "name": "geofoodtruck_az_storage_container",
          "provider_config_key": "azurerm",
          "expressions": {
            "container_access_type": {
              "constant_value": "blob"
            },
            "name": {
              "constant_value": "app"
            },
            "storage_account_name": {
              "references": [
                "azurerm_storage_account.geofoodtruck_az_storage_account.name",
                "azurerm_storage_account.geofoodtruck_az_storage_account"
              ]
            }
          },
          "schema_version": 1
        },
        {
          "address": "azurerm_storage_encryption_scope.geofoodtruck_az_storage_encryption_scope",
          "mode": "managed",
          "type": "azurerm_storage_encryption_scope",
          "name": "geofoodtruck_az_storage_encryption_scope",
          "provider_config_key": "azurerm",
          "expressions": {
            "key_vault_key_id": {
              "references": [
                "azurerm_key_vault_key.geofoodtruck_az_key_vault_key.id",
                "azurerm_key_vault_key.geofoodtruck_az_key_vault_key"
              ]
            },
            "name": {
              "constant_value": "geofoodtruckmanagedscope"
            },
            "source": {
              "constant_value": "Microsoft.KeyVault"
            },
            "storage_account_id": {
              "references": [
                "azurerm_storage_account.geofoodtruck_az_storage_account.id",
                "azurerm_storage_account.geofoodtruck_az_storage_account"
              ]
            }
          },
          "schema_version": 0
        },
        {
          "address": "data.azurerm_client_config.current",
          "mode": "data",
          "type": "azurerm_client_config",
          "name": "current",
          "provider_config_key": "azurerm",
          "schema_version": 0
        },
        {
          "address": "data.azurerm_resource_group.geofoodtruck_az_resource_group",
          "mode": "data",
          "type": "azurerm_resource_group",
          "name": "geofoodtruck_az_resource_group",
          "provider_config_key": "azurerm",
          "expressions": {
            "name": {
              "constant_value": "geofoodtruck-rgp"
            }
          },
          "schema_version": 0
        }
      ],
      "variables": {
        "app_build_dir": {
          "default": "../../build",
          "description": "Path to the application build directory"
        }
      }
    }
  },
  "relevant_attributes": [
    {
      "resource": "azurerm_storage_account.geofoodtruck_az_storage_account",
      "attribute": [
        "name"
      ]
    },
    {
      "resource": "azurerm_storage_container.geofoodtruck_az_storage_container",
      "attribute": [
        "name"
      ]
    },
    {
      "resource": "azurerm_cdn_frontdoor_endpoint.geofoodtruck_az_cdn_frontdoor_endpoint",
      "attribute": [
        "host_name"
      ]
    }
  ],
  "timestamp": "2024-06-21T09:48:49Z",
  "applyable": true,
  "complete": true,
  "errored": false
}
