{"format_version":"1.2","terraform_version":"1.8.4","variables":{"app_build_dir":{"value":"../build"},"aws_account_id":{"value":"***"},"lambda_dir":{"value":"../lambda"}},"planned_values":{"outputs":{"cloudfront_distribution_domain":{"sensitive":false,"type":"string","value":"d3n9iqvbhzuqoh.cloudfront.net"},"s3_bucket_name":{"sensitive":false,"type":"string","value":"geofoodtruck-app-bucket"}},"root_module":{"resources":[{"address":"aws_cloudfront_distribution.geofoodtruck_app_distribution","mode":"managed","type":"aws_cloudfront_distribution","name":"geofoodtruck_app_distribution","provider_name":"registry.terraform.io/hashicorp/aws","schema_version":1,"values":{"aliases":[],"arn":"arn:aws:cloudfront::***:distribution/E263E8AHYXLO8L","caller_reference":"terraform-20240521104331355600000001","comment":null,"continuous_deployment_policy_id":"","custom_error_response":[],"default_cache_behavior":[{"allowed_methods":["GET","HEAD"],"cache_policy_id":"658327ea-f89d-4fab-a63d-7e88639e58f6","cached_methods":["GET","HEAD"],"compress":true,"default_ttl":0,"field_level_encryption_id":"","forwarded_values":[],"function_association":[],"lambda_function_association":[],"max_ttl":0,"min_ttl":0,"origin_request_policy_id":"88a5eaf4-2fd4-4709-b370-b4c650ea3fcf","realtime_log_config_arn":"","response_headers_policy_id":"6ae32cb9-4d76-4741-8724-55e74a6500ac","smooth_streaming":false,"target_origin_id":"geofoodtruck-app-bucket.s3.us-east-1.amazonaws.com","trusted_key_groups":[],"trusted_signers":[],"viewer_protocol_policy":"redirect-to-https"}],"default_root_object":"index.html","domain_name":"d3n9iqvbhzuqoh.cloudfront.net","enabled":true,"etag":"E25KJTJF614CU2","hosted_zone_id":"Z2FDTNDATAQYW2","http_version":"http2","id":"E263E8AHYXLO8L","in_progress_validation_batches":0,"is_ipv6_enabled":true,"last_modified_time":"2024-06-01 07:17:06.631 +0000 UTC","logging_config":[],"ordered_cache_behavior":[{"allowed_methods":["GET","HEAD","OPTIONS"],"cache_policy_id":"4135ea2d-6df8-44a3-9df3-4b5a84be39ad","cached_methods":["GET","HEAD","OPTIONS"],"compress":true,"default_ttl":0,"field_level_encryption_id":"","forwarded_values":[],"function_association":[],"lambda_function_association":[],"max_ttl":0,"min_ttl":0,"origin_request_policy_id":"3908a424-7b48-4b76-8830-6fc572388376","path_pattern":"/resource/rqzj-sfat.json","realtime_log_config_arn":"","response_headers_policy_id":"5cc3b908-e619-4b99-88e5-2cf7f45965bd","smooth_streaming":false,"target_origin_id":"data.sfgov.org","trusted_key_groups":[],"trusted_signers":[],"viewer_protocol_policy":"https-only"}],"origin":[{"connection_attempts":3,"connection_timeout":10,"custom_header":[{"name":"X-App-Token","value":"***"}],"custom_origin_config":[{"http_port":80,"https_port":443,"origin_keepalive_timeout":5,"origin_protocol_policy":"https-only","origin_read_timeout":30,"origin_ssl_protocols":["TLSv1.2"]}],"domain_name":"data.sfgov.org","origin_access_control_id":"","origin_id":"data.sfgov.org","origin_path":"","origin_shield":[],"s3_origin_config":[]},{"connection_attempts":3,"connection_timeout":10,"custom_header":[],"custom_origin_config":[],"domain_name":"geofoodtruck-app-bucket.s3.us-east-1.amazonaws.com","origin_access_control_id":"EOBBYJPMYN9AX","origin_id":"geofoodtruck-app-bucket.s3.us-east-1.amazonaws.com","origin_path":"","origin_shield":[],"s3_origin_config":[]}],"origin_group":[],"price_class":"PriceClass_All","restrictions":[{"geo_restriction":[{"locations":[],"restriction_type":"none"}]}],"retain_on_delete":false,"staging":false,"status":"Deployed","tags":{},"tags_all":{},"trusted_key_groups":[{"enabled":false,"items":[]}],"trusted_signers":[{"enabled":false,"items":[]}],"viewer_certificate":[{"acm_certificate_arn":"","cloudfront_default_certificate":true,"iam_certificate_id":"","minimum_protocol_version":"TLSv1","ssl_support_method":""}],"wait_for_deployment":true,"web_acl_id":"arn:aws:wafv2:us-east-1:***:global/webacl/GeoFoodTruckWebACL/37f7809b-ea93-46f1-9d10-4050e2957f36"},"sensitive_values":{"aliases":[],"custom_error_response":[],"default_cache_behavior":[{"allowed_methods":[false,false],"cached_methods":[false,false],"forwarded_values":[],"function_association":[],"lambda_function_association":[],"trusted_key_groups":[],"trusted_signers":[]}],"logging_config":[],"ordered_cache_behavior":[{"allowed_methods":[false,false,false],"cached_methods":[false,false,false],"forwarded_values":[],"function_association":[],"lambda_function_association":[],"trusted_key_groups":[],"trusted_signers":[]}],"origin":true,"origin_group":[],"restrictions":[{"geo_restriction":[{"locations":[]}]}],"tags":{},"tags_all":{},"trusted_key_groups":[{"items":[]}],"trusted_signers":[{"items":[]}],"viewer_certificate":[{}]}},{"address":"aws_cloudfront_origin_access_control.geofoodtruck_origin_access_control","mode":"managed","type":"aws_cloudfront_origin_access_control","name":"geofoodtruck_origin_access_control","provider_name":"registry.terraform.io/hashicorp/aws","schema_version":0,"values":{"description":"Origin Access Control for GeoFoodTruck app","etag":"ETVPDKIKX0DER","id":"EOBBYJPMYN9AX","name":"geofoodtruck-app-oac","origin_access_control_origin_type":"s3","signing_behavior":"always","signing_protocol":"sigv4"},"sensitive_values":{}},{"address":"aws_cloudfront_origin_request_policy.sfgov_geofoodtruck_cloudfront_origin_request_policy","mode":"managed","type":"aws_cloudfront_origin_request_policy","name":"sfgov_geofoodtruck_cloudfront_origin_request_policy","provider_name":"registry.terraform.io/hashicorp/aws","schema_version":0,"values":{"comment":"Custom CORS Origin Request Policy for SFGov Data API","cookies_config":[{"cookie_behavior":"none","cookies":[]}],"etag":"E23ZP02F085DFQ","headers_config":[{"header_behavior":"whitelist","headers":[{"items":["origin"]}]}],"id":"3908a424-7b48-4b76-8830-6fc572388376","name":"Custom-DataSFGov-CORS-Origin","query_strings_config":[{"query_string_behavior":"all","query_strings":[]}]},"sensitive_values":{"cookies_config":[{"cookies":[]}],"headers_config":[{"headers":[{"items":[false]}]}],"query_strings_config":[{"query_strings":[]}]}},{"address":"aws_cloudfront_response_headers_policy.geofoodtruck_cloudfront_response_header_policy","mode":"managed","type":"aws_cloudfront_response_headers_policy","name":"geofoodtruck_cloudfront_response_header_policy","provider_name":"registry.terraform.io/hashicorp/aws","schema_version":0,"values":{"comment":"Custom CORS with Preflight Response Policy for GeoFoodTruck","cors_config":[{"access_control_allow_credentials":false,"access_control_allow_headers":[{"items":["*"]}],"access_control_allow_methods":[{"items":["DELETE","GET","HEAD","OPTIONS","PATCH","POST","PUT"]}],"access_control_allow_origins":[{"items":["*"]}],"access_control_expose_headers":[{"items":["*"]}],"access_control_max_age_sec":0,"origin_override":false}],"custom_headers_config":[],"etag":"E2EUQ1WTGCTBG2","id":"6ae32cb9-4d76-4741-8724-55e74a6500ac","name":"Custom-GeoFoodTruck-CORS-With-Preflight","remove_headers_config":[{"items":[{"header":"Server"},{"header":"X-Amz-Server-Side-Encryption"},{"header":"X-Amz-Server-Side-Encryption-Aws-Kms-Key-Id"}]}],"security_headers_config":[{"content_security_policy":[],"content_type_options":[],"frame_options":[],"referrer_policy":[],"strict_transport_security":[{"access_control_max_age_sec":31536000,"include_subdomains":false,"override":true,"preload":false}],"xss_protection":[]}],"server_timing_headers_config":[]},"sensitive_values":{"cors_config":[{"access_control_allow_headers":[{"items":[false]}],"access_control_allow_methods":[{"items":[false,false,false,false,false,false,false]}],"access_control_allow_origins":[{"items":[false]}],"access_control_expose_headers":[{"items":[false]}]}],"custom_headers_config":[],"remove_headers_config":[{"items":[{},{},{}]}],"security_headers_config":[{"content_security_policy":[],"content_type_options":[],"frame_options":[],"referrer_policy":[],"strict_transport_security":[{}],"xss_protection":[]}],"server_timing_headers_config":[]}},{"address":"aws_iam_role.aws_iam_role_geofoodtruck_kms_admin_role","mode":"managed","type":"aws_iam_role","name":"aws_iam_role_geofoodtruck_kms_admin_role","provider_name":"registry.terraform.io/hashicorp/aws","schema_version":0,"values":{"arn":"arn:aws:iam::***:role/GeoFoodTruckKmsAdmin","assume_role_policy":"{\"Statement\":[{\"Action\":\"sts:AssumeRole\",\"Effect\":\"Allow\",\"Principal\":{\"AWS\":\"***\"}}],\"Version\":\"2012-10-17\"}","create_date":"2024-05-21T10:43:30Z","description":"","force_detach_policies":false,"id":"GeoFoodTruckKmsAdmin","inline_policy":[],"managed_policy_arns":["arn:aws:iam::aws:policy/AWSKeyManagementServicePowerUser"],"max_session_duration":3600,"name":"GeoFoodTruckKmsAdmin","name_prefix":"","path":"/","permissions_boundary":"","tags":{},"tags_all":{},"unique_id":"AROA5DIMDXMR6ITLNBKXN"},"sensitive_values":{"assume_role_policy":true,"inline_policy":[],"managed_policy_arns":[false],"tags":{},"tags_all":{}}},{"address":"aws_kms_key.geofoodtruck_kms_key","mode":"managed","type":"aws_kms_key","name":"geofoodtruck_kms_key","provider_name":"registry.terraform.io/hashicorp/aws","schema_version":0,"values":{"arn":"arn:aws:kms:us-east-1:***:key/6c1ead8a-5e71-4e33-ae37-010dbcd3c063","bypass_policy_lockout_safety_check":false,"custom_key_store_id":"","customer_master_key_spec":"SYMMETRIC_DEFAULT","deletion_window_in_days":null,"description":"KMS key for GeoFoodTruck","enable_key_rotation":true,"id":"6c1ead8a-5e71-4e33-ae37-010dbcd3c063","is_enabled":true,"key_id":"6c1ead8a-5e71-4e33-ae37-010dbcd3c063","key_usage":"ENCRYPT_DECRYPT","multi_region":false,"policy":"{\"Statement\":[{\"Action\":\"kms:*\",\"Effect\":\"Allow\",\"Principal\":{\"AWS\":[\"arn:aws:iam::***:role/GeoFoodTruckKmsAdmin\",\"arn:aws:iam::***:root\"]},\"Resource\":\"*\",\"Sid\":\"Enable IAM User Permissions\"},{\"Action\":[\"kms:Encrypt\",\"kms:Decrypt\"],\"Effect\":\"Allow\",\"Principal\":{\"Service\":\"cloudfront.amazonaws.com\"},\"Resource\":\"*\"}],\"Version\":\"2012-10-17\"}","rotation_period_in_days":180,"tags":{"Name":"geofoodtruck-kms-key"},"tags_all":{"Name":"geofoodtruck-kms-key"},"timeouts":null,"xks_key_id":""},"sensitive_values":{"policy":true,"tags":{},"tags_all":{}}},{"address":"aws_s3_bucket.geofoodtruck_app_bucket","mode":"managed","type":"aws_s3_bucket","name":"geofoodtruck_app_bucket","provider_name":"registry.terraform.io/hashicorp/aws","schema_version":0,"values":{"acceleration_status":"","acl":null,"arn":"arn:aws:s3:::geofoodtruck-app-bucket","bucket":"geofoodtruck-app-bucket","bucket_domain_name":"geofoodtruck-app-bucket.s3.amazonaws.com","bucket_prefix":"","bucket_regional_domain_name":"geofoodtruck-app-bucket.s3.us-east-1.amazonaws.com","cors_rule":[],"force_destroy":false,"grant":[{"id":"38a6d1dcf9481cb7b268cb327c83bc600980dda287ac43350ed03e2883f2282e","permissions":["FULL_CONTROL"],"type":"CanonicalUser","uri":""}],"hosted_zone_id":"Z3AQBSTGFYJSTF","id":"geofoodtruck-app-bucket","lifecycle_rule":[],"logging":[],"object_lock_configuration":[],"object_lock_enabled":false,"policy":"{\"Statement\":[{\"Action\":\"s3:GetObject\",\"Condition\":{\"StringEquals\":{\"AWS:SourceArn\":\"arn:aws:cloudfront::***:distribution/E263E8AHYXLO8L\"}},\"Effect\":\"Allow\",\"Principal\":{\"Service\":\"cloudfront.amazonaws.com\"},\"Resource\":\"arn:aws:s3:::geofoodtruck-app-bucket/*\"}],\"Version\":\"2012-10-17\"}","region":"us-east-1","replication_configuration":[],"request_payer":"BucketOwner","server_side_encryption_configuration":[{"rule":[{"apply_server_side_encryption_by_default":[{"kms_master_key_id":"arn:aws:kms:us-east-1:***:key/6c1ead8a-5e71-4e33-ae37-010dbcd3c063","sse_algorithm":"aws:kms"}],"bucket_key_enabled":false}]}],"tags":{},"tags_all":{},"timeouts":null,"versioning":[{"enabled":false,"mfa_delete":false}],"website":[],"website_domain":null,"website_endpoint":null},"sensitive_values":{"cors_rule":[],"grant":[{"permissions":[false]}],"lifecycle_rule":[],"logging":[],"object_lock_configuration":[],"replication_configuration":[],"server_side_encryption_configuration":[{"rule":[{"apply_server_side_encryption_by_default":[{}]}]}],"tags":{},"tags_all":{},"versioning":[{}],"website":[]}},{"address":"aws_s3_bucket_policy.geofoodtruck_app_bucket_policy","mode":"managed","type":"aws_s3_bucket_policy","name":"geofoodtruck_app_bucket_policy","provider_name":"registry.terraform.io/hashicorp/aws","schema_version":0,"values":{"bucket":"geofoodtruck-app-bucket","id":"geofoodtruck-app-bucket","policy":"{\"Statement\":[{\"Action\":[\"s3:GetObject\"],\"Condition\":{\"StringEquals\":{\"AWS:SourceArn\":\"arn:aws:cloudfront::***:distribution/E263E8AHYXLO8L\"}},\"Effect\":\"Allow\",\"Principal\":{\"Service\":\"cloudfront.amazonaws.com\"},\"Resource\":[\"arn:aws:s3:::geofoodtruck-app-bucket/*\"]}],\"Version\":\"2012-10-17\"}"},"sensitive_values":{}},{"address":"aws_s3_bucket_public_access_block.geofoodtruck_s3_bucket_public_access_block","mode":"managed","type":"aws_s3_bucket_public_access_block","name":"geofoodtruck_s3_bucket_public_access_block","provider_name":"registry.terraform.io/hashicorp/aws","schema_version":0,"values":{"block_public_acls":true,"block_public_policy":true,"bucket":"geofoodtruck-app-bucket","id":"geofoodtruck-app-bucket","ignore_public_acls":true,"restrict_public_buckets":true},"sensitive_values":{}},{"address":"aws_s3_bucket_server_side_encryption_configuration.geofoodtruck_s3_bucket_server_side_encryption_configuration","mode":"managed","type":"aws_s3_bucket_server_side_encryption_configuration","name":"geofoodtruck_s3_bucket_server_side_encryption_configuration","provider_name":"registry.terraform.io/hashicorp/aws","schema_version":0,"values":{"bucket":"geofoodtruck-app-bucket","expected_bucket_owner":"","id":"geofoodtruck-app-bucket","rule":[{"apply_server_side_encryption_by_default":[{"kms_master_key_id":"arn:aws:kms:us-east-1:***:key/6c1ead8a-5e71-4e33-ae37-010dbcd3c063","sse_algorithm":"aws:kms"}],"bucket_key_enabled":false}]},"sensitive_values":{"rule":[{"apply_server_side_encryption_by_default":[{}]}]}},{"address":"aws_s3_object.app_files[\"asset-manifest.json\"]","mode":"managed","type":"aws_s3_object","name":"app_files","index":"asset-manifest.json","provider_name":"registry.terraform.io/hashicorp/aws","schema_version":0,"values":{"acl":null,"arn":"arn:aws:s3:::geofoodtruck-app-bucket/asset-manifest.json","bucket":"geofoodtruck-app-bucket","bucket_key_enabled":false,"cache_control":"","checksum_algorithm":null,"checksum_crc32":"","checksum_crc32c":"","checksum_sha1":"","checksum_sha256":"","content":null,"content_base64":null,"content_disposition":"","content_encoding":"","content_language":"","content_type":"application/json","etag":"a65e88b737c747952a357e80aaa5188d","force_destroy":false,"id":"asset-manifest.json","key":"asset-manifest.json","kms_key_id":"arn:aws:kms:us-east-1:***:key/6c1ead8a-5e71-4e33-ae37-010dbcd3c063","metadata":{},"object_lock_legal_hold_status":"","object_lock_mode":"","object_lock_retain_until_date":"","override_provider":[],"server_side_encryption":"aws:kms","source":"../build/asset-manifest.json","source_hash":null,"storage_class":"STANDARD","tags":{},"tags_all":{},"website_redirect":""},"sensitive_values":{"metadata":{},"override_provider":[],"tags":{},"tags_all":{}}},{"address":"aws_s3_object.app_files[\"favicon.ico\"]","mode":"managed","type":"aws_s3_object","name":"app_files","index":"favicon.ico","provider_name":"registry.terraform.io/hashicorp/aws","schema_version":0,"values":{"acl":null,"arn":"arn:aws:s3:::geofoodtruck-app-bucket/favicon.ico","bucket":"geofoodtruck-app-bucket","bucket_key_enabled":false,"cache_control":"","checksum_algorithm":null,"checksum_crc32":"","checksum_crc32c":"","checksum_sha1":"","checksum_sha256":"","content":null,"content_base64":null,"content_disposition":"","content_encoding":"","content_language":"","content_type":"image/x-icon","etag":"c92b85a5b907c70211f4ec25e29a8c4a","force_destroy":false,"id":"favicon.ico","key":"favicon.ico","kms_key_id":"arn:aws:kms:us-east-1:***:key/6c1ead8a-5e71-4e33-ae37-010dbcd3c063","metadata":{},"object_lock_legal_hold_status":"","object_lock_mode":"","object_lock_retain_until_date":"","override_provider":[],"server_side_encryption":"aws:kms","source":"../build/favicon.ico","source_hash":null,"storage_class":"STANDARD","tags":{},"tags_all":{},"website_redirect":""},"sensitive_values":{"metadata":{},"override_provider":[],"tags":{},"tags_all":{}}},{"address":"aws_s3_object.app_files[\"index.html\"]","mode":"managed","type":"aws_s3_object","name":"app_files","index":"index.html","provider_name":"registry.terraform.io/hashicorp/aws","schema_version":0,"values":{"acl":null,"arn":"arn:aws:s3:::geofoodtruck-app-bucket/index.html","bucket":"geofoodtruck-app-bucket","bucket_key_enabled":false,"cache_control":"","checksum_algorithm":null,"checksum_crc32":"","checksum_crc32c":"","checksum_sha1":"","checksum_sha256":"","content":null,"content_base64":null,"content_disposition":"","content_encoding":"","content_language":"","content_type":"text/html","etag":"6d7e23cfebe265c444b508db3fa51760","force_destroy":false,"id":"index.html","key":"index.html","kms_key_id":"arn:aws:kms:us-east-1:***:key/6c1ead8a-5e71-4e33-ae37-010dbcd3c063","metadata":{},"object_lock_legal_hold_status":"","object_lock_mode":"","object_lock_retain_until_date":"","override_provider":[],"server_side_encryption":"aws:kms","source":"../build/index.html","source_hash":null,"storage_class":"STANDARD","tags":{},"tags_all":{},"website_redirect":""},"sensitive_values":{"metadata":{},"override_provider":[],"tags":{},"tags_all":{}}},{"address":"aws_s3_object.app_files[\"logo192.png\"]","mode":"managed","type":"aws_s3_object","name":"app_files","index":"logo192.png","provider_name":"registry.terraform.io/hashicorp/aws","schema_version":0,"values":{"acl":null,"arn":"arn:aws:s3:::geofoodtruck-app-bucket/logo192.png","bucket":"geofoodtruck-app-bucket","bucket_key_enabled":false,"cache_control":"","checksum_algorithm":null,"checksum_crc32":"","checksum_crc32c":"","checksum_sha1":"","checksum_sha256":"","content":null,"content_base64":null,"content_disposition":"","content_encoding":"","content_language":"","content_type":"image/png","etag":"33dbdd0177549353eeeb785d02c294af","force_destroy":false,"id":"logo192.png","key":"logo192.png","kms_key_id":"arn:aws:kms:us-east-1:***:key/6c1ead8a-5e71-4e33-ae37-010dbcd3c063","metadata":{},"object_lock_legal_hold_status":"","object_lock_mode":"","object_lock_retain_until_date":"","override_provider":[],"server_side_encryption":"aws:kms","source":"../build/logo192.png","source_hash":null,"storage_class":"STANDARD","tags":{},"tags_all":{},"website_redirect":""},"sensitive_values":{"metadata":{},"override_provider":[],"tags":{},"tags_all":{}}},{"address":"aws_s3_object.app_files[\"logo512.png\"]","mode":"managed","type":"aws_s3_object","name":"app_files","index":"logo512.png","provider_name":"registry.terraform.io/hashicorp/aws","schema_version":0,"values":{"acl":null,"arn":"arn:aws:s3:::geofoodtruck-app-bucket/logo512.png","bucket":"geofoodtruck-app-bucket","bucket_key_enabled":false,"cache_control":"","checksum_algorithm":null,"checksum_crc32":"","checksum_crc32c":"","checksum_sha1":"","checksum_sha256":"","content":null,"content_base64":null,"content_disposition":"","content_encoding":"","content_language":"","content_type":"image/png","etag":"917515db74ea8d1aee6a246cfbcc0b45","force_destroy":false,"id":"logo512.png","key":"logo512.png","kms_key_id":"arn:aws:kms:us-east-1:***:key/6c1ead8a-5e71-4e33-ae37-010dbcd3c063","metadata":{},"object_lock_legal_hold_status":"","object_lock_mode":"","object_lock_retain_until_date":"","override_provider":[],"server_side_encryption":"aws:kms","source":"../build/logo512.png","source_hash":null,"storage_class":"STANDARD","tags":{},"tags_all":{},"website_redirect":""},"sensitive_values":{"metadata":{},"override_provider":[],"tags":{},"tags_all":{}}},{"address":"aws_s3_object.app_files[\"manifest.json\"]","mode":"managed","type":"aws_s3_object","name":"app_files","index":"manifest.json","provider_name":"registry.terraform.io/hashicorp/aws","schema_version":0,"values":{"acl":null,"arn":"arn:aws:s3:::geofoodtruck-app-bucket/manifest.json","bucket":"geofoodtruck-app-bucket","bucket_key_enabled":false,"cache_control":"","checksum_algorithm":null,"checksum_crc32":"","checksum_crc32c":"","checksum_sha1":"","checksum_sha256":"","content":null,"content_base64":null,"content_disposition":"","content_encoding":"","content_language":"","content_type":"application/json","etag":"9153e3ba94d29288a5aef74db1fb2dd1","force_destroy":false,"id":"manifest.json","key":"manifest.json","kms_key_id":"arn:aws:kms:us-east-1:***:key/6c1ead8a-5e71-4e33-ae37-010dbcd3c063","metadata":{},"object_lock_legal_hold_status":"","object_lock_mode":"","object_lock_retain_until_date":"","override_provider":[],"server_side_encryption":"aws:kms","source":"../build/manifest.json","source_hash":null,"storage_class":"STANDARD","tags":{},"tags_all":{},"website_redirect":""},"sensitive_values":{"metadata":{},"override_provider":[],"tags":{},"tags_all":{}}},{"address":"aws_s3_object.app_files[\"robots.txt\"]","mode":"managed","type":"aws_s3_object","name":"app_files","index":"robots.txt","provider_name":"registry.terraform.io/hashicorp/aws","schema_version":0,"values":{"acl":null,"arn":"arn:aws:s3:::geofoodtruck-app-bucket/robots.txt","bucket":"geofoodtruck-app-bucket","bucket_key_enabled":false,"cache_control":"","checksum_algorithm":null,"checksum_crc32":"","checksum_crc32c":"","checksum_sha1":"","checksum_sha256":"","content":null,"content_base64":null,"content_disposition":"","content_encoding":"","content_language":"","content_type":"text/plain","etag":"fa1ded1ed7c11438a9b0385b1e112850","force_destroy":false,"id":"robots.txt","key":"robots.txt","kms_key_id":"arn:aws:kms:us-east-1:***:key/6c1ead8a-5e71-4e33-ae37-010dbcd3c063","metadata":{},"object_lock_legal_hold_status":"","object_lock_mode":"","object_lock_retain_until_date":"","override_provider":[],"server_side_encryption":"aws:kms","source":"../build/robots.txt","source_hash":null,"storage_class":"STANDARD","tags":{},"tags_all":{},"website_redirect":""},"sensitive_values":{"metadata":{},"override_provider":[],"tags":{},"tags_all":{}}},{"address":"aws_s3_object.app_files[\"static/css/main.414097bf.css\"]","mode":"managed","type":"aws_s3_object","name":"app_files","index":"static/css/main.414097bf.css","provider_name":"registry.terraform.io/hashicorp/aws","schema_version":0,"values":{"acl":null,"arn":"arn:aws:s3:::geofoodtruck-app-bucket/static/css/main.414097bf.css","bucket":"geofoodtruck-app-bucket","bucket_key_enabled":false,"cache_control":"","checksum_algorithm":null,"checksum_crc32":"","checksum_crc32c":"","checksum_sha1":"","checksum_sha256":"","content":null,"content_base64":null,"content_disposition":"","content_encoding":"","content_language":"","content_type":"text/css","etag":"22eaf37d16c7b6c0b38e8c88bcf4eef0","force_destroy":false,"id":"static/css/main.414097bf.css","key":"static/css/main.414097bf.css","kms_key_id":"arn:aws:kms:us-east-1:***:key/6c1ead8a-5e71-4e33-ae37-010dbcd3c063","metadata":{},"object_lock_legal_hold_status":"","object_lock_mode":"","object_lock_retain_until_date":"","override_provider":[],"server_side_encryption":"aws:kms","source":"../build/static/css/main.414097bf.css","source_hash":null,"storage_class":"STANDARD","tags":{},"tags_all":{},"website_redirect":""},"sensitive_values":{"metadata":{},"override_provider":[],"tags":{},"tags_all":{}}},{"address":"aws_s3_object.app_files[\"static/js/206.85c6594b.chunk.js\"]","mode":"managed","type":"aws_s3_object","name":"app_files","index":"static/js/206.85c6594b.chunk.js","provider_name":"registry.terraform.io/hashicorp/aws","schema_version":0,"values":{"acl":null,"arn":"arn:aws:s3:::geofoodtruck-app-bucket/static/js/206.85c6594b.chunk.js","bucket":"geofoodtruck-app-bucket","bucket_key_enabled":false,"cache_control":"","checksum_algorithm":null,"checksum_crc32":"","checksum_crc32c":"","checksum_sha1":"","checksum_sha256":"","content":null,"content_base64":null,"content_disposition":"","content_encoding":"","content_language":"","content_type":"application/javascript","etag":"07ae34e78f0ecc509b588cbec8cf683f","force_destroy":false,"id":"static/js/206.85c6594b.chunk.js","key":"static/js/206.85c6594b.chunk.js","kms_key_id":"arn:aws:kms:us-east-1:***:key/6c1ead8a-5e71-4e33-ae37-010dbcd3c063","metadata":{},"object_lock_legal_hold_status":"","object_lock_mode":"","object_lock_retain_until_date":"","override_provider":[],"server_side_encryption":"aws:kms","source":"../build/static/js/206.85c6594b.chunk.js","source_hash":null,"storage_class":"STANDARD","tags":{},"tags_all":{},"website_redirect":""},"sensitive_values":{"metadata":{},"override_provider":[],"tags":{},"tags_all":{}}},{"address":"aws_s3_object.app_files[\"static/js/main.f3bf86e5.js\"]","mode":"managed","type":"aws_s3_object","name":"app_files","index":"static/js/main.f3bf86e5.js","provider_name":"registry.terraform.io/hashicorp/aws","schema_version":0,"values":{"acl":null,"arn":"arn:aws:s3:::geofoodtruck-app-bucket/static/js/main.f3bf86e5.js","bucket":"geofoodtruck-app-bucket","bucket_key_enabled":false,"cache_control":"","checksum_algorithm":null,"checksum_crc32":"","checksum_crc32c":"","checksum_sha1":"","checksum_sha256":"","content":null,"content_base64":null,"content_disposition":"","content_encoding":"","content_language":"","content_type":"application/javascript","etag":"01f385ac2edc15665c47eb5c3abe37ad","force_destroy":false,"id":"static/js/main.f3bf86e5.js","key":"static/js/main.f3bf86e5.js","kms_key_id":"arn:aws:kms:us-east-1:***:key/6c1ead8a-5e71-4e33-ae37-010dbcd3c063","metadata":{},"object_lock_legal_hold_status":"","object_lock_mode":"","object_lock_retain_until_date":"","override_provider":[],"server_side_encryption":"aws:kms","source":"../build/static/js/main.f3bf86e5.js","source_hash":null,"storage_class":"STANDARD","tags":{},"tags_all":{},"website_redirect":""},"sensitive_values":{"metadata":{},"override_provider":[],"tags":{},"tags_all":{}}},{"address":"aws_s3_object.app_files[\"static/js/main.f3bf86e5.js.LICENSE.txt\"]","mode":"managed","type":"aws_s3_object","name":"app_files","index":"static/js/main.f3bf86e5.js.LICENSE.txt","provider_name":"registry.terraform.io/hashicorp/aws","schema_version":0,"values":{"acl":null,"arn":"arn:aws:s3:::geofoodtruck-app-bucket/static/js/main.f3bf86e5.js.LICENSE.txt","bucket":"geofoodtruck-app-bucket","bucket_key_enabled":false,"cache_control":"","checksum_algorithm":null,"checksum_crc32":"","checksum_crc32c":"","checksum_sha1":"","checksum_sha256":"","content":null,"content_base64":null,"content_disposition":"","content_encoding":"","content_language":"","content_type":"text/plain","etag":"724392fbfeeb6cde62aa6bad62361a60","force_destroy":false,"id":"static/js/main.f3bf86e5.js.LICENSE.txt","key":"static/js/main.f3bf86e5.js.LICENSE.txt","kms_key_id":"arn:aws:kms:us-east-1:***:key/6c1ead8a-5e71-4e33-ae37-010dbcd3c063","metadata":{},"object_lock_legal_hold_status":"","object_lock_mode":"","object_lock_retain_until_date":"","override_provider":[],"server_side_encryption":"aws:kms","source":"../build/static/js/main.f3bf86e5.js.LICENSE.txt","source_hash":null,"storage_class":"STANDARD","tags":{},"tags_all":{},"website_redirect":""},"sensitive_values":{"metadata":{},"override_provider":[],"tags":{},"tags_all":{}}},{"address":"aws_s3_object.app_files[\"truck-solid.png\"]","mode":"managed","type":"aws_s3_object","name":"app_files","index":"truck-solid.png","provider_name":"registry.terraform.io/hashicorp/aws","schema_version":0,"values":{"acl":null,"arn":"arn:aws:s3:::geofoodtruck-app-bucket/truck-solid.png","bucket":"geofoodtruck-app-bucket","bucket_key_enabled":false,"cache_control":"","checksum_algorithm":null,"checksum_crc32":"","checksum_crc32c":"","checksum_sha1":"","checksum_sha256":"","content":null,"content_base64":null,"content_disposition":"","content_encoding":"","content_language":"","content_type":"image/png","etag":"73391b6b4a8a07adff0fbb8ffdbe519c","force_destroy":false,"id":"truck-solid.png","key":"truck-solid.png","kms_key_id":"arn:aws:kms:us-east-1:***:key/6c1ead8a-5e71-4e33-ae37-010dbcd3c063","metadata":{},"object_lock_legal_hold_status":"","object_lock_mode":"","object_lock_retain_until_date":"","override_provider":[],"server_side_encryption":"aws:kms","source":"../build/truck-solid.png","source_hash":null,"storage_class":"STANDARD","tags":{},"tags_all":{},"website_redirect":""},"sensitive_values":{"metadata":{},"override_provider":[],"tags":{},"tags_all":{}}},{"address":"aws_wafv2_web_acl.geofoodtruck_waf_web_acl","mode":"managed","type":"aws_wafv2_web_acl","name":"geofoodtruck_waf_web_acl","provider_name":"registry.terraform.io/hashicorp/aws","schema_version":0,"values":{"application_integration_url":"","arn":"arn:aws:wafv2:us-east-1:***:global/webacl/GeoFoodTruckWebACL/37f7809b-ea93-46f1-9d10-4050e2957f36","association_config":[],"capacity":975,"captcha_config":[],"challenge_config":[],"custom_response_body":[],"default_action":[{"allow":[{"custom_request_handling":[]}],"block":[]}],"description":"Web ACL for GeoFoodTruck app","id":"37f7809b-ea93-46f1-9d10-4050e2957f36","lock_token":"70b7a424-37a7-4633-afa9-0ee95b25eef1","name":"GeoFoodTruckWebACL","rule":[{"action":[],"captcha_config":[],"name":"GeoFoodTruck-AWSManagedRulesAmazonIpReputationList","override_action":[{"count":[],"none":[{}]}],"priority":0,"rule_label":[],"statement":[{"and_statement":[],"byte_match_statement":[],"geo_match_statement":[],"ip_set_reference_statement":[],"label_match_statement":[],"managed_rule_group_statement":[{"managed_rule_group_configs":[],"name":"AWSManagedRulesAmazonIpReputationList","rule_action_override":[],"scope_down_statement":[],"vendor_name":"AWS","version":""}],"not_statement":[],"or_statement":[],"rate_based_statement":[],"regex_match_statement":[],"regex_pattern_set_reference_statement":[],"rule_group_reference_statement":[],"size_constraint_statement":[],"sqli_match_statement":[],"xss_match_statement":[]}],"visibility_config":[{"cloudwatch_metrics_enabled":true,"metric_name":"GeoFoodTruck-AWSManagedRulesAmazonIpReputationList","sampled_requests_enabled":true}]},{"action":[],"captcha_config":[],"name":"GeoFoodTruck-AWSManagedRulesBotControlRuleSet","override_action":[{"count":[],"none":[{}]}],"priority":3,"rule_label":[],"statement":[{"and_statement":[],"byte_match_statement":[],"geo_match_statement":[],"ip_set_reference_statement":[],"label_match_statement":[],"managed_rule_group_statement":[{"managed_rule_group_configs":[{"aws_managed_rules_acfp_rule_set":[],"aws_managed_rules_atp_rule_set":[],"aws_managed_rules_bot_control_rule_set":[{"inspection_level":"COMMON"}],"login_path":"","password_field":[],"payload_type":"","username_field":[]}],"name":"AWSManagedRulesBotControlRuleSet","rule_action_override":[{"action_to_use":[{"allow":[],"block":[],"captcha":[],"challenge":[],"count":[{"custom_request_handling":[]}]}],"name":"CategoryAdvertising"},{"action_to_use":[{"allow":[],"block":[],"captcha":[],"challenge":[],"count":[{"custom_request_handling":[]}]}],"name":"CategoryArchiver"},{"action_to_use":[{"allow":[],"block":[],"captcha":[],"challenge":[],"count":[{"custom_request_handling":[]}]}],"name":"CategoryContentFetcher"},{"action_to_use":[{"allow":[],"block":[],"captcha":[],"challenge":[],"count":[{"custom_request_handling":[]}]}],"name":"CategoryEmailClient"},{"action_to_use":[{"allow":[],"block":[],"captcha":[],"challenge":[],"count":[{"custom_request_handling":[]}]}],"name":"CategoryHttpLibrary"},{"action_to_use":[{"allow":[],"block":[],"captcha":[],"challenge":[],"count":[{"custom_request_handling":[]}]}],"name":"CategoryLinkChecker"},{"action_to_use":[{"allow":[],"block":[],"captcha":[],"challenge":[],"count":[{"custom_request_handling":[]}]}],"name":"CategoryMiscellaneous"},{"action_to_use":[{"allow":[],"block":[],"captcha":[],"challenge":[],"count":[{"custom_request_handling":[]}]}],"name":"CategoryMonitoring"},{"action_to_use":[{"allow":[],"block":[],"captcha":[],"challenge":[],"count":[{"custom_request_handling":[]}]}],"name":"CategoryScrapingFramework"},{"action_to_use":[{"allow":[],"block":[],"captcha":[],"challenge":[],"count":[{"custom_request_handling":[]}]}],"name":"CategorySearchEngine"},{"action_to_use":[{"allow":[],"block":[],"captcha":[],"challenge":[],"count":[{"custom_request_handling":[]}]}],"name":"CategorySecurity"},{"action_to_use":[{"allow":[],"block":[],"captcha":[],"challenge":[],"count":[{"custom_request_handling":[]}]}],"name":"CategorySeo"},{"action_to_use":[{"allow":[],"block":[],"captcha":[],"challenge":[],"count":[{"custom_request_handling":[]}]}],"name":"CategorySocialMedia"},{"action_to_use":[{"allow":[],"block":[],"captcha":[],"challenge":[],"count":[{"custom_request_handling":[]}]}],"name":"CategoryAI"},{"action_to_use":[{"allow":[],"block":[],"captcha":[],"challenge":[],"count":[{"custom_request_handling":[]}]}],"name":"SignalAutomatedBrowser"},{"action_to_use":[{"allow":[],"block":[],"captcha":[],"challenge":[],"count":[{"custom_request_handling":[]}]}],"name":"SignalKnownBotDataCenter"},{"action_to_use":[{"allow":[],"block":[],"captcha":[],"challenge":[],"count":[{"custom_request_handling":[]}]}],"name":"SignalNonBrowserUserAgent"}],"scope_down_statement":[],"vendor_name":"AWS","version":""}],"not_statement":[],"or_statement":[],"rate_based_statement":[],"regex_match_statement":[],"regex_pattern_set_reference_statement":[],"rule_group_reference_statement":[],"size_constraint_statement":[],"sqli_match_statement":[],"xss_match_statement":[]}],"visibility_config":[{"cloudwatch_metrics_enabled":true,"metric_name":"GeoFoodTruck-AWSManagedRulesBotControlRuleSet","sampled_requests_enabled":true}]},{"action":[],"captcha_config":[],"name":"GeoFoodTruck-AWSManagedRulesCommonRuleSet","override_action":[{"count":[],"none":[{}]}],"priority":1,"rule_label":[],"statement":[{"and_statement":[],"byte_match_statement":[],"geo_match_statement":[],"ip_set_reference_statement":[],"label_match_statement":[],"managed_rule_group_statement":[{"managed_rule_group_configs":[],"name":"AWSManagedRulesCommonRuleSet","rule_action_override":[],"scope_down_statement":[],"vendor_name":"AWS","version":""}],"not_statement":[],"or_statement":[],"rate_based_statement":[],"regex_match_statement":[],"regex_pattern_set_reference_statement":[],"rule_group_reference_statement":[],"size_constraint_statement":[],"sqli_match_statement":[],"xss_match_statement":[]}],"visibility_config":[{"cloudwatch_metrics_enabled":true,"metric_name":"GeoFoodTruck-AWSManagedRulesCommonRuleSet","sampled_requests_enabled":true}]},{"action":[],"captcha_config":[],"name":"GeoFoodTruck-AWSManagedRulesKnownBadInputsRuleSet","override_action":[{"count":[],"none":[{}]}],"priority":2,"rule_label":[],"statement":[{"and_statement":[],"byte_match_statement":[],"geo_match_statement":[],"ip_set_reference_statement":[],"label_match_statement":[],"managed_rule_group_statement":[{"managed_rule_group_configs":[],"name":"AWSManagedRulesKnownBadInputsRuleSet","rule_action_override":[],"scope_down_statement":[],"vendor_name":"AWS","version":""}],"not_statement":[],"or_statement":[],"rate_based_statement":[],"regex_match_statement":[],"regex_pattern_set_reference_statement":[],"rule_group_reference_statement":[],"size_constraint_statement":[],"sqli_match_statement":[],"xss_match_statement":[]}],"visibility_config":[{"cloudwatch_metrics_enabled":true,"metric_name":"GeoFoodTruck-AWSManagedRulesKnownBadInputsRuleSet","sampled_requests_enabled":true}]}],"scope":"CLOUDFRONT","tags":{},"tags_all":{},"token_domains":[],"visibility_config":[{"cloudwatch_metrics_enabled":true,"metric_name":"GeoFoodTruckWebACL","sampled_requests_enabled":true}]},"sensitive_values":{"association_config":[],"captcha_config":[],"challenge_config":[],"custom_response_body":[],"default_action":[{"allow":[{"custom_request_handling":[]}],"block":[]}],"rule":[{"action":[],"captcha_config":[],"override_action":[{"count":[],"none":[{}]}],"rule_label":[],"statement":[{"and_statement":[],"byte_match_statement":[],"geo_match_statement":[],"ip_set_reference_statement":[],"label_match_statement":[],"managed_rule_group_statement":[{"managed_rule_group_configs":[],"rule_action_override":[],"scope_down_statement":[]}],"not_statement":[],"or_statement":[],"rate_based_statement":[],"regex_match_statement":[],"regex_pattern_set_reference_statement":[],"rule_group_reference_statement":[],"size_constraint_statement":[],"sqli_match_statement":[],"xss_match_statement":[]}],"visibility_config":[{}]},{"action":[],"captcha_config":[],"override_action":[{"count":[],"none":[{}]}],"rule_label":[],"statement":[{"and_statement":[],"byte_match_statement":[],"geo_match_statement":[],"ip_set_reference_statement":[],"label_match_statement":[],"managed_rule_group_statement":[{"managed_rule_group_configs":[{"aws_managed_rules_acfp_rule_set":[],"aws_managed_rules_atp_rule_set":[],"aws_managed_rules_bot_control_rule_set":[{}],"password_field":[],"username_field":[]}],"rule_action_override":[{"action_to_use":[{"allow":[],"block":[],"captcha":[],"challenge":[],"count":[{"custom_request_handling":[]}]}]},{"action_to_use":[{"allow":[],"block":[],"captcha":[],"challenge":[],"count":[{"custom_request_handling":[]}]}]},{"action_to_use":[{"allow":[],"block":[],"captcha":[],"challenge":[],"count":[{"custom_request_handling":[]}]}]},{"action_to_use":[{"allow":[],"block":[],"captcha":[],"challenge":[],"count":[{"custom_request_handling":[]}]}]},{"action_to_use":[{"allow":[],"block":[],"captcha":[],"challenge":[],"count":[{"custom_request_handling":[]}]}]},{"action_to_use":[{"allow":[],"block":[],"captcha":[],"challenge":[],"count":[{"custom_request_handling":[]}]}]},{"action_to_use":[{"allow":[],"block":[],"captcha":[],"challenge":[],"count":[{"custom_request_handling":[]}]}]},{"action_to_use":[{"allow":[],"block":[],"captcha":[],"challenge":[],"count":[{"custom_request_handling":[]}]}]},{"action_to_use":[{"allow":[],"block":[],"captcha":[],"challenge":[],"count":[{"custom_request_handling":[]}]}]},{"action_to_use":[{"allow":[],"block":[],"captcha":[],"challenge":[],"count":[{"custom_request_handling":[]}]}]},{"action_to_use":[{"allow":[],"block":[],"captcha":[],"challenge":[],"count":[{"custom_request_handling":[]}]}]},{"action_to_use":[{"allow":[],"block":[],"captcha":[],"challenge":[],"count":[{"custom_request_handling":[]}]}]},{"action_to_use":[{"allow":[],"block":[],"captcha":[],"challenge":[],"count":[{"custom_request_handling":[]}]}]},{"action_to_use":[{"allow":[],"block":[],"captcha":[],"challenge":[],"count":[{"custom_request_handling":[]}]}]},{"action_to_use":[{"allow":[],"block":[],"captcha":[],"challenge":[],"count":[{"custom_request_handling":[]}]}]},{"action_to_use":[{"allow":[],"block":[],"captcha":[],"challenge":[],"count":[{"custom_request_handling":[]}]}]},{"action_to_use":[{"allow":[],"block":[],"captcha":[],"challenge":[],"count":[{"custom_request_handling":[]}]}]}],"scope_down_statement":[]}],"not_statement":[],"or_statement":[],"rate_based_statement":[],"regex_match_statement":[],"regex_pattern_set_reference_statement":[],"rule_group_reference_statement":[],"size_constraint_statement":[],"sqli_match_statement":[],"xss_match_statement":[]}],"visibility_config":[{}]},{"action":[],"captcha_config":[],"override_action":[{"count":[],"none":[{}]}],"rule_label":[],"statement":[{"and_statement":[],"byte_match_statement":[],"geo_match_statement":[],"ip_set_reference_statement":[],"label_match_statement":[],"managed_rule_group_statement":[{"managed_rule_group_configs":[],"rule_action_override":[],"scope_down_statement":[]}],"not_statement":[],"or_statement":[],"rate_based_statement":[],"regex_match_statement":[],"regex_pattern_set_reference_statement":[],"rule_group_reference_statement":[],"size_constraint_statement":[],"sqli_match_statement":[],"xss_match_statement":[]}],"visibility_config":[{}]},{"action":[],"captcha_config":[],"override_action":[{"count":[],"none":[{}]}],"rule_label":[],"statement":[{"and_statement":[],"byte_match_statement":[],"geo_match_statement":[],"ip_set_reference_statement":[],"label_match_statement":[],"managed_rule_group_statement":[{"managed_rule_group_configs":[],"rule_action_override":[],"scope_down_statement":[]}],"not_statement":[],"or_statement":[],"rate_based_statement":[],"regex_match_statement":[],"regex_pattern_set_reference_statement":[],"rule_group_reference_statement":[],"size_constraint_statement":[],"sqli_match_statement":[],"xss_match_statement":[]}],"visibility_config":[{}]}],"tags":{},"tags_all":{},"token_domains":[],"visibility_config":[{}]}}]}},"resource_changes":[{"address":"aws_cloudfront_distribution.geofoodtruck_app_distribution","mode":"managed","type":"aws_cloudfront_distribution","name":"geofoodtruck_app_distribution","provider_name":"registry.terraform.io/hashicorp/aws","change":{"actions":["no-op"],"before":{"aliases":[],"arn":"arn:aws:cloudfront::***:distribution/E263E8AHYXLO8L","caller_reference":"terraform-20240521104331355600000001","comment":null,"continuous_deployment_policy_id":"","custom_error_response":[],"default_cache_behavior":[{"allowed_methods":["GET","HEAD"],"cache_policy_id":"658327ea-f89d-4fab-a63d-7e88639e58f6","cached_methods":["GET","HEAD"],"compress":true,"default_ttl":0,"field_level_encryption_id":"","forwarded_values":[],"function_association":[],"lambda_function_association":[],"max_ttl":0,"min_ttl":0,"origin_request_policy_id":"88a5eaf4-2fd4-4709-b370-b4c650ea3fcf","realtime_log_config_arn":"","response_headers_policy_id":"6ae32cb9-4d76-4741-8724-55e74a6500ac","smooth_streaming":false,"target_origin_id":"geofoodtruck-app-bucket.s3.us-east-1.amazonaws.com","trusted_key_groups":[],"trusted_signers":[],"viewer_protocol_policy":"redirect-to-https"}],"default_root_object":"index.html","domain_name":"d3n9iqvbhzuqoh.cloudfront.net","enabled":true,"etag":"E25KJTJF614CU2","hosted_zone_id":"Z2FDTNDATAQYW2","http_version":"http2","id":"E263E8AHYXLO8L","in_progress_validation_batches":0,"is_ipv6_enabled":true,"last_modified_time":"2024-06-01 07:17:06.631 +0000 UTC","logging_config":[],"ordered_cache_behavior":[{"allowed_methods":["GET","HEAD","OPTIONS"],"cache_policy_id":"4135ea2d-6df8-44a3-9df3-4b5a84be39ad","cached_methods":["GET","HEAD","OPTIONS"],"compress":true,"default_ttl":0,"field_level_encryption_id":"","forwarded_values":[],"function_association":[],"lambda_function_association":[],"max_ttl":0,"min_ttl":0,"origin_request_policy_id":"3908a424-7b48-4b76-8830-6fc572388376","path_pattern":"/resource/rqzj-sfat.json","realtime_log_config_arn":"","response_headers_policy_id":"5cc3b908-e619-4b99-88e5-2cf7f45965bd","smooth_streaming":false,"target_origin_id":"data.sfgov.org","trusted_key_groups":[],"trusted_signers":[],"viewer_protocol_policy":"https-only"}],"origin":[{"connection_attempts":3,"connection_timeout":10,"custom_header":[{"name":"X-App-Token","value":"***"}],"custom_origin_config":[{"http_port":80,"https_port":443,"origin_keepalive_timeout":5,"origin_protocol_policy":"https-only","origin_read_timeout":30,"origin_ssl_protocols":["TLSv1.2"]}],"domain_name":"data.sfgov.org","origin_access_control_id":"","origin_id":"data.sfgov.org","origin_path":"","origin_shield":[],"s3_origin_config":[]},{"connection_attempts":3,"connection_timeout":10,"custom_header":[],"custom_origin_config":[],"domain_name":"geofoodtruck-app-bucket.s3.us-east-1.amazonaws.com","origin_access_control_id":"EOBBYJPMYN9AX","origin_id":"geofoodtruck-app-bucket.s3.us-east-1.amazonaws.com","origin_path":"","origin_shield":[],"s3_origin_config":[]}],"origin_group":[],"price_class":"PriceClass_All","restrictions":[{"geo_restriction":[{"locations":[],"restriction_type":"none"}]}],"retain_on_delete":false,"staging":false,"status":"Deployed","tags":{},"tags_all":{},"trusted_key_groups":[{"enabled":false,"items":[]}],"trusted_signers":[{"enabled":false,"items":[]}],"viewer_certificate":[{"acm_certificate_arn":"","cloudfront_default_certificate":true,"iam_certificate_id":"","minimum_protocol_version":"TLSv1","ssl_support_method":""}],"wait_for_deployment":true,"web_acl_id":"arn:aws:wafv2:us-east-1:***:global/webacl/GeoFoodTruckWebACL/37f7809b-ea93-46f1-9d10-4050e2957f36"},"after":{"aliases":[],"arn":"arn:aws:cloudfront::***:distribution/E263E8AHYXLO8L","caller_reference":"terraform-20240521104331355600000001","comment":null,"continuous_deployment_policy_id":"","custom_error_response":[],"default_cache_behavior":[{"allowed_methods":["GET","HEAD"],"cache_policy_id":"658327ea-f89d-4fab-a63d-7e88639e58f6","cached_methods":["GET","HEAD"],"compress":true,"default_ttl":0,"field_level_encryption_id":"","forwarded_values":[],"function_association":[],"lambda_function_association":[],"max_ttl":0,"min_ttl":0,"origin_request_policy_id":"88a5eaf4-2fd4-4709-b370-b4c650ea3fcf","realtime_log_config_arn":"","response_headers_policy_id":"6ae32cb9-4d76-4741-8724-55e74a6500ac","smooth_streaming":false,"target_origin_id":"geofoodtruck-app-bucket.s3.us-east-1.amazonaws.com","trusted_key_groups":[],"trusted_signers":[],"viewer_protocol_policy":"redirect-to-https"}],"default_root_object":"index.html","domain_name":"d3n9iqvbhzuqoh.cloudfront.net","enabled":true,"etag":"E25KJTJF614CU2","hosted_zone_id":"Z2FDTNDATAQYW2","http_version":"http2","id":"E263E8AHYXLO8L","in_progress_validation_batches":0,"is_ipv6_enabled":true,"last_modified_time":"2024-06-01 07:17:06.631 +0000 UTC","logging_config":[],"ordered_cache_behavior":[{"allowed_methods":["GET","HEAD","OPTIONS"],"cache_policy_id":"4135ea2d-6df8-44a3-9df3-4b5a84be39ad","cached_methods":["GET","HEAD","OPTIONS"],"compress":true,"default_ttl":0,"field_level_encryption_id":"","forwarded_values":[],"function_association":[],"lambda_function_association":[],"max_ttl":0,"min_ttl":0,"origin_request_policy_id":"3908a424-7b48-4b76-8830-6fc572388376","path_pattern":"/resource/rqzj-sfat.json","realtime_log_config_arn":"","response_headers_policy_id":"5cc3b908-e619-4b99-88e5-2cf7f45965bd","smooth_streaming":false,"target_origin_id":"data.sfgov.org","trusted_key_groups":[],"trusted_signers":[],"viewer_protocol_policy":"https-only"}],"origin":[{"connection_attempts":3,"connection_timeout":10,"custom_header":[{"name":"X-App-Token","value":"***"}],"custom_origin_config":[{"http_port":80,"https_port":443,"origin_keepalive_timeout":5,"origin_protocol_policy":"https-only","origin_read_timeout":30,"origin_ssl_protocols":["TLSv1.2"]}],"domain_name":"data.sfgov.org","origin_access_control_id":"","origin_id":"data.sfgov.org","origin_path":"","origin_shield":[],"s3_origin_config":[]},{"connection_attempts":3,"connection_timeout":10,"custom_header":[],"custom_origin_config":[],"domain_name":"geofoodtruck-app-bucket.s3.us-east-1.amazonaws.com","origin_access_control_id":"EOBBYJPMYN9AX","origin_id":"geofoodtruck-app-bucket.s3.us-east-1.amazonaws.com","origin_path":"","origin_shield":[],"s3_origin_config":[]}],"origin_group":[],"price_class":"PriceClass_All","restrictions":[{"geo_restriction":[{"locations":[],"restriction_type":"none"}]}],"retain_on_delete":false,"staging":false,"status":"Deployed","tags":{},"tags_all":{},"trusted_key_groups":[{"enabled":false,"items":[]}],"trusted_signers":[{"enabled":false,"items":[]}],"viewer_certificate":[{"acm_certificate_arn":"","cloudfront_default_certificate":true,"iam_certificate_id":"","minimum_protocol_version":"TLSv1","ssl_support_method":""}],"wait_for_deployment":true,"web_acl_id":"arn:aws:wafv2:us-east-1:***:global/webacl/GeoFoodTruckWebACL/37f7809b-ea93-46f1-9d10-4050e2957f36"},"after_unknown":{},"before_sensitive":{"aliases":[],"custom_error_response":[],"default_cache_behavior":[{"allowed_methods":[false,false],"cached_methods":[false,false],"forwarded_values":[],"function_association":[],"lambda_function_association":[],"trusted_key_groups":[],"trusted_signers":[]}],"logging_config":[],"ordered_cache_behavior":[{"allowed_methods":[false,false,false],"cached_methods":[false,false,false],"forwarded_values":[],"function_association":[],"lambda_function_association":[],"trusted_key_groups":[],"trusted_signers":[]}],"origin":true,"origin_group":[],"restrictions":[{"geo_restriction":[{"locations":[]}]}],"tags":{},"tags_all":{},"trusted_key_groups":[{"items":[]}],"trusted_signers":[{"items":[]}],"viewer_certificate":[{}]},"after_sensitive":{"aliases":[],"custom_error_response":[],"default_cache_behavior":[{"allowed_methods":[false,false],"cached_methods":[false,false],"forwarded_values":[],"function_association":[],"lambda_function_association":[],"trusted_key_groups":[],"trusted_signers":[]}],"logging_config":[],"ordered_cache_behavior":[{"allowed_methods":[false,false,false],"cached_methods":[false,false,false],"forwarded_values":[],"function_association":[],"lambda_function_association":[],"trusted_key_groups":[],"trusted_signers":[]}],"origin":true,"origin_group":[],"restrictions":[{"geo_restriction":[{"locations":[]}]}],"tags":{},"tags_all":{},"trusted_key_groups":[{"items":[]}],"trusted_signers":[{"items":[]}],"viewer_certificate":[{}]}}},{"address":"aws_cloudfront_origin_access_control.geofoodtruck_origin_access_control","mode":"managed","type":"aws_cloudfront_origin_access_control","name":"geofoodtruck_origin_access_control","provider_name":"registry.terraform.io/hashicorp/aws","change":{"actions":["no-op"],"before":{"description":"Origin Access Control for GeoFoodTruck app","etag":"ETVPDKIKX0DER","id":"EOBBYJPMYN9AX","name":"geofoodtruck-app-oac","origin_access_control_origin_type":"s3","signing_behavior":"always","signing_protocol":"sigv4"},"after":{"description":"Origin Access Control for GeoFoodTruck app","etag":"ETVPDKIKX0DER","id":"EOBBYJPMYN9AX","name":"geofoodtruck-app-oac","origin_access_control_origin_type":"s3","signing_behavior":"always","signing_protocol":"sigv4"},"after_unknown":{},"before_sensitive":{},"after_sensitive":{}}},{"address":"aws_cloudfront_origin_request_policy.sfgov_geofoodtruck_cloudfront_origin_request_policy","mode":"managed","type":"aws_cloudfront_origin_request_policy","name":"sfgov_geofoodtruck_cloudfront_origin_request_policy","provider_name":"registry.terraform.io/hashicorp/aws","change":{"actions":["no-op"],"before":{"comment":"Custom CORS Origin Request Policy for SFGov Data API","cookies_config":[{"cookie_behavior":"none","cookies":[]}],"etag":"E23ZP02F085DFQ","headers_config":[{"header_behavior":"whitelist","headers":[{"items":["origin"]}]}],"id":"3908a424-7b48-4b76-8830-6fc572388376","name":"Custom-DataSFGov-CORS-Origin","query_strings_config":[{"query_string_behavior":"all","query_strings":[]}]},"after":{"comment":"Custom CORS Origin Request Policy for SFGov Data API","cookies_config":[{"cookie_behavior":"none","cookies":[]}],"etag":"E23ZP02F085DFQ","headers_config":[{"header_behavior":"whitelist","headers":[{"items":["origin"]}]}],"id":"3908a424-7b48-4b76-8830-6fc572388376","name":"Custom-DataSFGov-CORS-Origin","query_strings_config":[{"query_string_behavior":"all","query_strings":[]}]},"after_unknown":{},"before_sensitive":{"cookies_config":[{"cookies":[]}],"headers_config":[{"headers":[{"items":[false]}]}],"query_strings_config":[{"query_strings":[]}]},"after_sensitive":{"cookies_config":[{"cookies":[]}],"headers_config":[{"headers":[{"items":[false]}]}],"query_strings_config":[{"query_strings":[]}]}}},{"address":"aws_cloudfront_response_headers_policy.geofoodtruck_cloudfront_response_header_policy","mode":"managed","type":"aws_cloudfront_response_headers_policy","name":"geofoodtruck_cloudfront_response_header_policy","provider_name":"registry.terraform.io/hashicorp/aws","change":{"actions":["no-op"],"before":{"comment":"Custom CORS with Preflight Response Policy for GeoFoodTruck","cors_config":[{"access_control_allow_credentials":false,"access_control_allow_headers":[{"items":["*"]}],"access_control_allow_methods":[{"items":["DELETE","GET","HEAD","OPTIONS","PATCH","POST","PUT"]}],"access_control_allow_origins":[{"items":["*"]}],"access_control_expose_headers":[{"items":["*"]}],"access_control_max_age_sec":0,"origin_override":false}],"custom_headers_config":[],"etag":"E2EUQ1WTGCTBG2","id":"6ae32cb9-4d76-4741-8724-55e74a6500ac","name":"Custom-GeoFoodTruck-CORS-With-Preflight","remove_headers_config":[{"items":[{"header":"Server"},{"header":"X-Amz-Server-Side-Encryption"},{"header":"X-Amz-Server-Side-Encryption-Aws-Kms-Key-Id"}]}],"security_headers_config":[{"content_security_policy":[],"content_type_options":[],"frame_options":[],"referrer_policy":[],"strict_transport_security":[{"access_control_max_age_sec":31536000,"include_subdomains":false,"override":true,"preload":false}],"xss_protection":[]}],"server_timing_headers_config":[]},"after":{"comment":"Custom CORS with Preflight Response Policy for GeoFoodTruck","cors_config":[{"access_control_allow_credentials":false,"access_control_allow_headers":[{"items":["*"]}],"access_control_allow_methods":[{"items":["DELETE","GET","HEAD","OPTIONS","PATCH","POST","PUT"]}],"access_control_allow_origins":[{"items":["*"]}],"access_control_expose_headers":[{"items":["*"]}],"access_control_max_age_sec":0,"origin_override":false}],"custom_headers_config":[],"etag":"E2EUQ1WTGCTBG2","id":"6ae32cb9-4d76-4741-8724-55e74a6500ac","name":"Custom-GeoFoodTruck-CORS-With-Preflight","remove_headers_config":[{"items":[{"header":"Server"},{"header":"X-Amz-Server-Side-Encryption"},{"header":"X-Amz-Server-Side-Encryption-Aws-Kms-Key-Id"}]}],"security_headers_config":[{"content_security_policy":[],"content_type_options":[],"frame_options":[],"referrer_policy":[],"strict_transport_security":[{"access_control_max_age_sec":31536000,"include_subdomains":false,"override":true,"preload":false}],"xss_protection":[]}],"server_timing_headers_config":[]},"after_unknown":{},"before_sensitive":{"cors_config":[{"access_control_allow_headers":[{"items":[false]}],"access_control_allow_methods":[{"items":[false,false,false,false,false,false,false]}],"access_control_allow_origins":[{"items":[false]}],"access_control_expose_headers":[{"items":[false]}]}],"custom_headers_config":[],"remove_headers_config":[{"items":[{},{},{}]}],"security_headers_config":[{"content_security_policy":[],"content_type_options":[],"frame_options":[],"referrer_policy":[],"strict_transport_security":[{}],"xss_protection":[]}],"server_timing_headers_config":[]},"after_sensitive":{"cors_config":[{"access_control_allow_headers":[{"items":[false]}],"access_control_allow_methods":[{"items":[false,false,false,false,false,false,false]}],"access_control_allow_origins":[{"items":[false]}],"access_control_expose_headers":[{"items":[false]}]}],"custom_headers_config":[],"remove_headers_config":[{"items":[{},{},{}]}],"security_headers_config":[{"content_security_policy":[],"content_type_options":[],"frame_options":[],"referrer_policy":[],"strict_transport_security":[{}],"xss_protection":[]}],"server_timing_headers_config":[]}}},{"address":"aws_iam_role.aws_iam_role_geofoodtruck_kms_admin_role","mode":"managed","type":"aws_iam_role","name":"aws_iam_role_geofoodtruck_kms_admin_role","provider_name":"registry.terraform.io/hashicorp/aws","change":{"actions":["no-op"],"before":{"arn":"arn:aws:iam::***:role/GeoFoodTruckKmsAdmin","assume_role_policy":"{\"Statement\":[{\"Action\":\"sts:AssumeRole\",\"Effect\":\"Allow\",\"Principal\":{\"AWS\":\"***\"}}],\"Version\":\"2012-10-17\"}","create_date":"2024-05-21T10:43:30Z","description":"","force_detach_policies":false,"id":"GeoFoodTruckKmsAdmin","inline_policy":[],"managed_policy_arns":["arn:aws:iam::aws:policy/AWSKeyManagementServicePowerUser"],"max_session_duration":3600,"name":"GeoFoodTruckKmsAdmin","name_prefix":"","path":"/","permissions_boundary":"","tags":{},"tags_all":{},"unique_id":"AROA5DIMDXMR6ITLNBKXN"},"after":{"arn":"arn:aws:iam::***:role/GeoFoodTruckKmsAdmin","assume_role_policy":"{\"Statement\":[{\"Action\":\"sts:AssumeRole\",\"Effect\":\"Allow\",\"Principal\":{\"AWS\":\"***\"}}],\"Version\":\"2012-10-17\"}","create_date":"2024-05-21T10:43:30Z","description":"","force_detach_policies":false,"id":"GeoFoodTruckKmsAdmin","inline_policy":[],"managed_policy_arns":["arn:aws:iam::aws:policy/AWSKeyManagementServicePowerUser"],"max_session_duration":3600,"name":"GeoFoodTruckKmsAdmin","name_prefix":"","path":"/","permissions_boundary":"","tags":{},"tags_all":{},"unique_id":"AROA5DIMDXMR6ITLNBKXN"},"after_unknown":{},"before_sensitive":{"assume_role_policy":true,"inline_policy":[],"managed_policy_arns":[false],"tags":{},"tags_all":{}},"after_sensitive":{"assume_role_policy":true,"inline_policy":[],"managed_policy_arns":[false],"tags":{},"tags_all":{}}}},{"address":"aws_kms_key.geofoodtruck_kms_key","mode":"managed","type":"aws_kms_key","name":"geofoodtruck_kms_key","provider_name":"registry.terraform.io/hashicorp/aws","change":{"actions":["no-op"],"before":{"arn":"arn:aws:kms:us-east-1:***:key/6c1ead8a-5e71-4e33-ae37-010dbcd3c063","bypass_policy_lockout_safety_check":false,"custom_key_store_id":"","customer_master_key_spec":"SYMMETRIC_DEFAULT","deletion_window_in_days":null,"description":"KMS key for GeoFoodTruck","enable_key_rotation":true,"id":"6c1ead8a-5e71-4e33-ae37-010dbcd3c063","is_enabled":true,"key_id":"6c1ead8a-5e71-4e33-ae37-010dbcd3c063","key_usage":"ENCRYPT_DECRYPT","multi_region":false,"policy":"{\"Statement\":[{\"Action\":\"kms:*\",\"Effect\":\"Allow\",\"Principal\":{\"AWS\":[\"arn:aws:iam::***:role/GeoFoodTruckKmsAdmin\",\"arn:aws:iam::***:root\"]},\"Resource\":\"*\",\"Sid\":\"Enable IAM User Permissions\"},{\"Action\":[\"kms:Encrypt\",\"kms:Decrypt\"],\"Effect\":\"Allow\",\"Principal\":{\"Service\":\"cloudfront.amazonaws.com\"},\"Resource\":\"*\"}],\"Version\":\"2012-10-17\"}","rotation_period_in_days":180,"tags":{"Name":"geofoodtruck-kms-key"},"tags_all":{"Name":"geofoodtruck-kms-key"},"timeouts":null,"xks_key_id":""},"after":{"arn":"arn:aws:kms:us-east-1:***:key/6c1ead8a-5e71-4e33-ae37-010dbcd3c063","bypass_policy_lockout_safety_check":false,"custom_key_store_id":"","customer_master_key_spec":"SYMMETRIC_DEFAULT","deletion_window_in_days":null,"description":"KMS key for GeoFoodTruck","enable_key_rotation":true,"id":"6c1ead8a-5e71-4e33-ae37-010dbcd3c063","is_enabled":true,"key_id":"6c1ead8a-5e71-4e33-ae37-010dbcd3c063","key_usage":"ENCRYPT_DECRYPT","multi_region":false,"policy":"{\"Statement\":[{\"Action\":\"kms:*\",\"Effect\":\"Allow\",\"Principal\":{\"AWS\":[\"arn:aws:iam::***:role/GeoFoodTruckKmsAdmin\",\"arn:aws:iam::***:root\"]},\"Resource\":\"*\",\"Sid\":\"Enable IAM User Permissions\"},{\"Action\":[\"kms:Encrypt\",\"kms:Decrypt\"],\"Effect\":\"Allow\",\"Principal\":{\"Service\":\"cloudfront.amazonaws.com\"},\"Resource\":\"*\"}],\"Version\":\"2012-10-17\"}","rotation_period_in_days":180,"tags":{"Name":"geofoodtruck-kms-key"},"tags_all":{"Name":"geofoodtruck-kms-key"},"timeouts":null,"xks_key_id":""},"after_unknown":{},"before_sensitive":{"policy":true,"tags":{},"tags_all":{}},"after_sensitive":{"policy":true,"tags":{},"tags_all":{}}}},{"address":"aws_s3_bucket.geofoodtruck_app_bucket","mode":"managed","type":"aws_s3_bucket","name":"geofoodtruck_app_bucket","provider_name":"registry.terraform.io/hashicorp/aws","change":{"actions":["no-op"],"before":{"acceleration_status":"","acl":null,"arn":"arn:aws:s3:::geofoodtruck-app-bucket","bucket":"geofoodtruck-app-bucket","bucket_domain_name":"geofoodtruck-app-bucket.s3.amazonaws.com","bucket_prefix":"","bucket_regional_domain_name":"geofoodtruck-app-bucket.s3.us-east-1.amazonaws.com","cors_rule":[],"force_destroy":false,"grant":[{"id":"38a6d1dcf9481cb7b268cb327c83bc600980dda287ac43350ed03e2883f2282e","permissions":["FULL_CONTROL"],"type":"CanonicalUser","uri":""}],"hosted_zone_id":"Z3AQBSTGFYJSTF","id":"geofoodtruck-app-bucket","lifecycle_rule":[],"logging":[],"object_lock_configuration":[],"object_lock_enabled":false,"policy":"{\"Statement\":[{\"Action\":\"s3:GetObject\",\"Condition\":{\"StringEquals\":{\"AWS:SourceArn\":\"arn:aws:cloudfront::***:distribution/E263E8AHYXLO8L\"}},\"Effect\":\"Allow\",\"Principal\":{\"Service\":\"cloudfront.amazonaws.com\"},\"Resource\":\"arn:aws:s3:::geofoodtruck-app-bucket/*\"}],\"Version\":\"2012-10-17\"}","region":"us-east-1","replication_configuration":[],"request_payer":"BucketOwner","server_side_encryption_configuration":[{"rule":[{"apply_server_side_encryption_by_default":[{"kms_master_key_id":"arn:aws:kms:us-east-1:***:key/6c1ead8a-5e71-4e33-ae37-010dbcd3c063","sse_algorithm":"aws:kms"}],"bucket_key_enabled":false}]}],"tags":{},"tags_all":{},"timeouts":null,"versioning":[{"enabled":false,"mfa_delete":false}],"website":[],"website_domain":null,"website_endpoint":null},"after":{"acceleration_status":"","acl":null,"arn":"arn:aws:s3:::geofoodtruck-app-bucket","bucket":"geofoodtruck-app-bucket","bucket_domain_name":"geofoodtruck-app-bucket.s3.amazonaws.com","bucket_prefix":"","bucket_regional_domain_name":"geofoodtruck-app-bucket.s3.us-east-1.amazonaws.com","cors_rule":[],"force_destroy":false,"grant":[{"id":"38a6d1dcf9481cb7b268cb327c83bc600980dda287ac43350ed03e2883f2282e","permissions":["FULL_CONTROL"],"type":"CanonicalUser","uri":""}],"hosted_zone_id":"Z3AQBSTGFYJSTF","id":"geofoodtruck-app-bucket","lifecycle_rule":[],"logging":[],"object_lock_configuration":[],"object_lock_enabled":false,"policy":"{\"Statement\":[{\"Action\":\"s3:GetObject\",\"Condition\":{\"StringEquals\":{\"AWS:SourceArn\":\"arn:aws:cloudfront::***:distribution/E263E8AHYXLO8L\"}},\"Effect\":\"Allow\",\"Principal\":{\"Service\":\"cloudfront.amazonaws.com\"},\"Resource\":\"arn:aws:s3:::geofoodtruck-app-bucket/*\"}],\"Version\":\"2012-10-17\"}","region":"us-east-1","replication_configuration":[],"request_payer":"BucketOwner","server_side_encryption_configuration":[{"rule":[{"apply_server_side_encryption_by_default":[{"kms_master_key_id":"arn:aws:kms:us-east-1:***:key/6c1ead8a-5e71-4e33-ae37-010dbcd3c063","sse_algorithm":"aws:kms"}],"bucket_key_enabled":false}]}],"tags":{},"tags_all":{},"timeouts":null,"versioning":[{"enabled":false,"mfa_delete":false}],"website":[],"website_domain":null,"website_endpoint":null},"after_unknown":{},"before_sensitive":{"cors_rule":[],"grant":[{"permissions":[false]}],"lifecycle_rule":[],"logging":[],"object_lock_configuration":[],"replication_configuration":[],"server_side_encryption_configuration":[{"rule":[{"apply_server_side_encryption_by_default":[{}]}]}],"tags":{},"tags_all":{},"versioning":[{}],"website":[]},"after_sensitive":{"cors_rule":[],"grant":[{"permissions":[false]}],"lifecycle_rule":[],"logging":[],"object_lock_configuration":[],"replication_configuration":[],"server_side_encryption_configuration":[{"rule":[{"apply_server_side_encryption_by_default":[{}]}]}],"tags":{},"tags_all":{},"versioning":[{}],"website":[]}}},{"address":"aws_s3_bucket_policy.geofoodtruck_app_bucket_policy","mode":"managed","type":"aws_s3_bucket_policy","name":"geofoodtruck_app_bucket_policy","provider_name":"registry.terraform.io/hashicorp/aws","change":{"actions":["no-op"],"before":{"bucket":"geofoodtruck-app-bucket","id":"geofoodtruck-app-bucket","policy":"{\"Statement\":[{\"Action\":[\"s3:GetObject\"],\"Condition\":{\"StringEquals\":{\"AWS:SourceArn\":\"arn:aws:cloudfront::***:distribution/E263E8AHYXLO8L\"}},\"Effect\":\"Allow\",\"Principal\":{\"Service\":\"cloudfront.amazonaws.com\"},\"Resource\":[\"arn:aws:s3:::geofoodtruck-app-bucket/*\"]}],\"Version\":\"2012-10-17\"}"},"after":{"bucket":"geofoodtruck-app-bucket","id":"geofoodtruck-app-bucket","policy":"{\"Statement\":[{\"Action\":[\"s3:GetObject\"],\"Condition\":{\"StringEquals\":{\"AWS:SourceArn\":\"arn:aws:cloudfront::***:distribution/E263E8AHYXLO8L\"}},\"Effect\":\"Allow\",\"Principal\":{\"Service\":\"cloudfront.amazonaws.com\"},\"Resource\":[\"arn:aws:s3:::geofoodtruck-app-bucket/*\"]}],\"Version\":\"2012-10-17\"}"},"after_unknown":{},"before_sensitive":{},"after_sensitive":{}}},{"address":"aws_s3_bucket_public_access_block.geofoodtruck_s3_bucket_public_access_block","mode":"managed","type":"aws_s3_bucket_public_access_block","name":"geofoodtruck_s3_bucket_public_access_block","provider_name":"registry.terraform.io/hashicorp/aws","change":{"actions":["no-op"],"before":{"block_public_acls":true,"block_public_policy":true,"bucket":"geofoodtruck-app-bucket","id":"geofoodtruck-app-bucket","ignore_public_acls":true,"restrict_public_buckets":true},"after":{"block_public_acls":true,"block_public_policy":true,"bucket":"geofoodtruck-app-bucket","id":"geofoodtruck-app-bucket","ignore_public_acls":true,"restrict_public_buckets":true},"after_unknown":{},"before_sensitive":{},"after_sensitive":{}}},{"address":"aws_s3_bucket_server_side_encryption_configuration.geofoodtruck_s3_bucket_server_side_encryption_configuration","mode":"managed","type":"aws_s3_bucket_server_side_encryption_configuration","name":"geofoodtruck_s3_bucket_server_side_encryption_configuration","provider_name":"registry.terraform.io/hashicorp/aws","change":{"actions":["no-op"],"before":{"bucket":"geofoodtruck-app-bucket","expected_bucket_owner":"","id":"geofoodtruck-app-bucket","rule":[{"apply_server_side_encryption_by_default":[{"kms_master_key_id":"arn:aws:kms:us-east-1:***:key/6c1ead8a-5e71-4e33-ae37-010dbcd3c063","sse_algorithm":"aws:kms"}],"bucket_key_enabled":false}]},"after":{"bucket":"geofoodtruck-app-bucket","expected_bucket_owner":"","id":"geofoodtruck-app-bucket","rule":[{"apply_server_side_encryption_by_default":[{"kms_master_key_id":"arn:aws:kms:us-east-1:***:key/6c1ead8a-5e71-4e33-ae37-010dbcd3c063","sse_algorithm":"aws:kms"}],"bucket_key_enabled":false}]},"after_unknown":{},"before_sensitive":{"rule":[{"apply_server_side_encryption_by_default":[{}]}]},"after_sensitive":{"rule":[{"apply_server_side_encryption_by_default":[{}]}]}}},{"address":"aws_s3_object.app_files[\"asset-manifest.json\"]","mode":"managed","type":"aws_s3_object","name":"app_files","index":"asset-manifest.json","provider_name":"registry.terraform.io/hashicorp/aws","change":{"actions":["update"],"before":{"acl":null,"arn":"arn:aws:s3:::geofoodtruck-app-bucket/asset-manifest.json","bucket":"geofoodtruck-app-bucket","bucket_key_enabled":false,"cache_control":"","checksum_algorithm":null,"checksum_crc32":"","checksum_crc32c":"","checksum_sha1":"","checksum_sha256":"","content":null,"content_base64":null,"content_disposition":"","content_encoding":"","content_language":"","content_type":"application/json","etag":"c9f5bdb229d476ed99cc7c389a2891ad","force_destroy":false,"id":"asset-manifest.json","key":"asset-manifest.json","kms_key_id":"arn:aws:kms:us-east-1:***:key/6c1ead8a-5e71-4e33-ae37-010dbcd3c063","metadata":{},"object_lock_legal_hold_status":"","object_lock_mode":"","object_lock_retain_until_date":"","override_provider":[],"server_side_encryption":"aws:kms","source":"../build/asset-manifest.json","source_hash":null,"storage_class":"STANDARD","tags":{},"tags_all":{},"version_id":"","website_redirect":""},"after":{"acl":null,"arn":"arn:aws:s3:::geofoodtruck-app-bucket/asset-manifest.json","bucket":"geofoodtruck-app-bucket","bucket_key_enabled":false,"cache_control":"","checksum_algorithm":null,"checksum_crc32":"","checksum_crc32c":"","checksum_sha1":"","checksum_sha256":"","content":null,"content_base64":null,"content_disposition":"","content_encoding":"","content_language":"","content_type":"application/json","etag":"a65e88b737c747952a357e80aaa5188d","force_destroy":false,"id":"asset-manifest.json","key":"asset-manifest.json","kms_key_id":"arn:aws:kms:us-east-1:***:key/6c1ead8a-5e71-4e33-ae37-010dbcd3c063","metadata":{},"object_lock_legal_hold_status":"","object_lock_mode":"","object_lock_retain_until_date":"","override_provider":[],"server_side_encryption":"aws:kms","source":"../build/asset-manifest.json","source_hash":null,"storage_class":"STANDARD","tags":{},"tags_all":{},"website_redirect":""},"after_unknown":{"metadata":{},"override_provider":[],"tags":{},"tags_all":{},"version_id":true},"before_sensitive":{"metadata":{},"override_provider":[],"tags":{},"tags_all":{}},"after_sensitive":{"metadata":{},"override_provider":[],"tags":{},"tags_all":{}}}},{"address":"aws_s3_object.app_files[\"favicon.ico\"]","mode":"managed","type":"aws_s3_object","name":"app_files","index":"favicon.ico","provider_name":"registry.terraform.io/hashicorp/aws","change":{"actions":["update"],"before":{"acl":null,"arn":"arn:aws:s3:::geofoodtruck-app-bucket/favicon.ico","bucket":"geofoodtruck-app-bucket","bucket_key_enabled":false,"cache_control":"","checksum_algorithm":null,"checksum_crc32":"","checksum_crc32c":"","checksum_sha1":"","checksum_sha256":"","content":null,"content_base64":null,"content_disposition":"","content_encoding":"","content_language":"","content_type":"image/x-icon","etag":"af4991e77e45a96dd5c7a24993486266","force_destroy":false,"id":"favicon.ico","key":"favicon.ico","kms_key_id":"arn:aws:kms:us-east-1:***:key/6c1ead8a-5e71-4e33-ae37-010dbcd3c063","metadata":{},"object_lock_legal_hold_status":"","object_lock_mode":"","object_lock_retain_until_date":"","override_provider":[],"server_side_encryption":"aws:kms","source":"../build/favicon.ico","source_hash":null,"storage_class":"STANDARD","tags":{},"tags_all":{},"version_id":"","website_redirect":""},"after":{"acl":null,"arn":"arn:aws:s3:::geofoodtruck-app-bucket/favicon.ico","bucket":"geofoodtruck-app-bucket","bucket_key_enabled":false,"cache_control":"","checksum_algorithm":null,"checksum_crc32":"","checksum_crc32c":"","checksum_sha1":"","checksum_sha256":"","content":null,"content_base64":null,"content_disposition":"","content_encoding":"","content_language":"","content_type":"image/x-icon","etag":"c92b85a5b907c70211f4ec25e29a8c4a","force_destroy":false,"id":"favicon.ico","key":"favicon.ico","kms_key_id":"arn:aws:kms:us-east-1:***:key/6c1ead8a-5e71-4e33-ae37-010dbcd3c063","metadata":{},"object_lock_legal_hold_status":"","object_lock_mode":"","object_lock_retain_until_date":"","override_provider":[],"server_side_encryption":"aws:kms","source":"../build/favicon.ico","source_hash":null,"storage_class":"STANDARD","tags":{},"tags_all":{},"website_redirect":""},"after_unknown":{"metadata":{},"override_provider":[],"tags":{},"tags_all":{},"version_id":true},"before_sensitive":{"metadata":{},"override_provider":[],"tags":{},"tags_all":{}},"after_sensitive":{"metadata":{},"override_provider":[],"tags":{},"tags_all":{}}}},{"address":"aws_s3_object.app_files[\"index.html\"]","mode":"managed","type":"aws_s3_object","name":"app_files","index":"index.html","provider_name":"registry.terraform.io/hashicorp/aws","change":{"actions":["update"],"before":{"acl":null,"arn":"arn:aws:s3:::geofoodtruck-app-bucket/index.html","bucket":"geofoodtruck-app-bucket","bucket_key_enabled":false,"cache_control":"","checksum_algorithm":null,"checksum_crc32":"","checksum_crc32c":"","checksum_sha1":"","checksum_sha256":"","content":null,"content_base64":null,"content_disposition":"","content_encoding":"","content_language":"","content_type":"text/html","etag":"4dc71cfd4dc8fd6c8d219bfe73ecca89","force_destroy":false,"id":"index.html","key":"index.html","kms_key_id":"arn:aws:kms:us-east-1:***:key/6c1ead8a-5e71-4e33-ae37-010dbcd3c063","metadata":{},"object_lock_legal_hold_status":"","object_lock_mode":"","object_lock_retain_until_date":"","override_provider":[],"server_side_encryption":"aws:kms","source":"../build/index.html","source_hash":null,"storage_class":"STANDARD","tags":{},"tags_all":{},"version_id":"","website_redirect":""},"after":{"acl":null,"arn":"arn:aws:s3:::geofoodtruck-app-bucket/index.html","bucket":"geofoodtruck-app-bucket","bucket_key_enabled":false,"cache_control":"","checksum_algorithm":null,"checksum_crc32":"","checksum_crc32c":"","checksum_sha1":"","checksum_sha256":"","content":null,"content_base64":null,"content_disposition":"","content_encoding":"","content_language":"","content_type":"text/html","etag":"6d7e23cfebe265c444b508db3fa51760","force_destroy":false,"id":"index.html","key":"index.html","kms_key_id":"arn:aws:kms:us-east-1:***:key/6c1ead8a-5e71-4e33-ae37-010dbcd3c063","metadata":{},"object_lock_legal_hold_status":"","object_lock_mode":"","object_lock_retain_until_date":"","override_provider":[],"server_side_encryption":"aws:kms","source":"../build/index.html","source_hash":null,"storage_class":"STANDARD","tags":{},"tags_all":{},"website_redirect":""},"after_unknown":{"metadata":{},"override_provider":[],"tags":{},"tags_all":{},"version_id":true},"before_sensitive":{"metadata":{},"override_provider":[],"tags":{},"tags_all":{}},"after_sensitive":{"metadata":{},"override_provider":[],"tags":{},"tags_all":{}}}},{"address":"aws_s3_object.app_files[\"logo192.png\"]","mode":"managed","type":"aws_s3_object","name":"app_files","index":"logo192.png","provider_name":"registry.terraform.io/hashicorp/aws","change":{"actions":["update"],"before":{"acl":null,"arn":"arn:aws:s3:::geofoodtruck-app-bucket/logo192.png","bucket":"geofoodtruck-app-bucket","bucket_key_enabled":false,"cache_control":"","checksum_algorithm":null,"checksum_crc32":"","checksum_crc32c":"","checksum_sha1":"","checksum_sha256":"","content":null,"content_base64":null,"content_disposition":"","content_encoding":"","content_language":"","content_type":"image/png","etag":"e82ae8c53e0ddf8815d50005e19535d3","force_destroy":false,"id":"logo192.png","key":"logo192.png","kms_key_id":"arn:aws:kms:us-east-1:***:key/6c1ead8a-5e71-4e33-ae37-010dbcd3c063","metadata":{},"object_lock_legal_hold_status":"","object_lock_mode":"","object_lock_retain_until_date":"","override_provider":[],"server_side_encryption":"aws:kms","source":"../build/logo192.png","source_hash":null,"storage_class":"STANDARD","tags":{},"tags_all":{},"version_id":"","website_redirect":""},"after":{"acl":null,"arn":"arn:aws:s3:::geofoodtruck-app-bucket/logo192.png","bucket":"geofoodtruck-app-bucket","bucket_key_enabled":false,"cache_control":"","checksum_algorithm":null,"checksum_crc32":"","checksum_crc32c":"","checksum_sha1":"","checksum_sha256":"","content":null,"content_base64":null,"content_disposition":"","content_encoding":"","content_language":"","content_type":"image/png","etag":"33dbdd0177549353eeeb785d02c294af","force_destroy":false,"id":"logo192.png","key":"logo192.png","kms_key_id":"arn:aws:kms:us-east-1:***:key/6c1ead8a-5e71-4e33-ae37-010dbcd3c063","metadata":{},"object_lock_legal_hold_status":"","object_lock_mode":"","object_lock_retain_until_date":"","override_provider":[],"server_side_encryption":"aws:kms","source":"../build/logo192.png","source_hash":null,"storage_class":"STANDARD","tags":{},"tags_all":{},"website_redirect":""},"after_unknown":{"metadata":{},"override_provider":[],"tags":{},"tags_all":{},"version_id":true},"before_sensitive":{"metadata":{},"override_provider":[],"tags":{},"tags_all":{}},"after_sensitive":{"metadata":{},"override_provider":[],"tags":{},"tags_all":{}}}},{"address":"aws_s3_object.app_files[\"logo512.png\"]","mode":"managed","type":"aws_s3_object","name":"app_files","index":"logo512.png","provider_name":"registry.terraform.io/hashicorp/aws","change":{"actions":["update"],"before":{"acl":null,"arn":"arn:aws:s3:::geofoodtruck-app-bucket/logo512.png","bucket":"geofoodtruck-app-bucket","bucket_key_enabled":false,"cache_control":"","checksum_algorithm":null,"checksum_crc32":"","checksum_crc32c":"","checksum_sha1":"","checksum_sha256":"","content":null,"content_base64":null,"content_disposition":"","content_encoding":"","content_language":"","content_type":"image/png","etag":"f6dcb47a8be55c21be7b15787fc377e0","force_destroy":false,"id":"logo512.png","key":"logo512.png","kms_key_id":"arn:aws:kms:us-east-1:***:key/6c1ead8a-5e71-4e33-ae37-010dbcd3c063","metadata":{},"object_lock_legal_hold_status":"","object_lock_mode":"","object_lock_retain_until_date":"","override_provider":[],"server_side_encryption":"aws:kms","source":"../build/logo512.png","source_hash":null,"storage_class":"STANDARD","tags":{},"tags_all":{},"version_id":"","website_redirect":""},"after":{"acl":null,"arn":"arn:aws:s3:::geofoodtruck-app-bucket/logo512.png","bucket":"geofoodtruck-app-bucket","bucket_key_enabled":false,"cache_control":"","checksum_algorithm":null,"checksum_crc32":"","checksum_crc32c":"","checksum_sha1":"","checksum_sha256":"","content":null,"content_base64":null,"content_disposition":"","content_encoding":"","content_language":"","content_type":"image/png","etag":"917515db74ea8d1aee6a246cfbcc0b45","force_destroy":false,"id":"logo512.png","key":"logo512.png","kms_key_id":"arn:aws:kms:us-east-1:***:key/6c1ead8a-5e71-4e33-ae37-010dbcd3c063","metadata":{},"object_lock_legal_hold_status":"","object_lock_mode":"","object_lock_retain_until_date":"","override_provider":[],"server_side_encryption":"aws:kms","source":"../build/logo512.png","source_hash":null,"storage_class":"STANDARD","tags":{},"tags_all":{},"website_redirect":""},"after_unknown":{"metadata":{},"override_provider":[],"tags":{},"tags_all":{},"version_id":true},"before_sensitive":{"metadata":{},"override_provider":[],"tags":{},"tags_all":{}},"after_sensitive":{"metadata":{},"override_provider":[],"tags":{},"tags_all":{}}}},{"address":"aws_s3_object.app_files[\"manifest.json\"]","mode":"managed","type":"aws_s3_object","name":"app_files","index":"manifest.json","provider_name":"registry.terraform.io/hashicorp/aws","change":{"actions":["update"],"before":{"acl":null,"arn":"arn:aws:s3:::geofoodtruck-app-bucket/manifest.json","bucket":"geofoodtruck-app-bucket","bucket_key_enabled":false,"cache_control":"","checksum_algorithm":null,"checksum_crc32":"","checksum_crc32c":"","checksum_sha1":"","checksum_sha256":"","content":null,"content_base64":null,"content_disposition":"","content_encoding":"","content_language":"","content_type":"application/json","etag":"83e25d31e24659c9be73e6ee5fb7d319","force_destroy":false,"id":"manifest.json","key":"manifest.json","kms_key_id":"arn:aws:kms:us-east-1:***:key/6c1ead8a-5e71-4e33-ae37-010dbcd3c063","metadata":{},"object_lock_legal_hold_status":"","object_lock_mode":"","object_lock_retain_until_date":"","override_provider":[],"server_side_encryption":"aws:kms","source":"../build/manifest.json","source_hash":null,"storage_class":"STANDARD","tags":{},"tags_all":{},"version_id":"","website_redirect":""},"after":{"acl":null,"arn":"arn:aws:s3:::geofoodtruck-app-bucket/manifest.json","bucket":"geofoodtruck-app-bucket","bucket_key_enabled":false,"cache_control":"","checksum_algorithm":null,"checksum_crc32":"","checksum_crc32c":"","checksum_sha1":"","checksum_sha256":"","content":null,"content_base64":null,"content_disposition":"","content_encoding":"","content_language":"","content_type":"application/json","etag":"9153e3ba94d29288a5aef74db1fb2dd1","force_destroy":false,"id":"manifest.json","key":"manifest.json","kms_key_id":"arn:aws:kms:us-east-1:***:key/6c1ead8a-5e71-4e33-ae37-010dbcd3c063","metadata":{},"object_lock_legal_hold_status":"","object_lock_mode":"","object_lock_retain_until_date":"","override_provider":[],"server_side_encryption":"aws:kms","source":"../build/manifest.json","source_hash":null,"storage_class":"STANDARD","tags":{},"tags_all":{},"website_redirect":""},"after_unknown":{"metadata":{},"override_provider":[],"tags":{},"tags_all":{},"version_id":true},"before_sensitive":{"metadata":{},"override_provider":[],"tags":{},"tags_all":{}},"after_sensitive":{"metadata":{},"override_provider":[],"tags":{},"tags_all":{}}}},{"address":"aws_s3_object.app_files[\"robots.txt\"]","mode":"managed","type":"aws_s3_object","name":"app_files","index":"robots.txt","provider_name":"registry.terraform.io/hashicorp/aws","change":{"actions":["update"],"before":{"acl":null,"arn":"arn:aws:s3:::geofoodtruck-app-bucket/robots.txt","bucket":"geofoodtruck-app-bucket","bucket_key_enabled":false,"cache_control":"","checksum_algorithm":null,"checksum_crc32":"","checksum_crc32c":"","checksum_sha1":"","checksum_sha256":"","content":null,"content_base64":null,"content_disposition":"","content_encoding":"","content_language":"","content_type":"text/plain","etag":"d778d3bc7b9a644bbf02cc5523f23c6b","force_destroy":false,"id":"robots.txt","key":"robots.txt","kms_key_id":"arn:aws:kms:us-east-1:***:key/6c1ead8a-5e71-4e33-ae37-010dbcd3c063","metadata":{},"object_lock_legal_hold_status":"","object_lock_mode":"","object_lock_retain_until_date":"","override_provider":[],"server_side_encryption":"aws:kms","source":"../build/robots.txt","source_hash":null,"storage_class":"STANDARD","tags":{},"tags_all":{},"version_id":"","website_redirect":""},"after":{"acl":null,"arn":"arn:aws:s3:::geofoodtruck-app-bucket/robots.txt","bucket":"geofoodtruck-app-bucket","bucket_key_enabled":false,"cache_control":"","checksum_algorithm":null,"checksum_crc32":"","checksum_crc32c":"","checksum_sha1":"","checksum_sha256":"","content":null,"content_base64":null,"content_disposition":"","content_encoding":"","content_language":"","content_type":"text/plain","etag":"fa1ded1ed7c11438a9b0385b1e112850","force_destroy":false,"id":"robots.txt","key":"robots.txt","kms_key_id":"arn:aws:kms:us-east-1:***:key/6c1ead8a-5e71-4e33-ae37-010dbcd3c063","metadata":{},"object_lock_legal_hold_status":"","object_lock_mode":"","object_lock_retain_until_date":"","override_provider":[],"server_side_encryption":"aws:kms","source":"../build/robots.txt","source_hash":null,"storage_class":"STANDARD","tags":{},"tags_all":{},"website_redirect":""},"after_unknown":{"metadata":{},"override_provider":[],"tags":{},"tags_all":{},"version_id":true},"before_sensitive":{"metadata":{},"override_provider":[],"tags":{},"tags_all":{}},"after_sensitive":{"metadata":{},"override_provider":[],"tags":{},"tags_all":{}}}},{"address":"aws_s3_object.app_files[\"static/css/main.414097bf.css\"]","mode":"managed","type":"aws_s3_object","name":"app_files","index":"static/css/main.414097bf.css","provider_name":"registry.terraform.io/hashicorp/aws","change":{"actions":["update"],"before":{"acl":null,"arn":"arn:aws:s3:::geofoodtruck-app-bucket/static/css/main.414097bf.css","bucket":"geofoodtruck-app-bucket","bucket_key_enabled":false,"cache_control":"","checksum_algorithm":null,"checksum_crc32":"","checksum_crc32c":"","checksum_sha1":"","checksum_sha256":"","content":null,"content_base64":null,"content_disposition":"","content_encoding":"","content_language":"","content_type":"text/css","etag":"bbc9d6a8032719b871d6fc863eb57970","force_destroy":false,"id":"static/css/main.414097bf.css","key":"static/css/main.414097bf.css","kms_key_id":"arn:aws:kms:us-east-1:***:key/6c1ead8a-5e71-4e33-ae37-010dbcd3c063","metadata":{},"object_lock_legal_hold_status":"","object_lock_mode":"","object_lock_retain_until_date":"","override_provider":[],"server_side_encryption":"aws:kms","source":"../build/static/css/main.414097bf.css","source_hash":null,"storage_class":"STANDARD","tags":{},"tags_all":{},"version_id":"","website_redirect":""},"after":{"acl":null,"arn":"arn:aws:s3:::geofoodtruck-app-bucket/static/css/main.414097bf.css","bucket":"geofoodtruck-app-bucket","bucket_key_enabled":false,"cache_control":"","checksum_algorithm":null,"checksum_crc32":"","checksum_crc32c":"","checksum_sha1":"","checksum_sha256":"","content":null,"content_base64":null,"content_disposition":"","content_encoding":"","content_language":"","content_type":"text/css","etag":"22eaf37d16c7b6c0b38e8c88bcf4eef0","force_destroy":false,"id":"static/css/main.414097bf.css","key":"static/css/main.414097bf.css","kms_key_id":"arn:aws:kms:us-east-1:***:key/6c1ead8a-5e71-4e33-ae37-010dbcd3c063","metadata":{},"object_lock_legal_hold_status":"","object_lock_mode":"","object_lock_retain_until_date":"","override_provider":[],"server_side_encryption":"aws:kms","source":"../build/static/css/main.414097bf.css","source_hash":null,"storage_class":"STANDARD","tags":{},"tags_all":{},"website_redirect":""},"after_unknown":{"metadata":{},"override_provider":[],"tags":{},"tags_all":{},"version_id":true},"before_sensitive":{"metadata":{},"override_provider":[],"tags":{},"tags_all":{}},"after_sensitive":{"metadata":{},"override_provider":[],"tags":{},"tags_all":{}}}},{"address":"aws_s3_object.app_files[\"static/js/206.85c6594b.chunk.js\"]","mode":"managed","type":"aws_s3_object","name":"app_files","index":"static/js/206.85c6594b.chunk.js","provider_name":"registry.terraform.io/hashicorp/aws","change":{"actions":["update"],"before":{"acl":null,"arn":"arn:aws:s3:::geofoodtruck-app-bucket/static/js/206.85c6594b.chunk.js","bucket":"geofoodtruck-app-bucket","bucket_key_enabled":false,"cache_control":"","checksum_algorithm":null,"checksum_crc32":"","checksum_crc32c":"","checksum_sha1":"","checksum_sha256":"","content":null,"content_base64":null,"content_disposition":"","content_encoding":"","content_language":"","content_type":"application/javascript","etag":"24c333a6a30f613520ac63106c2507dc","force_destroy":false,"id":"static/js/206.85c6594b.chunk.js","key":"static/js/206.85c6594b.chunk.js","kms_key_id":"arn:aws:kms:us-east-1:***:key/6c1ead8a-5e71-4e33-ae37-010dbcd3c063","metadata":{},"object_lock_legal_hold_status":"","object_lock_mode":"","object_lock_retain_until_date":"","override_provider":[],"server_side_encryption":"aws:kms","source":"../build/static/js/206.85c6594b.chunk.js","source_hash":null,"storage_class":"STANDARD","tags":{},"tags_all":{},"version_id":"","website_redirect":""},"after":{"acl":null,"arn":"arn:aws:s3:::geofoodtruck-app-bucket/static/js/206.85c6594b.chunk.js","bucket":"geofoodtruck-app-bucket","bucket_key_enabled":false,"cache_control":"","checksum_algorithm":null,"checksum_crc32":"","checksum_crc32c":"","checksum_sha1":"","checksum_sha256":"","content":null,"content_base64":null,"content_disposition":"","content_encoding":"","content_language":"","content_type":"application/javascript","etag":"07ae34e78f0ecc509b588cbec8cf683f","force_destroy":false,"id":"static/js/206.85c6594b.chunk.js","key":"static/js/206.85c6594b.chunk.js","kms_key_id":"arn:aws:kms:us-east-1:***:key/6c1ead8a-5e71-4e33-ae37-010dbcd3c063","metadata":{},"object_lock_legal_hold_status":"","object_lock_mode":"","object_lock_retain_until_date":"","override_provider":[],"server_side_encryption":"aws:kms","source":"../build/static/js/206.85c6594b.chunk.js","source_hash":null,"storage_class":"STANDARD","tags":{},"tags_all":{},"website_redirect":""},"after_unknown":{"metadata":{},"override_provider":[],"tags":{},"tags_all":{},"version_id":true},"before_sensitive":{"metadata":{},"override_provider":[],"tags":{},"tags_all":{}},"after_sensitive":{"metadata":{},"override_provider":[],"tags":{},"tags_all":{}}}},{"address":"aws_s3_object.app_files[\"static/js/main.f3bf86e5.js\"]","mode":"managed","type":"aws_s3_object","name":"app_files","index":"static/js/main.f3bf86e5.js","provider_name":"registry.terraform.io/hashicorp/aws","change":{"actions":["update"],"before":{"acl":null,"arn":"arn:aws:s3:::geofoodtruck-app-bucket/static/js/main.f3bf86e5.js","bucket":"geofoodtruck-app-bucket","bucket_key_enabled":false,"cache_control":"","checksum_algorithm":null,"checksum_crc32":"","checksum_crc32c":"","checksum_sha1":"","checksum_sha256":"","content":null,"content_base64":null,"content_disposition":"","content_encoding":"","content_language":"","content_type":"application/javascript","etag":"10ed72b225093cd576b600303bc94c4f","force_destroy":false,"id":"static/js/main.f3bf86e5.js","key":"static/js/main.f3bf86e5.js","kms_key_id":"arn:aws:kms:us-east-1:***:key/6c1ead8a-5e71-4e33-ae37-010dbcd3c063","metadata":{},"object_lock_legal_hold_status":"","object_lock_mode":"","object_lock_retain_until_date":"","override_provider":[],"server_side_encryption":"aws:kms","source":"../build/static/js/main.f3bf86e5.js","source_hash":null,"storage_class":"STANDARD","tags":{},"tags_all":{},"version_id":"","website_redirect":""},"after":{"acl":null,"arn":"arn:aws:s3:::geofoodtruck-app-bucket/static/js/main.f3bf86e5.js","bucket":"geofoodtruck-app-bucket","bucket_key_enabled":false,"cache_control":"","checksum_algorithm":null,"checksum_crc32":"","checksum_crc32c":"","checksum_sha1":"","checksum_sha256":"","content":null,"content_base64":null,"content_disposition":"","content_encoding":"","content_language":"","content_type":"application/javascript","etag":"01f385ac2edc15665c47eb5c3abe37ad","force_destroy":false,"id":"static/js/main.f3bf86e5.js","key":"static/js/main.f3bf86e5.js","kms_key_id":"arn:aws:kms:us-east-1:***:key/6c1ead8a-5e71-4e33-ae37-010dbcd3c063","metadata":{},"object_lock_legal_hold_status":"","object_lock_mode":"","object_lock_retain_until_date":"","override_provider":[],"server_side_encryption":"aws:kms","source":"../build/static/js/main.f3bf86e5.js","source_hash":null,"storage_class":"STANDARD","tags":{},"tags_all":{},"website_redirect":""},"after_unknown":{"metadata":{},"override_provider":[],"tags":{},"tags_all":{},"version_id":true},"before_sensitive":{"metadata":{},"override_provider":[],"tags":{},"tags_all":{}},"after_sensitive":{"metadata":{},"override_provider":[],"tags":{},"tags_all":{}}}},{"address":"aws_s3_object.app_files[\"static/js/main.f3bf86e5.js.LICENSE.txt\"]","mode":"managed","type":"aws_s3_object","name":"app_files","index":"static/js/main.f3bf86e5.js.LICENSE.txt","provider_name":"registry.terraform.io/hashicorp/aws","change":{"actions":["update"],"before":{"acl":null,"arn":"arn:aws:s3:::geofoodtruck-app-bucket/static/js/main.f3bf86e5.js.LICENSE.txt","bucket":"geofoodtruck-app-bucket","bucket_key_enabled":false,"cache_control":"","checksum_algorithm":null,"checksum_crc32":"","checksum_crc32c":"","checksum_sha1":"","checksum_sha256":"","content":null,"content_base64":null,"content_disposition":"","content_encoding":"","content_language":"","content_type":"text/plain","etag":"de595a2a3c33d3f26b2e7ad62ba382b4","force_destroy":false,"id":"static/js/main.f3bf86e5.js.LICENSE.txt","key":"static/js/main.f3bf86e5.js.LICENSE.txt","kms_key_id":"arn:aws:kms:us-east-1:***:key/6c1ead8a-5e71-4e33-ae37-010dbcd3c063","metadata":{},"object_lock_legal_hold_status":"","object_lock_mode":"","object_lock_retain_until_date":"","override_provider":[],"server_side_encryption":"aws:kms","source":"../build/static/js/main.f3bf86e5.js.LICENSE.txt","source_hash":null,"storage_class":"STANDARD","tags":{},"tags_all":{},"version_id":"","website_redirect":""},"after":{"acl":null,"arn":"arn:aws:s3:::geofoodtruck-app-bucket/static/js/main.f3bf86e5.js.LICENSE.txt","bucket":"geofoodtruck-app-bucket","bucket_key_enabled":false,"cache_control":"","checksum_algorithm":null,"checksum_crc32":"","checksum_crc32c":"","checksum_sha1":"","checksum_sha256":"","content":null,"content_base64":null,"content_disposition":"","content_encoding":"","content_language":"","content_type":"text/plain","etag":"724392fbfeeb6cde62aa6bad62361a60","force_destroy":false,"id":"static/js/main.f3bf86e5.js.LICENSE.txt","key":"static/js/main.f3bf86e5.js.LICENSE.txt","kms_key_id":"arn:aws:kms:us-east-1:***:key/6c1ead8a-5e71-4e33-ae37-010dbcd3c063","metadata":{},"object_lock_legal_hold_status":"","object_lock_mode":"","object_lock_retain_until_date":"","override_provider":[],"server_side_encryption":"aws:kms","source":"../build/static/js/main.f3bf86e5.js.LICENSE.txt","source_hash":null,"storage_class":"STANDARD","tags":{},"tags_all":{},"website_redirect":""},"after_unknown":{"metadata":{},"override_provider":[],"tags":{},"tags_all":{},"version_id":true},"before_sensitive":{"metadata":{},"override_provider":[],"tags":{},"tags_all":{}},"after_sensitive":{"metadata":{},"override_provider":[],"tags":{},"tags_all":{}}}},{"address":"aws_s3_object.app_files[\"truck-solid.png\"]","mode":"managed","type":"aws_s3_object","name":"app_files","index":"truck-solid.png","provider_name":"registry.terraform.io/hashicorp/aws","change":{"actions":["update"],"before":{"acl":null,"arn":"arn:aws:s3:::geofoodtruck-app-bucket/truck-solid.png","bucket":"geofoodtruck-app-bucket","bucket_key_enabled":false,"cache_control":"","checksum_algorithm":null,"checksum_crc32":"","checksum_crc32c":"","checksum_sha1":"","checksum_sha256":"","content":null,"content_base64":null,"content_disposition":"","content_encoding":"","content_language":"","content_type":"image/png","etag":"8b420027390ab7680407cca943cb1e21","force_destroy":false,"id":"truck-solid.png","key":"truck-solid.png","kms_key_id":"arn:aws:kms:us-east-1:***:key/6c1ead8a-5e71-4e33-ae37-010dbcd3c063","metadata":{},"object_lock_legal_hold_status":"","object_lock_mode":"","object_lock_retain_until_date":"","override_provider":[],"server_side_encryption":"aws:kms","source":"../build/truck-solid.png","source_hash":null,"storage_class":"STANDARD","tags":{},"tags_all":{},"version_id":"","website_redirect":""},"after":{"acl":null,"arn":"arn:aws:s3:::geofoodtruck-app-bucket/truck-solid.png","bucket":"geofoodtruck-app-bucket","bucket_key_enabled":false,"cache_control":"","checksum_algorithm":null,"checksum_crc32":"","checksum_crc32c":"","checksum_sha1":"","checksum_sha256":"","content":null,"content_base64":null,"content_disposition":"","content_encoding":"","content_language":"","content_type":"image/png","etag":"73391b6b4a8a07adff0fbb8ffdbe519c","force_destroy":false,"id":"truck-solid.png","key":"truck-solid.png","kms_key_id":"arn:aws:kms:us-east-1:***:key/6c1ead8a-5e71-4e33-ae37-010dbcd3c063","metadata":{},"object_lock_legal_hold_status":"","object_lock_mode":"","object_lock_retain_until_date":"","override_provider":[],"server_side_encryption":"aws:kms","source":"../build/truck-solid.png","source_hash":null,"storage_class":"STANDARD","tags":{},"tags_all":{},"website_redirect":""},"after_unknown":{"metadata":{},"override_provider":[],"tags":{},"tags_all":{},"version_id":true},"before_sensitive":{"metadata":{},"override_provider":[],"tags":{},"tags_all":{}},"after_sensitive":{"metadata":{},"override_provider":[],"tags":{},"tags_all":{}}}},{"address":"aws_wafv2_web_acl.geofoodtruck_waf_web_acl","mode":"managed","type":"aws_wafv2_web_acl","name":"geofoodtruck_waf_web_acl","provider_name":"registry.terraform.io/hashicorp/aws","change":{"actions":["no-op"],"before":{"application_integration_url":"","arn":"arn:aws:wafv2:us-east-1:***:global/webacl/GeoFoodTruckWebACL/37f7809b-ea93-46f1-9d10-4050e2957f36","association_config":[],"capacity":975,"captcha_config":[],"challenge_config":[],"custom_response_body":[],"default_action":[{"allow":[{"custom_request_handling":[]}],"block":[]}],"description":"Web ACL for GeoFoodTruck app","id":"37f7809b-ea93-46f1-9d10-4050e2957f36","lock_token":"70b7a424-37a7-4633-afa9-0ee95b25eef1","name":"GeoFoodTruckWebACL","rule":[{"action":[],"captcha_config":[],"name":"GeoFoodTruck-AWSManagedRulesAmazonIpReputationList","override_action":[{"count":[],"none":[{}]}],"priority":0,"rule_label":[],"statement":[{"and_statement":[],"byte_match_statement":[],"geo_match_statement":[],"ip_set_reference_statement":[],"label_match_statement":[],"managed_rule_group_statement":[{"managed_rule_group_configs":[],"name":"AWSManagedRulesAmazonIpReputationList","rule_action_override":[],"scope_down_statement":[],"vendor_name":"AWS","version":""}],"not_statement":[],"or_statement":[],"rate_based_statement":[],"regex_match_statement":[],"regex_pattern_set_reference_statement":[],"rule_group_reference_statement":[],"size_constraint_statement":[],"sqli_match_statement":[],"xss_match_statement":[]}],"visibility_config":[{"cloudwatch_metrics_enabled":true,"metric_name":"GeoFoodTruck-AWSManagedRulesAmazonIpReputationList","sampled_requests_enabled":true}]},{"action":[],"captcha_config":[],"name":"GeoFoodTruck-AWSManagedRulesBotControlRuleSet","override_action":[{"count":[],"none":[{}]}],"priority":3,"rule_label":[],"statement":[{"and_statement":[],"byte_match_statement":[],"geo_match_statement":[],"ip_set_reference_statement":[],"label_match_statement":[],"managed_rule_group_statement":[{"managed_rule_group_configs":[{"aws_managed_rules_acfp_rule_set":[],"aws_managed_rules_atp_rule_set":[],"aws_managed_rules_bot_control_rule_set":[{"inspection_level":"COMMON"}],"login_path":"","password_field":[],"payload_type":"","username_field":[]}],"name":"AWSManagedRulesBotControlRuleSet","rule_action_override":[{"action_to_use":[{"allow":[],"block":[],"captcha":[],"challenge":[],"count":[{"custom_request_handling":[]}]}],"name":"CategoryAdvertising"},{"action_to_use":[{"allow":[],"block":[],"captcha":[],"challenge":[],"count":[{"custom_request_handling":[]}]}],"name":"CategoryArchiver"},{"action_to_use":[{"allow":[],"block":[],"captcha":[],"challenge":[],"count":[{"custom_request_handling":[]}]}],"name":"CategoryContentFetcher"},{"action_to_use":[{"allow":[],"block":[],"captcha":[],"challenge":[],"count":[{"custom_request_handling":[]}]}],"name":"CategoryEmailClient"},{"action_to_use":[{"allow":[],"block":[],"captcha":[],"challenge":[],"count":[{"custom_request_handling":[]}]}],"name":"CategoryHttpLibrary"},{"action_to_use":[{"allow":[],"block":[],"captcha":[],"challenge":[],"count":[{"custom_request_handling":[]}]}],"name":"CategoryLinkChecker"},{"action_to_use":[{"allow":[],"block":[],"captcha":[],"challenge":[],"count":[{"custom_request_handling":[]}]}],"name":"CategoryMiscellaneous"},{"action_to_use":[{"allow":[],"block":[],"captcha":[],"challenge":[],"count":[{"custom_request_handling":[]}]}],"name":"CategoryMonitoring"},{"action_to_use":[{"allow":[],"block":[],"captcha":[],"challenge":[],"count":[{"custom_request_handling":[]}]}],"name":"CategoryScrapingFramework"},{"action_to_use":[{"allow":[],"block":[],"captcha":[],"challenge":[],"count":[{"custom_request_handling":[]}]}],"name":"CategorySearchEngine"},{"action_to_use":[{"allow":[],"block":[],"captcha":[],"challenge":[],"count":[{"custom_request_handling":[]}]}],"name":"CategorySecurity"},{"action_to_use":[{"allow":[],"block":[],"captcha":[],"challenge":[],"count":[{"custom_request_handling":[]}]}],"name":"CategorySeo"},{"action_to_use":[{"allow":[],"block":[],"captcha":[],"challenge":[],"count":[{"custom_request_handling":[]}]}],"name":"CategorySocialMedia"},{"action_to_use":[{"allow":[],"block":[],"captcha":[],"challenge":[],"count":[{"custom_request_handling":[]}]}],"name":"CategoryAI"},{"action_to_use":[{"allow":[],"block":[],"captcha":[],"challenge":[],"count":[{"custom_request_handling":[]}]}],"name":"SignalAutomatedBrowser"},{"action_to_use":[{"allow":[],"block":[],"captcha":[],"challenge":[],"count":[{"custom_request_handling":[]}]}],"name":"SignalKnownBotDataCenter"},{"action_to_use":[{"allow":[],"block":[],"captcha":[],"challenge":[],"count":[{"custom_request_handling":[]}]}],"name":"SignalNonBrowserUserAgent"}],"scope_down_statement":[],"vendor_name":"AWS","version":""}],"not_statement":[],"or_statement":[],"rate_based_statement":[],"regex_match_statement":[],"regex_pattern_set_reference_statement":[],"rule_group_reference_statement":[],"size_constraint_statement":[],"sqli_match_statement":[],"xss_match_statement":[]}],"visibility_config":[{"cloudwatch_metrics_enabled":true,"metric_name":"GeoFoodTruck-AWSManagedRulesBotControlRuleSet","sampled_requests_enabled":true}]},{"action":[],"captcha_config":[],"name":"GeoFoodTruck-AWSManagedRulesCommonRuleSet","override_action":[{"count":[],"none":[{}]}],"priority":1,"rule_label":[],"statement":[{"and_statement":[],"byte_match_statement":[],"geo_match_statement":[],"ip_set_reference_statement":[],"label_match_statement":[],"managed_rule_group_statement":[{"managed_rule_group_configs":[],"name":"AWSManagedRulesCommonRuleSet","rule_action_override":[],"scope_down_statement":[],"vendor_name":"AWS","version":""}],"not_statement":[],"or_statement":[],"rate_based_statement":[],"regex_match_statement":[],"regex_pattern_set_reference_statement":[],"rule_group_reference_statement":[],"size_constraint_statement":[],"sqli_match_statement":[],"xss_match_statement":[]}],"visibility_config":[{"cloudwatch_metrics_enabled":true,"metric_name":"GeoFoodTruck-AWSManagedRulesCommonRuleSet","sampled_requests_enabled":true}]},{"action":[],"captcha_config":[],"name":"GeoFoodTruck-AWSManagedRulesKnownBadInputsRuleSet","override_action":[{"count":[],"none":[{}]}],"priority":2,"rule_label":[],"statement":[{"and_statement":[],"byte_match_statement":[],"geo_match_statement":[],"ip_set_reference_statement":[],"label_match_statement":[],"managed_rule_group_statement":[{"managed_rule_group_configs":[],"name":"AWSManagedRulesKnownBadInputsRuleSet","rule_action_override":[],"scope_down_statement":[],"vendor_name":"AWS","version":""}],"not_statement":[],"or_statement":[],"rate_based_statement":[],"regex_match_statement":[],"regex_pattern_set_reference_statement":[],"rule_group_reference_statement":[],"size_constraint_statement":[],"sqli_match_statement":[],"xss_match_statement":[]}],"visibility_config":[{"cloudwatch_metrics_enabled":true,"metric_name":"GeoFoodTruck-AWSManagedRulesKnownBadInputsRuleSet","sampled_requests_enabled":true}]}],"scope":"CLOUDFRONT","tags":{},"tags_all":{},"token_domains":[],"visibility_config":[{"cloudwatch_metrics_enabled":true,"metric_name":"GeoFoodTruckWebACL","sampled_requests_enabled":true}]},"after":{"application_integration_url":"","arn":"arn:aws:wafv2:us-east-1:***:global/webacl/GeoFoodTruckWebACL/37f7809b-ea93-46f1-9d10-4050e2957f36","association_config":[],"capacity":975,"captcha_config":[],"challenge_config":[],"custom_response_body":[],"default_action":[{"allow":[{"custom_request_handling":[]}],"block":[]}],"description":"Web ACL for GeoFoodTruck app","id":"37f7809b-ea93-46f1-9d10-4050e2957f36","lock_token":"70b7a424-37a7-4633-afa9-0ee95b25eef1","name":"GeoFoodTruckWebACL","rule":[{"action":[],"captcha_config":[],"name":"GeoFoodTruck-AWSManagedRulesAmazonIpReputationList","override_action":[{"count":[],"none":[{}]}],"priority":0,"rule_label":[],"statement":[{"and_statement":[],"byte_match_statement":[],"geo_match_statement":[],"ip_set_reference_statement":[],"label_match_statement":[],"managed_rule_group_statement":[{"managed_rule_group_configs":[],"name":"AWSManagedRulesAmazonIpReputationList","rule_action_override":[],"scope_down_statement":[],"vendor_name":"AWS","version":""}],"not_statement":[],"or_statement":[],"rate_based_statement":[],"regex_match_statement":[],"regex_pattern_set_reference_statement":[],"rule_group_reference_statement":[],"size_constraint_statement":[],"sqli_match_statement":[],"xss_match_statement":[]}],"visibility_config":[{"cloudwatch_metrics_enabled":true,"metric_name":"GeoFoodTruck-AWSManagedRulesAmazonIpReputationList","sampled_requests_enabled":true}]},{"action":[],"captcha_config":[],"name":"GeoFoodTruck-AWSManagedRulesBotControlRuleSet","override_action":[{"count":[],"none":[{}]}],"priority":3,"rule_label":[],"statement":[{"and_statement":[],"byte_match_statement":[],"geo_match_statement":[],"ip_set_reference_statement":[],"label_match_statement":[],"managed_rule_group_statement":[{"managed_rule_group_configs":[{"aws_managed_rules_acfp_rule_set":[],"aws_managed_rules_atp_rule_set":[],"aws_managed_rules_bot_control_rule_set":[{"inspection_level":"COMMON"}],"login_path":"","password_field":[],"payload_type":"","username_field":[]}],"name":"AWSManagedRulesBotControlRuleSet","rule_action_override":[{"action_to_use":[{"allow":[],"block":[],"captcha":[],"challenge":[],"count":[{"custom_request_handling":[]}]}],"name":"CategoryAdvertising"},{"action_to_use":[{"allow":[],"block":[],"captcha":[],"challenge":[],"count":[{"custom_request_handling":[]}]}],"name":"CategoryArchiver"},{"action_to_use":[{"allow":[],"block":[],"captcha":[],"challenge":[],"count":[{"custom_request_handling":[]}]}],"name":"CategoryContentFetcher"},{"action_to_use":[{"allow":[],"block":[],"captcha":[],"challenge":[],"count":[{"custom_request_handling":[]}]}],"name":"CategoryEmailClient"},{"action_to_use":[{"allow":[],"block":[],"captcha":[],"challenge":[],"count":[{"custom_request_handling":[]}]}],"name":"CategoryHttpLibrary"},{"action_to_use":[{"allow":[],"block":[],"captcha":[],"challenge":[],"count":[{"custom_request_handling":[]}]}],"name":"CategoryLinkChecker"},{"action_to_use":[{"allow":[],"block":[],"captcha":[],"challenge":[],"count":[{"custom_request_handling":[]}]}],"name":"CategoryMiscellaneous"},{"action_to_use":[{"allow":[],"block":[],"captcha":[],"challenge":[],"count":[{"custom_request_handling":[]}]}],"name":"CategoryMonitoring"},{"action_to_use":[{"allow":[],"block":[],"captcha":[],"challenge":[],"count":[{"custom_request_handling":[]}]}],"name":"CategoryScrapingFramework"},{"action_to_use":[{"allow":[],"block":[],"captcha":[],"challenge":[],"count":[{"custom_request_handling":[]}]}],"name":"CategorySearchEngine"},{"action_to_use":[{"allow":[],"block":[],"captcha":[],"challenge":[],"count":[{"custom_request_handling":[]}]}],"name":"CategorySecurity"},{"action_to_use":[{"allow":[],"block":[],"captcha":[],"challenge":[],"count":[{"custom_request_handling":[]}]}],"name":"CategorySeo"},{"action_to_use":[{"allow":[],"block":[],"captcha":[],"challenge":[],"count":[{"custom_request_handling":[]}]}],"name":"CategorySocialMedia"},{"action_to_use":[{"allow":[],"block":[],"captcha":[],"challenge":[],"count":[{"custom_request_handling":[]}]}],"name":"CategoryAI"},{"action_to_use":[{"allow":[],"block":[],"captcha":[],"challenge":[],"count":[{"custom_request_handling":[]}]}],"name":"SignalAutomatedBrowser"},{"action_to_use":[{"allow":[],"block":[],"captcha":[],"challenge":[],"count":[{"custom_request_handling":[]}]}],"name":"SignalKnownBotDataCenter"},{"action_to_use":[{"allow":[],"block":[],"captcha":[],"challenge":[],"count":[{"custom_request_handling":[]}]}],"name":"SignalNonBrowserUserAgent"}],"scope_down_statement":[],"vendor_name":"AWS","version":""}],"not_statement":[],"or_statement":[],"rate_based_statement":[],"regex_match_statement":[],"regex_pattern_set_reference_statement":[],"rule_group_reference_statement":[],"size_constraint_statement":[],"sqli_match_statement":[],"xss_match_statement":[]}],"visibility_config":[{"cloudwatch_metrics_enabled":true,"metric_name":"GeoFoodTruck-AWSManagedRulesBotControlRuleSet","sampled_requests_enabled":true}]},{"action":[],"captcha_config":[],"name":"GeoFoodTruck-AWSManagedRulesCommonRuleSet","override_action":[{"count":[],"none":[{}]}],"priority":1,"rule_label":[],"statement":[{"and_statement":[],"byte_match_statement":[],"geo_match_statement":[],"ip_set_reference_statement":[],"label_match_statement":[],"managed_rule_group_statement":[{"managed_rule_group_configs":[],"name":"AWSManagedRulesCommonRuleSet","rule_action_override":[],"scope_down_statement":[],"vendor_name":"AWS","version":""}],"not_statement":[],"or_statement":[],"rate_based_statement":[],"regex_match_statement":[],"regex_pattern_set_reference_statement":[],"rule_group_reference_statement":[],"size_constraint_statement":[],"sqli_match_statement":[],"xss_match_statement":[]}],"visibility_config":[{"cloudwatch_metrics_enabled":true,"metric_name":"GeoFoodTruck-AWSManagedRulesCommonRuleSet","sampled_requests_enabled":true}]},{"action":[],"captcha_config":[],"name":"GeoFoodTruck-AWSManagedRulesKnownBadInputsRuleSet","override_action":[{"count":[],"none":[{}]}],"priority":2,"rule_label":[],"statement":[{"and_statement":[],"byte_match_statement":[],"geo_match_statement":[],"ip_set_reference_statement":[],"label_match_statement":[],"managed_rule_group_statement":[{"managed_rule_group_configs":[],"name":"AWSManagedRulesKnownBadInputsRuleSet","rule_action_override":[],"scope_down_statement":[],"vendor_name":"AWS","version":""}],"not_statement":[],"or_statement":[],"rate_based_statement":[],"regex_match_statement":[],"regex_pattern_set_reference_statement":[],"rule_group_reference_statement":[],"size_constraint_statement":[],"sqli_match_statement":[],"xss_match_statement":[]}],"visibility_config":[{"cloudwatch_metrics_enabled":true,"metric_name":"GeoFoodTruck-AWSManagedRulesKnownBadInputsRuleSet","sampled_requests_enabled":true}]}],"scope":"CLOUDFRONT","tags":{},"tags_all":{},"token_domains":[],"visibility_config":[{"cloudwatch_metrics_enabled":true,"metric_name":"GeoFoodTruckWebACL","sampled_requests_enabled":true}]},"after_unknown":{},"before_sensitive":{"association_config":[],"captcha_config":[],"challenge_config":[],"custom_response_body":[],"default_action":[{"allow":[{"custom_request_handling":[]}],"block":[]}],"rule":[{"action":[],"captcha_config":[],"override_action":[{"count":[],"none":[{}]}],"rule_label":[],"statement":[{"and_statement":[],"byte_match_statement":[],"geo_match_statement":[],"ip_set_reference_statement":[],"label_match_statement":[],"managed_rule_group_statement":[{"managed_rule_group_configs":[],"rule_action_override":[],"scope_down_statement":[]}],"not_statement":[],"or_statement":[],"rate_based_statement":[],"regex_match_statement":[],"regex_pattern_set_reference_statement":[],"rule_group_reference_statement":[],"size_constraint_statement":[],"sqli_match_statement":[],"xss_match_statement":[]}],"visibility_config":[{}]},{"action":[],"captcha_config":[],"override_action":[{"count":[],"none":[{}]}],"rule_label":[],"statement":[{"and_statement":[],"byte_match_statement":[],"geo_match_statement":[],"ip_set_reference_statement":[],"label_match_statement":[],"managed_rule_group_statement":[{"managed_rule_group_configs":[{"aws_managed_rules_acfp_rule_set":[],"aws_managed_rules_atp_rule_set":[],"aws_managed_rules_bot_control_rule_set":[{}],"password_field":[],"username_field":[]}],"rule_action_override":[{"action_to_use":[{"allow":[],"block":[],"captcha":[],"challenge":[],"count":[{"custom_request_handling":[]}]}]},{"action_to_use":[{"allow":[],"block":[],"captcha":[],"challenge":[],"count":[{"custom_request_handling":[]}]}]},{"action_to_use":[{"allow":[],"block":[],"captcha":[],"challenge":[],"count":[{"custom_request_handling":[]}]}]},{"action_to_use":[{"allow":[],"block":[],"captcha":[],"challenge":[],"count":[{"custom_request_handling":[]}]}]},{"action_to_use":[{"allow":[],"block":[],"captcha":[],"challenge":[],"count":[{"custom_request_handling":[]}]}]},{"action_to_use":[{"allow":[],"block":[],"captcha":[],"challenge":[],"count":[{"custom_request_handling":[]}]}]},{"action_to_use":[{"allow":[],"block":[],"captcha":[],"challenge":[],"count":[{"custom_request_handling":[]}]}]},{"action_to_use":[{"allow":[],"block":[],"captcha":[],"challenge":[],"count":[{"custom_request_handling":[]}]}]},{"action_to_use":[{"allow":[],"block":[],"captcha":[],"challenge":[],"count":[{"custom_request_handling":[]}]}]},{"action_to_use":[{"allow":[],"block":[],"captcha":[],"challenge":[],"count":[{"custom_request_handling":[]}]}]},{"action_to_use":[{"allow":[],"block":[],"captcha":[],"challenge":[],"count":[{"custom_request_handling":[]}]}]},{"action_to_use":[{"allow":[],"block":[],"captcha":[],"challenge":[],"count":[{"custom_request_handling":[]}]}]},{"action_to_use":[{"allow":[],"block":[],"captcha":[],"challenge":[],"count":[{"custom_request_handling":[]}]}]},{"action_to_use":[{"allow":[],"block":[],"captcha":[],"challenge":[],"count":[{"custom_request_handling":[]}]}]},{"action_to_use":[{"allow":[],"block":[],"captcha":[],"challenge":[],"count":[{"custom_request_handling":[]}]}]},{"action_to_use":[{"allow":[],"block":[],"captcha":[],"challenge":[],"count":[{"custom_request_handling":[]}]}]},{"action_to_use":[{"allow":[],"block":[],"captcha":[],"challenge":[],"count":[{"custom_request_handling":[]}]}]}],"scope_down_statement":[]}],"not_statement":[],"or_statement":[],"rate_based_statement":[],"regex_match_statement":[],"regex_pattern_set_reference_statement":[],"rule_group_reference_statement":[],"size_constraint_statement":[],"sqli_match_statement":[],"xss_match_statement":[]}],"visibility_config":[{}]},{"action":[],"captcha_config":[],"override_action":[{"count":[],"none":[{}]}],"rule_label":[],"statement":[{"and_statement":[],"byte_match_statement":[],"geo_match_statement":[],"ip_set_reference_statement":[],"label_match_statement":[],"managed_rule_group_statement":[{"managed_rule_group_configs":[],"rule_action_override":[],"scope_down_statement":[]}],"not_statement":[],"or_statement":[],"rate_based_statement":[],"regex_match_statement":[],"regex_pattern_set_reference_statement":[],"rule_group_reference_statement":[],"size_constraint_statement":[],"sqli_match_statement":[],"xss_match_statement":[]}],"visibility_config":[{}]},{"action":[],"captcha_config":[],"override_action":[{"count":[],"none":[{}]}],"rule_label":[],"statement":[{"and_statement":[],"byte_match_statement":[],"geo_match_statement":[],"ip_set_reference_statement":[],"label_match_statement":[],"managed_rule_group_statement":[{"managed_rule_group_configs":[],"rule_action_override":[],"scope_down_statement":[]}],"not_statement":[],"or_statement":[],"rate_based_statement":[],"regex_match_statement":[],"regex_pattern_set_reference_statement":[],"rule_group_reference_statement":[],"size_constraint_statement":[],"sqli_match_statement":[],"xss_match_statement":[]}],"visibility_config":[{}]}],"tags":{},"tags_all":{},"token_domains":[],"visibility_config":[{}]},"after_sensitive":{"association_config":[],"captcha_config":[],"challenge_config":[],"custom_response_body":[],"default_action":[{"allow":[{"custom_request_handling":[]}],"block":[]}],"rule":[{"action":[],"captcha_config":[],"override_action":[{"count":[],"none":[{}]}],"rule_label":[],"statement":[{"and_statement":[],"byte_match_statement":[],"geo_match_statement":[],"ip_set_reference_statement":[],"label_match_statement":[],"managed_rule_group_statement":[{"managed_rule_group_configs":[],"rule_action_override":[],"scope_down_statement":[]}],"not_statement":[],"or_statement":[],"rate_based_statement":[],"regex_match_statement":[],"regex_pattern_set_reference_statement":[],"rule_group_reference_statement":[],"size_constraint_statement":[],"sqli_match_statement":[],"xss_match_statement":[]}],"visibility_config":[{}]},{"action":[],"captcha_config":[],"override_action":[{"count":[],"none":[{}]}],"rule_label":[],"statement":[{"and_statement":[],"byte_match_statement":[],"geo_match_statement":[],"ip_set_reference_statement":[],"label_match_statement":[],"managed_rule_group_statement":[{"managed_rule_group_configs":[{"aws_managed_rules_acfp_rule_set":[],"aws_managed_rules_atp_rule_set":[],"aws_managed_rules_bot_control_rule_set":[{}],"password_field":[],"username_field":[]}],"rule_action_override":[{"action_to_use":[{"allow":[],"block":[],"captcha":[],"challenge":[],"count":[{"custom_request_handling":[]}]}]},{"action_to_use":[{"allow":[],"block":[],"captcha":[],"challenge":[],"count":[{"custom_request_handling":[]}]}]},{"action_to_use":[{"allow":[],"block":[],"captcha":[],"challenge":[],"count":[{"custom_request_handling":[]}]}]},{"action_to_use":[{"allow":[],"block":[],"captcha":[],"challenge":[],"count":[{"custom_request_handling":[]}]}]},{"action_to_use":[{"allow":[],"block":[],"captcha":[],"challenge":[],"count":[{"custom_request_handling":[]}]}]},{"action_to_use":[{"allow":[],"block":[],"captcha":[],"challenge":[],"count":[{"custom_request_handling":[]}]}]},{"action_to_use":[{"allow":[],"block":[],"captcha":[],"challenge":[],"count":[{"custom_request_handling":[]}]}]},{"action_to_use":[{"allow":[],"block":[],"captcha":[],"challenge":[],"count":[{"custom_request_handling":[]}]}]},{"action_to_use":[{"allow":[],"block":[],"captcha":[],"challenge":[],"count":[{"custom_request_handling":[]}]}]},{"action_to_use":[{"allow":[],"block":[],"captcha":[],"challenge":[],"count":[{"custom_request_handling":[]}]}]},{"action_to_use":[{"allow":[],"block":[],"captcha":[],"challenge":[],"count":[{"custom_request_handling":[]}]}]},{"action_to_use":[{"allow":[],"block":[],"captcha":[],"challenge":[],"count":[{"custom_request_handling":[]}]}]},{"action_to_use":[{"allow":[],"block":[],"captcha":[],"challenge":[],"count":[{"custom_request_handling":[]}]}]},{"action_to_use":[{"allow":[],"block":[],"captcha":[],"challenge":[],"count":[{"custom_request_handling":[]}]}]},{"action_to_use":[{"allow":[],"block":[],"captcha":[],"challenge":[],"count":[{"custom_request_handling":[]}]}]},{"action_to_use":[{"allow":[],"block":[],"captcha":[],"challenge":[],"count":[{"custom_request_handling":[]}]}]},{"action_to_use":[{"allow":[],"block":[],"captcha":[],"challenge":[],"count":[{"custom_request_handling":[]}]}]}],"scope_down_statement":[]}],"not_statement":[],"or_statement":[],"rate_based_statement":[],"regex_match_statement":[],"regex_pattern_set_reference_statement":[],"rule_group_reference_statement":[],"size_constraint_statement":[],"sqli_match_statement":[],"xss_match_statement":[]}],"visibility_config":[{}]},{"action":[],"captcha_config":[],"override_action":[{"count":[],"none":[{}]}],"rule_label":[],"statement":[{"and_statement":[],"byte_match_statement":[],"geo_match_statement":[],"ip_set_reference_statement":[],"label_match_statement":[],"managed_rule_group_statement":[{"managed_rule_group_configs":[],"rule_action_override":[],"scope_down_statement":[]}],"not_statement":[],"or_statement":[],"rate_based_statement":[],"regex_match_statement":[],"regex_pattern_set_reference_statement":[],"rule_group_reference_statement":[],"size_constraint_statement":[],"sqli_match_statement":[],"xss_match_statement":[]}],"visibility_config":[{}]},{"action":[],"captcha_config":[],"override_action":[{"count":[],"none":[{}]}],"rule_label":[],"statement":[{"and_statement":[],"byte_match_statement":[],"geo_match_statement":[],"ip_set_reference_statement":[],"label_match_statement":[],"managed_rule_group_statement":[{"managed_rule_group_configs":[],"rule_action_override":[],"scope_down_statement":[]}],"not_statement":[],"or_statement":[],"rate_based_statement":[],"regex_match_statement":[],"regex_pattern_set_reference_statement":[],"rule_group_reference_statement":[],"size_constraint_statement":[],"sqli_match_statement":[],"xss_match_statement":[]}],"visibility_config":[{}]}],"tags":{},"tags_all":{},"token_domains":[],"visibility_config":[{}]}}}],"output_changes":{"cloudfront_distribution_domain":{"actions":["no-op"],"before":"d3n9iqvbhzuqoh.cloudfront.net","after":"d3n9iqvbhzuqoh.cloudfront.net","after_unknown":false,"before_sensitive":false,"after_sensitive":false},"s3_bucket_name":{"actions":["no-op"],"before":"geofoodtruck-app-bucket","after":"geofoodtruck-app-bucket","after_unknown":false,"before_sensitive":false,"after_sensitive":false}},"prior_state":{"format_version":"1.0","terraform_version":"1.8.4","values":{"outputs":{"cloudfront_distribution_domain":{"sensitive":false,"value":"d3n9iqvbhzuqoh.cloudfront.net","type":"string"},"s3_bucket_name":{"sensitive":false,"value":"geofoodtruck-app-bucket","type":"string"}},"root_module":{"resources":[{"address":"data.aws_cloudfront_cache_policy.geofoodtruck_cloudfront_cache_policy","mode":"data","type":"aws_cloudfront_cache_policy","name":"geofoodtruck_cloudfront_cache_policy","provider_name":"registry.terraform.io/hashicorp/aws","schema_version":0,"values":{"comment":"Policy with caching enabled. Supports Gzip and Brotli compression.","default_ttl":86400,"etag":"E23ZP02F085DFQ","id":"658327ea-f89d-4fab-a63d-7e88639e58f6","max_ttl":31536000,"min_ttl":1,"name":"Managed-CachingOptimized","parameters_in_cache_key_and_forwarded_to_origin":[{"cookies_config":[{"cookie_behavior":"none","cookies":[]}],"enable_accept_encoding_brotli":true,"enable_accept_encoding_gzip":true,"headers_config":[{"header_behavior":"none","headers":[]}],"query_strings_config":[{"query_string_behavior":"none","query_strings":[]}]}]},"sensitive_values":{"parameters_in_cache_key_and_forwarded_to_origin":[{"cookies_config":[{"cookies":[]}],"headers_config":[{"headers":[]}],"query_strings_config":[{"query_strings":[]}]}]}},{"address":"data.aws_cloudfront_cache_policy.sfgov_geofoodtruck_cloudfront_cache_policy","mode":"data","type":"aws_cloudfront_cache_policy","name":"sfgov_geofoodtruck_cloudfront_cache_policy","provider_name":"registry.terraform.io/hashicorp/aws","schema_version":0,"values":{"comment":"Policy with caching disabled","default_ttl":0,"etag":"E23ZP02F085DFQ","id":"4135ea2d-6df8-44a3-9df3-4b5a84be39ad","max_ttl":0,"min_ttl":0,"name":"Managed-CachingDisabled","parameters_in_cache_key_and_forwarded_to_origin":[{"cookies_config":[{"cookie_behavior":"none","cookies":[]}],"enable_accept_encoding_brotli":false,"enable_accept_encoding_gzip":false,"headers_config":[{"header_behavior":"none","headers":[]}],"query_strings_config":[{"query_string_behavior":"none","query_strings":[]}]}]},"sensitive_values":{"parameters_in_cache_key_and_forwarded_to_origin":[{"cookies_config":[{"cookies":[]}],"headers_config":[{"headers":[]}],"query_strings_config":[{"query_strings":[]}]}]}},{"address":"data.aws_cloudfront_origin_request_policy.geofoodtruck_cloudfront_origin_request_policy","mode":"data","type":"aws_cloudfront_origin_request_policy","name":"geofoodtruck_cloudfront_origin_request_policy","provider_name":"registry.terraform.io/hashicorp/aws","schema_version":0,"values":{"comment":"Policy for S3 origin with CORS","cookies_config":[{"cookie_behavior":"none","cookies":[]}],"etag":"E23ZP02F085DFQ","headers_config":[{"header_behavior":"whitelist","headers":[{"items":["access-control-request-headers","access-control-request-method","origin"]}]}],"id":"88a5eaf4-2fd4-4709-b370-b4c650ea3fcf","name":"Managed-CORS-S3Origin","query_strings_config":[{"query_string_behavior":"none","query_strings":[]}]},"sensitive_values":{"cookies_config":[{"cookies":[]}],"headers_config":[{"headers":[{"items":[false,false,false]}]}],"query_strings_config":[{"query_strings":[]}]}},{"address":"data.aws_cloudfront_response_headers_policy.sfgov_geofoodtruck_cloudfront_response_header_policy","mode":"data","type":"aws_cloudfront_response_headers_policy","name":"sfgov_geofoodtruck_cloudfront_response_header_policy","provider_name":"registry.terraform.io/hashicorp/aws","schema_version":0,"values":{"comment":"Allows all origins for CORS requests, including preflight requests","cors_config":[{"access_control_allow_credentials":false,"access_control_allow_headers":[],"access_control_allow_methods":[{"items":["DELETE","GET","HEAD","OPTIONS","PATCH","POST","PUT"]}],"access_control_allow_origins":[{"items":["*"]}],"access_control_expose_headers":[{"items":["*"]}],"access_control_max_age_sec":0,"origin_override":false}],"custom_headers_config":[],"etag":"E23ZP02F085DFQ","id":"5cc3b908-e619-4b99-88e5-2cf7f45965bd","name":"Managed-CORS-With-Preflight","remove_headers_config":[],"security_headers_config":[],"server_timing_headers_config":[]},"sensitive_values":{"cors_config":[{"access_control_allow_headers":[],"access_control_allow_methods":[{"items":[false,false,false,false,false,false,false]}],"access_control_allow_origins":[{"items":[false]}],"access_control_expose_headers":[{"items":[false]}]}],"custom_headers_config":[],"remove_headers_config":[],"security_headers_config":[],"server_timing_headers_config":[]}},{"address":"data.aws_iam_policy.aws_key_management_service_power_user","mode":"data","type":"aws_iam_policy","name":"aws_key_management_service_power_user","provider_name":"registry.terraform.io/hashicorp/aws","schema_version":0,"values":{"arn":"arn:aws:iam::aws:policy/AWSKeyManagementServicePowerUser","attachment_count":1,"description":"Provides access to AWS Key Management Service (KMS).","id":"arn:aws:iam::aws:policy/AWSKeyManagementServicePowerUser","name":"AWSKeyManagementServicePowerUser","path":"/","path_prefix":null,"policy":"{\n  \"Version\": \"2012-10-17\",\n  \"Statement\": [\n    {\n      \"Effect\": \"Allow\",\n      \"Action\": [\n        \"kms:CreateAlias\",\n        \"kms:CreateKey\",\n        \"kms:DeleteAlias\",\n        \"kms:Describe*\",\n        \"kms:GenerateRandom\",\n        \"kms:Get*\",\n        \"kms:List*\",\n        \"kms:TagResource\",\n        \"kms:UntagResource\",\n        \"iam:ListGroups\",\n        \"iam:ListRoles\",\n        \"iam:ListUsers\"\n      ],\n      \"Resource\": \"*\"\n    }\n  ]\n}","policy_id":"ANPAJNPP7PPPPMJRV2SA4","tags":{}},"sensitive_values":{"tags":{}}},{"address":"data.aws_ssm_parameter.sfgov_geofoodtruck_aws_ssm_parameter","mode":"data","type":"aws_ssm_parameter","name":"sfgov_geofoodtruck_aws_ssm_parameter","provider_name":"registry.terraform.io/hashicorp/aws","schema_version":0,"values":{"arn":"arn:aws:ssm:us-east-1:***:parameter/geofoodtruck/sfgovkey","id":"/geofoodtruck/sfgovkey","insecure_value":"","name":"/geofoodtruck/sfgovkey","type":"SecureString","value":"***","version":2,"with_decryption":true},"sensitive_values":{"value":true}},{"address":"aws_cloudfront_distribution.geofoodtruck_app_distribution","mode":"managed","type":"aws_cloudfront_distribution","name":"geofoodtruck_app_distribution","provider_name":"registry.terraform.io/hashicorp/aws","schema_version":1,"values":{"aliases":[],"arn":"arn:aws:cloudfront::***:distribution/E263E8AHYXLO8L","caller_reference":"terraform-20240521104331355600000001","comment":null,"continuous_deployment_policy_id":"","custom_error_response":[],"default_cache_behavior":[{"allowed_methods":["GET","HEAD"],"cache_policy_id":"658327ea-f89d-4fab-a63d-7e88639e58f6","cached_methods":["GET","HEAD"],"compress":true,"default_ttl":0,"field_level_encryption_id":"","forwarded_values":[],"function_association":[],"lambda_function_association":[],"max_ttl":0,"min_ttl":0,"origin_request_policy_id":"88a5eaf4-2fd4-4709-b370-b4c650ea3fcf","realtime_log_config_arn":"","response_headers_policy_id":"6ae32cb9-4d76-4741-8724-55e74a6500ac","smooth_streaming":false,"target_origin_id":"geofoodtruck-app-bucket.s3.us-east-1.amazonaws.com","trusted_key_groups":[],"trusted_signers":[],"viewer_protocol_policy":"redirect-to-https"}],"default_root_object":"index.html","domain_name":"d3n9iqvbhzuqoh.cloudfront.net","enabled":true,"etag":"E25KJTJF614CU2","hosted_zone_id":"Z2FDTNDATAQYW2","http_version":"http2","id":"E263E8AHYXLO8L","in_progress_validation_batches":0,"is_ipv6_enabled":true,"last_modified_time":"2024-06-01 07:17:06.631 +0000 UTC","logging_config":[],"ordered_cache_behavior":[{"allowed_methods":["GET","HEAD","OPTIONS"],"cache_policy_id":"4135ea2d-6df8-44a3-9df3-4b5a84be39ad","cached_methods":["GET","HEAD","OPTIONS"],"compress":true,"default_ttl":0,"field_level_encryption_id":"","forwarded_values":[],"function_association":[],"lambda_function_association":[],"max_ttl":0,"min_ttl":0,"origin_request_policy_id":"3908a424-7b48-4b76-8830-6fc572388376","path_pattern":"/resource/rqzj-sfat.json","realtime_log_config_arn":"","response_headers_policy_id":"5cc3b908-e619-4b99-88e5-2cf7f45965bd","smooth_streaming":false,"target_origin_id":"data.sfgov.org","trusted_key_groups":[],"trusted_signers":[],"viewer_protocol_policy":"https-only"}],"origin":[{"connection_attempts":3,"connection_timeout":10,"custom_header":[{"name":"X-App-Token","value":"***"}],"custom_origin_config":[{"http_port":80,"https_port":443,"origin_keepalive_timeout":5,"origin_protocol_policy":"https-only","origin_read_timeout":30,"origin_ssl_protocols":["TLSv1.2"]}],"domain_name":"data.sfgov.org","origin_access_control_id":"","origin_id":"data.sfgov.org","origin_path":"","origin_shield":[],"s3_origin_config":[]},{"connection_attempts":3,"connection_timeout":10,"custom_header":[],"custom_origin_config":[],"domain_name":"geofoodtruck-app-bucket.s3.us-east-1.amazonaws.com","origin_access_control_id":"EOBBYJPMYN9AX","origin_id":"geofoodtruck-app-bucket.s3.us-east-1.amazonaws.com","origin_path":"","origin_shield":[],"s3_origin_config":[]}],"origin_group":[],"price_class":"PriceClass_All","restrictions":[{"geo_restriction":[{"locations":[],"restriction_type":"none"}]}],"retain_on_delete":false,"staging":false,"status":"Deployed","tags":{},"tags_all":{},"trusted_key_groups":[{"enabled":false,"items":[]}],"trusted_signers":[{"enabled":false,"items":[]}],"viewer_certificate":[{"acm_certificate_arn":"","cloudfront_default_certificate":true,"iam_certificate_id":"","minimum_protocol_version":"TLSv1","ssl_support_method":""}],"wait_for_deployment":true,"web_acl_id":"arn:aws:wafv2:us-east-1:***:global/webacl/GeoFoodTruckWebACL/37f7809b-ea93-46f1-9d10-4050e2957f36"},"sensitive_values":{"aliases":[],"custom_error_response":[],"default_cache_behavior":[{"allowed_methods":[false,false],"cached_methods":[false,false],"forwarded_values":[],"function_association":[],"lambda_function_association":[],"trusted_key_groups":[],"trusted_signers":[]}],"logging_config":[],"ordered_cache_behavior":[{"allowed_methods":[false,false,false],"cached_methods":[false,false,false],"forwarded_values":[],"function_association":[],"lambda_function_association":[],"trusted_key_groups":[],"trusted_signers":[]}],"origin":true,"origin_group":[],"restrictions":[{"geo_restriction":[{"locations":[]}]}],"tags":{},"tags_all":{},"trusted_key_groups":[{"items":[]}],"trusted_signers":[{"items":[]}],"viewer_certificate":[{}]},"depends_on":["aws_cloudfront_origin_access_control.geofoodtruck_origin_access_control","aws_cloudfront_origin_request_policy.sfgov_geofoodtruck_cloudfront_origin_request_policy","aws_cloudfront_response_headers_policy.geofoodtruck_cloudfront_response_header_policy","aws_s3_bucket.geofoodtruck_app_bucket","aws_wafv2_web_acl.geofoodtruck_waf_web_acl","data.aws_cloudfront_cache_policy.geofoodtruck_cloudfront_cache_policy","data.aws_cloudfront_cache_policy.sfgov_geofoodtruck_cloudfront_cache_policy","data.aws_cloudfront_origin_request_policy.geofoodtruck_cloudfront_origin_request_policy","data.aws_cloudfront_response_headers_policy.sfgov_geofoodtruck_cloudfront_response_header_policy","data.aws_ssm_parameter.sfgov_geofoodtruck_aws_ssm_parameter"]},{"address":"aws_cloudfront_origin_access_control.geofoodtruck_origin_access_control","mode":"managed","type":"aws_cloudfront_origin_access_control","name":"geofoodtruck_origin_access_control","provider_name":"registry.terraform.io/hashicorp/aws","schema_version":0,"values":{"description":"Origin Access Control for GeoFoodTruck app","etag":"ETVPDKIKX0DER","id":"EOBBYJPMYN9AX","name":"geofoodtruck-app-oac","origin_access_control_origin_type":"s3","signing_behavior":"always","signing_protocol":"sigv4"},"sensitive_values":{}},{"address":"aws_cloudfront_origin_request_policy.sfgov_geofoodtruck_cloudfront_origin_request_policy","mode":"managed","type":"aws_cloudfront_origin_request_policy","name":"sfgov_geofoodtruck_cloudfront_origin_request_policy","provider_name":"registry.terraform.io/hashicorp/aws","schema_version":0,"values":{"comment":"Custom CORS Origin Request Policy for SFGov Data API","cookies_config":[{"cookie_behavior":"none","cookies":[]}],"etag":"E23ZP02F085DFQ","headers_config":[{"header_behavior":"whitelist","headers":[{"items":["origin"]}]}],"id":"3908a424-7b48-4b76-8830-6fc572388376","name":"Custom-DataSFGov-CORS-Origin","query_strings_config":[{"query_string_behavior":"all","query_strings":[]}]},"sensitive_values":{"cookies_config":[{"cookies":[]}],"headers_config":[{"headers":[{"items":[false]}]}],"query_strings_config":[{"query_strings":[]}]}},{"address":"aws_cloudfront_response_headers_policy.geofoodtruck_cloudfront_response_header_policy","mode":"managed","type":"aws_cloudfront_response_headers_policy","name":"geofoodtruck_cloudfront_response_header_policy","provider_name":"registry.terraform.io/hashicorp/aws","schema_version":0,"values":{"comment":"Custom CORS with Preflight Response Policy for GeoFoodTruck","cors_config":[{"access_control_allow_credentials":false,"access_control_allow_headers":[{"items":["*"]}],"access_control_allow_methods":[{"items":["DELETE","GET","HEAD","OPTIONS","PATCH","POST","PUT"]}],"access_control_allow_origins":[{"items":["*"]}],"access_control_expose_headers":[{"items":["*"]}],"access_control_max_age_sec":0,"origin_override":false}],"custom_headers_config":[],"etag":"E2EUQ1WTGCTBG2","id":"6ae32cb9-4d76-4741-8724-55e74a6500ac","name":"Custom-GeoFoodTruck-CORS-With-Preflight","remove_headers_config":[{"items":[{"header":"Server"},{"header":"X-Amz-Server-Side-Encryption"},{"header":"X-Amz-Server-Side-Encryption-Aws-Kms-Key-Id"}]}],"security_headers_config":[{"content_security_policy":[],"content_type_options":[],"frame_options":[],"referrer_policy":[],"strict_transport_security":[{"access_control_max_age_sec":31536000,"include_subdomains":false,"override":true,"preload":false}],"xss_protection":[]}],"server_timing_headers_config":[]},"sensitive_values":{"cors_config":[{"access_control_allow_headers":[{"items":[false]}],"access_control_allow_methods":[{"items":[false,false,false,false,false,false,false]}],"access_control_allow_origins":[{"items":[false]}],"access_control_expose_headers":[{"items":[false]}]}],"custom_headers_config":[],"remove_headers_config":[{"items":[{},{},{}]}],"security_headers_config":[{"content_security_policy":[],"content_type_options":[],"frame_options":[],"referrer_policy":[],"strict_transport_security":[{}],"xss_protection":[]}],"server_timing_headers_config":[]}},{"address":"aws_iam_role.aws_iam_role_geofoodtruck_kms_admin_role","mode":"managed","type":"aws_iam_role","name":"aws_iam_role_geofoodtruck_kms_admin_role","provider_name":"registry.terraform.io/hashicorp/aws","schema_version":0,"values":{"arn":"arn:aws:iam::***:role/GeoFoodTruckKmsAdmin","assume_role_policy":"{\"Statement\":[{\"Action\":\"sts:AssumeRole\",\"Effect\":\"Allow\",\"Principal\":{\"AWS\":\"***\"}}],\"Version\":\"2012-10-17\"}","create_date":"2024-05-21T10:43:30Z","description":"","force_detach_policies":false,"id":"GeoFoodTruckKmsAdmin","inline_policy":[],"managed_policy_arns":["arn:aws:iam::aws:policy/AWSKeyManagementServicePowerUser"],"max_session_duration":3600,"name":"GeoFoodTruckKmsAdmin","name_prefix":"","path":"/","permissions_boundary":"","tags":{},"tags_all":{},"unique_id":"AROA5DIMDXMR6ITLNBKXN"},"sensitive_values":{"assume_role_policy":true,"inline_policy":[],"managed_policy_arns":[false],"tags":{},"tags_all":{}},"depends_on":["data.aws_iam_policy.aws_key_management_service_power_user"]},{"address":"aws_kms_key.geofoodtruck_kms_key","mode":"managed","type":"aws_kms_key","name":"geofoodtruck_kms_key","provider_name":"registry.terraform.io/hashicorp/aws","schema_version":0,"values":{"arn":"arn:aws:kms:us-east-1:***:key/6c1ead8a-5e71-4e33-ae37-010dbcd3c063","bypass_policy_lockout_safety_check":false,"custom_key_store_id":"","customer_master_key_spec":"SYMMETRIC_DEFAULT","deletion_window_in_days":null,"description":"KMS key for GeoFoodTruck","enable_key_rotation":true,"id":"6c1ead8a-5e71-4e33-ae37-010dbcd3c063","is_enabled":true,"key_id":"6c1ead8a-5e71-4e33-ae37-010dbcd3c063","key_usage":"ENCRYPT_DECRYPT","multi_region":false,"policy":"{\"Statement\":[{\"Action\":\"kms:*\",\"Effect\":\"Allow\",\"Principal\":{\"AWS\":[\"arn:aws:iam::***:role/GeoFoodTruckKmsAdmin\",\"arn:aws:iam::***:root\"]},\"Resource\":\"*\",\"Sid\":\"Enable IAM User Permissions\"},{\"Action\":[\"kms:Encrypt\",\"kms:Decrypt\"],\"Effect\":\"Allow\",\"Principal\":{\"Service\":\"cloudfront.amazonaws.com\"},\"Resource\":\"*\"}],\"Version\":\"2012-10-17\"}","rotation_period_in_days":180,"tags":{"Name":"geofoodtruck-kms-key"},"tags_all":{"Name":"geofoodtruck-kms-key"},"timeouts":null,"xks_key_id":""},"sensitive_values":{"policy":true,"tags":{},"tags_all":{}},"depends_on":["aws_iam_role.aws_iam_role_geofoodtruck_kms_admin_role","data.aws_iam_policy.aws_key_management_service_power_user"]},{"address":"aws_s3_bucket.geofoodtruck_app_bucket","mode":"managed","type":"aws_s3_bucket","name":"geofoodtruck_app_bucket","provider_name":"registry.terraform.io/hashicorp/aws","schema_version":0,"values":{"acceleration_status":"","acl":null,"arn":"arn:aws:s3:::geofoodtruck-app-bucket","bucket":"geofoodtruck-app-bucket","bucket_domain_name":"geofoodtruck-app-bucket.s3.amazonaws.com","bucket_prefix":"","bucket_regional_domain_name":"geofoodtruck-app-bucket.s3.us-east-1.amazonaws.com","cors_rule":[],"force_destroy":false,"grant":[{"id":"38a6d1dcf9481cb7b268cb327c83bc600980dda287ac43350ed03e2883f2282e","permissions":["FULL_CONTROL"],"type":"CanonicalUser","uri":""}],"hosted_zone_id":"Z3AQBSTGFYJSTF","id":"geofoodtruck-app-bucket","lifecycle_rule":[],"logging":[],"object_lock_configuration":[],"object_lock_enabled":false,"policy":"{\"Statement\":[{\"Action\":\"s3:GetObject\",\"Condition\":{\"StringEquals\":{\"AWS:SourceArn\":\"arn:aws:cloudfront::***:distribution/E263E8AHYXLO8L\"}},\"Effect\":\"Allow\",\"Principal\":{\"Service\":\"cloudfront.amazonaws.com\"},\"Resource\":\"arn:aws:s3:::geofoodtruck-app-bucket/*\"}],\"Version\":\"2012-10-17\"}","region":"us-east-1","replication_configuration":[],"request_payer":"BucketOwner","server_side_encryption_configuration":[{"rule":[{"apply_server_side_encryption_by_default":[{"kms_master_key_id":"arn:aws:kms:us-east-1:***:key/6c1ead8a-5e71-4e33-ae37-010dbcd3c063","sse_algorithm":"aws:kms"}],"bucket_key_enabled":false}]}],"tags":{},"tags_all":{},"timeouts":null,"versioning":[{"enabled":false,"mfa_delete":false}],"website":[],"website_domain":null,"website_endpoint":null},"sensitive_values":{"cors_rule":[],"grant":[{"permissions":[false]}],"lifecycle_rule":[],"logging":[],"object_lock_configuration":[],"replication_configuration":[],"server_side_encryption_configuration":[{"rule":[{"apply_server_side_encryption_by_default":[{}]}]}],"tags":{},"tags_all":{},"versioning":[{}],"website":[]}},{"address":"aws_s3_bucket_policy.geofoodtruck_app_bucket_policy","mode":"managed","type":"aws_s3_bucket_policy","name":"geofoodtruck_app_bucket_policy","provider_name":"registry.terraform.io/hashicorp/aws","schema_version":0,"values":{"bucket":"geofoodtruck-app-bucket","id":"geofoodtruck-app-bucket","policy":"{\"Statement\":[{\"Action\":[\"s3:GetObject\"],\"Condition\":{\"StringEquals\":{\"AWS:SourceArn\":\"arn:aws:cloudfront::***:distribution/E263E8AHYXLO8L\"}},\"Effect\":\"Allow\",\"Principal\":{\"Service\":\"cloudfront.amazonaws.com\"},\"Resource\":[\"arn:aws:s3:::geofoodtruck-app-bucket/*\"]}],\"Version\":\"2012-10-17\"}"},"sensitive_values":{},"depends_on":["aws_cloudfront_distribution.geofoodtruck_app_distribution","aws_cloudfront_origin_access_control.geofoodtruck_origin_access_control","aws_cloudfront_origin_request_policy.sfgov_geofoodtruck_cloudfront_origin_request_policy","aws_cloudfront_response_headers_policy.geofoodtruck_cloudfront_response_header_policy","aws_s3_bucket.geofoodtruck_app_bucket","aws_wafv2_web_acl.geofoodtruck_waf_web_acl","data.aws_cloudfront_cache_policy.geofoodtruck_cloudfront_cache_policy","data.aws_cloudfront_cache_policy.sfgov_geofoodtruck_cloudfront_cache_policy","data.aws_cloudfront_origin_request_policy.geofoodtruck_cloudfront_origin_request_policy","data.aws_cloudfront_response_headers_policy.sfgov_geofoodtruck_cloudfront_response_header_policy","data.aws_ssm_parameter.sfgov_geofoodtruck_aws_ssm_parameter"]},{"address":"aws_s3_bucket_public_access_block.geofoodtruck_s3_bucket_public_access_block","mode":"managed","type":"aws_s3_bucket_public_access_block","name":"geofoodtruck_s3_bucket_public_access_block","provider_name":"registry.terraform.io/hashicorp/aws","schema_version":0,"values":{"block_public_acls":true,"block_public_policy":true,"bucket":"geofoodtruck-app-bucket","id":"geofoodtruck-app-bucket","ignore_public_acls":true,"restrict_public_buckets":true},"sensitive_values":{},"depends_on":["aws_s3_bucket.geofoodtruck_app_bucket"]},{"address":"aws_s3_bucket_server_side_encryption_configuration.geofoodtruck_s3_bucket_server_side_encryption_configuration","mode":"managed","type":"aws_s3_bucket_server_side_encryption_configuration","name":"geofoodtruck_s3_bucket_server_side_encryption_configuration","provider_name":"registry.terraform.io/hashicorp/aws","schema_version":0,"values":{"bucket":"geofoodtruck-app-bucket","expected_bucket_owner":"","id":"geofoodtruck-app-bucket","rule":[{"apply_server_side_encryption_by_default":[{"kms_master_key_id":"arn:aws:kms:us-east-1:***:key/6c1ead8a-5e71-4e33-ae37-010dbcd3c063","sse_algorithm":"aws:kms"}],"bucket_key_enabled":false}]},"sensitive_values":{"rule":[{"apply_server_side_encryption_by_default":[{}]}]},"depends_on":["aws_iam_role.aws_iam_role_geofoodtruck_kms_admin_role","aws_kms_key.geofoodtruck_kms_key","aws_s3_bucket.geofoodtruck_app_bucket","data.aws_iam_policy.aws_key_management_service_power_user"]},{"address":"aws_s3_object.app_files[\"asset-manifest.json\"]","mode":"managed","type":"aws_s3_object","name":"app_files","index":"asset-manifest.json","provider_name":"registry.terraform.io/hashicorp/aws","schema_version":0,"values":{"acl":null,"arn":"arn:aws:s3:::geofoodtruck-app-bucket/asset-manifest.json","bucket":"geofoodtruck-app-bucket","bucket_key_enabled":false,"cache_control":"","checksum_algorithm":null,"checksum_crc32":"","checksum_crc32c":"","checksum_sha1":"","checksum_sha256":"","content":null,"content_base64":null,"content_disposition":"","content_encoding":"","content_language":"","content_type":"application/json","etag":"c9f5bdb229d476ed99cc7c389a2891ad","force_destroy":false,"id":"asset-manifest.json","key":"asset-manifest.json","kms_key_id":"arn:aws:kms:us-east-1:***:key/6c1ead8a-5e71-4e33-ae37-010dbcd3c063","metadata":{},"object_lock_legal_hold_status":"","object_lock_mode":"","object_lock_retain_until_date":"","override_provider":[],"server_side_encryption":"aws:kms","source":"../build/asset-manifest.json","source_hash":null,"storage_class":"STANDARD","tags":{},"tags_all":{},"version_id":"","website_redirect":""},"sensitive_values":{"metadata":{},"override_provider":[],"tags":{},"tags_all":{}},"depends_on":["aws_cloudfront_distribution.geofoodtruck_app_distribution","aws_cloudfront_origin_access_control.geofoodtruck_origin_access_control","aws_cloudfront_origin_request_policy.sfgov_geofoodtruck_cloudfront_origin_request_policy","aws_cloudfront_response_headers_policy.geofoodtruck_cloudfront_response_header_policy","aws_s3_bucket.geofoodtruck_app_bucket","aws_wafv2_web_acl.geofoodtruck_waf_web_acl","data.aws_cloudfront_cache_policy.geofoodtruck_cloudfront_cache_policy","data.aws_cloudfront_cache_policy.sfgov_geofoodtruck_cloudfront_cache_policy","data.aws_cloudfront_origin_request_policy.geofoodtruck_cloudfront_origin_request_policy","data.aws_cloudfront_response_headers_policy.sfgov_geofoodtruck_cloudfront_response_header_policy","data.aws_ssm_parameter.sfgov_geofoodtruck_aws_ssm_parameter"]},{"address":"aws_s3_object.app_files[\"favicon.ico\"]","mode":"managed","type":"aws_s3_object","name":"app_files","index":"favicon.ico","provider_name":"registry.terraform.io/hashicorp/aws","schema_version":0,"values":{"acl":null,"arn":"arn:aws:s3:::geofoodtruck-app-bucket/favicon.ico","bucket":"geofoodtruck-app-bucket","bucket_key_enabled":false,"cache_control":"","checksum_algorithm":null,"checksum_crc32":"","checksum_crc32c":"","checksum_sha1":"","checksum_sha256":"","content":null,"content_base64":null,"content_disposition":"","content_encoding":"","content_language":"","content_type":"image/x-icon","etag":"af4991e77e45a96dd5c7a24993486266","force_destroy":false,"id":"favicon.ico","key":"favicon.ico","kms_key_id":"arn:aws:kms:us-east-1:***:key/6c1ead8a-5e71-4e33-ae37-010dbcd3c063","metadata":{},"object_lock_legal_hold_status":"","object_lock_mode":"","object_lock_retain_until_date":"","override_provider":[],"server_side_encryption":"aws:kms","source":"../build/favicon.ico","source_hash":null,"storage_class":"STANDARD","tags":{},"tags_all":{},"version_id":"","website_redirect":""},"sensitive_values":{"metadata":{},"override_provider":[],"tags":{},"tags_all":{}},"depends_on":["aws_cloudfront_distribution.geofoodtruck_app_distribution","aws_cloudfront_origin_access_control.geofoodtruck_origin_access_control","aws_cloudfront_origin_request_policy.sfgov_geofoodtruck_cloudfront_origin_request_policy","aws_cloudfront_response_headers_policy.geofoodtruck_cloudfront_response_header_policy","aws_s3_bucket.geofoodtruck_app_bucket","aws_wafv2_web_acl.geofoodtruck_waf_web_acl","data.aws_cloudfront_cache_policy.geofoodtruck_cloudfront_cache_policy","data.aws_cloudfront_cache_policy.sfgov_geofoodtruck_cloudfront_cache_policy","data.aws_cloudfront_origin_request_policy.geofoodtruck_cloudfront_origin_request_policy","data.aws_cloudfront_response_headers_policy.sfgov_geofoodtruck_cloudfront_response_header_policy","data.aws_ssm_parameter.sfgov_geofoodtruck_aws_ssm_parameter"]},{"address":"aws_s3_object.app_files[\"index.html\"]","mode":"managed","type":"aws_s3_object","name":"app_files","index":"index.html","provider_name":"registry.terraform.io/hashicorp/aws","schema_version":0,"values":{"acl":null,"arn":"arn:aws:s3:::geofoodtruck-app-bucket/index.html","bucket":"geofoodtruck-app-bucket","bucket_key_enabled":false,"cache_control":"","checksum_algorithm":null,"checksum_crc32":"","checksum_crc32c":"","checksum_sha1":"","checksum_sha256":"","content":null,"content_base64":null,"content_disposition":"","content_encoding":"","content_language":"","content_type":"text/html","etag":"4dc71cfd4dc8fd6c8d219bfe73ecca89","force_destroy":false,"id":"index.html","key":"index.html","kms_key_id":"arn:aws:kms:us-east-1:***:key/6c1ead8a-5e71-4e33-ae37-010dbcd3c063","metadata":{},"object_lock_legal_hold_status":"","object_lock_mode":"","object_lock_retain_until_date":"","override_provider":[],"server_side_encryption":"aws:kms","source":"../build/index.html","source_hash":null,"storage_class":"STANDARD","tags":{},"tags_all":{},"version_id":"","website_redirect":""},"sensitive_values":{"metadata":{},"override_provider":[],"tags":{},"tags_all":{}},"depends_on":["aws_cloudfront_distribution.geofoodtruck_app_distribution","aws_cloudfront_origin_access_control.geofoodtruck_origin_access_control","aws_cloudfront_origin_request_policy.sfgov_geofoodtruck_cloudfront_origin_request_policy","aws_cloudfront_response_headers_policy.geofoodtruck_cloudfront_response_header_policy","aws_s3_bucket.geofoodtruck_app_bucket","aws_wafv2_web_acl.geofoodtruck_waf_web_acl","data.aws_cloudfront_cache_policy.geofoodtruck_cloudfront_cache_policy","data.aws_cloudfront_cache_policy.sfgov_geofoodtruck_cloudfront_cache_policy","data.aws_cloudfront_origin_request_policy.geofoodtruck_cloudfront_origin_request_policy","data.aws_cloudfront_response_headers_policy.sfgov_geofoodtruck_cloudfront_response_header_policy","data.aws_ssm_parameter.sfgov_geofoodtruck_aws_ssm_parameter"]},{"address":"aws_s3_object.app_files[\"logo192.png\"]","mode":"managed","type":"aws_s3_object","name":"app_files","index":"logo192.png","provider_name":"registry.terraform.io/hashicorp/aws","schema_version":0,"values":{"acl":null,"arn":"arn:aws:s3:::geofoodtruck-app-bucket/logo192.png","bucket":"geofoodtruck-app-bucket","bucket_key_enabled":false,"cache_control":"","checksum_algorithm":null,"checksum_crc32":"","checksum_crc32c":"","checksum_sha1":"","checksum_sha256":"","content":null,"content_base64":null,"content_disposition":"","content_encoding":"","content_language":"","content_type":"image/png","etag":"e82ae8c53e0ddf8815d50005e19535d3","force_destroy":false,"id":"logo192.png","key":"logo192.png","kms_key_id":"arn:aws:kms:us-east-1:***:key/6c1ead8a-5e71-4e33-ae37-010dbcd3c063","metadata":{},"object_lock_legal_hold_status":"","object_lock_mode":"","object_lock_retain_until_date":"","override_provider":[],"server_side_encryption":"aws:kms","source":"../build/logo192.png","source_hash":null,"storage_class":"STANDARD","tags":{},"tags_all":{},"version_id":"","website_redirect":""},"sensitive_values":{"metadata":{},"override_provider":[],"tags":{},"tags_all":{}},"depends_on":["aws_cloudfront_distribution.geofoodtruck_app_distribution","aws_cloudfront_origin_access_control.geofoodtruck_origin_access_control","aws_cloudfront_origin_request_policy.sfgov_geofoodtruck_cloudfront_origin_request_policy","aws_cloudfront_response_headers_policy.geofoodtruck_cloudfront_response_header_policy","aws_s3_bucket.geofoodtruck_app_bucket","aws_wafv2_web_acl.geofoodtruck_waf_web_acl","data.aws_cloudfront_cache_policy.geofoodtruck_cloudfront_cache_policy","data.aws_cloudfront_cache_policy.sfgov_geofoodtruck_cloudfront_cache_policy","data.aws_cloudfront_origin_request_policy.geofoodtruck_cloudfront_origin_request_policy","data.aws_cloudfront_response_headers_policy.sfgov_geofoodtruck_cloudfront_response_header_policy","data.aws_ssm_parameter.sfgov_geofoodtruck_aws_ssm_parameter"]},{"address":"aws_s3_object.app_files[\"logo512.png\"]","mode":"managed","type":"aws_s3_object","name":"app_files","index":"logo512.png","provider_name":"registry.terraform.io/hashicorp/aws","schema_version":0,"values":{"acl":null,"arn":"arn:aws:s3:::geofoodtruck-app-bucket/logo512.png","bucket":"geofoodtruck-app-bucket","bucket_key_enabled":false,"cache_control":"","checksum_algorithm":null,"checksum_crc32":"","checksum_crc32c":"","checksum_sha1":"","checksum_sha256":"","content":null,"content_base64":null,"content_disposition":"","content_encoding":"","content_language":"","content_type":"image/png","etag":"f6dcb47a8be55c21be7b15787fc377e0","force_destroy":false,"id":"logo512.png","key":"logo512.png","kms_key_id":"arn:aws:kms:us-east-1:***:key/6c1ead8a-5e71-4e33-ae37-010dbcd3c063","metadata":{},"object_lock_legal_hold_status":"","object_lock_mode":"","object_lock_retain_until_date":"","override_provider":[],"server_side_encryption":"aws:kms","source":"../build/logo512.png","source_hash":null,"storage_class":"STANDARD","tags":{},"tags_all":{},"version_id":"","website_redirect":""},"sensitive_values":{"metadata":{},"override_provider":[],"tags":{},"tags_all":{}},"depends_on":["aws_cloudfront_distribution.geofoodtruck_app_distribution","aws_cloudfront_origin_access_control.geofoodtruck_origin_access_control","aws_cloudfront_origin_request_policy.sfgov_geofoodtruck_cloudfront_origin_request_policy","aws_cloudfront_response_headers_policy.geofoodtruck_cloudfront_response_header_policy","aws_s3_bucket.geofoodtruck_app_bucket","aws_wafv2_web_acl.geofoodtruck_waf_web_acl","data.aws_cloudfront_cache_policy.geofoodtruck_cloudfront_cache_policy","data.aws_cloudfront_cache_policy.sfgov_geofoodtruck_cloudfront_cache_policy","data.aws_cloudfront_origin_request_policy.geofoodtruck_cloudfront_origin_request_policy","data.aws_cloudfront_response_headers_policy.sfgov_geofoodtruck_cloudfront_response_header_policy","data.aws_ssm_parameter.sfgov_geofoodtruck_aws_ssm_parameter"]},{"address":"aws_s3_object.app_files[\"manifest.json\"]","mode":"managed","type":"aws_s3_object","name":"app_files","index":"manifest.json","provider_name":"registry.terraform.io/hashicorp/aws","schema_version":0,"values":{"acl":null,"arn":"arn:aws:s3:::geofoodtruck-app-bucket/manifest.json","bucket":"geofoodtruck-app-bucket","bucket_key_enabled":false,"cache_control":"","checksum_algorithm":null,"checksum_crc32":"","checksum_crc32c":"","checksum_sha1":"","checksum_sha256":"","content":null,"content_base64":null,"content_disposition":"","content_encoding":"","content_language":"","content_type":"application/json","etag":"83e25d31e24659c9be73e6ee5fb7d319","force_destroy":false,"id":"manifest.json","key":"manifest.json","kms_key_id":"arn:aws:kms:us-east-1:***:key/6c1ead8a-5e71-4e33-ae37-010dbcd3c063","metadata":{},"object_lock_legal_hold_status":"","object_lock_mode":"","object_lock_retain_until_date":"","override_provider":[],"server_side_encryption":"aws:kms","source":"../build/manifest.json","source_hash":null,"storage_class":"STANDARD","tags":{},"tags_all":{},"version_id":"","website_redirect":""},"sensitive_values":{"metadata":{},"override_provider":[],"tags":{},"tags_all":{}},"depends_on":["aws_cloudfront_distribution.geofoodtruck_app_distribution","aws_cloudfront_origin_access_control.geofoodtruck_origin_access_control","aws_cloudfront_origin_request_policy.sfgov_geofoodtruck_cloudfront_origin_request_policy","aws_cloudfront_response_headers_policy.geofoodtruck_cloudfront_response_header_policy","aws_s3_bucket.geofoodtruck_app_bucket","aws_wafv2_web_acl.geofoodtruck_waf_web_acl","data.aws_cloudfront_cache_policy.geofoodtruck_cloudfront_cache_policy","data.aws_cloudfront_cache_policy.sfgov_geofoodtruck_cloudfront_cache_policy","data.aws_cloudfront_origin_request_policy.geofoodtruck_cloudfront_origin_request_policy","data.aws_cloudfront_response_headers_policy.sfgov_geofoodtruck_cloudfront_response_header_policy","data.aws_ssm_parameter.sfgov_geofoodtruck_aws_ssm_parameter"]},{"address":"aws_s3_object.app_files[\"robots.txt\"]","mode":"managed","type":"aws_s3_object","name":"app_files","index":"robots.txt","provider_name":"registry.terraform.io/hashicorp/aws","schema_version":0,"values":{"acl":null,"arn":"arn:aws:s3:::geofoodtruck-app-bucket/robots.txt","bucket":"geofoodtruck-app-bucket","bucket_key_enabled":false,"cache_control":"","checksum_algorithm":null,"checksum_crc32":"","checksum_crc32c":"","checksum_sha1":"","checksum_sha256":"","content":null,"content_base64":null,"content_disposition":"","content_encoding":"","content_language":"","content_type":"text/plain","etag":"d778d3bc7b9a644bbf02cc5523f23c6b","force_destroy":false,"id":"robots.txt","key":"robots.txt","kms_key_id":"arn:aws:kms:us-east-1:***:key/6c1ead8a-5e71-4e33-ae37-010dbcd3c063","metadata":{},"object_lock_legal_hold_status":"","object_lock_mode":"","object_lock_retain_until_date":"","override_provider":[],"server_side_encryption":"aws:kms","source":"../build/robots.txt","source_hash":null,"storage_class":"STANDARD","tags":{},"tags_all":{},"version_id":"","website_redirect":""},"sensitive_values":{"metadata":{},"override_provider":[],"tags":{},"tags_all":{}},"depends_on":["aws_cloudfront_distribution.geofoodtruck_app_distribution","aws_cloudfront_origin_access_control.geofoodtruck_origin_access_control","aws_cloudfront_origin_request_policy.sfgov_geofoodtruck_cloudfront_origin_request_policy","aws_cloudfront_response_headers_policy.geofoodtruck_cloudfront_response_header_policy","aws_s3_bucket.geofoodtruck_app_bucket","aws_wafv2_web_acl.geofoodtruck_waf_web_acl","data.aws_cloudfront_cache_policy.geofoodtruck_cloudfront_cache_policy","data.aws_cloudfront_cache_policy.sfgov_geofoodtruck_cloudfront_cache_policy","data.aws_cloudfront_origin_request_policy.geofoodtruck_cloudfront_origin_request_policy","data.aws_cloudfront_response_headers_policy.sfgov_geofoodtruck_cloudfront_response_header_policy","data.aws_ssm_parameter.sfgov_geofoodtruck_aws_ssm_parameter"]},{"address":"aws_s3_object.app_files[\"static/css/main.414097bf.css\"]","mode":"managed","type":"aws_s3_object","name":"app_files","index":"static/css/main.414097bf.css","provider_name":"registry.terraform.io/hashicorp/aws","schema_version":0,"values":{"acl":null,"arn":"arn:aws:s3:::geofoodtruck-app-bucket/static/css/main.414097bf.css","bucket":"geofoodtruck-app-bucket","bucket_key_enabled":false,"cache_control":"","checksum_algorithm":null,"checksum_crc32":"","checksum_crc32c":"","checksum_sha1":"","checksum_sha256":"","content":null,"content_base64":null,"content_disposition":"","content_encoding":"","content_language":"","content_type":"text/css","etag":"bbc9d6a8032719b871d6fc863eb57970","force_destroy":false,"id":"static/css/main.414097bf.css","key":"static/css/main.414097bf.css","kms_key_id":"arn:aws:kms:us-east-1:***:key/6c1ead8a-5e71-4e33-ae37-010dbcd3c063","metadata":{},"object_lock_legal_hold_status":"","object_lock_mode":"","object_lock_retain_until_date":"","override_provider":[],"server_side_encryption":"aws:kms","source":"../build/static/css/main.414097bf.css","source_hash":null,"storage_class":"STANDARD","tags":{},"tags_all":{},"version_id":"","website_redirect":""},"sensitive_values":{"metadata":{},"override_provider":[],"tags":{},"tags_all":{}},"depends_on":["aws_cloudfront_distribution.geofoodtruck_app_distribution","aws_cloudfront_origin_access_control.geofoodtruck_origin_access_control","aws_cloudfront_origin_request_policy.sfgov_geofoodtruck_cloudfront_origin_request_policy","aws_cloudfront_response_headers_policy.geofoodtruck_cloudfront_response_header_policy","aws_s3_bucket.geofoodtruck_app_bucket","aws_wafv2_web_acl.geofoodtruck_waf_web_acl","data.aws_cloudfront_cache_policy.geofoodtruck_cloudfront_cache_policy","data.aws_cloudfront_cache_policy.sfgov_geofoodtruck_cloudfront_cache_policy","data.aws_cloudfront_origin_request_policy.geofoodtruck_cloudfront_origin_request_policy","data.aws_cloudfront_response_headers_policy.sfgov_geofoodtruck_cloudfront_response_header_policy","data.aws_ssm_parameter.sfgov_geofoodtruck_aws_ssm_parameter"]},{"address":"aws_s3_object.app_files[\"static/js/206.85c6594b.chunk.js\"]","mode":"managed","type":"aws_s3_object","name":"app_files","index":"static/js/206.85c6594b.chunk.js","provider_name":"registry.terraform.io/hashicorp/aws","schema_version":0,"values":{"acl":null,"arn":"arn:aws:s3:::geofoodtruck-app-bucket/static/js/206.85c6594b.chunk.js","bucket":"geofoodtruck-app-bucket","bucket_key_enabled":false,"cache_control":"","checksum_algorithm":null,"checksum_crc32":"","checksum_crc32c":"","checksum_sha1":"","checksum_sha256":"","content":null,"content_base64":null,"content_disposition":"","content_encoding":"","content_language":"","content_type":"application/javascript","etag":"24c333a6a30f613520ac63106c2507dc","force_destroy":false,"id":"static/js/206.85c6594b.chunk.js","key":"static/js/206.85c6594b.chunk.js","kms_key_id":"arn:aws:kms:us-east-1:***:key/6c1ead8a-5e71-4e33-ae37-010dbcd3c063","metadata":{},"object_lock_legal_hold_status":"","object_lock_mode":"","object_lock_retain_until_date":"","override_provider":[],"server_side_encryption":"aws:kms","source":"../build/static/js/206.85c6594b.chunk.js","source_hash":null,"storage_class":"STANDARD","tags":{},"tags_all":{},"version_id":"","website_redirect":""},"sensitive_values":{"metadata":{},"override_provider":[],"tags":{},"tags_all":{}},"depends_on":["aws_cloudfront_distribution.geofoodtruck_app_distribution","aws_cloudfront_origin_access_control.geofoodtruck_origin_access_control","aws_cloudfront_origin_request_policy.sfgov_geofoodtruck_cloudfront_origin_request_policy","aws_cloudfront_response_headers_policy.geofoodtruck_cloudfront_response_header_policy","aws_s3_bucket.geofoodtruck_app_bucket","aws_wafv2_web_acl.geofoodtruck_waf_web_acl","data.aws_cloudfront_cache_policy.geofoodtruck_cloudfront_cache_policy","data.aws_cloudfront_cache_policy.sfgov_geofoodtruck_cloudfront_cache_policy","data.aws_cloudfront_origin_request_policy.geofoodtruck_cloudfront_origin_request_policy","data.aws_cloudfront_response_headers_policy.sfgov_geofoodtruck_cloudfront_response_header_policy","data.aws_ssm_parameter.sfgov_geofoodtruck_aws_ssm_parameter"]},{"address":"aws_s3_object.app_files[\"static/js/main.f3bf86e5.js\"]","mode":"managed","type":"aws_s3_object","name":"app_files","index":"static/js/main.f3bf86e5.js","provider_name":"registry.terraform.io/hashicorp/aws","schema_version":0,"values":{"acl":null,"arn":"arn:aws:s3:::geofoodtruck-app-bucket/static/js/main.f3bf86e5.js","bucket":"geofoodtruck-app-bucket","bucket_key_enabled":false,"cache_control":"","checksum_algorithm":null,"checksum_crc32":"","checksum_crc32c":"","checksum_sha1":"","checksum_sha256":"","content":null,"content_base64":null,"content_disposition":"","content_encoding":"","content_language":"","content_type":"application/javascript","etag":"10ed72b225093cd576b600303bc94c4f","force_destroy":false,"id":"static/js/main.f3bf86e5.js","key":"static/js/main.f3bf86e5.js","kms_key_id":"arn:aws:kms:us-east-1:***:key/6c1ead8a-5e71-4e33-ae37-010dbcd3c063","metadata":{},"object_lock_legal_hold_status":"","object_lock_mode":"","object_lock_retain_until_date":"","override_provider":[],"server_side_encryption":"aws:kms","source":"../build/static/js/main.f3bf86e5.js","source_hash":null,"storage_class":"STANDARD","tags":{},"tags_all":{},"version_id":"","website_redirect":""},"sensitive_values":{"metadata":{},"override_provider":[],"tags":{},"tags_all":{}},"depends_on":["aws_cloudfront_distribution.geofoodtruck_app_distribution","aws_cloudfront_origin_access_control.geofoodtruck_origin_access_control","aws_cloudfront_origin_request_policy.sfgov_geofoodtruck_cloudfront_origin_request_policy","aws_cloudfront_response_headers_policy.geofoodtruck_cloudfront_response_header_policy","aws_s3_bucket.geofoodtruck_app_bucket","aws_wafv2_web_acl.geofoodtruck_waf_web_acl","data.aws_cloudfront_cache_policy.geofoodtruck_cloudfront_cache_policy","data.aws_cloudfront_cache_policy.sfgov_geofoodtruck_cloudfront_cache_policy","data.aws_cloudfront_origin_request_policy.geofoodtruck_cloudfront_origin_request_policy","data.aws_cloudfront_response_headers_policy.sfgov_geofoodtruck_cloudfront_response_header_policy","data.aws_ssm_parameter.sfgov_geofoodtruck_aws_ssm_parameter"]},{"address":"aws_s3_object.app_files[\"static/js/main.f3bf86e5.js.LICENSE.txt\"]","mode":"managed","type":"aws_s3_object","name":"app_files","index":"static/js/main.f3bf86e5.js.LICENSE.txt","provider_name":"registry.terraform.io/hashicorp/aws","schema_version":0,"values":{"acl":null,"arn":"arn:aws:s3:::geofoodtruck-app-bucket/static/js/main.f3bf86e5.js.LICENSE.txt","bucket":"geofoodtruck-app-bucket","bucket_key_enabled":false,"cache_control":"","checksum_algorithm":null,"checksum_crc32":"","checksum_crc32c":"","checksum_sha1":"","checksum_sha256":"","content":null,"content_base64":null,"content_disposition":"","content_encoding":"","content_language":"","content_type":"text/plain","etag":"de595a2a3c33d3f26b2e7ad62ba382b4","force_destroy":false,"id":"static/js/main.f3bf86e5.js.LICENSE.txt","key":"static/js/main.f3bf86e5.js.LICENSE.txt","kms_key_id":"arn:aws:kms:us-east-1:***:key/6c1ead8a-5e71-4e33-ae37-010dbcd3c063","metadata":{},"object_lock_legal_hold_status":"","object_lock_mode":"","object_lock_retain_until_date":"","override_provider":[],"server_side_encryption":"aws:kms","source":"../build/static/js/main.f3bf86e5.js.LICENSE.txt","source_hash":null,"storage_class":"STANDARD","tags":{},"tags_all":{},"version_id":"","website_redirect":""},"sensitive_values":{"metadata":{},"override_provider":[],"tags":{},"tags_all":{}},"depends_on":["aws_cloudfront_distribution.geofoodtruck_app_distribution","aws_cloudfront_origin_access_control.geofoodtruck_origin_access_control","aws_cloudfront_origin_request_policy.sfgov_geofoodtruck_cloudfront_origin_request_policy","aws_cloudfront_response_headers_policy.geofoodtruck_cloudfront_response_header_policy","aws_s3_bucket.geofoodtruck_app_bucket","aws_wafv2_web_acl.geofoodtruck_waf_web_acl","data.aws_cloudfront_cache_policy.geofoodtruck_cloudfront_cache_policy","data.aws_cloudfront_cache_policy.sfgov_geofoodtruck_cloudfront_cache_policy","data.aws_cloudfront_origin_request_policy.geofoodtruck_cloudfront_origin_request_policy","data.aws_cloudfront_response_headers_policy.sfgov_geofoodtruck_cloudfront_response_header_policy","data.aws_ssm_parameter.sfgov_geofoodtruck_aws_ssm_parameter"]},{"address":"aws_s3_object.app_files[\"truck-solid.png\"]","mode":"managed","type":"aws_s3_object","name":"app_files","index":"truck-solid.png","provider_name":"registry.terraform.io/hashicorp/aws","schema_version":0,"values":{"acl":null,"arn":"arn:aws:s3:::geofoodtruck-app-bucket/truck-solid.png","bucket":"geofoodtruck-app-bucket","bucket_key_enabled":false,"cache_control":"","checksum_algorithm":null,"checksum_crc32":"","checksum_crc32c":"","checksum_sha1":"","checksum_sha256":"","content":null,"content_base64":null,"content_disposition":"","content_encoding":"","content_language":"","content_type":"image/png","etag":"8b420027390ab7680407cca943cb1e21","force_destroy":false,"id":"truck-solid.png","key":"truck-solid.png","kms_key_id":"arn:aws:kms:us-east-1:***:key/6c1ead8a-5e71-4e33-ae37-010dbcd3c063","metadata":{},"object_lock_legal_hold_status":"","object_lock_mode":"","object_lock_retain_until_date":"","override_provider":[],"server_side_encryption":"aws:kms","source":"../build/truck-solid.png","source_hash":null,"storage_class":"STANDARD","tags":{},"tags_all":{},"version_id":"","website_redirect":""},"sensitive_values":{"metadata":{},"override_provider":[],"tags":{},"tags_all":{}},"depends_on":["aws_cloudfront_distribution.geofoodtruck_app_distribution","aws_cloudfront_origin_access_control.geofoodtruck_origin_access_control","aws_cloudfront_origin_request_policy.sfgov_geofoodtruck_cloudfront_origin_request_policy","aws_cloudfront_response_headers_policy.geofoodtruck_cloudfront_response_header_policy","aws_s3_bucket.geofoodtruck_app_bucket","aws_wafv2_web_acl.geofoodtruck_waf_web_acl","data.aws_cloudfront_cache_policy.geofoodtruck_cloudfront_cache_policy","data.aws_cloudfront_cache_policy.sfgov_geofoodtruck_cloudfront_cache_policy","data.aws_cloudfront_origin_request_policy.geofoodtruck_cloudfront_origin_request_policy","data.aws_cloudfront_response_headers_policy.sfgov_geofoodtruck_cloudfront_response_header_policy","data.aws_ssm_parameter.sfgov_geofoodtruck_aws_ssm_parameter"]},{"address":"aws_wafv2_web_acl.geofoodtruck_waf_web_acl","mode":"managed","type":"aws_wafv2_web_acl","name":"geofoodtruck_waf_web_acl","provider_name":"registry.terraform.io/hashicorp/aws","schema_version":0,"values":{"application_integration_url":"","arn":"arn:aws:wafv2:us-east-1:***:global/webacl/GeoFoodTruckWebACL/37f7809b-ea93-46f1-9d10-4050e2957f36","association_config":[],"capacity":975,"captcha_config":[],"challenge_config":[],"custom_response_body":[],"default_action":[{"allow":[{"custom_request_handling":[]}],"block":[]}],"description":"Web ACL for GeoFoodTruck app","id":"37f7809b-ea93-46f1-9d10-4050e2957f36","lock_token":"70b7a424-37a7-4633-afa9-0ee95b25eef1","name":"GeoFoodTruckWebACL","rule":[{"action":[],"captcha_config":[],"name":"GeoFoodTruck-AWSManagedRulesAmazonIpReputationList","override_action":[{"count":[],"none":[{}]}],"priority":0,"rule_label":[],"statement":[{"and_statement":[],"byte_match_statement":[],"geo_match_statement":[],"ip_set_reference_statement":[],"label_match_statement":[],"managed_rule_group_statement":[{"managed_rule_group_configs":[],"name":"AWSManagedRulesAmazonIpReputationList","rule_action_override":[],"scope_down_statement":[],"vendor_name":"AWS","version":""}],"not_statement":[],"or_statement":[],"rate_based_statement":[],"regex_match_statement":[],"regex_pattern_set_reference_statement":[],"rule_group_reference_statement":[],"size_constraint_statement":[],"sqli_match_statement":[],"xss_match_statement":[]}],"visibility_config":[{"cloudwatch_metrics_enabled":true,"metric_name":"GeoFoodTruck-AWSManagedRulesAmazonIpReputationList","sampled_requests_enabled":true}]},{"action":[],"captcha_config":[],"name":"GeoFoodTruck-AWSManagedRulesBotControlRuleSet","override_action":[{"count":[],"none":[{}]}],"priority":3,"rule_label":[],"statement":[{"and_statement":[],"byte_match_statement":[],"geo_match_statement":[],"ip_set_reference_statement":[],"label_match_statement":[],"managed_rule_group_statement":[{"managed_rule_group_configs":[{"aws_managed_rules_acfp_rule_set":[],"aws_managed_rules_atp_rule_set":[],"aws_managed_rules_bot_control_rule_set":[{"inspection_level":"COMMON"}],"login_path":"","password_field":[],"payload_type":"","username_field":[]}],"name":"AWSManagedRulesBotControlRuleSet","rule_action_override":[{"action_to_use":[{"allow":[],"block":[],"captcha":[],"challenge":[],"count":[{"custom_request_handling":[]}]}],"name":"CategoryAdvertising"},{"action_to_use":[{"allow":[],"block":[],"captcha":[],"challenge":[],"count":[{"custom_request_handling":[]}]}],"name":"CategoryArchiver"},{"action_to_use":[{"allow":[],"block":[],"captcha":[],"challenge":[],"count":[{"custom_request_handling":[]}]}],"name":"CategoryContentFetcher"},{"action_to_use":[{"allow":[],"block":[],"captcha":[],"challenge":[],"count":[{"custom_request_handling":[]}]}],"name":"CategoryEmailClient"},{"action_to_use":[{"allow":[],"block":[],"captcha":[],"challenge":[],"count":[{"custom_request_handling":[]}]}],"name":"CategoryHttpLibrary"},{"action_to_use":[{"allow":[],"block":[],"captcha":[],"challenge":[],"count":[{"custom_request_handling":[]}]}],"name":"CategoryLinkChecker"},{"action_to_use":[{"allow":[],"block":[],"captcha":[],"challenge":[],"count":[{"custom_request_handling":[]}]}],"name":"CategoryMiscellaneous"},{"action_to_use":[{"allow":[],"block":[],"captcha":[],"challenge":[],"count":[{"custom_request_handling":[]}]}],"name":"CategoryMonitoring"},{"action_to_use":[{"allow":[],"block":[],"captcha":[],"challenge":[],"count":[{"custom_request_handling":[]}]}],"name":"CategoryScrapingFramework"},{"action_to_use":[{"allow":[],"block":[],"captcha":[],"challenge":[],"count":[{"custom_request_handling":[]}]}],"name":"CategorySearchEngine"},{"action_to_use":[{"allow":[],"block":[],"captcha":[],"challenge":[],"count":[{"custom_request_handling":[]}]}],"name":"CategorySecurity"},{"action_to_use":[{"allow":[],"block":[],"captcha":[],"challenge":[],"count":[{"custom_request_handling":[]}]}],"name":"CategorySeo"},{"action_to_use":[{"allow":[],"block":[],"captcha":[],"challenge":[],"count":[{"custom_request_handling":[]}]}],"name":"CategorySocialMedia"},{"action_to_use":[{"allow":[],"block":[],"captcha":[],"challenge":[],"count":[{"custom_request_handling":[]}]}],"name":"CategoryAI"},{"action_to_use":[{"allow":[],"block":[],"captcha":[],"challenge":[],"count":[{"custom_request_handling":[]}]}],"name":"SignalAutomatedBrowser"},{"action_to_use":[{"allow":[],"block":[],"captcha":[],"challenge":[],"count":[{"custom_request_handling":[]}]}],"name":"SignalKnownBotDataCenter"},{"action_to_use":[{"allow":[],"block":[],"captcha":[],"challenge":[],"count":[{"custom_request_handling":[]}]}],"name":"SignalNonBrowserUserAgent"}],"scope_down_statement":[],"vendor_name":"AWS","version":""}],"not_statement":[],"or_statement":[],"rate_based_statement":[],"regex_match_statement":[],"regex_pattern_set_reference_statement":[],"rule_group_reference_statement":[],"size_constraint_statement":[],"sqli_match_statement":[],"xss_match_statement":[]}],"visibility_config":[{"cloudwatch_metrics_enabled":true,"metric_name":"GeoFoodTruck-AWSManagedRulesBotControlRuleSet","sampled_requests_enabled":true}]},{"action":[],"captcha_config":[],"name":"GeoFoodTruck-AWSManagedRulesCommonRuleSet","override_action":[{"count":[],"none":[{}]}],"priority":1,"rule_label":[],"statement":[{"and_statement":[],"byte_match_statement":[],"geo_match_statement":[],"ip_set_reference_statement":[],"label_match_statement":[],"managed_rule_group_statement":[{"managed_rule_group_configs":[],"name":"AWSManagedRulesCommonRuleSet","rule_action_override":[],"scope_down_statement":[],"vendor_name":"AWS","version":""}],"not_statement":[],"or_statement":[],"rate_based_statement":[],"regex_match_statement":[],"regex_pattern_set_reference_statement":[],"rule_group_reference_statement":[],"size_constraint_statement":[],"sqli_match_statement":[],"xss_match_statement":[]}],"visibility_config":[{"cloudwatch_metrics_enabled":true,"metric_name":"GeoFoodTruck-AWSManagedRulesCommonRuleSet","sampled_requests_enabled":true}]},{"action":[],"captcha_config":[],"name":"GeoFoodTruck-AWSManagedRulesKnownBadInputsRuleSet","override_action":[{"count":[],"none":[{}]}],"priority":2,"rule_label":[],"statement":[{"and_statement":[],"byte_match_statement":[],"geo_match_statement":[],"ip_set_reference_statement":[],"label_match_statement":[],"managed_rule_group_statement":[{"managed_rule_group_configs":[],"name":"AWSManagedRulesKnownBadInputsRuleSet","rule_action_override":[],"scope_down_statement":[],"vendor_name":"AWS","version":""}],"not_statement":[],"or_statement":[],"rate_based_statement":[],"regex_match_statement":[],"regex_pattern_set_reference_statement":[],"rule_group_reference_statement":[],"size_constraint_statement":[],"sqli_match_statement":[],"xss_match_statement":[]}],"visibility_config":[{"cloudwatch_metrics_enabled":true,"metric_name":"GeoFoodTruck-AWSManagedRulesKnownBadInputsRuleSet","sampled_requests_enabled":true}]}],"scope":"CLOUDFRONT","tags":{},"tags_all":{},"token_domains":[],"visibility_config":[{"cloudwatch_metrics_enabled":true,"metric_name":"GeoFoodTruckWebACL","sampled_requests_enabled":true}]},"sensitive_values":{"association_config":[],"captcha_config":[],"challenge_config":[],"custom_response_body":[],"default_action":[{"allow":[{"custom_request_handling":[]}],"block":[]}],"rule":[{"action":[],"captcha_config":[],"override_action":[{"count":[],"none":[{}]}],"rule_label":[],"statement":[{"and_statement":[],"byte_match_statement":[],"geo_match_statement":[],"ip_set_reference_statement":[],"label_match_statement":[],"managed_rule_group_statement":[{"managed_rule_group_configs":[],"rule_action_override":[],"scope_down_statement":[]}],"not_statement":[],"or_statement":[],"rate_based_statement":[],"regex_match_statement":[],"regex_pattern_set_reference_statement":[],"rule_group_reference_statement":[],"size_constraint_statement":[],"sqli_match_statement":[],"xss_match_statement":[]}],"visibility_config":[{}]},{"action":[],"captcha_config":[],"override_action":[{"count":[],"none":[{}]}],"rule_label":[],"statement":[{"and_statement":[],"byte_match_statement":[],"geo_match_statement":[],"ip_set_reference_statement":[],"label_match_statement":[],"managed_rule_group_statement":[{"managed_rule_group_configs":[{"aws_managed_rules_acfp_rule_set":[],"aws_managed_rules_atp_rule_set":[],"aws_managed_rules_bot_control_rule_set":[{}],"password_field":[],"username_field":[]}],"rule_action_override":[{"action_to_use":[{"allow":[],"block":[],"captcha":[],"challenge":[],"count":[{"custom_request_handling":[]}]}]},{"action_to_use":[{"allow":[],"block":[],"captcha":[],"challenge":[],"count":[{"custom_request_handling":[]}]}]},{"action_to_use":[{"allow":[],"block":[],"captcha":[],"challenge":[],"count":[{"custom_request_handling":[]}]}]},{"action_to_use":[{"allow":[],"block":[],"captcha":[],"challenge":[],"count":[{"custom_request_handling":[]}]}]},{"action_to_use":[{"allow":[],"block":[],"captcha":[],"challenge":[],"count":[{"custom_request_handling":[]}]}]},{"action_to_use":[{"allow":[],"block":[],"captcha":[],"challenge":[],"count":[{"custom_request_handling":[]}]}]},{"action_to_use":[{"allow":[],"block":[],"captcha":[],"challenge":[],"count":[{"custom_request_handling":[]}]}]},{"action_to_use":[{"allow":[],"block":[],"captcha":[],"challenge":[],"count":[{"custom_request_handling":[]}]}]},{"action_to_use":[{"allow":[],"block":[],"captcha":[],"challenge":[],"count":[{"custom_request_handling":[]}]}]},{"action_to_use":[{"allow":[],"block":[],"captcha":[],"challenge":[],"count":[{"custom_request_handling":[]}]}]},{"action_to_use":[{"allow":[],"block":[],"captcha":[],"challenge":[],"count":[{"custom_request_handling":[]}]}]},{"action_to_use":[{"allow":[],"block":[],"captcha":[],"challenge":[],"count":[{"custom_request_handling":[]}]}]},{"action_to_use":[{"allow":[],"block":[],"captcha":[],"challenge":[],"count":[{"custom_request_handling":[]}]}]},{"action_to_use":[{"allow":[],"block":[],"captcha":[],"challenge":[],"count":[{"custom_request_handling":[]}]}]},{"action_to_use":[{"allow":[],"block":[],"captcha":[],"challenge":[],"count":[{"custom_request_handling":[]}]}]},{"action_to_use":[{"allow":[],"block":[],"captcha":[],"challenge":[],"count":[{"custom_request_handling":[]}]}]},{"action_to_use":[{"allow":[],"block":[],"captcha":[],"challenge":[],"count":[{"custom_request_handling":[]}]}]}],"scope_down_statement":[]}],"not_statement":[],"or_statement":[],"rate_based_statement":[],"regex_match_statement":[],"regex_pattern_set_reference_statement":[],"rule_group_reference_statement":[],"size_constraint_statement":[],"sqli_match_statement":[],"xss_match_statement":[]}],"visibility_config":[{}]},{"action":[],"captcha_config":[],"override_action":[{"count":[],"none":[{}]}],"rule_label":[],"statement":[{"and_statement":[],"byte_match_statement":[],"geo_match_statement":[],"ip_set_reference_statement":[],"label_match_statement":[],"managed_rule_group_statement":[{"managed_rule_group_configs":[],"rule_action_override":[],"scope_down_statement":[]}],"not_statement":[],"or_statement":[],"rate_based_statement":[],"regex_match_statement":[],"regex_pattern_set_reference_statement":[],"rule_group_reference_statement":[],"size_constraint_statement":[],"sqli_match_statement":[],"xss_match_statement":[]}],"visibility_config":[{}]},{"action":[],"captcha_config":[],"override_action":[{"count":[],"none":[{}]}],"rule_label":[],"statement":[{"and_statement":[],"byte_match_statement":[],"geo_match_statement":[],"ip_set_reference_statement":[],"label_match_statement":[],"managed_rule_group_statement":[{"managed_rule_group_configs":[],"rule_action_override":[],"scope_down_statement":[]}],"not_statement":[],"or_statement":[],"rate_based_statement":[],"regex_match_statement":[],"regex_pattern_set_reference_statement":[],"rule_group_reference_statement":[],"size_constraint_statement":[],"sqli_match_statement":[],"xss_match_statement":[]}],"visibility_config":[{}]}],"tags":{},"tags_all":{},"token_domains":[],"visibility_config":[{}]}}]}}},"configuration":{"provider_config":{"aws":{"name":"aws","full_name":"registry.terraform.io/hashicorp/aws","expressions":{"region":{"constant_value":"us-east-1"}}}},"root_module":{"outputs":{"cloudfront_distribution_domain":{"expression":{"references":["aws_cloudfront_distribution.geofoodtruck_app_distribution.domain_name","aws_cloudfront_distribution.geofoodtruck_app_distribution"]}},"s3_bucket_name":{"expression":{"references":["aws_s3_bucket.geofoodtruck_app_bucket.bucket","aws_s3_bucket.geofoodtruck_app_bucket"]}}},"resources":[{"address":"aws_cloudfront_distribution.geofoodtruck_app_distribution","mode":"managed","type":"aws_cloudfront_distribution","name":"geofoodtruck_app_distribution","provider_config_key":"aws","expressions":{"default_cache_behavior":[{"allowed_methods":{"constant_value":["GET","HEAD"]},"cache_policy_id":{"references":["data.aws_cloudfront_cache_policy.geofoodtruck_cloudfront_cache_policy.id","data.aws_cloudfront_cache_policy.geofoodtruck_cloudfront_cache_policy"]},"cached_methods":{"constant_value":["GET","HEAD"]},"compress":{"constant_value":true},"origin_request_policy_id":{"references":["data.aws_cloudfront_origin_request_policy.geofoodtruck_cloudfront_origin_request_policy.id","data.aws_cloudfront_origin_request_policy.geofoodtruck_cloudfront_origin_request_policy"]},"response_headers_policy_id":{"references":["aws_cloudfront_response_headers_policy.geofoodtruck_cloudfront_response_header_policy.id","aws_cloudfront_response_headers_policy.geofoodtruck_cloudfront_response_header_policy"]},"target_origin_id":{"references":["aws_s3_bucket.geofoodtruck_app_bucket.bucket_regional_domain_name","aws_s3_bucket.geofoodtruck_app_bucket"]},"viewer_protocol_policy":{"constant_value":"redirect-to-https"}}],"default_root_object":{"constant_value":"index.html"},"enabled":{"constant_value":true},"is_ipv6_enabled":{"constant_value":true},"ordered_cache_behavior":[{"allowed_methods":{"constant_value":["GET","HEAD","OPTIONS"]},"cache_policy_id":{"references":["data.aws_cloudfront_cache_policy.sfgov_geofoodtruck_cloudfront_cache_policy.id","data.aws_cloudfront_cache_policy.sfgov_geofoodtruck_cloudfront_cache_policy"]},"cached_methods":{"constant_value":["GET","HEAD","OPTIONS"]},"compress":{"constant_value":true},"origin_request_policy_id":{"references":["aws_cloudfront_origin_request_policy.sfgov_geofoodtruck_cloudfront_origin_request_policy.id","aws_cloudfront_origin_request_policy.sfgov_geofoodtruck_cloudfront_origin_request_policy"]},"path_pattern":{"constant_value":"/resource/rqzj-sfat.json"},"response_headers_policy_id":{"references":["data.aws_cloudfront_response_headers_policy.sfgov_geofoodtruck_cloudfront_response_header_policy.id","data.aws_cloudfront_response_headers_policy.sfgov_geofoodtruck_cloudfront_response_header_policy"]},"target_origin_id":{"constant_value":"data.sfgov.org"},"viewer_protocol_policy":{"constant_value":"https-only"}}],"origin":[{"domain_name":{"references":["aws_s3_bucket.geofoodtruck_app_bucket.bucket_regional_domain_name","aws_s3_bucket.geofoodtruck_app_bucket"]},"origin_access_control_id":{"references":["aws_cloudfront_origin_access_control.geofoodtruck_origin_access_control.id","aws_cloudfront_origin_access_control.geofoodtruck_origin_access_control"]},"origin_id":{"references":["aws_s3_bucket.geofoodtruck_app_bucket.bucket_regional_domain_name","aws_s3_bucket.geofoodtruck_app_bucket"]}},{"custom_header":[{"name":{"constant_value":"X-App-Token"},"value":{"references":["data.aws_ssm_parameter.sfgov_geofoodtruck_aws_ssm_parameter.value","data.aws_ssm_parameter.sfgov_geofoodtruck_aws_ssm_parameter"]}}],"custom_origin_config":[{"http_port":{"constant_value":80},"https_port":{"constant_value":443},"origin_protocol_policy":{"constant_value":"https-only"},"origin_ssl_protocols":{"constant_value":["TLSv1.2"]}}],"domain_name":{"constant_value":"data.sfgov.org"},"origin_id":{"constant_value":"data.sfgov.org"}}],"restrictions":[{"geo_restriction":[{"restriction_type":{"constant_value":"none"}}]}],"viewer_certificate":[{"cloudfront_default_certificate":{"constant_value":true}}],"web_acl_id":{"references":["aws_wafv2_web_acl.geofoodtruck_waf_web_acl.arn","aws_wafv2_web_acl.geofoodtruck_waf_web_acl"]}},"schema_version":1},{"address":"aws_cloudfront_origin_access_control.geofoodtruck_origin_access_control","mode":"managed","type":"aws_cloudfront_origin_access_control","name":"geofoodtruck_origin_access_control","provider_config_key":"aws","expressions":{"description":{"constant_value":"Origin Access Control for GeoFoodTruck app"},"name":{"constant_value":"geofoodtruck-app-oac"},"origin_access_control_origin_type":{"constant_value":"s3"},"signing_behavior":{"constant_value":"always"},"signing_protocol":{"constant_value":"sigv4"}},"schema_version":0},{"address":"aws_cloudfront_origin_request_policy.sfgov_geofoodtruck_cloudfront_origin_request_policy","mode":"managed","type":"aws_cloudfront_origin_request_policy","name":"sfgov_geofoodtruck_cloudfront_origin_request_policy","provider_config_key":"aws","expressions":{"comment":{"constant_value":"Custom CORS Origin Request Policy for SFGov Data API"},"cookies_config":[{"cookie_behavior":{"constant_value":"none"}}],"headers_config":[{"header_behavior":{"constant_value":"whitelist"},"headers":[{"items":{"constant_value":["origin"]}}]}],"name":{"constant_value":"Custom-DataSFGov-CORS-Origin"},"query_strings_config":[{"query_string_behavior":{"constant_value":"all"}}]},"schema_version":0},{"address":"aws_cloudfront_response_headers_policy.geofoodtruck_cloudfront_response_header_policy","mode":"managed","type":"aws_cloudfront_response_headers_policy","name":"geofoodtruck_cloudfront_response_header_policy","provider_config_key":"aws","expressions":{"comment":{"constant_value":"Custom CORS with Preflight Response Policy for GeoFoodTruck"},"cors_config":[{"access_control_allow_credentials":{"constant_value":false},"access_control_allow_headers":[{"items":{"constant_value":["*"]}}],"access_control_allow_methods":[{"items":{"constant_value":["GET","HEAD","PUT","POST","PATCH","DELETE","OPTIONS"]}}],"access_control_allow_origins":[{"items":{"constant_value":["*"]}}],"access_control_expose_headers":[{"items":{"constant_value":["*"]}}],"origin_override":{"constant_value":false}}],"name":{"constant_value":"Custom-GeoFoodTruck-CORS-With-Preflight"},"remove_headers_config":[{"items":[{"header":{"constant_value":"Server"}},{"header":{"constant_value":"X-Amz-Server-Side-Encryption"}},{"header":{"constant_value":"X-Amz-Server-Side-Encryption-Aws-Kms-Key-Id"}}]}],"security_headers_config":[{"strict_transport_security":[{"access_control_max_age_sec":{"constant_value":31536000},"override":{"constant_value":true}}]}]},"schema_version":0},{"address":"aws_iam_role.aws_iam_role_geofoodtruck_kms_admin_role","mode":"managed","type":"aws_iam_role","name":"aws_iam_role_geofoodtruck_kms_admin_role","provider_config_key":"aws","expressions":{"assume_role_policy":{"references":["var.aws_account_id"]},"managed_policy_arns":{"references":["data.aws_iam_policy.aws_key_management_service_power_user.arn","data.aws_iam_policy.aws_key_management_service_power_user"]},"name":{"constant_value":"GeoFoodTruckKmsAdmin"}},"schema_version":0},{"address":"aws_kms_key.geofoodtruck_kms_key","mode":"managed","type":"aws_kms_key","name":"geofoodtruck_kms_key","provider_config_key":"aws","expressions":{"customer_master_key_spec":{"constant_value":"SYMMETRIC_DEFAULT"},"description":{"constant_value":"KMS key for GeoFoodTruck"},"enable_key_rotation":{"constant_value":true},"is_enabled":{"constant_value":true},"key_usage":{"constant_value":"ENCRYPT_DECRYPT"},"policy":{"references":["aws_iam_role.aws_iam_role_geofoodtruck_kms_admin_role.arn","aws_iam_role.aws_iam_role_geofoodtruck_kms_admin_role","var.aws_account_id"]},"rotation_period_in_days":{"constant_value":180},"tags":{"constant_value":{"Name":"geofoodtruck-kms-key"}}},"schema_version":0},{"address":"aws_s3_bucket.geofoodtruck_app_bucket","mode":"managed","type":"aws_s3_bucket","name":"geofoodtruck_app_bucket","provider_config_key":"aws","expressions":{"bucket":{"constant_value":"geofoodtruck-app-bucket"}},"schema_version":0},{"address":"aws_s3_bucket_policy.geofoodtruck_app_bucket_policy","mode":"managed","type":"aws_s3_bucket_policy","name":"geofoodtruck_app_bucket_policy","provider_config_key":"aws","expressions":{"bucket":{"references":["aws_s3_bucket.geofoodtruck_app_bucket.id","aws_s3_bucket.geofoodtruck_app_bucket"]},"policy":{"references":["aws_s3_bucket.geofoodtruck_app_bucket.arn","aws_s3_bucket.geofoodtruck_app_bucket","aws_cloudfront_distribution.geofoodtruck_app_distribution.arn","aws_cloudfront_distribution.geofoodtruck_app_distribution"]}},"schema_version":0,"depends_on":["aws_cloudfront_distribution.geofoodtruck_app_distribution"]},{"address":"aws_s3_bucket_public_access_block.geofoodtruck_s3_bucket_public_access_block","mode":"managed","type":"aws_s3_bucket_public_access_block","name":"geofoodtruck_s3_bucket_public_access_block","provider_config_key":"aws","expressions":{"block_public_acls":{"constant_value":true},"block_public_policy":{"constant_value":true},"bucket":{"references":["aws_s3_bucket.geofoodtruck_app_bucket.id","aws_s3_bucket.geofoodtruck_app_bucket"]},"ignore_public_acls":{"constant_value":true},"restrict_public_buckets":{"constant_value":true}},"schema_version":0},{"address":"aws_s3_bucket_server_side_encryption_configuration.geofoodtruck_s3_bucket_server_side_encryption_configuration","mode":"managed","type":"aws_s3_bucket_server_side_encryption_configuration","name":"geofoodtruck_s3_bucket_server_side_encryption_configuration","provider_config_key":"aws","expressions":{"bucket":{"references":["aws_s3_bucket.geofoodtruck_app_bucket.id","aws_s3_bucket.geofoodtruck_app_bucket"]},"rule":[{"apply_server_side_encryption_by_default":[{"kms_master_key_id":{"references":["aws_kms_key.geofoodtruck_kms_key.arn","aws_kms_key.geofoodtruck_kms_key"]},"sse_algorithm":{"constant_value":"aws:kms"}}]}]},"schema_version":0},{"address":"aws_s3_object.app_files","mode":"managed","type":"aws_s3_object","name":"app_files","provider_config_key":"aws","expressions":{"bucket":{"references":["aws_s3_bucket.geofoodtruck_app_bucket.id","aws_s3_bucket.geofoodtruck_app_bucket"]},"content_type":{"references":["local.content_types","each.value","each.value"]},"etag":{"references":["var.app_build_dir","each.value"]},"key":{"references":["each.value"]},"source":{"references":["var.app_build_dir","each.value"]}},"schema_version":0,"for_each_expression":{"references":["local.app_build_files"]},"depends_on":["aws_cloudfront_distribution.geofoodtruck_app_distribution"]},{"address":"aws_wafv2_web_acl.geofoodtruck_waf_web_acl","mode":"managed","type":"aws_wafv2_web_acl","name":"geofoodtruck_waf_web_acl","provider_config_key":"aws","expressions":{"default_action":[{"allow":[{}]}],"description":{"constant_value":"Web ACL for GeoFoodTruck app"},"name":{"constant_value":"GeoFoodTruckWebACL"},"rule":[{"name":{"constant_value":"GeoFoodTruck-AWSManagedRulesAmazonIpReputationList"},"override_action":[{"none":[{}]}],"priority":{"constant_value":0},"statement":[{"managed_rule_group_statement":[{"name":{"constant_value":"AWSManagedRulesAmazonIpReputationList"},"vendor_name":{"constant_value":"AWS"}}]}],"visibility_config":[{"cloudwatch_metrics_enabled":{"constant_value":true},"metric_name":{"constant_value":"GeoFoodTruck-AWSManagedRulesAmazonIpReputationList"},"sampled_requests_enabled":{"constant_value":true}}]},{"name":{"constant_value":"GeoFoodTruck-AWSManagedRulesCommonRuleSet"},"override_action":[{"none":[{}]}],"priority":{"constant_value":1},"statement":[{"managed_rule_group_statement":[{"name":{"constant_value":"AWSManagedRulesCommonRuleSet"},"vendor_name":{"constant_value":"AWS"}}]}],"visibility_config":[{"cloudwatch_metrics_enabled":{"constant_value":true},"metric_name":{"constant_value":"GeoFoodTruck-AWSManagedRulesCommonRuleSet"},"sampled_requests_enabled":{"constant_value":true}}]},{"name":{"constant_value":"GeoFoodTruck-AWSManagedRulesKnownBadInputsRuleSet"},"override_action":[{"none":[{}]}],"priority":{"constant_value":2},"statement":[{"managed_rule_group_statement":[{"name":{"constant_value":"AWSManagedRulesKnownBadInputsRuleSet"},"vendor_name":{"constant_value":"AWS"}}]}],"visibility_config":[{"cloudwatch_metrics_enabled":{"constant_value":true},"metric_name":{"constant_value":"GeoFoodTruck-AWSManagedRulesKnownBadInputsRuleSet"},"sampled_requests_enabled":{"constant_value":true}}]},{"name":{"constant_value":"GeoFoodTruck-AWSManagedRulesBotControlRuleSet"},"override_action":[{"none":[{}]}],"priority":{"constant_value":3},"statement":[{"managed_rule_group_statement":[{"managed_rule_group_configs":[{"aws_managed_rules_bot_control_rule_set":[{"inspection_level":{"constant_value":"COMMON"}}]}],"name":{"constant_value":"AWSManagedRulesBotControlRuleSet"},"rule_action_override":[{"action_to_use":[{"count":[{}]}],"name":{"constant_value":"CategoryAdvertising"}},{"action_to_use":[{"count":[{}]}],"name":{"constant_value":"CategoryArchiver"}},{"action_to_use":[{"count":[{}]}],"name":{"constant_value":"CategoryContentFetcher"}},{"action_to_use":[{"count":[{}]}],"name":{"constant_value":"CategoryEmailClient"}},{"action_to_use":[{"count":[{}]}],"name":{"constant_value":"CategoryHttpLibrary"}},{"action_to_use":[{"count":[{}]}],"name":{"constant_value":"CategoryLinkChecker"}},{"action_to_use":[{"count":[{}]}],"name":{"constant_value":"CategoryMiscellaneous"}},{"action_to_use":[{"count":[{}]}],"name":{"constant_value":"CategoryMonitoring"}},{"action_to_use":[{"count":[{}]}],"name":{"constant_value":"CategoryScrapingFramework"}},{"action_to_use":[{"count":[{}]}],"name":{"constant_value":"CategorySearchEngine"}},{"action_to_use":[{"count":[{}]}],"name":{"constant_value":"CategorySecurity"}},{"action_to_use":[{"count":[{}]}],"name":{"constant_value":"CategorySeo"}},{"action_to_use":[{"count":[{}]}],"name":{"constant_value":"CategorySocialMedia"}},{"action_to_use":[{"count":[{}]}],"name":{"constant_value":"CategoryAI"}},{"action_to_use":[{"count":[{}]}],"name":{"constant_value":"SignalAutomatedBrowser"}},{"action_to_use":[{"count":[{}]}],"name":{"constant_value":"SignalKnownBotDataCenter"}},{"action_to_use":[{"count":[{}]}],"name":{"constant_value":"SignalNonBrowserUserAgent"}}],"vendor_name":{"constant_value":"AWS"}}]}],"visibility_config":[{"cloudwatch_metrics_enabled":{"constant_value":true},"metric_name":{"constant_value":"GeoFoodTruck-AWSManagedRulesBotControlRuleSet"},"sampled_requests_enabled":{"constant_value":true}}]}],"scope":{"constant_value":"CLOUDFRONT"},"visibility_config":[{"cloudwatch_metrics_enabled":{"constant_value":true},"metric_name":{"constant_value":"GeoFoodTruckWebACL"},"sampled_requests_enabled":{"constant_value":true}}]},"schema_version":0},{"address":"data.aws_cloudfront_cache_policy.geofoodtruck_cloudfront_cache_policy","mode":"data","type":"aws_cloudfront_cache_policy","name":"geofoodtruck_cloudfront_cache_policy","provider_config_key":"aws","expressions":{"name":{"constant_value":"Managed-CachingOptimized"}},"schema_version":0},{"address":"data.aws_cloudfront_cache_policy.sfgov_geofoodtruck_cloudfront_cache_policy","mode":"data","type":"aws_cloudfront_cache_policy","name":"sfgov_geofoodtruck_cloudfront_cache_policy","provider_config_key":"aws","expressions":{"name":{"constant_value":"Managed-CachingDisabled"}},"schema_version":0},{"address":"data.aws_cloudfront_origin_request_policy.geofoodtruck_cloudfront_origin_request_policy","mode":"data","type":"aws_cloudfront_origin_request_policy","name":"geofoodtruck_cloudfront_origin_request_policy","provider_config_key":"aws","expressions":{"name":{"constant_value":"Managed-CORS-S3Origin"}},"schema_version":0},{"address":"data.aws_cloudfront_response_headers_policy.sfgov_geofoodtruck_cloudfront_response_header_policy","mode":"data","type":"aws_cloudfront_response_headers_policy","name":"sfgov_geofoodtruck_cloudfront_response_header_policy","provider_config_key":"aws","expressions":{"name":{"constant_value":"Managed-CORS-With-Preflight"}},"schema_version":0},{"address":"data.aws_iam_policy.aws_key_management_service_power_user","mode":"data","type":"aws_iam_policy","name":"aws_key_management_service_power_user","provider_config_key":"aws","expressions":{"arn":{"constant_value":"arn:aws:iam::aws:policy/AWSKeyManagementServicePowerUser"}},"schema_version":0},{"address":"data.aws_ssm_parameter.sfgov_geofoodtruck_aws_ssm_parameter","mode":"data","type":"aws_ssm_parameter","name":"sfgov_geofoodtruck_aws_ssm_parameter","provider_config_key":"aws","expressions":{"name":{"constant_value":"/geofoodtruck/sfgovkey"},"with_decryption":{"constant_value":true}},"schema_version":0}],"variables":{"app_build_dir":{"default":"../build","description":"Path to the application build directory"},"aws_account_id":{"default":"1234567890","description":"AWS account id","sensitive":true},"lambda_dir":{"default":"../lambda","description":"Path to the lambda source directory"}}}},"relevant_attributes":[{"resource":"aws_s3_bucket.geofoodtruck_app_bucket","attribute":["id"]}],"timestamp":"2024-06-05T07:18:04Z","applyable":true,"complete":true,"errored":false}
